{
  "version": 4,
  "terraform_version": "1.15.7",
  "serial": 209,
  "lineage": "a073ec6a-1d57-89fe-5766-26069b5463b2",
  "outputs": {},
  "resources": [
    {
      "mode": "managed",
      "type": "newrelic_alert_policy",
      "name": "data_ingest",
      "provider": "provider[\"registry.terraform.io/newrelic/newrelic\"]",
      "instances": [
        {
          "schema_version": 0,
          "attributes": {
            "account_id": 1468011,
            "channel_ids": null,
            "entity_guid": "MTQ2ODAxMXxBSU9QU3xQT0xJQ1l8ODA3MTU0MA",
            "id": "8071540",
            "incident_preference": "PER_POLICY",
            "name": "Data ingest"
          },
          "sensitive_attributes": [],
          "identity_schema_version": 0,
          "private": "bnVsbA=="
        }
      ]
    },
    {
      "mode": "managed",
      "type": "newrelic_alert_policy",
      "name": "test_disk_space",
      "provider": "provider[\"registry.terraform.io/newrelic/newrelic\"]",
      "instances": [
        {
          "schema_version": 0,
          "attributes": {
            "account_id": 1468011,
            "channel_ids": null,
            "entity_guid": "MTQ2ODAxMXxBSU9QU3xQT0xJQ1l8ODA3MDY5OQ",
            "id": "8070699",
            "incident_preference": "PER_CONDITION_AND_TARGET",
            "name": "Test - Disk space"
          },
          "sensitive_attributes": [],
          "identity_schema_version": 0,
          "private": "bnVsbA=="
        }
      ]
    },
    {
      "mode": "managed",
      "type": "newrelic_alert_policy",
      "name": "test_host_down",
      "provider": "provider[\"registry.terraform.io/newrelic/newrelic\"]",
      "instances": [
        {
          "schema_version": 0,
          "attributes": {
            "account_id": 1468011,
            "channel_ids": null,
            "entity_guid": "MTQ2ODAxMXxBSU9QU3xQT0xJQ1l8ODA3MDcwMA",
            "id": "8070700",
            "incident_preference": "PER_CONDITION_AND_TARGET",
            "name": "Test - Host down"
          },
          "sensitive_attributes": [],
          "identity_schema_version": 0,
          "private": "bnVsbA=="
        }
      ]
    },
    {
      "mode": "managed",
      "type": "newrelic_notification_channel",
      "name": "email_billing",
      "provider": "provider[\"registry.terraform.io/newrelic/newrelic\"]",
      "instances": [
        {
          "schema_version": 0,
          "attributes": {
            "account_id": 1468011,
            "active": true,
            "destination_id": "b1922771-524e-4fd3-9d47-9987679a50da",
            "id": "79b9cc99-49d0-4f39-aff3-acfa8eb2112e",
            "name": "Billing owner (data ingest)",
            "product": "IINT",
            "property": [
              {
                "display_value": "",
                "key": "subject",
                "label": "",
                "value": "New Relic data ingest is above the expected rate"
              }
            ],
            "status": "DEFAULT",
            "timeouts": null,
            "type": "EMAIL"
          },
          "sensitive_attributes": [],
          "identity_schema_version": 0,
          "private": "eyJlMmJmYjczMC1lY2FhLTExZTYtOGY4OC0zNDM2M2JjN2M0YzAiOnsiY3JlYXRlIjoxNjAwMDAwMDAwMCwidXBkYXRlIjoxNjAwMDAwMDAwMH19",
          "dependencies": [
            "newrelic_notification_destination.email_billing"
          ]
        }
      ]
    },
    {
      "mode": "managed",
      "type": "newrelic_notification_channel",
      "name": "slack_test_alerts",
      "provider": "provider[\"registry.terraform.io/newrelic/newrelic\"]",
      "instances": [
        {
          "schema_version": 0,
          "attributes": {
            "account_id": 1468011,
            "active": true,
            "destination_id": "bafe2135-89e8-4790-9b73-d1539cf85df1",
            "id": "0a7de574-08af-4fdc-8631-f9ceabfbcc6b",
            "name": "newrelic-errors (Test infrastructure)",
            "product": "IINT",
            "property": [
              {
                "display_value": "",
                "key": "channelId",
                "label": "",
                "value": "C084RK2UXPE"
              },
              {
                "display_value": "",
                "key": "source",
                "label": "terraform-source-internal",
                "value": "terraform"
              }
            ],
            "status": "DEFAULT",
            "timeouts": null,
            "type": "SLACK"
          },
          "sensitive_attributes": [],
          "identity_schema_version": 0,
          "private": "eyJlMmJmYjczMC1lY2FhLTExZTYtOGY4OC0zNDM2M2JjN2M0YzAiOnsiY3JlYXRlIjoxNjAwMDAwMDAwMCwidXBkYXRlIjoxNjAwMDAwMDAwMH19"
        }
      ]
    },
    {
      "mode": "managed",
      "type": "newrelic_notification_destination",
      "name": "email_billing",
      "provider": "provider[\"registry.terraform.io/newrelic/newrelic\"]",
      "instances": [
        {
          "schema_version": 1,
          "attributes": {
            "account_id": 1468011,
            "active": true,
            "auth_basic": [],
            "auth_custom_header": [],
            "auth_token": [],
            "guid": "MTQ2ODAxMXxBSU9QU3xERVNUSU5BVElPTnxiMTkyMjc3MS01MjRlLTRmZDMtOWQ0Ny05OTg3Njc5YTUwZGE",
            "id": "b1922771-524e-4fd3-9d47-9987679a50da",
            "last_sent": "",
            "name": "Billing owner",
            "property": [
              {
                "display_value": "",
                "key": "email",
                "label": "",
                "value": "rodrigo@cloudmastersit.com"
              }
            ],
            "scope": [
              {
                "id": "1468011",
                "type": "ACCOUNT"
              }
            ],
            "secure_url": [],
            "status": "DEFAULT",
            "timeouts": null,
            "type": "EMAIL"
          },
          "sensitive_attributes": [],
          "identity_schema_version": 0,
          "private": "eyJlMmJmYjczMC1lY2FhLTExZTYtOGY4OC0zNDM2M2JjN2M0YzAiOnsiY3JlYXRlIjoxNjAwMDAwMDAwMCwidXBkYXRlIjoxNjAwMDAwMDAwMH0sInNjaGVtYV92ZXJzaW9uIjoiMSJ9"
        }
      ]
    },
    {
      "mode": "managed",
      "type": "newrelic_nrql_alert_condition",
      "name": "data_ingest",
      "provider": "provider[\"registry.terraform.io/newrelic/newrelic\"]",
      "instances": [
        {
          "schema_version": 0,
          "attributes": {
            "account_id": 1468011,
            "aggregation_delay": null,
            "aggregation_method": "event_timer",
            "aggregation_timer": "1200",
            "aggregation_window": 3600,
            "baseline_direction": null,
            "close_violations_on_expiration": true,
            "critical": [
              {
                "disable_event_creation": false,
                "disable_health_status_reporting": false,
                "duration": 0,
                "operator": "above",
                "prediction": [],
                "threshold": 60,
                "threshold_duration": 10800,
                "threshold_occurrences": "all",
                "time_function": ""
              }
            ],
            "description": "Data ingest is running above the expected rate. Multiply the value by 30 for the\nmonthly projection: 50 GB/day is about 1,500 GB/month, 60 GB/day about 1,800.\n\nThe normal rate for this account is around 40 GB/day (~1,200 GB/month). A sustained\njump is almost always a configuration change rather than real growth -- an\nintegration sampling far more often than intended, a new log source, or a\nscrape_interval that was shortened.\n\nTo find the cause:\n\n  SELECT sum(GigabytesIngested) FROM NrConsumption\n  WHERE productLine = 'DataPlatform' FACET usageMetric SINCE 2 days ago\n\nthen drill into whichever bucket grew. For Windows services specifically:\n\n  SELECT rate(bytecountestimate(), 1 day) / 1e9 FROM Metric\n  WHERE metricName = 'windows_service_state' FACET hostname SINCE 1 day ago\n",
            "enabled": true,
            "entity_guid": "MTQ2ODAxMXxBSU9QU3xDT05ESVRJT058Njc5NTg1MDk",
            "evaluation_delay": null,
            "expiration_duration": 21600,
            "fill_option": "none",
            "fill_value": 0,
            "id": "8071540:67958509",
            "ignore_on_expected_termination": false,
            "name": "Data ingest rate is above budget",
            "nrql": [
              {
                "data_account_id": 1468011,
                "evaluation_offset": 0,
                "query": "SELECT rate(sum(GigabytesIngested), 1 day) FROM NrConsumption WHERE productLine = 'DataPlatform'",
                "since_value": ""
              }
            ],
            "open_violation_on_expiration": false,
            "outlier_configuration": [],
            "policy_id": 8071540,
            "runbook_url": "",
            "signal_seasonality": null,
            "slide_by": null,
            "target_entity": "",
            "term": [],
            "timeouts": null,
            "title_template": "Data ingest is running at {{value}} GB/day",
            "type": "static",
            "violation_time_limit": "NON_MATCHABLE_LIMIT_VALUE",
            "violation_time_limit_seconds": 259200,
            "warning": [
              {
                "disable_event_creation": false,
                "disable_health_status_reporting": false,
                "duration": 0,
                "operator": "above",
                "prediction": [],
                "threshold": 50,
                "threshold_duration": 21600,
                "threshold_occurrences": "all",
                "time_function": ""
              }
            ]
          },
          "sensitive_attributes": [],
          "identity_schema_version": 0,
          "private": "eyJlMmJmYjczMC1lY2FhLTExZTYtOGY4OC0zNDM2M2JjN2M0YzAiOnsiY3JlYXRlIjozMDAwMDAwMDAwMH19",
          "dependencies": [
            "newrelic_alert_policy.data_ingest"
          ]
        }
      ]
    },
    {
      "mode": "managed",
      "type": "newrelic_nrql_alert_condition",
      "name": "test_disk_space",
      "provider": "provider[\"registry.terraform.io/newrelic/newrelic\"]",
      "instances": [
        {
          "schema_version": 0,
          "attributes": {
            "account_id": 1468011,
            "aggregation_delay": "120",
            "aggregation_method": "event_flow",
            "aggregation_timer": null,
            "aggregation_window": 300,
            "baseline_direction": null,
            "close_violations_on_expiration": true,
            "critical": [
              {
                "disable_event_creation": false,
                "disable_health_status_reporting": false,
                "duration": 0,
                "operator": "above",
                "prediction": [],
                "threshold": 90,
                "threshold_duration": 1800,
                "threshold_occurrences": "all",
                "time_function": ""
              }
            ],
            "description": "A volume on a Test host is running out of space. Read the free-space figure\nalongside the percentage: 87% of a 267 GB volume still leaves 34 GB, while 85% of a\n32 GB system drive leaves under 5 GB. The percentage is what can be alerted on\nconsistently across differently sized volumes; the absolute figure decides urgency.\n\nOn the SQL hosts, E: is the volume to watch -- if it holds transaction logs or\ntempdb, SQL Server stops accepting writes when it fills.\n",
            "enabled": true,
            "entity_guid": "MTQ2ODAxMXxBSU9QU3xDT05ESVRJT058Njc5NTIxNzU",
            "evaluation_delay": null,
            "expiration_duration": 3600,
            "fill_option": "none",
            "fill_value": 0,
            "id": "8070699:67952175",
            "ignore_on_expected_termination": false,
            "name": "Test host disk usage is high",
            "nrql": [
              {
                "data_account_id": 1468011,
                "evaluation_offset": 0,
                "query": "SELECT latest(diskUsedPercent) FROM StorageSample WHERE hostname LIKE 'UE1-TEST%' FACET hostname, mountPoint",
                "since_value": ""
              }
            ],
            "open_violation_on_expiration": false,
            "outlier_configuration": [],
            "policy_id": 8070699,
            "runbook_url": "",
            "signal_seasonality": null,
            "slide_by": null,
            "target_entity": "",
            "term": [],
            "timeouts": null,
            "title_template": "Disk {{tags.mountPoint}} on {{tags.hostname}} is above threshold",
            "type": "static",
            "violation_time_limit": "NON_MATCHABLE_LIMIT_VALUE",
            "violation_time_limit_seconds": 259200,
            "warning": [
              {
                "disable_event_creation": false,
                "disable_health_status_reporting": false,
                "duration": 0,
                "operator": "above",
                "prediction": [],
                "threshold": 85,
                "threshold_duration": 3600,
                "threshold_occurrences": "all",
                "time_function": ""
              }
            ]
          },
          "sensitive_attributes": [],
          "identity_schema_version": 0,
          "private": "eyJlMmJmYjczMC1lY2FhLTExZTYtOGY4OC0zNDM2M2JjN2M0YzAiOnsiY3JlYXRlIjozMDAwMDAwMDAwMH19",
          "dependencies": [
            "newrelic_alert_policy.test_disk_space"
          ]
        }
      ]
    },
    {
      "mode": "managed",
      "type": "newrelic_nrql_alert_condition",
      "name": "test_host_down",
      "provider": "provider[\"registry.terraform.io/newrelic/newrelic\"]",
      "instances": [
        {
          "schema_version": 0,
          "attributes": {
            "account_id": 1468011,
            "aggregation_delay": "120",
            "aggregation_method": "event_flow",
            "aggregation_timer": null,
            "aggregation_window": 60,
            "baseline_direction": null,
            "close_violations_on_expiration": true,
            "critical": [
              {
                "disable_event_creation": false,
                "disable_health_status_reporting": false,
                "duration": 0,
                "operator": "below",
                "prediction": [],
                "threshold": 1,
                "threshold_duration": 300,
                "threshold_occurrences": "all",
                "time_function": ""
              }
            ],
            "description": "A Test host has stopped sending data to New Relic. Either the machine is down, the\ninfrastructure agent has stopped, or it lost its route out -- the alert cannot tell\nwhich, so check the host itself first.\n\nThis is a loss-of-signal condition: a dead host sends nothing, so there is no value\nto compare against a threshold. The signal expiring is the alert.\n\nIt only covers hosts that have reported at least once. A host that never had the\nagent installed has no signal to lose and will never appear here -- the \"Hosts\nreporting (of 11)\" tile on the Test Environment dashboard is what catches those.\n",
            "enabled": true,
            "entity_guid": "MTQ2ODAxMXxBSU9QU3xDT05ESVRJT058Njc5NTIxNzY",
            "evaluation_delay": null,
            "expiration_duration": 600,
            "fill_option": "none",
            "fill_value": 0,
            "id": "8070700:67952176",
            "ignore_on_expected_termination": false,
            "name": "Test host stopped reporting",
            "nrql": [
              {
                "data_account_id": 1468011,
                "evaluation_offset": 0,
                "query": "SELECT uniqueCount(hostname) FROM SystemSample WHERE hostname LIKE 'UE1-TEST%' FACET hostname",
                "since_value": ""
              }
            ],
            "open_violation_on_expiration": true,
            "outlier_configuration": [],
            "policy_id": 8070700,
            "runbook_url": "",
            "signal_seasonality": null,
            "slide_by": null,
            "target_entity": "",
            "term": [],
            "timeouts": null,
            "title_template": "Host {{tags.hostname}} stopped reporting to New Relic",
            "type": "static",
            "violation_time_limit": "NON_MATCHABLE_LIMIT_VALUE",
            "violation_time_limit_seconds": 259200,
            "warning": []
          },
          "sensitive_attributes": [],
          "identity_schema_version": 0,
          "private": "eyJlMmJmYjczMC1lY2FhLTExZTYtOGY4OC0zNDM2M2JjN2M0YzAiOnsiY3JlYXRlIjozMDAwMDAwMDAwMH19",
          "dependencies": [
            "newrelic_alert_policy.test_host_down"
          ]
        }
      ]
    },
    {
      "mode": "managed",
      "type": "newrelic_one_dashboard",
      "name": "apm_health",
      "provider": "provider[\"registry.terraform.io/newrelic/newrelic\"]",
      "instances": [
        {
          "schema_version": 0,
          "attributes": {
            "account_id": 1468011,
            "description": "Throughput, response time, error rate and slowest transactions for every instrumented application.",
            "guid": "MTQ2ODAxMXxWSVp8REFTSEJPQVJEfGRhOjEzMTE0NjI0",
            "id": "MTQ2ODAxMXxWSVp8REFTSEJPQVJEfGRhOjEzMTE0NjI0",
            "name": "APM - Application Health",
            "page": [
              {
                "description": "",
                "guid": "MTQ2ODAxMXxWSVp8REFTSEJPQVJEfDUwNjM3NTE5",
                "name": "Overview",
                "widget_area": [],
                "widget_bar": [],
                "widget_billboard": [
                  {
                    "billboard_settings": [],
                    "chart_styles": [],
                    "colors": [],
                    "column": 1,
                    "critical": "",
                    "data_format": [],
                    "facet_show_other_series": false,
                    "height": 3,
                    "id": "565432157",
                    "ignore_time_range": false,
                    "initial_sorting": [],
                    "legend_enabled": true,
                    "nrql_query": [
                      {
                        "account_id": "1468011",
                        "query": "SELECT rate(count(*), 1 minute) AS 'Tx/min' FROM Transaction"
                      }
                    ],
                    "null_values": [],
                    "refresh_rate": "",
                    "row": 1,
                    "title": "Throughput (tx/min)",
                    "units": [],
                    "warning": "",
                    "width": 3,
                    "y_axis_left_max": 0,
                    "y_axis_left_min": 0
                  },
                  {
                    "billboard_settings": [],
                    "chart_styles": [],
                    "colors": [],
                    "column": 4,
                    "critical": "",
                    "data_format": [],
                    "facet_show_other_series": false,
                    "height": 3,
                    "id": "565432158",
                    "ignore_time_range": false,
                    "initial_sorting": [],
                    "legend_enabled": true,
                    "nrql_query": [
                      {
                        "account_id": "1468011",
                        "query": "SELECT average(duration * 1000) AS 'ms' FROM Transaction"
                      }
                    ],
                    "null_values": [],
                    "refresh_rate": "",
                    "row": 1,
                    "title": "Avg response time (ms)",
                    "units": [],
                    "warning": "",
                    "width": 3,
                    "y_axis_left_max": 0,
                    "y_axis_left_min": 0
                  },
                  {
                    "billboard_settings": [],
                    "chart_styles": [],
                    "colors": [],
                    "column": 7,
                    "critical": "",
                    "data_format": [],
                    "facet_show_other_series": false,
                    "height": 3,
                    "id": "565432159",
                    "ignore_time_range": false,
                    "initial_sorting": [],
                    "legend_enabled": true,
                    "nrql_query": [
                      {
                        "account_id": "1468011",
                        "query": "SELECT percentile(duration * 1000, 95) FROM Transaction"
                      }
                    ],
                    "null_values": [],
                    "refresh_rate": "",
                    "row": 1,
                    "title": "p95 response time (ms)",
                    "units": [],
                    "warning": "",
                    "width": 3,
                    "y_axis_left_max": 0,
                    "y_axis_left_min": 0
                  },
                  {
                    "billboard_settings": [],
                    "chart_styles": [],
                    "colors": [],
                    "column": 10,
                    "critical": "5",
                    "data_format": [],
                    "facet_show_other_series": false,
                    "height": 3,
                    "id": "565432160",
                    "ignore_time_range": false,
                    "initial_sorting": [],
                    "legend_enabled": true,
                    "nrql_query": [
                      {
                        "account_id": "1468011",
                        "query": "SELECT percentage(count(*), WHERE error IS true) AS 'Error %' FROM Transaction"
                      }
                    ],
                    "null_values": [],
                    "refresh_rate": "",
                    "row": 1,
                    "title": "Error rate %",
                    "units": [],
                    "warning": "1",
                    "width": 3,
                    "y_axis_left_max": 0,
                    "y_axis_left_min": 0
                  }
                ],
                "widget_bullet": [],
                "widget_funnel": [],
                "widget_heatmap": [],
                "widget_histogram": [],
                "widget_json": [],
                "widget_line": [
                  {
                    "chart_styles": [],
                    "colors": [],
                    "column": 1,
                    "data_format": [],
                    "facet_show_other_series": false,
                    "height": 3,
                    "id": "565432161",
                    "ignore_time_range": false,
                    "initial_sorting": [],
                    "is_label_visible": false,
                    "legend_enabled": true,
                    "nrql_query": [
                      {
                        "account_id": "1468011",
                        "query": "SELECT rate(count(*), 1 minute) FROM Transaction FACET appName TIMESERIES AUTO LIMIT 20"
                      }
                    ],
                    "null_values": [],
                    "refresh_rate": "",
                    "row": 4,
                    "threshold": [],
                    "title": "Throughput by app (tx/min)",
                    "tooltip": [],
                    "units": [],
                    "width": 6,
                    "y_axis_left_max": 0,
                    "y_axis_left_min": 0,
                    "y_axis_left_zero": false,
                    "y_axis_right": []
                  },
                  {
                    "chart_styles": [],
                    "colors": [],
                    "column": 7,
                    "data_format": [],
                    "facet_show_other_series": false,
                    "height": 3,
                    "id": "565432162",
                    "ignore_time_range": false,
                    "initial_sorting": [],
                    "is_label_visible": false,
                    "legend_enabled": true,
                    "nrql_query": [
                      {
                        "account_id": "1468011",
                        "query": "SELECT average(duration * 1000) FROM Transaction FACET appName TIMESERIES AUTO LIMIT 20"
                      }
                    ],
                    "null_values": [],
                    "refresh_rate": "",
                    "row": 4,
                    "threshold": [],
                    "title": "Avg response time by app (ms)",
                    "tooltip": [],
                    "units": [],
                    "width": 6,
                    "y_axis_left_max": 0,
                    "y_axis_left_min": 0,
                    "y_axis_left_zero": false,
                    "y_axis_right": []
                  },
                  {
                    "chart_styles": [],
                    "colors": [],
                    "column": 1,
                    "data_format": [],
                    "facet_show_other_series": false,
                    "height": 3,
                    "id": "565432163",
                    "ignore_time_range": false,
                    "initial_sorting": [],
                    "is_label_visible": false,
                    "legend_enabled": true,
                    "nrql_query": [
                      {
                        "account_id": "1468011",
                        "query": "SELECT percentage(count(*), WHERE error IS true) FROM Transaction FACET appName TIMESERIES AUTO LIMIT 20"
                      }
                    ],
                    "null_values": [],
                    "refresh_rate": "",
                    "row": 7,
                    "threshold": [],
                    "title": "Error rate % by app",
                    "tooltip": [],
                    "units": [],
                    "width": 12,
                    "y_axis_left_max": 0,
                    "y_axis_left_min": 0,
                    "y_axis_left_zero": false,
                    "y_axis_right": []
                  }
                ],
                "widget_log_table": [],
                "widget_markdown": [],
                "widget_pie": [],
                "widget_stacked_bar": [],
                "widget_table": [
                  {
                    "chart_styles": [],
                    "colors": [],
                    "column": 1,
                    "data_format": [],
                    "facet_show_other_series": false,
                    "filter_current_dashboard": false,
                    "height": 5,
                    "id": "565432164",
                    "ignore_time_range": false,
                    "initial_sorting": [],
                    "legend_enabled": true,
                    "linked_entity_guids": [],
                    "nrql_query": [
                      {
                        "account_id": "1468011",
                        "query": "SELECT rate(count(*), 1 minute) AS 'Tx/min', average(duration * 1000) AS 'Avg ms', percentile(duration * 1000, 95) AS 'p95 ms', percentage(count(*), WHERE error IS true) AS 'Error %' FROM Transaction FACET appName LIMIT MAX"
                      }
                    ],
                    "null_values": [],
                    "refresh_rate": "",
                    "row": 10,
                    "threshold": [],
                    "title": "Applications overview",
                    "units": [],
                    "width": 12,
                    "y_axis_left_max": 0,
                    "y_axis_left_min": 0
                  },
                  {
                    "chart_styles": [],
                    "colors": [],
                    "column": 1,
                    "data_format": [],
                    "facet_show_other_series": false,
                    "filter_current_dashboard": false,
                    "height": 4,
                    "id": "565432165",
                    "ignore_time_range": false,
                    "initial_sorting": [],
                    "legend_enabled": true,
                    "linked_entity_guids": [],
                    "nrql_query": [
                      {
                        "account_id": "1468011",
                        "query": "SELECT average(duration * 1000) AS 'Avg ms', count(*) AS 'Calls' FROM Transaction FACET appName, name LIMIT 20"
                      }
                    ],
                    "null_values": [],
                    "refresh_rate": "",
                    "row": 15,
                    "threshold": [],
                    "title": "Slowest transactions (avg)",
                    "units": [],
                    "width": 6,
                    "y_axis_left_max": 0,
                    "y_axis_left_min": 0
                  },
                  {
                    "chart_styles": [],
                    "colors": [],
                    "column": 7,
                    "data_format": [],
                    "facet_show_other_series": false,
                    "filter_current_dashboard": false,
                    "height": 4,
                    "id": "565432166",
                    "ignore_time_range": false,
                    "initial_sorting": [],
                    "legend_enabled": true,
                    "linked_entity_guids": [],
                    "nrql_query": [
                      {
                        "account_id": "1468011",
                        "query": "SELECT count(*) AS 'Calls', average(duration * 1000) AS 'Avg ms' FROM Transaction FACET appName, name LIMIT 20"
                      }
                    ],
                    "null_values": [],
                    "refresh_rate": "",
                    "row": 15,
                    "threshold": [],
                    "title": "Most called transactions",
                    "units": [],
                    "width": 6,
                    "y_axis_left_max": 0,
                    "y_axis_left_min": 0
                  }
                ]
              }
            ],
            "permalink": "https://one.newrelic.com/redirect/entity/MTQ2ODAxMXxWSVp8REFTSEJPQVJEfGRhOjEzMTE0NjI0",
            "permissions": "public_read_write",
            "variable": []
          },
          "sensitive_attributes": [],
          "identity_schema_version": 0,
          "private": "bnVsbA=="
        }
      ]
    },
    {
      "mode": "managed",
      "type": "newrelic_one_dashboard",
      "name": "apm_test",
      "provider": "provider[\"registry.terraform.io/newrelic/newrelic\"]",
      "instances": [
        {
          "schema_version": 0,
          "attributes": {
            "account_id": 1468011,
            "description": "Throughput, response time and errors for the applications running on the Test hosts (UE1-TEST-*).",
            "guid": "MTQ2ODAxMXxWSVp8REFTSEJPQVJEfGRhOjEzMTY0MDg1",
            "id": "MTQ2ODAxMXxWSVp8REFTSEJPQVJEfGRhOjEzMTY0MDg1",
            "name": "APM - Test Environment",
            "page": [
              {
                "description": "Golden signals for the Test applications, faceted by host and by application.",
                "guid": "MTQ2ODAxMXxWSVp8REFTSEJPQVJEfDUwODQxODY3",
                "name": "Overview",
                "widget_area": [],
                "widget_bar": [
                  {
                    "chart_styles": [],
                    "colors": [],
                    "column": 1,
                    "data_format": [],
                    "facet_show_other_series": false,
                    "filter_current_dashboard": false,
                    "height": 3,
                    "id": "568020609",
                    "ignore_time_range": false,
                    "initial_sorting": [],
                    "legend_enabled": true,
                    "linked_entity_guids": [],
                    "nrql_query": [
                      {
                        "account_id": "1468011",
                        "query": "SELECT percentile(duration * 1000, 95) AS 'p95 ms' FROM Transaction WHERE host LIKE 'UE1-TEST%' AND appName IN ({{app}}) AND host IN ({{host}}) FACET appName LIMIT 15"
                      }
                    ],
                    "null_values": [],
                    "refresh_rate": "",
                    "row": 16,
                    "title": "Slowest applications (p95 ms)",
                    "units": [],
                    "width": 6,
                    "y_axis_left_max": 0,
                    "y_axis_left_min": 0
                  },
                  {
                    "chart_styles": [],
                    "colors": [],
                    "column": 7,
                    "data_format": [],
                    "facet_show_other_series": false,
                    "filter_current_dashboard": false,
                    "height": 3,
                    "id": "568020610",
                    "ignore_time_range": false,
                    "initial_sorting": [],
                    "legend_enabled": true,
                    "linked_entity_guids": [],
                    "nrql_query": [
                      {
                        "account_id": "1468011",
                        "query": "SELECT percentage(count(*), WHERE error IS true) AS 'Error %' FROM Transaction WHERE host LIKE 'UE1-TEST%' AND appName IN ({{app}}) AND host IN ({{host}}) FACET appName LIMIT 15"
                      }
                    ],
                    "null_values": [],
                    "refresh_rate": "",
                    "row": 16,
                    "title": "Highest error rate (%)",
                    "units": [],
                    "width": 6,
                    "y_axis_left_max": 0,
                    "y_axis_left_min": 0
                  }
                ],
                "widget_billboard": [
                  {
                    "billboard_settings": [],
                    "chart_styles": [],
                    "colors": [],
                    "column": 1,
                    "critical": "",
                    "data_format": [],
                    "facet_show_other_series": false,
                    "height": 3,
                    "id": "568020611",
                    "ignore_time_range": false,
                    "initial_sorting": [],
                    "legend_enabled": true,
                    "nrql_query": [
                      {
                        "account_id": "1468011",
                        "query": "SELECT rate(count(*), 1 minute) AS 'Tx/min' FROM Transaction WHERE host LIKE 'UE1-TEST%' AND appName IN ({{app}}) AND host IN ({{host}})"
                      }
                    ],
                    "null_values": [],
                    "refresh_rate": "",
                    "row": 1,
                    "title": "Throughput (tx/min)",
                    "units": [],
                    "warning": "",
                    "width": 2,
                    "y_axis_left_max": 0,
                    "y_axis_left_min": 0
                  },
                  {
                    "billboard_settings": [],
                    "chart_styles": [],
                    "colors": [],
                    "column": 3,
                    "critical": "",
                    "data_format": [],
                    "facet_show_other_series": false,
                    "height": 3,
                    "id": "568020612",
                    "ignore_time_range": false,
                    "initial_sorting": [],
                    "legend_enabled": true,
                    "nrql_query": [
                      {
                        "account_id": "1468011",
                        "query": "SELECT average(duration * 1000) AS 'ms' FROM Transaction WHERE host LIKE 'UE1-TEST%' AND appName IN ({{app}}) AND host IN ({{host}})"
                      }
                    ],
                    "null_values": [],
                    "refresh_rate": "",
                    "row": 1,
                    "title": "Avg response time (ms)",
                    "units": [],
                    "warning": "",
                    "width": 2,
                    "y_axis_left_max": 0,
                    "y_axis_left_min": 0
                  },
                  {
                    "billboard_settings": [],
                    "chart_styles": [],
                    "colors": [],
                    "column": 5,
                    "critical": "",
                    "data_format": [],
                    "facet_show_other_series": false,
                    "height": 3,
                    "id": "568020613",
                    "ignore_time_range": false,
                    "initial_sorting": [],
                    "legend_enabled": true,
                    "nrql_query": [
                      {
                        "account_id": "1468011",
                        "query": "SELECT percentile(duration * 1000, 95) AS 'ms' FROM Transaction WHERE host LIKE 'UE1-TEST%' AND appName IN ({{app}}) AND host IN ({{host}})"
                      }
                    ],
                    "null_values": [],
                    "refresh_rate": "",
                    "row": 1,
                    "title": "p95 response time (ms)",
                    "units": [],
                    "warning": "",
                    "width": 2,
                    "y_axis_left_max": 0,
                    "y_axis_left_min": 0
                  },
                  {
                    "billboard_settings": [],
                    "chart_styles": [],
                    "colors": [],
                    "column": 7,
                    "critical": "5",
                    "data_format": [],
                    "facet_show_other_series": false,
                    "height": 3,
                    "id": "568020614",
                    "ignore_time_range": false,
                    "initial_sorting": [],
                    "legend_enabled": true,
                    "nrql_query": [
                      {
                        "account_id": "1468011",
                        "query": "SELECT percentage(count(*), WHERE error IS true) AS 'Error %' FROM Transaction WHERE host LIKE 'UE1-TEST%' AND appName IN ({{app}}) AND host IN ({{host}})"
                      }
                    ],
                    "null_values": [],
                    "refresh_rate": "",
                    "row": 1,
                    "title": "Error rate %",
                    "units": [],
                    "warning": "1",
                    "width": 2,
                    "y_axis_left_max": 0,
                    "y_axis_left_min": 0
                  },
                  {
                    "billboard_settings": [],
                    "chart_styles": [],
                    "colors": [],
                    "column": 9,
                    "critical": "",
                    "data_format": [],
                    "facet_show_other_series": false,
                    "height": 3,
                    "id": "568020615",
                    "ignore_time_range": false,
                    "initial_sorting": [],
                    "legend_enabled": true,
                    "nrql_query": [
                      {
                        "account_id": "1468011",
                        "query": "SELECT uniqueCount(appName) AS 'Apps' FROM Transaction WHERE host LIKE 'UE1-TEST%' AND appName IN ({{app}}) AND host IN ({{host}})"
                      }
                    ],
                    "null_values": [],
                    "refresh_rate": "",
                    "row": 1,
                    "title": "Applications",
                    "units": [],
                    "warning": "",
                    "width": 2,
                    "y_axis_left_max": 0,
                    "y_axis_left_min": 0
                  },
                  {
                    "billboard_settings": [],
                    "chart_styles": [],
                    "colors": [],
                    "column": 11,
                    "critical": "",
                    "data_format": [],
                    "facet_show_other_series": false,
                    "height": 3,
                    "id": "568020616",
                    "ignore_time_range": false,
                    "initial_sorting": [],
                    "legend_enabled": true,
                    "nrql_query": [
                      {
                        "account_id": "1468011",
                        "query": "SELECT uniqueCount(host) AS 'Hosts' FROM Transaction WHERE host LIKE 'UE1-TEST%'"
                      }
                    ],
                    "null_values": [],
                    "refresh_rate": "",
                    "row": 1,
                    "title": "Hosts reporting APM (of 4)",
                    "units": [],
                    "warning": "",
                    "width": 2,
                    "y_axis_left_max": 0,
                    "y_axis_left_min": 0
                  }
                ],
                "widget_bullet": [],
                "widget_funnel": [],
                "widget_heatmap": [],
                "widget_histogram": [],
                "widget_json": [],
                "widget_line": [
                  {
                    "chart_styles": [],
                    "colors": [],
                    "column": 1,
                    "data_format": [],
                    "facet_show_other_series": false,
                    "height": 3,
                    "id": "568020617",
                    "ignore_time_range": false,
                    "initial_sorting": [],
                    "is_label_visible": false,
                    "legend_enabled": true,
                    "nrql_query": [
                      {
                        "account_id": "1468011",
                        "query": "SELECT rate(count(*), 1 minute) AS 'Tx/min' FROM Transaction WHERE host LIKE 'UE1-TEST%' AND appName IN ({{app}}) AND host IN ({{host}}) FACET host TIMESERIES AUTO"
                      }
                    ],
                    "null_values": [],
                    "refresh_rate": "",
                    "row": 5,
                    "threshold": [],
                    "title": "Throughput by host (tx/min)",
                    "tooltip": [],
                    "units": [],
                    "width": 6,
                    "y_axis_left_max": 0,
                    "y_axis_left_min": 0,
                    "y_axis_left_zero": false,
                    "y_axis_right": []
                  },
                  {
                    "chart_styles": [],
                    "colors": [],
                    "column": 7,
                    "data_format": [],
                    "facet_show_other_series": false,
                    "height": 3,
                    "id": "568020618",
                    "ignore_time_range": false,
                    "initial_sorting": [],
                    "is_label_visible": false,
                    "legend_enabled": true,
                    "nrql_query": [
                      {
                        "account_id": "1468011",
                        "query": "SELECT average(duration * 1000) AS 'Avg ms', percentile(duration * 1000, 95) AS 'p95 ms' FROM Transaction WHERE host LIKE 'UE1-TEST%' AND appName IN ({{app}}) AND host IN ({{host}}) FACET host TIMESERIES AUTO"
                      }
                    ],
                    "null_values": [],
                    "refresh_rate": "",
                    "row": 5,
                    "threshold": [],
                    "title": "Response time by host (ms)",
                    "tooltip": [],
                    "units": [],
                    "width": 6,
                    "y_axis_left_max": 0,
                    "y_axis_left_min": 0,
                    "y_axis_left_zero": false,
                    "y_axis_right": []
                  },
                  {
                    "chart_styles": [],
                    "colors": [],
                    "column": 1,
                    "data_format": [],
                    "facet_show_other_series": false,
                    "height": 3,
                    "id": "568020619",
                    "ignore_time_range": false,
                    "initial_sorting": [],
                    "is_label_visible": false,
                    "legend_enabled": true,
                    "nrql_query": [
                      {
                        "account_id": "1468011",
                        "query": "SELECT rate(count(*), 1 minute) AS 'Tx/min' FROM Transaction WHERE host LIKE 'UE1-TEST%' AND appName IN ({{app}}) AND host IN ({{host}}) FACET appName TIMESERIES AUTO LIMIT 20"
                      }
                    ],
                    "null_values": [],
                    "refresh_rate": "",
                    "row": 8,
                    "threshold": [],
                    "title": "Throughput by application (tx/min)",
                    "tooltip": [],
                    "units": [],
                    "width": 6,
                    "y_axis_left_max": 0,
                    "y_axis_left_min": 0,
                    "y_axis_left_zero": false,
                    "y_axis_right": []
                  },
                  {
                    "chart_styles": [],
                    "colors": [],
                    "column": 7,
                    "data_format": [],
                    "facet_show_other_series": false,
                    "height": 3,
                    "id": "568020620",
                    "ignore_time_range": false,
                    "initial_sorting": [],
                    "is_label_visible": false,
                    "legend_enabled": true,
                    "nrql_query": [
                      {
                        "account_id": "1468011",
                        "query": "SELECT percentage(count(*), WHERE error IS true) AS 'Error %' FROM Transaction WHERE host LIKE 'UE1-TEST%' AND appName IN ({{app}}) AND host IN ({{host}}) FACET appName TIMESERIES AUTO LIMIT 20"
                      }
                    ],
                    "null_values": [],
                    "refresh_rate": "",
                    "row": 8,
                    "threshold": [],
                    "title": "Error rate % by application",
                    "tooltip": [],
                    "units": [],
                    "width": 6,
                    "y_axis_left_max": 0,
                    "y_axis_left_min": 0,
                    "y_axis_left_zero": false,
                    "y_axis_right": []
                  },
                  {
                    "chart_styles": [],
                    "colors": [],
                    "column": 1,
                    "data_format": [],
                    "facet_show_other_series": false,
                    "height": 3,
                    "id": "568020621",
                    "ignore_time_range": false,
                    "initial_sorting": [],
                    "is_label_visible": false,
                    "legend_enabled": true,
                    "nrql_query": [
                      {
                        "account_id": "1468011",
                        "query": "SELECT count(*) AS 'Errors' FROM TransactionError WHERE host LIKE 'UE1-TEST%' AND appName IN ({{app}}) AND host IN ({{host}}) FACET appName TIMESERIES AUTO LIMIT 20"
                      }
                    ],
                    "null_values": [],
                    "refresh_rate": "",
                    "row": 28,
                    "threshold": [],
                    "title": "Errors over time by application",
                    "tooltip": [],
                    "units": [],
                    "width": 12,
                    "y_axis_left_max": 0,
                    "y_axis_left_min": 0,
                    "y_axis_left_zero": false,
                    "y_axis_right": []
                  }
                ],
                "widget_log_table": [],
                "widget_markdown": [
                  {
                    "chart_styles": [],
                    "colors": [],
                    "column": 1,
                    "data_format": [],
                    "facet_show_other_series": false,
                    "height": 1,
                    "id": "568020622",
                    "ignore_time_range": false,
                    "initial_sorting": [],
                    "legend_enabled": true,
                    "null_values": [],
                    "refresh_rate": "",
                    "row": 4,
                    "text": "# Trends",
                    "title": "",
                    "units": [],
                    "width": 12,
                    "y_axis_left_max": 0,
                    "y_axis_left_min": 0
                  },
                  {
                    "chart_styles": [],
                    "colors": [],
                    "column": 1,
                    "data_format": [],
                    "facet_show_other_series": false,
                    "height": 1,
                    "id": "568020623",
                    "ignore_time_range": false,
                    "initial_sorting": [],
                    "legend_enabled": true,
                    "null_values": [],
                    "refresh_rate": "",
                    "row": 11,
                    "text": "# Applications",
                    "title": "",
                    "units": [],
                    "width": 12,
                    "y_axis_left_max": 0,
                    "y_axis_left_min": 0
                  },
                  {
                    "chart_styles": [],
                    "colors": [],
                    "column": 1,
                    "data_format": [],
                    "facet_show_other_series": false,
                    "height": 1,
                    "id": "568020624",
                    "ignore_time_range": false,
                    "initial_sorting": [],
                    "legend_enabled": true,
                    "null_values": [],
                    "refresh_rate": "",
                    "row": 19,
                    "text": "# Transactions and errors",
                    "title": "",
                    "units": [],
                    "width": 12,
                    "y_axis_left_max": 0,
                    "y_axis_left_min": 0
                  }
                ],
                "widget_pie": [],
                "widget_stacked_bar": [],
                "widget_table": [
                  {
                    "chart_styles": [],
                    "colors": [],
                    "column": 1,
                    "data_format": [],
                    "facet_show_other_series": false,
                    "filter_current_dashboard": false,
                    "height": 4,
                    "id": "568020625",
                    "ignore_time_range": false,
                    "initial_sorting": [],
                    "legend_enabled": true,
                    "linked_entity_guids": [],
                    "nrql_query": [
                      {
                        "account_id": "1468011",
                        "query": "SELECT rate(count(*), 1 minute) AS 'Tx/min', average(duration * 1000) AS 'Avg ms', percentile(duration * 1000, 95) AS 'p95 ms', percentage(count(*), WHERE error IS true) AS 'Error %', uniqueCount(host) AS 'Hosts' FROM Transaction WHERE host LIKE 'UE1-TEST%' AND appName IN ({{app}}) AND host IN ({{host}}) FACET appName LIMIT MAX"
                      }
                    ],
                    "null_values": [],
                    "refresh_rate": "",
                    "row": 12,
                    "threshold": [],
                    "title": "Applications overview",
                    "units": [],
                    "width": 12,
                    "y_axis_left_max": 0,
                    "y_axis_left_min": 0
                  },
                  {
                    "chart_styles": [],
                    "colors": [],
                    "column": 1,
                    "data_format": [],
                    "facet_show_other_series": false,
                    "filter_current_dashboard": false,
                    "height": 4,
                    "id": "568020626",
                    "ignore_time_range": false,
                    "initial_sorting": [],
                    "legend_enabled": true,
                    "linked_entity_guids": [],
                    "nrql_query": [
                      {
                        "account_id": "1468011",
                        "query": "SELECT average(duration * 1000) AS 'Avg ms', percentile(duration * 1000, 95) AS 'p95 ms', count(*) AS 'Calls' FROM Transaction WHERE host LIKE 'UE1-TEST%' AND appName IN ({{app}}) AND host IN ({{host}}) FACET appName, name LIMIT 20"
                      }
                    ],
                    "null_values": [],
                    "refresh_rate": "",
                    "row": 20,
                    "threshold": [],
                    "title": "Slowest transactions (avg)",
                    "units": [],
                    "width": 6,
                    "y_axis_left_max": 0,
                    "y_axis_left_min": 0
                  },
                  {
                    "chart_styles": [],
                    "colors": [],
                    "column": 7,
                    "data_format": [],
                    "facet_show_other_series": false,
                    "filter_current_dashboard": false,
                    "height": 4,
                    "id": "568020627",
                    "ignore_time_range": false,
                    "initial_sorting": [],
                    "legend_enabled": true,
                    "linked_entity_guids": [],
                    "nrql_query": [
                      {
                        "account_id": "1468011",
                        "query": "SELECT count(*) AS 'Calls', average(duration * 1000) AS 'Avg ms' FROM Transaction WHERE host LIKE 'UE1-TEST%' AND appName IN ({{app}}) AND host IN ({{host}}) FACET appName, name LIMIT 20"
                      }
                    ],
                    "null_values": [],
                    "refresh_rate": "",
                    "row": 20,
                    "threshold": [],
                    "title": "Most called transactions",
                    "units": [],
                    "width": 6,
                    "y_axis_left_max": 0,
                    "y_axis_left_min": 0
                  },
                  {
                    "chart_styles": [],
                    "colors": [],
                    "column": 1,
                    "data_format": [],
                    "facet_show_other_series": false,
                    "filter_current_dashboard": false,
                    "height": 4,
                    "id": "568020628",
                    "ignore_time_range": false,
                    "initial_sorting": [],
                    "legend_enabled": true,
                    "linked_entity_guids": [],
                    "nrql_query": [
                      {
                        "account_id": "1468011",
                        "query": "SELECT count(*) AS 'Errors', latest(error.message) AS 'Last message' FROM TransactionError WHERE host LIKE 'UE1-TEST%' AND appName IN ({{app}}) AND host IN ({{host}}) FACET appName, error.class LIMIT 25"
                      }
                    ],
                    "null_values": [],
                    "refresh_rate": "",
                    "row": 24,
                    "threshold": [],
                    "title": "Top errors",
                    "units": [],
                    "width": 12,
                    "y_axis_left_max": 0,
                    "y_axis_left_min": 0
                  }
                ]
              }
            ],
            "permalink": "https://one.newrelic.com/redirect/entity/MTQ2ODAxMXxWSVp8REFTSEJPQVJEfGRhOjEzMTY0MDg1",
            "permissions": "public_read_write",
            "variable": [
              {
                "default_values": [
                  "*"
                ],
                "is_multi_selection": true,
                "item": [],
                "name": "app",
                "nrql_query": [
                  {
                    "account_ids": [
                      1468011
                    ],
                    "query": "SELECT uniques(appName) FROM Transaction WHERE host LIKE 'UE1-TEST%' SINCE 1 day ago LIMIT MAX"
                  }
                ],
                "options": [],
                "replacement_strategy": "string",
                "title": "Application",
                "type": "nrql"
              },
              {
                "default_values": [
                  "*"
                ],
                "is_multi_selection": true,
                "item": [],
                "name": "host",
                "nrql_query": [
                  {
                    "account_ids": [
                      1468011
                    ],
                    "query": "SELECT uniques(host) FROM Transaction WHERE host LIKE 'UE1-TEST%' SINCE 1 day ago LIMIT MAX"
                  }
                ],
                "options": [],
                "replacement_strategy": "string",
                "title": "Host",
                "type": "nrql"
              }
            ]
          },
          "sensitive_attributes": [],
          "identity_schema_version": 0,
          "private": "bnVsbA=="
        }
      ]
    },
    {
      "mode": "managed",
      "type": "newrelic_one_dashboard",
      "name": "app_servers",
      "provider": "provider[\"registry.terraform.io/newrelic/newrelic\"]",
      "instances": [
        {
          "schema_version": 0,
          "attributes": {
            "account_id": 1468011,
            "description": null,
            "guid": "MTQ2ODAxMXxWSVp8REFTSEJPQVJEfGRhOjk0MDE4NTk",
            "id": "MTQ2ODAxMXxWSVp8REFTSEJPQVJEfGRhOjk0MDE4NTk",
            "name": "Tell Me About My Application Servers",
            "page": [
              {
                "description": "",
                "guid": "MTQ2ODAxMXxWSVp8REFTSEJPQVJEfDIxNzcwOQ",
                "name": "Tell Me About My Application Servers",
                "widget_area": [
                  {
                    "chart_styles": [],
                    "colors": [],
                    "column": 5,
                    "data_format": [],
                    "facet_show_other_series": false,
                    "height": 3,
                    "id": "1098328",
                    "ignore_time_range": false,
                    "initial_sorting": [],
                    "legend_enabled": false,
                    "nrql_query": [
                      {
                        "account_id": "1468011",
                        "query": "SELECT average(duration) FROM Transaction since 1 day ago  TIMESERIES AUTO FACET host"
                      }
                    ],
                    "null_values": [],
                    "refresh_rate": "",
                    "row": 7,
                    "title": "Performance by Host",
                    "tooltip": [],
                    "units": [],
                    "width": 8,
                    "y_axis_left_max": 0,
                    "y_axis_left_min": 0
                  }
                ],
                "widget_bar": [
                  {
                    "chart_styles": [],
                    "colors": [],
                    "column": 1,
                    "data_format": [],
                    "facet_show_other_series": false,
                    "filter_current_dashboard": false,
                    "height": 3,
                    "id": "1098322",
                    "ignore_time_range": false,
                    "initial_sorting": [],
                    "legend_enabled": false,
                    "linked_entity_guids": [
                      "NzY1ODA4fFZJWnxEQVNIQk9BUkR8MzI2MDU"
                    ],
                    "nrql_query": [
                      {
                        "account_id": "1468011",
                        "query": "SELECT count(*) FROM Transaction since 1 day ago FACET  appName"
                      }
                    ],
                    "null_values": [],
                    "refresh_rate": "",
                    "row": 1,
                    "title": "Which Apps Are Busiest?",
                    "units": [],
                    "width": 4,
                    "y_axis_left_max": 0,
                    "y_axis_left_min": 0
                  },
                  {
                    "chart_styles": [],
                    "colors": [],
                    "column": 5,
                    "data_format": [],
                    "facet_show_other_series": false,
                    "filter_current_dashboard": false,
                    "height": 3,
                    "id": "1098323",
                    "ignore_time_range": false,
                    "initial_sorting": [],
                    "legend_enabled": false,
                    "linked_entity_guids": [
                      "NzY1ODA4fFZJWnxEQVNIQk9BUkR8MzI2MDU"
                    ],
                    "nrql_query": [
                      {
                        "account_id": "1468011",
                        "query": "SELECT count(*) FROM Transaction since 1 day ago  facet name"
                      }
                    ],
                    "null_values": [],
                    "refresh_rate": "",
                    "row": 1,
                    "title": "Which Transactions Are Busiest?",
                    "units": [],
                    "width": 4,
                    "y_axis_left_max": 0,
                    "y_axis_left_min": 0
                  },
                  {
                    "chart_styles": [],
                    "colors": [],
                    "column": 1,
                    "data_format": [],
                    "facet_show_other_series": false,
                    "filter_current_dashboard": false,
                    "height": 3,
                    "id": "1098325",
                    "ignore_time_range": false,
                    "initial_sorting": [],
                    "legend_enabled": false,
                    "linked_entity_guids": [],
                    "nrql_query": [
                      {
                        "account_id": "1468011",
                        "query": "SELECT count(*) FROM Transaction since 7 day ago FACET  weekdayOf(timestamp)"
                      }
                    ],
                    "null_values": [],
                    "refresh_rate": "",
                    "row": 4,
                    "title": "What Days Are Busiest?",
                    "units": [],
                    "width": 4,
                    "y_axis_left_max": 0,
                    "y_axis_left_min": 0
                  },
                  {
                    "chart_styles": [],
                    "colors": [],
                    "column": 1,
                    "data_format": [],
                    "facet_show_other_series": false,
                    "filter_current_dashboard": false,
                    "height": 3,
                    "id": "1098327",
                    "ignore_time_range": false,
                    "initial_sorting": [],
                    "legend_enabled": false,
                    "linked_entity_guids": [
                      "NzY1ODA4fFZJWnxEQVNIQk9BUkR8MzI2MDU"
                    ],
                    "nrql_query": [
                      {
                        "account_id": "1468011",
                        "query": "SELECT count(*) FROM Transaction since 1 day ago FACET  host"
                      }
                    ],
                    "null_values": [],
                    "refresh_rate": "",
                    "row": 7,
                    "title": "Are we Balancing the load?",
                    "units": [],
                    "width": 4,
                    "y_axis_left_max": 0,
                    "y_axis_left_min": 0
                  }
                ],
                "widget_billboard": [
                  {
                    "billboard_settings": [],
                    "chart_styles": [],
                    "colors": [],
                    "column": 5,
                    "critical": "",
                    "data_format": [],
                    "facet_show_other_series": false,
                    "height": 3,
                    "id": "1098330",
                    "ignore_time_range": false,
                    "initial_sorting": [],
                    "legend_enabled": false,
                    "nrql_query": [
                      {
                        "account_id": "1468011",
                        "query": "SELECT percentile(duration,99,95,75,50) FROM PageView SINCE 1 day ago"
                      }
                    ],
                    "null_values": [],
                    "refresh_rate": "",
                    "row": 10,
                    "title": "Can I see a percentile breakdown of response times?",
                    "units": [],
                    "warning": "",
                    "width": 8,
                    "y_axis_left_max": 0,
                    "y_axis_left_min": 0
                  }
                ],
                "widget_bullet": [],
                "widget_funnel": [],
                "widget_heatmap": [],
                "widget_histogram": [
                  {
                    "chart_styles": [],
                    "colors": [],
                    "column": 1,
                    "data_format": [],
                    "facet_show_other_series": false,
                    "height": 3,
                    "id": "1098329",
                    "ignore_time_range": false,
                    "initial_sorting": [],
                    "legend_enabled": false,
                    "nrql_query": [
                      {
                        "account_id": "1468011",
                        "query": "SELECT histogram(backendDuration) FROM PageView SINCE 1 day ago"
                      }
                    ],
                    "null_values": [],
                    "refresh_rate": "",
                    "row": 10,
                    "title": "Application Server Response Time - Histogram",
                    "units": [],
                    "width": 4,
                    "y_axis_left_max": 0,
                    "y_axis_left_min": 0
                  }
                ],
                "widget_json": [],
                "widget_line": [
                  {
                    "chart_styles": [],
                    "colors": [],
                    "column": 5,
                    "data_format": [],
                    "facet_show_other_series": false,
                    "height": 3,
                    "id": "1098326",
                    "ignore_time_range": false,
                    "initial_sorting": [],
                    "is_label_visible": false,
                    "legend_enabled": false,
                    "nrql_query": [
                      {
                        "account_id": "1468011",
                        "query": "SELECT average(duration) FROM Transaction since 1 day ago  TIMESERIES AUTO"
                      }
                    ],
                    "null_values": [],
                    "refresh_rate": "",
                    "row": 4,
                    "threshold": [],
                    "title": "Average Response Times",
                    "tooltip": [],
                    "units": [],
                    "width": 8,
                    "y_axis_left_max": 0,
                    "y_axis_left_min": 0,
                    "y_axis_left_zero": false,
                    "y_axis_right": []
                  },
                  {
                    "chart_styles": [],
                    "colors": [],
                    "column": 1,
                    "data_format": [],
                    "facet_show_other_series": false,
                    "height": 3,
                    "id": "1098331",
                    "ignore_time_range": false,
                    "initial_sorting": [],
                    "is_label_visible": false,
                    "legend_enabled": false,
                    "nrql_query": [
                      {
                        "account_id": "1468011",
                        "query": "SELECT average(duration) as ' Avg Frontend Duration', average(backendDuration)  FROM PageView SINCE 2 minutes ago UNTIL 10 seconds ago TIMESERIES"
                      }
                    ],
                    "null_values": [],
                    "refresh_rate": "",
                    "row": 13,
                    "threshold": [],
                    "title": "How does the front end and back end performance compare right now?",
                    "tooltip": [],
                    "units": [],
                    "width": 12,
                    "y_axis_left_max": 0,
                    "y_axis_left_min": 0,
                    "y_axis_left_zero": false,
                    "y_axis_right": []
                  },
                  {
                    "chart_styles": [],
                    "colors": [],
                    "column": 1,
                    "data_format": [],
                    "facet_show_other_series": false,
                    "height": 3,
                    "id": "1098332",
                    "ignore_time_range": false,
                    "initial_sorting": [],
                    "is_label_visible": false,
                    "legend_enabled": false,
                    "nrql_query": [
                      {
                        "account_id": "1468011",
                        "query": "SELECT average(duration) as 'Avg Frontend Duration', average(backendDuration)  FROM PageView SINCE 1 day ago TIMESERIES"
                      }
                    ],
                    "null_values": [],
                    "refresh_rate": "",
                    "row": 16,
                    "threshold": [],
                    "title": "How does the front end and back end performance compare over the past day?",
                    "tooltip": [],
                    "units": [],
                    "width": 12,
                    "y_axis_left_max": 0,
                    "y_axis_left_min": 0,
                    "y_axis_left_zero": false,
                    "y_axis_right": []
                  }
                ],
                "widget_log_table": [],
                "widget_markdown": [],
                "widget_pie": [
                  {
                    "chart_styles": [],
                    "colors": [],
                    "column": 9,
                    "data_format": [],
                    "facet_show_other_series": false,
                    "filter_current_dashboard": false,
                    "height": 3,
                    "id": "1098324",
                    "ignore_time_range": false,
                    "initial_sorting": [],
                    "legend_enabled": false,
                    "linked_entity_guids": [
                      "NzY1ODA4fFZJWnxEQVNIQk9BUkR8MzI2MDU"
                    ],
                    "nrql_query": [
                      {
                        "account_id": "1468011",
                        "query": "SELECT count(*) FROM Transaction since 1 day ago FACET  httpResponseCode"
                      }
                    ],
                    "null_values": [],
                    "refresh_rate": "",
                    "row": 1,
                    "title": "What Response Codes are we seeing?",
                    "units": [],
                    "width": 4,
                    "y_axis_left_max": 0,
                    "y_axis_left_min": 0
                  }
                ],
                "widget_stacked_bar": [],
                "widget_table": []
              }
            ],
            "permalink": "https://one.newrelic.com/redirect/entity/MTQ2ODAxMXxWSVp8REFTSEJPQVJEfGRhOjk0MDE4NTk",
            "permissions": "public_read_write",
            "variable": []
          },
          "sensitive_attributes": [],
          "identity_schema_version": 0,
          "private": "eyJzY2hlbWFfdmVyc2lvbiI6IjAifQ=="
        }
      ]
    },
    {
      "mode": "managed",
      "type": "newrelic_one_dashboard",
      "name": "business_outcomes",
      "provider": "provider[\"registry.terraform.io/newrelic/newrelic\"]",
      "instances": [
        {
          "schema_version": 0,
          "attributes": {
            "account_id": 1468011,
            "description": null,
            "guid": "MTQ2ODAxMXxWSVp8REFTSEJPQVJEfGRhOjkzOTg0NzQ",
            "id": "MTQ2ODAxMXxWSVp8REFTSEJPQVJEfGRhOjkzOTg0NzQ",
            "name": "Business Outcomes",
            "page": [
              {
                "description": "",
                "guid": "MTQ2ODAxMXxWSVp8REFTSEJPQVJEfDIxNzczNA",
                "name": "Business Outcomes",
                "widget_area": [],
                "widget_bar": [
                  {
                    "chart_styles": [],
                    "colors": [],
                    "column": 1,
                    "data_format": [],
                    "facet_show_other_series": false,
                    "filter_current_dashboard": false,
                    "height": 3,
                    "id": "1098512",
                    "ignore_time_range": false,
                    "initial_sorting": [],
                    "legend_enabled": false,
                    "linked_entity_guids": [],
                    "nrql_query": [
                      {
                        "account_id": "1468011",
                        "query": "SELECT count(*) AS 'Duration' FROM PageView facet buckets(duration, width: 10, buckets: 10) SINCE 1 day ago WHERE pageUrl like '%/purchase-confirmed.jsp'"
                      }
                    ],
                    "null_values": [],
                    "refresh_rate": "",
                    "row": 4,
                    "title": "UX of Purchase Page",
                    "units": [],
                    "width": 4,
                    "y_axis_left_max": 0,
                    "y_axis_left_min": 0
                  },
                  {
                    "chart_styles": [],
                    "colors": [],
                    "column": 1,
                    "data_format": [],
                    "facet_show_other_series": false,
                    "filter_current_dashboard": false,
                    "height": 3,
                    "id": "1098518",
                    "ignore_time_range": false,
                    "initial_sorting": [],
                    "legend_enabled": false,
                    "linked_entity_guids": [],
                    "nrql_query": [
                      {
                        "account_id": "1468011",
                        "query": "SELECT count(*) FROM PageView SINCE 1 hour ago facet city"
                      }
                    ],
                    "null_values": [],
                    "refresh_rate": "",
                    "row": 10,
                    "title": "Top Cities",
                    "units": [],
                    "width": 4,
                    "y_axis_left_max": 0,
                    "y_axis_left_min": 0
                  },
                  {
                    "chart_styles": [],
                    "colors": [],
                    "column": 9,
                    "data_format": [],
                    "facet_show_other_series": false,
                    "filter_current_dashboard": false,
                    "height": 3,
                    "id": "1098520",
                    "ignore_time_range": false,
                    "initial_sorting": [],
                    "legend_enabled": false,
                    "linked_entity_guids": [
                      "NTQxNDk3fFZJWnxEQVNIQk9BUkR8MTIwNTYw"
                    ],
                    "nrql_query": [
                      {
                        "account_id": "1468011",
                        "query": "SELECT count(*) FROM PageView SINCE 1 day ago FACET userAgentName"
                      }
                    ],
                    "null_values": [],
                    "refresh_rate": "",
                    "row": 10,
                    "title": "Browser Type",
                    "units": [],
                    "width": 4,
                    "y_axis_left_max": 0,
                    "y_axis_left_min": 0
                  },
                  {
                    "chart_styles": [],
                    "colors": [],
                    "column": 1,
                    "data_format": [],
                    "facet_show_other_series": false,
                    "filter_current_dashboard": false,
                    "height": 3,
                    "id": "1098521",
                    "ignore_time_range": false,
                    "initial_sorting": [],
                    "legend_enabled": false,
                    "linked_entity_guids": [],
                    "nrql_query": [
                      {
                        "account_id": "1468011",
                        "query": "SELECT average(duration) from PageView facet city"
                      }
                    ],
                    "null_values": [],
                    "refresh_rate": "",
                    "row": 13,
                    "title": "By City",
                    "units": [],
                    "width": 4,
                    "y_axis_left_max": 0,
                    "y_axis_left_min": 0
                  }
                ],
                "widget_billboard": [
                  {
                    "billboard_settings": [],
                    "chart_styles": [],
                    "colors": [],
                    "column": 1,
                    "critical": "",
                    "data_format": [],
                    "facet_show_other_series": false,
                    "height": 3,
                    "id": "1098509",
                    "ignore_time_range": false,
                    "initial_sorting": [],
                    "legend_enabled": false,
                    "nrql_query": [
                      {
                        "account_id": "1468011",
                        "query": "SELECT uniqueCount(session) AS 'Site Visitors' FROM PageView SINCE 1 day ago COMPARE WITH 1 day ago"
                      }
                    ],
                    "null_values": [],
                    "refresh_rate": "",
                    "row": 1,
                    "title": "Users Day Over Day",
                    "units": [],
                    "warning": "",
                    "width": 4,
                    "y_axis_left_max": 0,
                    "y_axis_left_min": 0
                  },
                  {
                    "billboard_settings": [],
                    "chart_styles": [],
                    "colors": [],
                    "column": 5,
                    "critical": "",
                    "data_format": [],
                    "facet_show_other_series": false,
                    "height": 3,
                    "id": "1098510",
                    "ignore_time_range": false,
                    "initial_sorting": [],
                    "legend_enabled": false,
                    "nrql_query": [
                      {
                        "account_id": "1468011",
                        "query": "SELECT sum(`itemPrice`) As 'Revenue' FROM Transaction WHERE name = 'WebTransaction/web/orders (POST)' since 1 day ago COMPARE WITH 1 day ago"
                      }
                    ],
                    "null_values": [],
                    "refresh_rate": "",
                    "row": 1,
                    "title": "Revenue Day Over Day",
                    "units": [],
                    "warning": "",
                    "width": 4,
                    "y_axis_left_max": 0,
                    "y_axis_left_min": 0
                  },
                  {
                    "billboard_settings": [],
                    "chart_styles": [],
                    "colors": [],
                    "column": 9,
                    "critical": "",
                    "data_format": [],
                    "facet_show_other_series": false,
                    "height": 3,
                    "id": "1098514",
                    "ignore_time_range": false,
                    "initial_sorting": [],
                    "legend_enabled": false,
                    "nrql_query": [
                      {
                        "account_id": "1468011",
                        "query": "SELECT average(`itemPrice`) AS 'Average Price',count(*) AS 'Errors' from Transaction where errorCode IS NOT NULL AND `itemPrice` IS NOT NULL since 1 day ago"
                      }
                    ],
                    "null_values": [],
                    "refresh_rate": "",
                    "row": 4,
                    "title": "Average Cart Value, Number of Errors",
                    "units": [],
                    "warning": "",
                    "width": 4,
                    "y_axis_left_max": 0,
                    "y_axis_left_min": 0
                  },
                  {
                    "billboard_settings": [],
                    "chart_styles": [],
                    "colors": [],
                    "column": 1,
                    "critical": "75000",
                    "data_format": [],
                    "facet_show_other_series": false,
                    "height": 3,
                    "id": "1098515",
                    "ignore_time_range": false,
                    "initial_sorting": [],
                    "legend_enabled": false,
                    "nrql_query": [
                      {
                        "account_id": "1468011",
                        "query": "SELECT sum(`itemPrice`) AS 'Total Revenue' from Transaction where errorCode IS NOT NULL since 1 day ago"
                      }
                    ],
                    "null_values": [],
                    "refresh_rate": "",
                    "row": 7,
                    "title": "Total Revenue At Risk",
                    "units": [],
                    "warning": "45000",
                    "width": 4,
                    "y_axis_left_max": 0,
                    "y_axis_left_min": 0
                  },
                  {
                    "billboard_settings": [],
                    "chart_styles": [],
                    "colors": [],
                    "column": 9,
                    "critical": "2000",
                    "data_format": [],
                    "facet_show_other_series": false,
                    "height": 3,
                    "id": "1098517",
                    "ignore_time_range": false,
                    "initial_sorting": [],
                    "legend_enabled": false,
                    "nrql_query": [
                      {
                        "account_id": "1468011",
                        "query": "SELECT count(*) as 'Page Views' FROM PageView where pageUrl LIKE '%/index.html' and duration \u003e= 3 since 1 day ago"
                      }
                    ],
                    "null_values": [],
                    "refresh_rate": "",
                    "row": 7,
                    "title": "Home Duration \u003e 3s",
                    "units": [],
                    "warning": "1000",
                    "width": 4,
                    "y_axis_left_max": 0,
                    "y_axis_left_min": 0
                  },
                  {
                    "billboard_settings": [],
                    "chart_styles": [],
                    "colors": [],
                    "column": 5,
                    "critical": "",
                    "data_format": [],
                    "facet_show_other_series": false,
                    "height": 3,
                    "id": "1098519",
                    "ignore_time_range": false,
                    "initial_sorting": [],
                    "legend_enabled": false,
                    "nrql_query": [
                      {
                        "account_id": "1468011",
                        "query": "SELECT uniqueCount(session) AS 'Site Visitors' FROM PageView SINCE 1 minute ago COMPARE WITH 1 day ago"
                      }
                    ],
                    "null_values": [],
                    "refresh_rate": "",
                    "row": 10,
                    "title": "Live Users",
                    "units": [],
                    "warning": "",
                    "width": 4,
                    "y_axis_left_max": 0,
                    "y_axis_left_min": 0
                  }
                ],
                "widget_bullet": [],
                "widget_funnel": [
                  {
                    "chart_styles": [],
                    "colors": [],
                    "column": 9,
                    "data_format": [],
                    "facet_show_other_series": false,
                    "height": 3,
                    "id": "1098511",
                    "ignore_time_range": false,
                    "initial_sorting": [],
                    "legend_enabled": false,
                    "nrql_query": [
                      {
                        "account_id": "1468011",
                        "query": "SELECT funnel(session, WHERE pageUrl like '%/index.html' AS 'Home', where pageUrl like '%/login.html' AS 'Login', WHERE pageUrl LIKE '%/browse/category/%' AS 'Browse Items',  WHERE pageUrl LIKE '%/purchase-confirmed.jsp' AS 'Purchased') FROM PageView SINCE 1 day ago"
                      }
                    ],
                    "null_values": [],
                    "refresh_rate": "",
                    "row": 1,
                    "title": "Conversion Funnel",
                    "units": [],
                    "width": 4,
                    "y_axis_left_max": 0,
                    "y_axis_left_min": 0
                  }
                ],
                "widget_heatmap": [],
                "widget_histogram": [
                  {
                    "chart_styles": [],
                    "colors": [],
                    "column": 5,
                    "data_format": [],
                    "facet_show_other_series": false,
                    "height": 3,
                    "id": "1098516",
                    "ignore_time_range": false,
                    "initial_sorting": [],
                    "legend_enabled": false,
                    "nrql_query": [
                      {
                        "account_id": "1468011",
                        "query": "SELECT histogram(duration, width: 10) FROM PageView since 1 day ago"
                      }
                    ],
                    "null_values": [],
                    "refresh_rate": "",
                    "row": 7,
                    "title": "Page Durations",
                    "units": [],
                    "width": 4,
                    "y_axis_left_max": 0,
                    "y_axis_left_min": 0
                  }
                ],
                "widget_json": [],
                "widget_line": [],
                "widget_log_table": [],
                "widget_markdown": [],
                "widget_pie": [
                  {
                    "chart_styles": [],
                    "colors": [],
                    "column": 5,
                    "data_format": [],
                    "facet_show_other_series": false,
                    "filter_current_dashboard": false,
                    "height": 3,
                    "id": "1098522",
                    "ignore_time_range": false,
                    "initial_sorting": [],
                    "legend_enabled": false,
                    "linked_entity_guids": [],
                    "nrql_query": [
                      {
                        "account_id": "1468011",
                        "query": "SELECT count(*) FROM Transaction WHERE name LIKE 'WebTransaction/web/purchase' FACET httpResponseCode SINCE 1 week ago"
                      }
                    ],
                    "null_values": [],
                    "refresh_rate": "",
                    "row": 13,
                    "title": "Purchase Response Codes",
                    "units": [],
                    "width": 4,
                    "y_axis_left_max": 0,
                    "y_axis_left_min": 0
                  }
                ],
                "widget_stacked_bar": [],
                "widget_table": [
                  {
                    "chart_styles": [],
                    "colors": [],
                    "column": 5,
                    "data_format": [],
                    "facet_show_other_series": false,
                    "filter_current_dashboard": false,
                    "height": 3,
                    "id": "1098513",
                    "ignore_time_range": false,
                    "initial_sorting": [],
                    "legend_enabled": false,
                    "linked_entity_guids": [
                      "NTQxNDk3fFZJWnxEQVNIQk9BUkR8MTA4ODM1"
                    ],
                    "nrql_query": [
                      {
                        "account_id": "1468011",
                        "query": "SELECT count(*),count(errorCode) from Transaction since 1 day ago FACET appName"
                      }
                    ],
                    "null_values": [],
                    "refresh_rate": "",
                    "row": 4,
                    "threshold": [],
                    "title": "Transactions And Error Codes",
                    "units": [],
                    "width": 4,
                    "y_axis_left_max": 0,
                    "y_axis_left_min": 0
                  }
                ]
              }
            ],
            "permalink": "https://one.newrelic.com/redirect/entity/MTQ2ODAxMXxWSVp8REFTSEJPQVJEfGRhOjkzOTg0NzQ",
            "permissions": "public_read_write",
            "variable": []
          },
          "sensitive_attributes": [],
          "identity_schema_version": 0,
          "private": "eyJzY2hlbWFfdmVyc2lvbiI6IjAifQ=="
        }
      ]
    },
    {
      "mode": "managed",
      "type": "newrelic_one_dashboard",
      "name": "database_performance",
      "provider": "provider[\"registry.terraform.io/newrelic/newrelic\"]",
      "instances": [
        {
          "schema_version": 0,
          "attributes": {
            "account_id": 1468011,
            "description": null,
            "guid": "MTQ2ODAxMXxWSVp8REFTSEJPQVJEfGRhOjk0MDE4MjA",
            "id": "MTQ2ODAxMXxWSVp8REFTSEJPQVJEfGRhOjk0MDE4MjA",
            "name": "Database Performance",
            "page": [
              {
                "description": "",
                "guid": "MTQ2ODAxMXxWSVp8REFTSEJPQVJEfDIxNzcwNw",
                "name": "Database Performance",
                "widget_area": [],
                "widget_bar": [
                  {
                    "chart_styles": [],
                    "colors": [],
                    "column": 9,
                    "data_format": [],
                    "facet_show_other_series": false,
                    "filter_current_dashboard": false,
                    "height": 6,
                    "id": "1098309",
                    "ignore_time_range": false,
                    "initial_sorting": [],
                    "legend_enabled": false,
                    "linked_entity_guids": [],
                    "nrql_query": [
                      {
                        "account_id": "1468011",
                        "query": "SELECT sum(databaseDuration) FROM Transaction FACET name SINCE 1 day ago LIMIT 20"
                      }
                    ],
                    "null_values": [],
                    "refresh_rate": "",
                    "row": 1,
                    "title": "Accumulated DB Time by Trans.",
                    "units": [],
                    "width": 4,
                    "y_axis_left_max": 0,
                    "y_axis_left_min": 0
                  },
                  {
                    "chart_styles": [],
                    "colors": [],
                    "column": 9,
                    "data_format": [],
                    "facet_show_other_series": false,
                    "filter_current_dashboard": false,
                    "height": 3,
                    "id": "1098311",
                    "ignore_time_range": false,
                    "initial_sorting": [],
                    "legend_enabled": false,
                    "linked_entity_guids": [],
                    "nrql_query": [
                      {
                        "account_id": "1468011",
                        "query": "SELECT sum(duration) FROM Transaction FACET name SINCE 1 day ago LIMIT 7"
                      }
                    ],
                    "null_values": [],
                    "refresh_rate": "",
                    "row": 7,
                    "title": "Transaction Time (DB inclusive)",
                    "units": [],
                    "width": 4,
                    "y_axis_left_max": 0,
                    "y_axis_left_min": 0
                  }
                ],
                "widget_billboard": [],
                "widget_bullet": [],
                "widget_funnel": [],
                "widget_heatmap": [
                  {
                    "chart_styles": [],
                    "colors": [],
                    "column": 1,
                    "data_format": [],
                    "facet_show_other_series": false,
                    "filter_current_dashboard": false,
                    "height": 3,
                    "id": "1098312",
                    "ignore_time_range": false,
                    "initial_sorting": [],
                    "legend_enabled": false,
                    "linked_entity_guids": [],
                    "nrql_query": [
                      {
                        "account_id": "1468011",
                        "query": "SELECT histogram(databaseDuration) FROM Transaction FACET name SINCE 1 day ago LIMIT 20"
                      }
                    ],
                    "null_values": [],
                    "refresh_rate": "",
                    "row": 10,
                    "title": "Accumulated DB Time by Histogram",
                    "units": [],
                    "width": 12,
                    "y_axis_left_max": 0,
                    "y_axis_left_min": 0
                  }
                ],
                "widget_histogram": [],
                "widget_json": [],
                "widget_line": [],
                "widget_log_table": [],
                "widget_markdown": [],
                "widget_pie": [],
                "widget_stacked_bar": [],
                "widget_table": [
                  {
                    "chart_styles": [],
                    "colors": [],
                    "column": 1,
                    "data_format": [],
                    "facet_show_other_series": false,
                    "filter_current_dashboard": false,
                    "height": 6,
                    "id": "1098308",
                    "ignore_time_range": false,
                    "initial_sorting": [],
                    "legend_enabled": false,
                    "linked_entity_guids": [],
                    "nrql_query": [
                      {
                        "account_id": "1468011",
                        "query": "SELECT sum(databaseDuration) as 'Time', count(*) as 'Count', percentile(databaseDuration, 99, 80, 50) as 'DB' FROM Transaction FACET name SINCE 1 day ago LIMIT 15"
                      }
                    ],
                    "null_values": [],
                    "refresh_rate": "",
                    "row": 1,
                    "threshold": [],
                    "title": "Worst DB offenders",
                    "units": [],
                    "width": 8,
                    "y_axis_left_max": 0,
                    "y_axis_left_min": 0
                  },
                  {
                    "chart_styles": [],
                    "colors": [],
                    "column": 1,
                    "data_format": [],
                    "facet_show_other_series": false,
                    "filter_current_dashboard": false,
                    "height": 3,
                    "id": "1098310",
                    "ignore_time_range": false,
                    "initial_sorting": [],
                    "legend_enabled": false,
                    "linked_entity_guids": [],
                    "nrql_query": [
                      {
                        "account_id": "1468011",
                        "query": "SELECT sum(duration) as 'App', count(*) as 'Count', percentile(duration, 99, 80, 50) as 'App' FROM Transaction FACET name SINCE 1 day ago LIMIT 5"
                      }
                    ],
                    "null_values": [],
                    "refresh_rate": "",
                    "row": 7,
                    "threshold": [],
                    "title": "Worst App offenders",
                    "units": [],
                    "width": 8,
                    "y_axis_left_max": 0,
                    "y_axis_left_min": 0
                  }
                ]
              }
            ],
            "permalink": "https://one.newrelic.com/redirect/entity/MTQ2ODAxMXxWSVp8REFTSEJPQVJEfGRhOjk0MDE4MjA",
            "permissions": "public_read_write",
            "variable": []
          },
          "sensitive_attributes": [],
          "identity_schema_version": 0,
          "private": "eyJzY2hlbWFfdmVyc2lvbiI6IjAifQ=="
        }
      ]
    },
    {
      "mode": "managed",
      "type": "newrelic_one_dashboard",
      "name": "dotnet",
      "provider": "provider[\"registry.terraform.io/newrelic/newrelic\"]",
      "instances": [
        {
          "schema_version": 0,
          "attributes": {
            "account_id": 1468011,
            "description": null,
            "guid": "MTQ2ODAxMXxWSVp8REFTSEJPQVJEfGRhOjY4NTU0OTY",
            "id": "MTQ2ODAxMXxWSVp8REFTSEJPQVJEfGRhOjY4NTU0OTY",
            "name": ".NET",
            "page": [
              {
                "description": "",
                "guid": "MTQ2ODAxMXxWSVp8REFTSEJPQVJEfDIwNDMyNjA5",
                "name": "Overview",
                "widget_area": [
                  {
                    "chart_styles": [],
                    "colors": [],
                    "column": 7,
                    "data_format": [],
                    "facet_show_other_series": false,
                    "height": 4,
                    "id": "283071730",
                    "ignore_time_range": false,
                    "initial_sorting": [],
                    "legend_enabled": true,
                    "nrql_query": [
                      {
                        "account_id": "1468011",
                        "query": "SELECT average(newrelic.timeslice.value) * 1e+6 AS 'Memory Working Set' FROM Metric WHERE (entity.guid = 'MTQ2ODAxMXxBUE18QVBQTElDQVRJT058MTc0MzkwODIwMA') and metricTimesliceName LIKE '%Memory/WorkingSet%' TIMESERIES AUTO "
                      }
                    ],
                    "null_values": [],
                    "refresh_rate": "",
                    "row": 1,
                    "title": "Memory Allocation/Working Set (MB)",
                    "tooltip": [],
                    "units": [],
                    "width": 4,
                    "y_axis_left_max": 0,
                    "y_axis_left_min": 0
                  },
                  {
                    "chart_styles": [],
                    "colors": [],
                    "column": 3,
                    "data_format": [],
                    "facet_show_other_series": false,
                    "height": 4,
                    "id": "283071733",
                    "ignore_time_range": false,
                    "initial_sorting": [],
                    "legend_enabled": true,
                    "nrql_query": [
                      {
                        "account_id": "1468011",
                        "query": "SELECT average(apm.service.datastore.operation.duration * 1000) FROM Metric WHERE (entity.guid = 'MTQ2ODAxMXxBUE18QVBQTElDQVRJT058MTc0MzkwODIwMA')  FACET  `table`, `operation` LIMIT 5 TIMESERIES "
                      }
                    ],
                    "null_values": [],
                    "refresh_rate": "",
                    "row": 5,
                    "title": "Slowest Query Time",
                    "tooltip": [],
                    "units": [],
                    "width": 5,
                    "y_axis_left_max": 0,
                    "y_axis_left_min": 0
                  },
                  {
                    "chart_styles": [],
                    "colors": [],
                    "column": 8,
                    "data_format": [],
                    "facet_show_other_series": false,
                    "height": 4,
                    "id": "283071734",
                    "ignore_time_range": false,
                    "initial_sorting": [],
                    "legend_enabled": true,
                    "nrql_query": [
                      {
                        "account_id": "1468011",
                        "query": "SELECT sum(apm.service.datastore.operation.duration * 1000) FROM Metric  FACET  `table`, `operation` LIMIT 5 TIMESERIES WHERE (entity.guid = 'MTQ2ODAxMXxBUE18QVBQTElDQVRJT058MTc0MzkwODIwMA') and datastoreType = 'MSSQL' AND `table` != '' AND `table` != '(subquery)'"
                      }
                    ],
                    "null_values": [],
                    "refresh_rate": "",
                    "row": 5,
                    "title": "Most Time Consuming",
                    "tooltip": [],
                    "units": [],
                    "width": 5,
                    "y_axis_left_max": 0,
                    "y_axis_left_min": 0
                  },
                  {
                    "chart_styles": [],
                    "colors": [],
                    "column": 3,
                    "data_format": [],
                    "facet_show_other_series": false,
                    "height": 3,
                    "id": "283071737",
                    "ignore_time_range": false,
                    "initial_sorting": [],
                    "legend_enabled": true,
                    "nrql_query": [
                      {
                        "account_id": "1468011",
                        "query": "SELECT average(newrelic.timeslice.value) * 1e+6 AS `GC/LOH/Size(MB)` FROM Metric WHERE metricTimesliceName LIKE 'GC/LOH/Size%' TIMESERIES"
                      }
                    ],
                    "null_values": [],
                    "refresh_rate": "",
                    "row": 9,
                    "title": "Memory Used by Large Object Heap",
                    "tooltip": [],
                    "units": [],
                    "width": 4,
                    "y_axis_left_max": 0,
                    "y_axis_left_min": 0
                  }
                ],
                "widget_bar": [
                  {
                    "chart_styles": [],
                    "colors": [],
                    "column": 3,
                    "data_format": [],
                    "facet_show_other_series": false,
                    "filter_current_dashboard": false,
                    "height": 4,
                    "id": "283071729",
                    "ignore_time_range": false,
                    "initial_sorting": [],
                    "legend_enabled": false,
                    "linked_entity_guids": [],
                    "nrql_query": [
                      {
                        "account_id": "1468011",
                        "query": "FROM Transaction SELECT count(*)  where appName = 'drtestmerchantapi' FACET request.uri"
                      }
                    ],
                    "null_values": [],
                    "refresh_rate": "",
                    "row": 1,
                    "title": "Total Transactions by Application (click on the app name to filter)",
                    "units": [],
                    "width": 4,
                    "y_axis_left_max": 0,
                    "y_axis_left_min": 0
                  }
                ],
                "widget_billboard": [
                  {
                    "billboard_settings": [],
                    "chart_styles": [],
                    "colors": [],
                    "column": 11,
                    "critical": "",
                    "data_format": [],
                    "facet_show_other_series": false,
                    "height": 4,
                    "id": "283071731",
                    "ignore_time_range": false,
                    "initial_sorting": [],
                    "legend_enabled": false,
                    "nrql_query": [
                      {
                        "account_id": "1468011",
                        "query": "SELECT apdex(newrelic.timeslice.value) FROM Metric WHERE (entity.guid = 'MTQ2ODAxMXxBUE18QVBQTElDQVRJT058MTc0MzkwODIwMA') and metricTimesliceName LIKE 'Apdex/StatusCode/%' FACET metricTimesliceName"
                      }
                    ],
                    "null_values": [],
                    "refresh_rate": "",
                    "row": 1,
                    "title": "HTTP Status Code",
                    "units": [],
                    "warning": "",
                    "width": 2,
                    "y_axis_left_max": 0,
                    "y_axis_left_min": 0
                  },
                  {
                    "billboard_settings": [],
                    "chart_styles": [],
                    "colors": [],
                    "column": 1,
                    "critical": "",
                    "data_format": [],
                    "facet_show_other_series": false,
                    "height": 3,
                    "id": "283071735",
                    "ignore_time_range": false,
                    "initial_sorting": [],
                    "legend_enabled": false,
                    "nrql_query": [
                      {
                        "account_id": "1468011",
                        "query": "SELECT average(newrelic.timeslice.value) * 1000 FROM Metric WHERE (entity.guid = 'MTQ2ODAxMXxBUE18QVBQTElDQVRJT058MTc0MzkwODIwMA') and metricTimesliceName LIKE '%CPU/%' FACET metricTimesliceName"
                      }
                    ],
                    "null_values": [],
                    "refresh_rate": "",
                    "row": 6,
                    "title": "CPU Utilization",
                    "units": [],
                    "warning": "",
                    "width": 2,
                    "y_axis_left_max": 0,
                    "y_axis_left_min": 0
                  },
                  {
                    "billboard_settings": [],
                    "chart_styles": [],
                    "colors": [],
                    "column": 1,
                    "critical": "",
                    "data_format": [],
                    "facet_show_other_series": false,
                    "height": 3,
                    "id": "283071736",
                    "ignore_time_range": false,
                    "initial_sorting": [],
                    "legend_enabled": false,
                    "nrql_query": [
                      {
                        "account_id": "1468011",
                        "query": "SELECT apdex(apm.service.apdex) as 'App server', apdex(apm.service.apdex.user) as 'End user' FROM Metric  where (entity.guid = 'MTQ2ODAxMXxBUE18QVBQTElDQVRJT058MTc0MzkwODIwMA') LIMIT MAX"
                      }
                    ],
                    "null_values": [],
                    "refresh_rate": "",
                    "row": 9,
                    "title": "Apdex Score",
                    "units": [],
                    "warning": "",
                    "width": 2,
                    "y_axis_left_max": 0,
                    "y_axis_left_min": 0
                  }
                ],
                "widget_bullet": [],
                "widget_funnel": [],
                "widget_heatmap": [],
                "widget_histogram": [],
                "widget_json": [],
                "widget_line": [
                  {
                    "chart_styles": [],
                    "colors": [],
                    "column": 7,
                    "data_format": [],
                    "facet_show_other_series": false,
                    "height": 3,
                    "id": "283071738",
                    "ignore_time_range": false,
                    "initial_sorting": [],
                    "is_label_visible": false,
                    "legend_enabled": true,
                    "nrql_query": [
                      {
                        "account_id": "1468011",
                        "query": "SELECT average(newrelic.timeslice.value) * 1e+3 AS `GC/Handles` FROM Metric WHERE metricTimesliceName LIKE 'GC/Handles%' TIMESERIES "
                      }
                    ],
                    "null_values": [],
                    "refresh_rate": "",
                    "row": 9,
                    "threshold": [],
                    "title": "Number of References to Objects",
                    "tooltip": [],
                    "units": [],
                    "width": 3,
                    "y_axis_left_max": 0,
                    "y_axis_left_min": 0,
                    "y_axis_left_zero": true,
                    "y_axis_right": []
                  },
                  {
                    "chart_styles": [],
                    "colors": [],
                    "column": 10,
                    "data_format": [],
                    "facet_show_other_series": false,
                    "height": 3,
                    "id": "283071739",
                    "ignore_time_range": false,
                    "initial_sorting": [],
                    "is_label_visible": false,
                    "legend_enabled": true,
                    "nrql_query": [
                      {
                        "account_id": "1468011",
                        "query": "SELECT latest(transmitBytesPerSecond) AS `Transmit Bytes per Second`, latest(receiveBytesPerSecond) AS `Receive Bytes per Second` FROM NetworkSample TIMESERIES AUTO"
                      }
                    ],
                    "null_values": [],
                    "refresh_rate": "",
                    "row": 9,
                    "threshold": [],
                    "title": "Network Traffic",
                    "tooltip": [],
                    "units": [],
                    "width": 3,
                    "y_axis_left_max": 0,
                    "y_axis_left_min": 0,
                    "y_axis_left_zero": true,
                    "y_axis_right": []
                  }
                ],
                "widget_log_table": [],
                "widget_markdown": [
                  {
                    "chart_styles": [],
                    "colors": [],
                    "column": 1,
                    "data_format": [],
                    "facet_show_other_series": false,
                    "height": 2,
                    "id": "283071728",
                    "ignore_time_range": false,
                    "initial_sorting": [],
                    "legend_enabled": false,
                    "null_values": [],
                    "refresh_rate": "",
                    "row": 1,
                    "text": "![logo](https://raw.githubusercontent.com/newrelic/newrelic-quickstarts/265e46a84e966c07302d570e77fc9561d3abe636/quickstarts/dotnet/dotnet/logo.svg)",
                    "title": "",
                    "units": [],
                    "width": 2,
                    "y_axis_left_max": 0,
                    "y_axis_left_min": 0
                  },
                  {
                    "chart_styles": [],
                    "colors": [],
                    "column": 1,
                    "data_format": [],
                    "facet_show_other_series": false,
                    "height": 3,
                    "id": "283071732",
                    "ignore_time_range": false,
                    "initial_sorting": [],
                    "legend_enabled": false,
                    "null_values": [],
                    "refresh_rate": "",
                    "row": 3,
                    "text": "**About**\n\nInstrument your application with New Relic - [Add Data](https://one.newrelic.com/catalog-pack-details?state=fbb63ea7-12ed-4703-31d7-544ca12b03b3).\n\nUnable to find data in your dashboard? - [Troubleshoot here](\nhttps://docs.newrelic.com/docs/apm/agents/net-agent/troubleshooting/no-data-appears-net/)\n\n[Please rate this dashboard](https://docs.google.com/forms/d/e/1FAIpQLSclR38J8WbbB2J1tHnllKUkzWZkJhf4SrJGyavpMd4t82NjnQ/viewform?usp=pp_url\u0026entry.1615922415=.Net\u0026entry.358368110=https://onenr.io/0ERzlZYPvQr) here and let us know how we can improve it for you.\n",
                    "title": "",
                    "units": [],
                    "width": 2,
                    "y_axis_left_max": 0,
                    "y_axis_left_min": 0
                  }
                ],
                "widget_pie": [],
                "widget_stacked_bar": [],
                "widget_table": []
              },
              {
                "description": "",
                "guid": "MTQ2ODAxMXxWSVp8REFTSEJPQVJEfDIwNDMyNjEw",
                "name": "Thread Pool",
                "widget_area": [],
                "widget_bar": [
                  {
                    "chart_styles": [],
                    "colors": [],
                    "column": 1,
                    "data_format": [],
                    "facet_show_other_series": false,
                    "filter_current_dashboard": false,
                    "height": 3,
                    "id": "283071740",
                    "ignore_time_range": false,
                    "initial_sorting": [],
                    "legend_enabled": false,
                    "linked_entity_guids": [],
                    "nrql_query": [
                      {
                        "account_id": "1468011",
                        "query": "SELECT average(newrelic.timeslice.value) * 1e+6 FROM Metric WHERE metricTimesliceName LIKE '%Threadpool/Throughput/%' FACET metricTimesliceName"
                      }
                    ],
                    "null_values": [],
                    "refresh_rate": "",
                    "row": 1,
                    "title": "Throughput",
                    "units": [],
                    "width": 5,
                    "y_axis_left_max": 0,
                    "y_axis_left_min": 0
                  },
                  {
                    "chart_styles": [],
                    "colors": [],
                    "column": 6,
                    "data_format": [],
                    "facet_show_other_series": false,
                    "filter_current_dashboard": false,
                    "height": 3,
                    "id": "283071741",
                    "ignore_time_range": false,
                    "initial_sorting": [],
                    "legend_enabled": false,
                    "linked_entity_guids": [],
                    "nrql_query": [
                      {
                        "account_id": "1468011",
                        "query": "SELECT average(newrelic.timeslice.value) * 1000 FROM Metric WHERE metricTimesliceName LIKE '%Threadpool/Completion/%' FACET metricTimesliceName"
                      }
                    ],
                    "null_values": [],
                    "refresh_rate": "",
                    "row": 1,
                    "title": "Completion Threads",
                    "units": [],
                    "width": 4,
                    "y_axis_left_max": 0,
                    "y_axis_left_min": 0
                  }
                ],
                "widget_billboard": [
                  {
                    "billboard_settings": [],
                    "chart_styles": [],
                    "colors": [],
                    "column": 10,
                    "critical": "",
                    "data_format": [],
                    "facet_show_other_series": false,
                    "height": 3,
                    "id": "283071742",
                    "ignore_time_range": false,
                    "initial_sorting": [],
                    "legend_enabled": false,
                    "nrql_query": [
                      {
                        "account_id": "1468011",
                        "query": "SELECT average(newrelic.timeslice.value) * 1000 FROM Metric WHERE metricTimesliceName LIKE '%Threadpool/Worker/%' FACET metricTimesliceName"
                      }
                    ],
                    "null_values": [],
                    "refresh_rate": "",
                    "row": 1,
                    "title": "Worker Threads",
                    "units": [],
                    "warning": "",
                    "width": 3,
                    "y_axis_left_max": 0,
                    "y_axis_left_min": 0
                  }
                ],
                "widget_bullet": [],
                "widget_funnel": [],
                "widget_heatmap": [],
                "widget_histogram": [],
                "widget_json": [],
                "widget_line": [],
                "widget_log_table": [],
                "widget_markdown": [],
                "widget_pie": [],
                "widget_stacked_bar": [],
                "widget_table": []
              },
              {
                "description": "",
                "guid": "MTQ2ODAxMXxWSVp8REFTSEJPQVJEfDIwNDMyNjEx",
                "name": "Garbage Collection",
                "widget_area": [
                  {
                    "chart_styles": [],
                    "colors": [],
                    "column": 9,
                    "data_format": [],
                    "facet_show_other_series": false,
                    "height": 3,
                    "id": "283071745",
                    "ignore_time_range": false,
                    "initial_sorting": [],
                    "legend_enabled": true,
                    "nrql_query": [
                      {
                        "account_id": "1468011",
                        "query": "SELECT average(newrelic.timeslice.value) * 1e+6 AS `GC/Gen0/Promoted(MB)` FROM Metric WHERE metricTimesliceName = 'GC/Gen0/Promoted' TIMESERIES"
                      }
                    ],
                    "null_values": [],
                    "refresh_rate": "",
                    "row": 1,
                    "title": "Active References Promoted From Generation 0 to Generation 1",
                    "tooltip": [],
                    "units": [],
                    "width": 4,
                    "y_axis_left_max": 0,
                    "y_axis_left_min": 0
                  },
                  {
                    "chart_styles": [],
                    "colors": [],
                    "column": 9,
                    "data_format": [],
                    "facet_show_other_series": false,
                    "height": 3,
                    "id": "283071748",
                    "ignore_time_range": false,
                    "initial_sorting": [],
                    "legend_enabled": true,
                    "nrql_query": [
                      {
                        "account_id": "1468011",
                        "query": "SELECT average(newrelic.timeslice.value) * 1e+6 AS `GC/Gen1/Promoted(MB)` FROM Metric WHERE metricTimesliceName = 'GC/Gen1/Promoted' TIMESERIES"
                      }
                    ],
                    "null_values": [],
                    "refresh_rate": "",
                    "row": 4,
                    "title": "Active References Promoted From Generation 1 to Generation 2",
                    "tooltip": [],
                    "units": [],
                    "width": 4,
                    "y_axis_left_max": 0,
                    "y_axis_left_min": 0
                  },
                  {
                    "chart_styles": [],
                    "colors": [],
                    "column": 9,
                    "data_format": [],
                    "facet_show_other_series": false,
                    "height": 3,
                    "id": "283071751",
                    "ignore_time_range": false,
                    "initial_sorting": [],
                    "legend_enabled": true,
                    "nrql_query": [
                      {
                        "account_id": "1468011",
                        "query": "SELECT average(newrelic.timeslice.value) * 1e+6 AS `GC/Gen2/Survived(MB)` FROM Metric WHERE metricTimesliceName = 'GC/Gen2/Survived' TIMESERIES"
                      }
                    ],
                    "null_values": [],
                    "refresh_rate": "",
                    "row": 7,
                    "title": "Unpromoted Active References",
                    "tooltip": [],
                    "units": [],
                    "width": 4,
                    "y_axis_left_max": 0,
                    "y_axis_left_min": 0
                  }
                ],
                "widget_bar": [
                  {
                    "chart_styles": [],
                    "colors": [],
                    "column": 1,
                    "data_format": [],
                    "facet_show_other_series": false,
                    "filter_current_dashboard": false,
                    "height": 3,
                    "id": "283071743",
                    "ignore_time_range": false,
                    "initial_sorting": [],
                    "legend_enabled": false,
                    "linked_entity_guids": [],
                    "nrql_query": [
                      {
                        "account_id": "1468011",
                        "query": "SELECT average(newrelic.timeslice.value) * 1e+6 FROM Metric WHERE metricTimesliceName LIKE 'GC/Gen0/%' FACET metricTimesliceName"
                      }
                    ],
                    "null_values": [],
                    "refresh_rate": "",
                    "row": 1,
                    "title": "Generation 0 Heap",
                    "units": [],
                    "width": 4,
                    "y_axis_left_max": 0,
                    "y_axis_left_min": 0
                  },
                  {
                    "chart_styles": [],
                    "colors": [],
                    "column": 1,
                    "data_format": [],
                    "facet_show_other_series": false,
                    "filter_current_dashboard": false,
                    "height": 3,
                    "id": "283071746",
                    "ignore_time_range": false,
                    "initial_sorting": [],
                    "legend_enabled": false,
                    "linked_entity_guids": [],
                    "nrql_query": [
                      {
                        "account_id": "1468011",
                        "query": "SELECT average(newrelic.timeslice.value) * 1e+6 FROM Metric WHERE metricTimesliceName LIKE 'GC/Gen1/%' FACET metricTimesliceName"
                      }
                    ],
                    "null_values": [],
                    "refresh_rate": "",
                    "row": 4,
                    "title": "Generation 1 Heap",
                    "units": [],
                    "width": 4,
                    "y_axis_left_max": 0,
                    "y_axis_left_min": 0
                  },
                  {
                    "chart_styles": [],
                    "colors": [],
                    "column": 1,
                    "data_format": [],
                    "facet_show_other_series": false,
                    "filter_current_dashboard": false,
                    "height": 3,
                    "id": "283071749",
                    "ignore_time_range": false,
                    "initial_sorting": [],
                    "legend_enabled": false,
                    "linked_entity_guids": [],
                    "nrql_query": [
                      {
                        "account_id": "1468011",
                        "query": "SELECT average(newrelic.timeslice.value) * 1e+6 FROM Metric WHERE metricTimesliceName LIKE 'GC/Gen2/%' FACET metricTimesliceName"
                      }
                    ],
                    "null_values": [],
                    "refresh_rate": "",
                    "row": 7,
                    "title": "Generation 2 Heap",
                    "units": [],
                    "width": 4,
                    "y_axis_left_max": 0,
                    "y_axis_left_min": 0
                  }
                ],
                "widget_billboard": [],
                "widget_bullet": [],
                "widget_funnel": [],
                "widget_heatmap": [],
                "widget_histogram": [],
                "widget_json": [],
                "widget_line": [
                  {
                    "chart_styles": [],
                    "colors": [],
                    "column": 5,
                    "data_format": [],
                    "facet_show_other_series": false,
                    "height": 3,
                    "id": "283071744",
                    "ignore_time_range": false,
                    "initial_sorting": [],
                    "is_label_visible": false,
                    "legend_enabled": true,
                    "nrql_query": [
                      {
                        "account_id": "1468011",
                        "query": "SELECT average(newrelic.timeslice.value) * 1e+6 AS `GC/Gen0/Size(MB)` FROM Metric WHERE metricTimesliceName = 'GC/Gen0/Size' TIMESERIES"
                      }
                    ],
                    "null_values": [],
                    "refresh_rate": "",
                    "row": 1,
                    "threshold": [],
                    "title": "Available Memory to be Allocated",
                    "tooltip": [],
                    "units": [],
                    "width": 4,
                    "y_axis_left_max": 0,
                    "y_axis_left_min": 0,
                    "y_axis_left_zero": true,
                    "y_axis_right": []
                  },
                  {
                    "chart_styles": [],
                    "colors": [],
                    "column": 5,
                    "data_format": [],
                    "facet_show_other_series": false,
                    "height": 3,
                    "id": "283071747",
                    "ignore_time_range": false,
                    "initial_sorting": [],
                    "is_label_visible": false,
                    "legend_enabled": true,
                    "nrql_query": [
                      {
                        "account_id": "1468011",
                        "query": "SELECT average(newrelic.timeslice.value) * 1e+6 AS `GC/Gen1/Size(MB)` FROM Metric WHERE metricTimesliceName = 'GC/Gen1/Size' TIMESERIES"
                      }
                    ],
                    "null_values": [],
                    "refresh_rate": "",
                    "row": 4,
                    "threshold": [],
                    "title": "Memory Used in Generation 1 Heap",
                    "tooltip": [],
                    "units": [],
                    "width": 4,
                    "y_axis_left_max": 0,
                    "y_axis_left_min": 0,
                    "y_axis_left_zero": true,
                    "y_axis_right": []
                  },
                  {
                    "chart_styles": [],
                    "colors": [],
                    "column": 5,
                    "data_format": [],
                    "facet_show_other_series": false,
                    "height": 3,
                    "id": "283071750",
                    "ignore_time_range": false,
                    "initial_sorting": [],
                    "is_label_visible": false,
                    "legend_enabled": true,
                    "nrql_query": [
                      {
                        "account_id": "1468011",
                        "query": "SELECT average(newrelic.timeslice.value) * 1e+6 AS `GC/Gen2/Size(MB)` FROM Metric WHERE metricTimesliceName = 'GC/Gen2/Size' TIMESERIES"
                      }
                    ],
                    "null_values": [],
                    "refresh_rate": "",
                    "row": 7,
                    "threshold": [],
                    "title": "Memory Used in Generation 2 Heap",
                    "tooltip": [],
                    "units": [],
                    "width": 4,
                    "y_axis_left_max": 0,
                    "y_axis_left_min": 0,
                    "y_axis_left_zero": true,
                    "y_axis_right": []
                  }
                ],
                "widget_log_table": [],
                "widget_markdown": [],
                "widget_pie": [],
                "widget_stacked_bar": [],
                "widget_table": []
              },
              {
                "description": "",
                "guid": "MTQ2ODAxMXxWSVp8REFTSEJPQVJEfDIwNDMyNjEy",
                "name": "Transactions",
                "widget_area": [
                  {
                    "chart_styles": [],
                    "colors": [],
                    "column": 5,
                    "data_format": [],
                    "facet_show_other_series": false,
                    "height": 3,
                    "id": "283071755",
                    "ignore_time_range": false,
                    "initial_sorting": [],
                    "legend_enabled": true,
                    "nrql_query": [
                      {
                        "account_id": "1468011",
                        "query": "SELECT filter(average(apm.service.overview.web * 1000), WHERE segmentName like '.NET') as '.NET', filter(average(apm.service.overview.web * 1000), WHERE segmentName like 'MSSQL') as 'MSSQL' FROM Metric LIMIT MAX TIMESERIES AUTO"
                      }
                    ],
                    "null_values": [],
                    "refresh_rate": "",
                    "row": 4,
                    "title": "Web Transactions Time",
                    "tooltip": [],
                    "units": [],
                    "width": 4,
                    "y_axis_left_max": 0,
                    "y_axis_left_min": 0
                  },
                  {
                    "chart_styles": [],
                    "colors": [],
                    "column": 6,
                    "data_format": [],
                    "facet_show_other_series": false,
                    "height": 3,
                    "id": "283071758",
                    "ignore_time_range": false,
                    "initial_sorting": [],
                    "legend_enabled": true,
                    "nrql_query": [
                      {
                        "account_id": "1468011",
                        "query": "SELECT average(newrelic.timeslice.value) * 1000 AS `DotNet/OrderController/Detail` FROM Metric WHERE metricTimesliceName LIKE 'DotNet/%' FACET metricTimesliceName TIMESERIES"
                      }
                    ],
                    "null_values": [],
                    "refresh_rate": "",
                    "row": 7,
                    "title": "Middleware Pipeline",
                    "tooltip": [],
                    "units": [],
                    "width": 5,
                    "y_axis_left_max": 0,
                    "y_axis_left_min": 0
                  }
                ],
                "widget_bar": [
                  {
                    "chart_styles": [],
                    "colors": [],
                    "column": 9,
                    "data_format": [],
                    "facet_show_other_series": false,
                    "filter_current_dashboard": false,
                    "height": 3,
                    "id": "283071756",
                    "ignore_time_range": false,
                    "initial_sorting": [],
                    "legend_enabled": false,
                    "linked_entity_guids": [],
                    "nrql_query": [
                      {
                        "account_id": "1468011",
                        "query": "SELECT max(duration) FROM Transaction WHERE appName = 'drtestmerchantapi' and (transactionType = 'Web') SINCE 1 week ago LIMIT 5 EXTRAPOLATE FACET name"
                      }
                    ],
                    "null_values": [],
                    "refresh_rate": "",
                    "row": 4,
                    "title": "Top 5 Slowest Transactions",
                    "units": [],
                    "width": 4,
                    "y_axis_left_max": 0,
                    "y_axis_left_min": 0
                  }
                ],
                "widget_billboard": [
                  {
                    "billboard_settings": [],
                    "chart_styles": [],
                    "colors": [],
                    "column": 11,
                    "critical": "",
                    "data_format": [],
                    "facet_show_other_series": false,
                    "height": 3,
                    "id": "283071759",
                    "ignore_time_range": false,
                    "initial_sorting": [],
                    "legend_enabled": false,
                    "nrql_query": [
                      {
                        "account_id": "1468011",
                        "query": "FROM Transaction SELECT count(*) as 'Total transactions', average(duration) as 'Avg duration (s)', percentile(duration, 90) as 'Slowest 10% (s)', percentage(count(*), WHERE error is false) AS 'Success rate'"
                      }
                    ],
                    "null_values": [],
                    "refresh_rate": "",
                    "row": 7,
                    "title": "Transactions Overview",
                    "units": [],
                    "warning": "",
                    "width": 2,
                    "y_axis_left_max": 0,
                    "y_axis_left_min": 0
                  }
                ],
                "widget_bullet": [],
                "widget_funnel": [],
                "widget_heatmap": [],
                "widget_histogram": [],
                "widget_json": [],
                "widget_line": [
                  {
                    "chart_styles": [],
                    "colors": [],
                    "column": 1,
                    "data_format": [],
                    "facet_show_other_series": false,
                    "height": 3,
                    "id": "283071752",
                    "ignore_time_range": false,
                    "initial_sorting": [],
                    "is_label_visible": false,
                    "legend_enabled": true,
                    "nrql_query": [
                      {
                        "account_id": "1468011",
                        "query": "SELECT count(*) FROM TransactionError WHERE `error.expected` IS FALSE OR `error.expected` IS NULL FACET `error.class`, `transactionUiName`, `error.message` TIMESERIES"
                      }
                    ],
                    "null_values": [],
                    "refresh_rate": "",
                    "row": 1,
                    "threshold": [],
                    "title": "Transaction Errors",
                    "tooltip": [],
                    "units": [],
                    "width": 5,
                    "y_axis_left_max": 0,
                    "y_axis_left_min": 0,
                    "y_axis_left_zero": true,
                    "y_axis_right": []
                  },
                  {
                    "chart_styles": [],
                    "colors": [],
                    "column": 1,
                    "data_format": [],
                    "facet_show_other_series": false,
                    "height": 3,
                    "id": "283071754",
                    "ignore_time_range": false,
                    "initial_sorting": [],
                    "is_label_visible": false,
                    "legend_enabled": true,
                    "nrql_query": [
                      {
                        "account_id": "1468011",
                        "query": "SELECT filter(rate(sum(apm.service.transaction.duration), 1 second), WHERE transactionName IN ('WebTransaction/ASP/ROOT')) as 'ROOT', filter(rate(sum(apm.service.transaction.duration), 1 second), WHERE transactionName IN ('WebTransaction/StatusCode/302')) as '302', filter(rate(sum(apm.service.transaction.duration), 1 second), WHERE transactionName IN ('WebTransaction/ASP/Basket/Checkout')) as 'Basket/Checkout', filter(rate(sum(apm.service.transaction.duration), 1 second), WHERE transactionName IN ('WebTransaction/ASP/Basket')) as 'Basket', filter(rate(sum(apm.service.transaction.duration), 1 second), WHERE transactionName IN ('WebTransaction/ASP/images/products/1.png')) as 'images/products/1.png' FROM Metric WHERE (transactionType = 'Web') LIMIT 5 TIMESERIES"
                      }
                    ],
                    "null_values": [],
                    "refresh_rate": "",
                    "row": 4,
                    "threshold": [],
                    "title": "Slowest Average Response Time",
                    "tooltip": [],
                    "units": [],
                    "width": 4,
                    "y_axis_left_max": 0,
                    "y_axis_left_min": 0,
                    "y_axis_left_zero": true,
                    "y_axis_right": []
                  },
                  {
                    "chart_styles": [],
                    "colors": [],
                    "column": 1,
                    "data_format": [],
                    "facet_show_other_series": false,
                    "height": 3,
                    "id": "283071757",
                    "ignore_time_range": false,
                    "initial_sorting": [],
                    "is_label_visible": false,
                    "legend_enabled": true,
                    "nrql_query": [
                      {
                        "account_id": "1468011",
                        "query": "SELECT count(*) from Transaction TIMESERIES 1 hour since today COMPARE WITH 1 week ago"
                      }
                    ],
                    "null_values": [],
                    "refresh_rate": "",
                    "row": 7,
                    "threshold": [],
                    "title": "Throughput Today Compared With 1 Week Ago",
                    "tooltip": [],
                    "units": [],
                    "width": 5,
                    "y_axis_left_max": 0,
                    "y_axis_left_min": 0,
                    "y_axis_left_zero": true,
                    "y_axis_right": []
                  },
                  {
                    "chart_styles": [],
                    "colors": [],
                    "column": 5,
                    "data_format": [],
                    "facet_show_other_series": false,
                    "height": 3,
                    "id": "283071761",
                    "ignore_time_range": false,
                    "initial_sorting": [],
                    "is_label_visible": false,
                    "legend_enabled": true,
                    "nrql_query": [
                      {
                        "account_id": "1468011",
                        "query": "SELECT average(duration) FROM Transaction TIMESERIES SINCE today COMPARE WITH 1 week ago"
                      }
                    ],
                    "null_values": [],
                    "refresh_rate": "",
                    "row": 10,
                    "threshold": [],
                    "title": "Average Transaction Duration Today Compared With 1 Week Ago",
                    "tooltip": [],
                    "units": [],
                    "width": 4,
                    "y_axis_left_max": 0,
                    "y_axis_left_min": 0,
                    "y_axis_left_zero": true,
                    "y_axis_right": []
                  },
                  {
                    "chart_styles": [],
                    "colors": [],
                    "column": 9,
                    "data_format": [],
                    "facet_show_other_series": false,
                    "height": 3,
                    "id": "283071762",
                    "ignore_time_range": false,
                    "initial_sorting": [],
                    "is_label_visible": false,
                    "legend_enabled": true,
                    "nrql_query": [
                      {
                        "account_id": "1468011",
                        "query": "SELECT apdex(duration, t: 0.4) FROM Transaction TIMESERIES SINCE today COMPARE WITH 1 week ago"
                      }
                    ],
                    "null_values": [],
                    "refresh_rate": "",
                    "row": 10,
                    "threshold": [],
                    "title": "Adpex Score Today Compared With 1 Week Ago",
                    "tooltip": [],
                    "units": [],
                    "width": 4,
                    "y_axis_left_max": 0,
                    "y_axis_left_min": 0,
                    "y_axis_left_zero": true,
                    "y_axis_right": []
                  }
                ],
                "widget_log_table": [],
                "widget_markdown": [],
                "widget_pie": [
                  {
                    "chart_styles": [],
                    "colors": [],
                    "column": 6,
                    "data_format": [],
                    "facet_show_other_series": false,
                    "filter_current_dashboard": false,
                    "height": 3,
                    "id": "283071753",
                    "ignore_time_range": false,
                    "initial_sorting": [],
                    "legend_enabled": true,
                    "linked_entity_guids": [],
                    "nrql_query": [
                      {
                        "account_id": "1468011",
                        "query": "SELECT count(*) FROM Transaction WHERE appName = 'drtestmerchantapi' and  (transactionType = 'Web') SINCE last week EXTRAPOLATE FACET name"
                      }
                    ],
                    "null_values": [],
                    "refresh_rate": "",
                    "row": 1,
                    "title": "Most Popular Incoming HTTP Requests",
                    "units": [],
                    "width": 7,
                    "y_axis_left_max": 0,
                    "y_axis_left_min": 0
                  }
                ],
                "widget_stacked_bar": [
                  {
                    "chart_styles": [],
                    "colors": [],
                    "column": 1,
                    "data_format": [],
                    "facet_show_other_series": false,
                    "height": 3,
                    "id": "283071760",
                    "ignore_time_range": false,
                    "initial_sorting": [],
                    "legend_enabled": true,
                    "nrql_query": [
                      {
                        "account_id": "1468011",
                        "query": "FROM Transaction SELECT count(*), percentage(count(*), WHERE error IS false) FACET dateOf(timestamp) TIMESERIES AUTO "
                      }
                    ],
                    "null_values": [],
                    "refresh_rate": "",
                    "row": 10,
                    "title": "Transactions Day By Day ",
                    "tooltip": [],
                    "units": [],
                    "width": 4,
                    "y_axis_left_max": 0,
                    "y_axis_left_min": 0
                  }
                ],
                "widget_table": []
              },
              {
                "description": "",
                "guid": "MTQ2ODAxMXxWSVp8REFTSEJPQVJEfDIwNDMyNjEz",
                "name": "Errors",
                "widget_area": [],
                "widget_bar": [],
                "widget_billboard": [
                  {
                    "billboard_settings": [],
                    "chart_styles": [],
                    "colors": [],
                    "column": 9,
                    "critical": "",
                    "data_format": [],
                    "facet_show_other_series": false,
                    "height": 3,
                    "id": "283071766",
                    "ignore_time_range": false,
                    "initial_sorting": [],
                    "legend_enabled": false,
                    "nrql_query": [
                      {
                        "account_id": "1468011",
                        "query": "FROM Transaction SELECT count(*) as 'Total Transactions', percentage(count(*), WHERE error IS true) as 'Failed Transactions (%)', count(*) * percentage(count(*), WHERE error IS true) / 100 as 'Failed Transactions'"
                      }
                    ],
                    "null_values": [],
                    "refresh_rate": "",
                    "row": 3,
                    "title": "Errors Overview",
                    "units": [],
                    "warning": "",
                    "width": 2,
                    "y_axis_left_max": 0,
                    "y_axis_left_min": 0
                  },
                  {
                    "billboard_settings": [],
                    "chart_styles": [],
                    "colors": [],
                    "column": 11,
                    "critical": "",
                    "data_format": [],
                    "facet_show_other_series": false,
                    "height": 3,
                    "id": "283071767",
                    "ignore_time_range": false,
                    "initial_sorting": [],
                    "legend_enabled": false,
                    "nrql_query": [
                      {
                        "account_id": "1468011",
                        "query": "FROM TransactionError SELECT latest(timestamp) as 'Latest Error' SINCE last week"
                      }
                    ],
                    "null_values": [],
                    "refresh_rate": "",
                    "row": 3,
                    "title": "Latest Error",
                    "units": [],
                    "warning": "",
                    "width": 2,
                    "y_axis_left_max": 0,
                    "y_axis_left_min": 0
                  }
                ],
                "widget_bullet": [],
                "widget_funnel": [],
                "widget_heatmap": [],
                "widget_histogram": [],
                "widget_json": [],
                "widget_line": [
                  {
                    "chart_styles": [],
                    "colors": [],
                    "column": 1,
                    "data_format": [],
                    "facet_show_other_series": false,
                    "height": 3,
                    "id": "283071764",
                    "ignore_time_range": false,
                    "initial_sorting": [],
                    "is_label_visible": false,
                    "legend_enabled": true,
                    "nrql_query": [
                      {
                        "account_id": "1468011",
                        "query": "SELECT count(*) from Transaction where response.status = '404' and transactionType = 'Web' TIMESERIES 10 minutes since today COMPARE WITH 1 week ago"
                      }
                    ],
                    "null_values": [],
                    "refresh_rate": "",
                    "row": 3,
                    "threshold": [],
                    "title": "Transactions Errors Today Compared With 1 Week Ago",
                    "tooltip": [],
                    "units": [],
                    "width": 4,
                    "y_axis_left_max": 0,
                    "y_axis_left_min": 0,
                    "y_axis_left_zero": true,
                    "y_axis_right": []
                  }
                ],
                "widget_log_table": [],
                "widget_markdown": [],
                "widget_pie": [
                  {
                    "chart_styles": [],
                    "colors": [],
                    "column": 1,
                    "data_format": [],
                    "facet_show_other_series": true,
                    "filter_current_dashboard": false,
                    "height": 2,
                    "id": "283071763",
                    "ignore_time_range": false,
                    "initial_sorting": [],
                    "legend_enabled": true,
                    "linked_entity_guids": [],
                    "nrql_query": [
                      {
                        "account_id": "1468011",
                        "query": "Select percentage(count(*), WHERE error IS true) from Transaction WHERE transactionType = 'Web' facet name SINCE last week"
                      }
                    ],
                    "null_values": [],
                    "refresh_rate": "",
                    "row": 1,
                    "title": "Top 10 Failed Transactions",
                    "units": [],
                    "width": 12,
                    "y_axis_left_max": 0,
                    "y_axis_left_min": 0
                  }
                ],
                "widget_stacked_bar": [],
                "widget_table": []
              },
              {
                "description": "",
                "guid": "MTQ2ODAxMXxWSVp8REFTSEJPQVJEfDIwNDMyNjE0",
                "name": "Alerts",
                "widget_area": [],
                "widget_bar": [],
                "widget_billboard": [
                  {
                    "billboard_settings": [],
                    "chart_styles": [],
                    "colors": [],
                    "column": 1,
                    "critical": "10",
                    "data_format": [],
                    "facet_show_other_series": false,
                    "height": 3,
                    "id": "283071768",
                    "ignore_time_range": false,
                    "initial_sorting": [],
                    "legend_enabled": false,
                    "nrql_query": [
                      {
                        "account_id": "1468011",
                        "query": "SELECT count(apm.service.error.count) / count(apm.service.transaction.duration) * 100 as 'Web Errors' FROM Metric WHERE transactionType = 'Web'"
                      }
                    ],
                    "null_values": [],
                    "refresh_rate": "",
                    "row": 1,
                    "title": "Transaction Errors",
                    "units": [],
                    "warning": "5",
                    "width": 3,
                    "y_axis_left_max": 0,
                    "y_axis_left_min": 0
                  },
                  {
                    "billboard_settings": [],
                    "chart_styles": [],
                    "colors": [],
                    "column": 4,
                    "critical": "0",
                    "data_format": [],
                    "facet_show_other_series": false,
                    "height": 3,
                    "id": "283071769",
                    "ignore_time_range": false,
                    "initial_sorting": [],
                    "legend_enabled": false,
                    "nrql_query": [
                      {
                        "account_id": "1468011",
                        "query": "SELECT apdex(duration, t: 0.5) FROM Transaction"
                      }
                    ],
                    "null_values": [],
                    "refresh_rate": "",
                    "row": 1,
                    "title": "Apdex Score",
                    "units": [],
                    "warning": "0.5",
                    "width": 3,
                    "y_axis_left_max": 0,
                    "y_axis_left_min": 0
                  },
                  {
                    "billboard_settings": [],
                    "chart_styles": [],
                    "colors": [],
                    "column": 7,
                    "critical": "90",
                    "data_format": [],
                    "facet_show_other_series": false,
                    "height": 3,
                    "id": "283071770",
                    "ignore_time_range": false,
                    "initial_sorting": [],
                    "legend_enabled": false,
                    "nrql_query": [
                      {
                        "account_id": "1468011",
                        "query": "SELECT rate(sum(apm.service.cpu.usertime.utilization), 1 second) * 100 FROM Metric"
                      }
                    ],
                    "null_values": [],
                    "refresh_rate": "",
                    "row": 1,
                    "title": "High CPU Utilization",
                    "units": [],
                    "warning": "85",
                    "width": 3,
                    "y_axis_left_max": 0,
                    "y_axis_left_min": 0
                  },
                  {
                    "billboard_settings": [],
                    "chart_styles": [],
                    "colors": [],
                    "column": 10,
                    "critical": "90",
                    "data_format": [],
                    "facet_show_other_series": false,
                    "height": 3,
                    "id": "283071771",
                    "ignore_time_range": false,
                    "initial_sorting": [],
                    "legend_enabled": false,
                    "nrql_query": [
                      {
                        "account_id": "1468011",
                        "query": "SELECT average(memoryUsedBytes/memoryTotalBytes) * 100 FROM SystemSample"
                      }
                    ],
                    "null_values": [],
                    "refresh_rate": "",
                    "row": 1,
                    "title": "Memory Usage",
                    "units": [],
                    "warning": "85",
                    "width": 3,
                    "y_axis_left_max": 0,
                    "y_axis_left_min": 0
                  },
                  {
                    "billboard_settings": [],
                    "chart_styles": [],
                    "colors": [],
                    "column": 1,
                    "critical": "256000",
                    "data_format": [],
                    "facet_show_other_series": false,
                    "height": 3,
                    "id": "283071772",
                    "ignore_time_range": false,
                    "initial_sorting": [],
                    "legend_enabled": false,
                    "nrql_query": [
                      {
                        "account_id": "1468011",
                        "query": "SELECT average(newrelic.timeslice.value) * 1000 FROM Metric WHERE metricTimesliceName = 'GC/Gen0/Size'"
                      }
                    ],
                    "null_values": [],
                    "refresh_rate": "",
                    "row": 4,
                    "title": "Generation 0 Hits",
                    "units": [],
                    "warning": "250000",
                    "width": 4,
                    "y_axis_left_max": 0,
                    "y_axis_left_min": 0
                  },
                  {
                    "billboard_settings": [],
                    "chart_styles": [],
                    "colors": [],
                    "column": 5,
                    "critical": "8000000",
                    "data_format": [],
                    "facet_show_other_series": false,
                    "height": 3,
                    "id": "283071773",
                    "ignore_time_range": false,
                    "initial_sorting": [],
                    "legend_enabled": false,
                    "nrql_query": [
                      {
                        "account_id": "1468011",
                        "query": "SELECT average(newrelic.timeslice.value) * 1e+6 FROM Metric WHERE metricTimesliceName = 'GC/Gen1/Size'"
                      }
                    ],
                    "null_values": [],
                    "refresh_rate": "",
                    "row": 4,
                    "title": "Generation 1 Hits",
                    "units": [],
                    "warning": "2000000",
                    "width": 4,
                    "y_axis_left_max": 0,
                    "y_axis_left_min": 0
                  },
                  {
                    "billboard_settings": [],
                    "chart_styles": [],
                    "colors": [],
                    "column": 9,
                    "critical": "10000000",
                    "data_format": [],
                    "facet_show_other_series": false,
                    "height": 3,
                    "id": "283071774",
                    "ignore_time_range": false,
                    "initial_sorting": [],
                    "legend_enabled": false,
                    "nrql_query": [
                      {
                        "account_id": "1468011",
                        "query": "SELECT average(newrelic.timeslice.value) * 1e+6 FROM Metric WHERE metricTimesliceName = 'GC/Gen2/Size'"
                      }
                    ],
                    "null_values": [],
                    "refresh_rate": "",
                    "row": 4,
                    "title": "Generation 2 Hits",
                    "units": [],
                    "warning": "9000000",
                    "width": 4,
                    "y_axis_left_max": 0,
                    "y_axis_left_min": 0
                  }
                ],
                "widget_bullet": [],
                "widget_funnel": [],
                "widget_heatmap": [],
                "widget_histogram": [],
                "widget_json": [],
                "widget_line": [],
                "widget_log_table": [],
                "widget_markdown": [],
                "widget_pie": [],
                "widget_stacked_bar": [],
                "widget_table": []
              }
            ],
            "permalink": "https://one.newrelic.com/redirect/entity/MTQ2ODAxMXxWSVp8REFTSEJPQVJEfGRhOjY4NTU0OTY",
            "permissions": "public_read_write",
            "variable": []
          },
          "sensitive_attributes": [],
          "identity_schema_version": 0,
          "private": "eyJzY2hlbWFfdmVyc2lvbiI6IjAifQ=="
        }
      ]
    },
    {
      "mode": "managed",
      "type": "newrelic_one_dashboard",
      "name": "errors",
      "provider": "provider[\"registry.terraform.io/newrelic/newrelic\"]",
      "instances": [
        {
          "schema_version": 0,
          "attributes": {
            "account_id": 1468011,
            "description": "Application errors by app, exception class and message, with trends.",
            "guid": "MTQ2ODAxMXxWSVp8REFTSEJPQVJEfGRhOjEzMTE0NjIz",
            "id": "MTQ2ODAxMXxWSVp8REFTSEJPQVJEfGRhOjEzMTE0NjIz",
            "name": "Errors \u0026 Exceptions",
            "page": [
              {
                "description": "",
                "guid": "MTQ2ODAxMXxWSVp8REFTSEJPQVJEfDUwNjM3NTE4",
                "name": "Overview",
                "widget_area": [],
                "widget_bar": [
                  {
                    "chart_styles": [],
                    "colors": [],
                    "column": 7,
                    "data_format": [],
                    "facet_show_other_series": false,
                    "filter_current_dashboard": false,
                    "height": 4,
                    "id": "565432150",
                    "ignore_time_range": false,
                    "initial_sorting": [],
                    "legend_enabled": true,
                    "linked_entity_guids": [],
                    "nrql_query": [
                      {
                        "account_id": "1468011",
                        "query": "SELECT count(*) FROM TransactionError FACET error.class LIMIT 20"
                      }
                    ],
                    "null_values": [],
                    "refresh_rate": "",
                    "row": 7,
                    "title": "Errors by exception class",
                    "units": [],
                    "width": 6,
                    "y_axis_left_max": 0,
                    "y_axis_left_min": 0
                  }
                ],
                "widget_billboard": [
                  {
                    "billboard_settings": [],
                    "chart_styles": [],
                    "colors": [],
                    "column": 1,
                    "critical": "",
                    "data_format": [],
                    "facet_show_other_series": false,
                    "height": 3,
                    "id": "565432151",
                    "ignore_time_range": false,
                    "initial_sorting": [],
                    "legend_enabled": true,
                    "nrql_query": [
                      {
                        "account_id": "1468011",
                        "query": "SELECT count(*) AS 'Errors' FROM TransactionError"
                      }
                    ],
                    "null_values": [],
                    "refresh_rate": "",
                    "row": 1,
                    "title": "Total errors",
                    "units": [],
                    "warning": "",
                    "width": 4,
                    "y_axis_left_max": 0,
                    "y_axis_left_min": 0
                  },
                  {
                    "billboard_settings": [],
                    "chart_styles": [],
                    "colors": [],
                    "column": 5,
                    "critical": "",
                    "data_format": [],
                    "facet_show_other_series": false,
                    "height": 3,
                    "id": "565432152",
                    "ignore_time_range": false,
                    "initial_sorting": [],
                    "legend_enabled": true,
                    "nrql_query": [
                      {
                        "account_id": "1468011",
                        "query": "SELECT uniqueCount(appName) AS 'Apps' FROM TransactionError"
                      }
                    ],
                    "null_values": [],
                    "refresh_rate": "",
                    "row": 1,
                    "title": "Apps with errors",
                    "units": [],
                    "warning": "",
                    "width": 4,
                    "y_axis_left_max": 0,
                    "y_axis_left_min": 0
                  },
                  {
                    "billboard_settings": [],
                    "chart_styles": [],
                    "colors": [],
                    "column": 9,
                    "critical": "5",
                    "data_format": [],
                    "facet_show_other_series": false,
                    "height": 3,
                    "id": "565432153",
                    "ignore_time_range": false,
                    "initial_sorting": [],
                    "legend_enabled": true,
                    "nrql_query": [
                      {
                        "account_id": "1468011",
                        "query": "SELECT percentage(count(*), WHERE error IS true) AS 'Error %' FROM Transaction"
                      }
                    ],
                    "null_values": [],
                    "refresh_rate": "",
                    "row": 1,
                    "title": "Overall error rate %",
                    "units": [],
                    "warning": "1",
                    "width": 4,
                    "y_axis_left_max": 0,
                    "y_axis_left_min": 0
                  }
                ],
                "widget_bullet": [],
                "widget_funnel": [],
                "widget_heatmap": [],
                "widget_histogram": [],
                "widget_json": [],
                "widget_line": [
                  {
                    "chart_styles": [],
                    "colors": [],
                    "column": 1,
                    "data_format": [],
                    "facet_show_other_series": false,
                    "height": 3,
                    "id": "565432154",
                    "ignore_time_range": false,
                    "initial_sorting": [],
                    "is_label_visible": false,
                    "legend_enabled": true,
                    "nrql_query": [
                      {
                        "account_id": "1468011",
                        "query": "SELECT count(*) FROM TransactionError FACET appName TIMESERIES AUTO LIMIT 20"
                      }
                    ],
                    "null_values": [],
                    "refresh_rate": "",
                    "row": 4,
                    "threshold": [],
                    "title": "Errors by app - trend",
                    "tooltip": [],
                    "units": [],
                    "width": 12,
                    "y_axis_left_max": 0,
                    "y_axis_left_min": 0,
                    "y_axis_left_zero": false,
                    "y_axis_right": []
                  }
                ],
                "widget_log_table": [],
                "widget_markdown": [],
                "widget_pie": [],
                "widget_stacked_bar": [],
                "widget_table": [
                  {
                    "chart_styles": [],
                    "colors": [],
                    "column": 1,
                    "data_format": [],
                    "facet_show_other_series": false,
                    "filter_current_dashboard": false,
                    "height": 4,
                    "id": "565432155",
                    "ignore_time_range": false,
                    "initial_sorting": [],
                    "legend_enabled": true,
                    "linked_entity_guids": [],
                    "nrql_query": [
                      {
                        "account_id": "1468011",
                        "query": "SELECT count(*) AS 'Errors', latest(error.message) AS 'Last error' FROM TransactionError FACET appName LIMIT MAX"
                      }
                    ],
                    "null_values": [],
                    "refresh_rate": "",
                    "row": 7,
                    "threshold": [],
                    "title": "Errors by app",
                    "units": [],
                    "width": 6,
                    "y_axis_left_max": 0,
                    "y_axis_left_min": 0
                  },
                  {
                    "chart_styles": [],
                    "colors": [],
                    "column": 1,
                    "data_format": [],
                    "facet_show_other_series": false,
                    "filter_current_dashboard": false,
                    "height": 5,
                    "id": "565432156",
                    "ignore_time_range": false,
                    "initial_sorting": [],
                    "legend_enabled": true,
                    "linked_entity_guids": [],
                    "nrql_query": [
                      {
                        "account_id": "1468011",
                        "query": "SELECT count(*) AS 'Count' FROM TransactionError FACET appName, error.class, error.message LIMIT 25"
                      }
                    ],
                    "null_values": [],
                    "refresh_rate": "",
                    "row": 11,
                    "threshold": [],
                    "title": "Top error messages",
                    "units": [],
                    "width": 12,
                    "y_axis_left_max": 0,
                    "y_axis_left_min": 0
                  }
                ]
              }
            ],
            "permalink": "https://one.newrelic.com/redirect/entity/MTQ2ODAxMXxWSVp8REFTSEJPQVJEfGRhOjEzMTE0NjIz",
            "permissions": "public_read_write",
            "variable": []
          },
          "sensitive_attributes": [],
          "identity_schema_version": 0,
          "private": "bnVsbA=="
        }
      ]
    },
    {
      "mode": "managed",
      "type": "newrelic_one_dashboard",
      "name": "host_processes",
      "provider": "provider[\"registry.terraform.io/newrelic/newrelic\"]",
      "instances": [
        {
          "schema_version": 0,
          "attributes": {
            "account_id": 1468011,
            "description": "Top CPU and memory consuming processes per host. Complements the Infrastructure - Hosts dashboard.",
            "guid": "MTQ2ODAxMXxWSVp8REFTSEJPQVJEfGRhOjEzMTE0NjI1",
            "id": "MTQ2ODAxMXxWSVp8REFTSEJPQVJEfGRhOjEzMTE0NjI1",
            "name": "Host Processes",
            "page": [
              {
                "description": "",
                "guid": "MTQ2ODAxMXxWSVp8REFTSEJPQVJEfDUwNjM3NTIw",
                "name": "Overview",
                "widget_area": [],
                "widget_bar": [],
                "widget_billboard": [],
                "widget_bullet": [],
                "widget_funnel": [],
                "widget_heatmap": [],
                "widget_histogram": [],
                "widget_json": [],
                "widget_line": [
                  {
                    "chart_styles": [],
                    "colors": [],
                    "column": 1,
                    "data_format": [],
                    "facet_show_other_series": false,
                    "height": 3,
                    "id": "565432167",
                    "ignore_time_range": false,
                    "initial_sorting": [],
                    "is_label_visible": false,
                    "legend_enabled": true,
                    "nrql_query": [
                      {
                        "account_id": "1468011",
                        "query": "SELECT average(cpuPercent) FROM ProcessSample WHERE hostname IN ({{host}}) FACET processDisplayName TIMESERIES AUTO LIMIT 10"
                      }
                    ],
                    "null_values": [],
                    "refresh_rate": "",
                    "row": 6,
                    "threshold": [],
                    "title": "CPU by process - trend",
                    "tooltip": [],
                    "units": [],
                    "width": 6,
                    "y_axis_left_max": 0,
                    "y_axis_left_min": 0,
                    "y_axis_left_zero": false,
                    "y_axis_right": []
                  },
                  {
                    "chart_styles": [],
                    "colors": [],
                    "column": 7,
                    "data_format": [],
                    "facet_show_other_series": false,
                    "height": 3,
                    "id": "565432168",
                    "ignore_time_range": false,
                    "initial_sorting": [],
                    "is_label_visible": false,
                    "legend_enabled": true,
                    "nrql_query": [
                      {
                        "account_id": "1468011",
                        "query": "SELECT average(memoryResidentSizeBytes) / 1e6 FROM ProcessSample WHERE hostname IN ({{host}}) FACET processDisplayName TIMESERIES AUTO LIMIT 10"
                      }
                    ],
                    "null_values": [],
                    "refresh_rate": "",
                    "row": 6,
                    "threshold": [],
                    "title": "Memory by process - trend (MB)",
                    "tooltip": [],
                    "units": [],
                    "width": 6,
                    "y_axis_left_max": 0,
                    "y_axis_left_min": 0,
                    "y_axis_left_zero": false,
                    "y_axis_right": []
                  }
                ],
                "widget_log_table": [],
                "widget_markdown": [],
                "widget_pie": [],
                "widget_stacked_bar": [],
                "widget_table": [
                  {
                    "chart_styles": [],
                    "colors": [],
                    "column": 1,
                    "data_format": [],
                    "facet_show_other_series": false,
                    "filter_current_dashboard": false,
                    "height": 5,
                    "id": "565432169",
                    "ignore_time_range": false,
                    "initial_sorting": [],
                    "legend_enabled": true,
                    "linked_entity_guids": [],
                    "nrql_query": [
                      {
                        "account_id": "1468011",
                        "query": "SELECT average(cpuPercent) AS 'CPU %' FROM ProcessSample WHERE hostname IN ({{host}}) FACET hostname, processDisplayName LIMIT 25"
                      }
                    ],
                    "null_values": [],
                    "refresh_rate": "",
                    "row": 1,
                    "threshold": [],
                    "title": "Top CPU processes",
                    "units": [],
                    "width": 6,
                    "y_axis_left_max": 0,
                    "y_axis_left_min": 0
                  },
                  {
                    "chart_styles": [],
                    "colors": [],
                    "column": 7,
                    "data_format": [],
                    "facet_show_other_series": false,
                    "filter_current_dashboard": false,
                    "height": 5,
                    "id": "565432170",
                    "ignore_time_range": false,
                    "initial_sorting": [],
                    "legend_enabled": true,
                    "linked_entity_guids": [],
                    "nrql_query": [
                      {
                        "account_id": "1468011",
                        "query": "SELECT average(memoryResidentSizeBytes) / 1e6 AS 'Memory MB' FROM ProcessSample WHERE hostname IN ({{host}}) FACET hostname, processDisplayName LIMIT 25"
                      }
                    ],
                    "null_values": [],
                    "refresh_rate": "",
                    "row": 1,
                    "threshold": [],
                    "title": "Top memory processes (MB)",
                    "units": [],
                    "width": 6,
                    "y_axis_left_max": 0,
                    "y_axis_left_min": 0
                  }
                ]
              }
            ],
            "permalink": "https://one.newrelic.com/redirect/entity/MTQ2ODAxMXxWSVp8REFTSEJPQVJEfGRhOjEzMTE0NjI1",
            "permissions": "public_read_write",
            "variable": [
              {
                "default_values": [],
                "is_multi_selection": true,
                "item": [],
                "name": "host",
                "nrql_query": [
                  {
                    "account_ids": [
                      1468011
                    ],
                    "query": "SELECT uniques(hostname) FROM ProcessSample SINCE 1 week ago LIMIT MAX"
                  }
                ],
                "options": [],
                "replacement_strategy": "string",
                "title": "Host",
                "type": "nrql"
              }
            ]
          },
          "sensitive_attributes": [],
          "identity_schema_version": 0,
          "private": "bnVsbA=="
        }
      ]
    },
    {
      "mode": "managed",
      "type": "newrelic_one_dashboard",
      "name": "infra_hosts",
      "provider": "provider[\"registry.terraform.io/newrelic/newrelic\"]",
      "instances": [
        {
          "schema_version": 0,
          "attributes": {
            "account_id": 1468011,
            "description": "CPU, memory and disk usage for every monitored host. Use the Host selector to filter servers.",
            "guid": "MTQ2ODAxMXxWSVp8REFTSEJPQVJEfGRhOjEzMTE0NTg3",
            "id": "MTQ2ODAxMXxWSVp8REFTSEJPQVJEfGRhOjEzMTE0NTg3",
            "name": "Infrastructure - Hosts (CPU, Memory, Disk)",
            "page": [
              {
                "description": "",
                "guid": "MTQ2ODAxMXxWSVp8REFTSEJPQVJEfDUwNjM3MTc2",
                "name": "Overview",
                "widget_area": [],
                "widget_bar": [],
                "widget_billboard": [],
                "widget_bullet": [],
                "widget_funnel": [],
                "widget_heatmap": [],
                "widget_histogram": [],
                "widget_json": [],
                "widget_line": [
                  {
                    "chart_styles": [],
                    "colors": [],
                    "column": 1,
                    "data_format": [],
                    "facet_show_other_series": false,
                    "height": 3,
                    "id": "565427526",
                    "ignore_time_range": false,
                    "initial_sorting": [],
                    "is_label_visible": false,
                    "legend_enabled": true,
                    "nrql_query": [
                      {
                        "account_id": "1468011",
                        "query": "SELECT average(cpuPercent) AS 'CPU %' FROM SystemSample WHERE hostname IN ({{host}}) FACET hostname TIMESERIES AUTO"
                      }
                    ],
                    "null_values": [],
                    "refresh_rate": "",
                    "row": 5,
                    "threshold": [],
                    "title": "CPU % - trend",
                    "tooltip": [],
                    "units": [],
                    "width": 6,
                    "y_axis_left_max": 0,
                    "y_axis_left_min": 0,
                    "y_axis_left_zero": false,
                    "y_axis_right": []
                  },
                  {
                    "chart_styles": [],
                    "colors": [],
                    "column": 7,
                    "data_format": [],
                    "facet_show_other_series": false,
                    "height": 3,
                    "id": "565427527",
                    "ignore_time_range": false,
                    "initial_sorting": [],
                    "is_label_visible": false,
                    "legend_enabled": true,
                    "nrql_query": [
                      {
                        "account_id": "1468011",
                        "query": "SELECT average(memoryUsedBytes) * 100 / average(memoryTotalBytes) AS 'Memory %' FROM SystemSample WHERE hostname IN ({{host}}) FACET hostname TIMESERIES AUTO"
                      }
                    ],
                    "null_values": [],
                    "refresh_rate": "",
                    "row": 5,
                    "threshold": [],
                    "title": "Memory % - trend",
                    "tooltip": [],
                    "units": [],
                    "width": 6,
                    "y_axis_left_max": 0,
                    "y_axis_left_min": 0,
                    "y_axis_left_zero": false,
                    "y_axis_right": []
                  },
                  {
                    "chart_styles": [],
                    "colors": [],
                    "column": 1,
                    "data_format": [],
                    "facet_show_other_series": false,
                    "height": 3,
                    "id": "565427528",
                    "ignore_time_range": false,
                    "initial_sorting": [],
                    "is_label_visible": false,
                    "legend_enabled": true,
                    "nrql_query": [
                      {
                        "account_id": "1468011",
                        "query": "SELECT average(diskUsedPercent) AS 'Disk %' FROM StorageSample WHERE hostname IN ({{host}}) FACET hostname, mountPoint TIMESERIES AUTO LIMIT MAX"
                      }
                    ],
                    "null_values": [],
                    "refresh_rate": "",
                    "row": 8,
                    "threshold": [],
                    "title": "Disk usage % - trend by host and drive",
                    "tooltip": [],
                    "units": [],
                    "width": 12,
                    "y_axis_left_max": 0,
                    "y_axis_left_min": 0,
                    "y_axis_left_zero": false,
                    "y_axis_right": []
                  }
                ],
                "widget_log_table": [],
                "widget_markdown": [],
                "widget_pie": [],
                "widget_stacked_bar": [],
                "widget_table": [
                  {
                    "chart_styles": [],
                    "colors": [],
                    "column": 1,
                    "data_format": [],
                    "facet_show_other_series": false,
                    "filter_current_dashboard": false,
                    "height": 4,
                    "id": "565427529",
                    "ignore_time_range": false,
                    "initial_sorting": [],
                    "legend_enabled": true,
                    "linked_entity_guids": [],
                    "nrql_query": [
                      {
                        "account_id": "1468011",
                        "query": "SELECT latest(cpuPercent) AS 'CPU %' FROM SystemSample WHERE hostname IN ({{host}}) FACET hostname LIMIT MAX"
                      }
                    ],
                    "null_values": [],
                    "refresh_rate": "",
                    "row": 1,
                    "threshold": [],
                    "title": "Current CPU % by host",
                    "units": [],
                    "width": 4,
                    "y_axis_left_max": 0,
                    "y_axis_left_min": 0
                  },
                  {
                    "chart_styles": [],
                    "colors": [],
                    "column": 5,
                    "data_format": [],
                    "facet_show_other_series": false,
                    "filter_current_dashboard": false,
                    "height": 4,
                    "id": "565427530",
                    "ignore_time_range": false,
                    "initial_sorting": [],
                    "legend_enabled": true,
                    "linked_entity_guids": [],
                    "nrql_query": [
                      {
                        "account_id": "1468011",
                        "query": "SELECT latest(memoryUsedBytes) * 100 / latest(memoryTotalBytes) AS 'Memory %' FROM SystemSample WHERE hostname IN ({{host}}) FACET hostname LIMIT MAX"
                      }
                    ],
                    "null_values": [],
                    "refresh_rate": "",
                    "row": 1,
                    "threshold": [],
                    "title": "Current memory % by host",
                    "units": [],
                    "width": 4,
                    "y_axis_left_max": 0,
                    "y_axis_left_min": 0
                  },
                  {
                    "chart_styles": [],
                    "colors": [],
                    "column": 9,
                    "data_format": [],
                    "facet_show_other_series": false,
                    "filter_current_dashboard": false,
                    "height": 4,
                    "id": "565427531",
                    "ignore_time_range": false,
                    "initial_sorting": [],
                    "legend_enabled": true,
                    "linked_entity_guids": [],
                    "nrql_query": [
                      {
                        "account_id": "1468011",
                        "query": "SELECT latest(diskUsedPercent) AS 'Disk %' FROM StorageSample WHERE hostname IN ({{host}}) FACET hostname, mountPoint LIMIT MAX"
                      }
                    ],
                    "null_values": [],
                    "refresh_rate": "",
                    "row": 1,
                    "threshold": [],
                    "title": "Current disk usage % by host and drive",
                    "units": [],
                    "width": 4,
                    "y_axis_left_max": 0,
                    "y_axis_left_min": 0
                  }
                ]
              }
            ],
            "permalink": "https://one.newrelic.com/redirect/entity/MTQ2ODAxMXxWSVp8REFTSEJPQVJEfGRhOjEzMTE0NTg3",
            "permissions": "public_read_write",
            "variable": [
              {
                "default_values": [],
                "is_multi_selection": true,
                "item": [],
                "name": "host",
                "nrql_query": [
                  {
                    "account_ids": [
                      1468011
                    ],
                    "query": "SELECT uniques(hostname) FROM SystemSample SINCE 1 week ago LIMIT MAX"
                  }
                ],
                "options": [],
                "replacement_strategy": "string",
                "title": "Host",
                "type": "nrql"
              }
            ]
          },
          "sensitive_attributes": [],
          "identity_schema_version": 0,
          "private": "bnVsbA=="
        }
      ]
    },
    {
      "mode": "managed",
      "type": "newrelic_one_dashboard",
      "name": "insights_home",
      "provider": "provider[\"registry.terraform.io/newrelic/newrelic\"]",
      "instances": [
        {
          "schema_version": 0,
          "attributes": {
            "account_id": 1468011,
            "description": null,
            "guid": "MTQ2ODAxMXxWSVp8REFTSEJPQVJEfGRhOjk0MDE3NDE",
            "id": "MTQ2ODAxMXxWSVp8REFTSEJPQVJEfGRhOjk0MDE3NDE",
            "name": "Insights Home",
            "page": [
              {
                "description": "",
                "guid": "MTQ2ODAxMXxWSVp8REFTSEJPQVJEfDIxNzcwNQ",
                "name": "Insights Home",
                "widget_area": [
                  {
                    "chart_styles": [],
                    "colors": [],
                    "column": 1,
                    "data_format": [],
                    "facet_show_other_series": false,
                    "height": 3,
                    "id": "1098291",
                    "ignore_time_range": false,
                    "initial_sorting": [],
                    "legend_enabled": false,
                    "nrql_query": [
                      {
                        "account_id": "1468011",
                        "query": "SELECT count(*) FROM PageView FACET appName SINCE 1 day ago TIMESERIES AUTO"
                      }
                    ],
                    "null_values": [],
                    "refresh_rate": "",
                    "row": 1,
                    "title": "Pageviews per App",
                    "tooltip": [],
                    "units": [],
                    "width": 4,
                    "y_axis_left_max": 0,
                    "y_axis_left_min": 0
                  }
                ],
                "widget_bar": [
                  {
                    "chart_styles": [],
                    "colors": [],
                    "column": 9,
                    "data_format": [],
                    "facet_show_other_series": false,
                    "filter_current_dashboard": false,
                    "height": 3,
                    "id": "1098295",
                    "ignore_time_range": false,
                    "initial_sorting": [],
                    "legend_enabled": false,
                    "linked_entity_guids": [
                      "Nzc4ODg2fFZJWnxEQVNIQk9BUkR8MjY4OTE"
                    ],
                    "nrql_query": [
                      {
                        "account_id": "1468011",
                        "query": "SELECT uniqueCount(session) FROM PageView FACET countryCode SINCE 1 day ago"
                      }
                    ],
                    "null_values": [],
                    "refresh_rate": "",
                    "row": 4,
                    "title": "Sessions by Country",
                    "units": [],
                    "width": 4,
                    "y_axis_left_max": 0,
                    "y_axis_left_min": 0
                  }
                ],
                "widget_billboard": [],
                "widget_bullet": [],
                "widget_funnel": [],
                "widget_heatmap": [],
                "widget_histogram": [],
                "widget_json": [],
                "widget_line": [
                  {
                    "chart_styles": [],
                    "colors": [],
                    "column": 5,
                    "data_format": [],
                    "facet_show_other_series": false,
                    "height": 3,
                    "id": "1098292",
                    "ignore_time_range": false,
                    "initial_sorting": [],
                    "is_label_visible": false,
                    "legend_enabled": false,
                    "nrql_query": [
                      {
                        "account_id": "1468011",
                        "query": "SELECT count(*) FROM Transaction SINCE 12 hours ago COMPARE WITH 12 hours ago TIMESERIES AUTO"
                      }
                    ],
                    "null_values": [],
                    "refresh_rate": "",
                    "row": 1,
                    "threshold": [],
                    "title": "Transactions Over Time",
                    "tooltip": [],
                    "units": [],
                    "width": 8,
                    "y_axis_left_max": 0,
                    "y_axis_left_min": 0,
                    "y_axis_left_zero": false,
                    "y_axis_right": []
                  },
                  {
                    "chart_styles": [],
                    "colors": [],
                    "column": 9,
                    "data_format": [],
                    "facet_show_other_series": false,
                    "height": 3,
                    "id": "1098298",
                    "ignore_time_range": false,
                    "initial_sorting": [],
                    "is_label_visible": false,
                    "legend_enabled": false,
                    "nrql_query": [
                      {
                        "account_id": "1468011",
                        "query": "SELECT count(*) FROM Transaction since 24 hours ago FACET host TIMESERIES"
                      }
                    ],
                    "null_values": [],
                    "refresh_rate": "",
                    "row": 7,
                    "threshold": [],
                    "title": "Transactions by Host",
                    "tooltip": [],
                    "units": [],
                    "width": 4,
                    "y_axis_left_max": 0,
                    "y_axis_left_min": 0,
                    "y_axis_left_zero": false,
                    "y_axis_right": []
                  }
                ],
                "widget_log_table": [],
                "widget_markdown": [],
                "widget_pie": [],
                "widget_stacked_bar": [],
                "widget_table": [
                  {
                    "chart_styles": [],
                    "colors": [],
                    "column": 1,
                    "data_format": [],
                    "facet_show_other_series": false,
                    "filter_current_dashboard": false,
                    "height": 3,
                    "id": "1098293",
                    "ignore_time_range": false,
                    "initial_sorting": [],
                    "legend_enabled": false,
                    "linked_entity_guids": [
                      "Nzc4ODg2fFZJWnxEQVNIQk9BUkR8MjY4ODY"
                    ],
                    "nrql_query": [
                      {
                        "account_id": "1468011",
                        "query": "SELECT uniqueCount(session) AS 'Sessions', count(*) AS 'Pageviews', count(*)/uniqueCount(session) AS 'Views/Session' FROM PageView FACET appName SINCE 1 day ago"
                      }
                    ],
                    "null_values": [],
                    "refresh_rate": "",
                    "row": 4,
                    "threshold": [],
                    "title": "App Website Activity",
                    "units": [],
                    "width": 4,
                    "y_axis_left_max": 0,
                    "y_axis_left_min": 0
                  },
                  {
                    "chart_styles": [],
                    "colors": [],
                    "column": 5,
                    "data_format": [],
                    "facet_show_other_series": false,
                    "filter_current_dashboard": false,
                    "height": 3,
                    "id": "1098294",
                    "ignore_time_range": false,
                    "initial_sorting": [],
                    "legend_enabled": false,
                    "linked_entity_guids": [
                      "Nzc4ODg2fFZJWnxEQVNIQk9BUkR8MjY4ODk"
                    ],
                    "nrql_query": [
                      {
                        "account_id": "1468011",
                        "query": "SELECT count(*), average(duration) FROM Transaction SINCE 1 day ago FACET name"
                      }
                    ],
                    "null_values": [],
                    "refresh_rate": "",
                    "row": 4,
                    "threshold": [],
                    "title": "Top Transactions",
                    "units": [],
                    "width": 4,
                    "y_axis_left_max": 0,
                    "y_axis_left_min": 0
                  },
                  {
                    "chart_styles": [],
                    "colors": [],
                    "column": 1,
                    "data_format": [],
                    "facet_show_other_series": false,
                    "filter_current_dashboard": false,
                    "height": 3,
                    "id": "1098296",
                    "ignore_time_range": false,
                    "initial_sorting": [],
                    "legend_enabled": false,
                    "linked_entity_guids": [
                      "Nzc4ODg2fFZJWnxEQVNIQk9BUkR8MjY4ODc"
                    ],
                    "nrql_query": [
                      {
                        "account_id": "1468011",
                        "query": "SELECT percentage(uniqueCount(session), WHERE userAgentName = 'IE') AS 'IE', percentage(uniqueCount(session), WHERE userAgentName = 'Chrome') AS 'Chrome', percentage(uniqueCount(session), WHERE userAgentName = 'Firefox') AS 'Firefox', percentage(uniqueCount(session), WHERE userAgentName = 'Safari') AS 'Safari' FROM PageView SINCE 1 day ago FACET appName"
                      }
                    ],
                    "null_values": [],
                    "refresh_rate": "",
                    "row": 7,
                    "threshold": [],
                    "title": "Browser Usage %",
                    "units": [],
                    "width": 4,
                    "y_axis_left_max": 0,
                    "y_axis_left_min": 0
                  },
                  {
                    "chart_styles": [],
                    "colors": [],
                    "column": 5,
                    "data_format": [],
                    "facet_show_other_series": false,
                    "filter_current_dashboard": false,
                    "height": 3,
                    "id": "1098297",
                    "ignore_time_range": false,
                    "initial_sorting": [],
                    "legend_enabled": false,
                    "linked_entity_guids": [
                      "Nzc4ODg2fFZJWnxEQVNIQk9BUkR8MjY4ODg"
                    ],
                    "nrql_query": [
                      {
                        "account_id": "1468011",
                        "query": "SELECT percentage(uniqueCount(session), WHERE userAgentOS = 'Windows') AS 'Windows', percentage(uniqueCount(session), WHERE userAgentOS = 'Mac') AS 'Mac', percentage(uniqueCount(session), WHERE userAgentOS LIKE 'Linux') AS 'Linux', percentage(uniqueCount(session), WHERE userAgentOS NOT IN ('Windows', 'Mac','Linux%')) AS 'Other' FROM PageView FACET appName SINCE 1 day ago"
                      }
                    ],
                    "null_values": [],
                    "refresh_rate": "",
                    "row": 7,
                    "threshold": [],
                    "title": "Browser OS Usage %",
                    "units": [],
                    "width": 4,
                    "y_axis_left_max": 0,
                    "y_axis_left_min": 0
                  }
                ]
              }
            ],
            "permalink": "https://one.newrelic.com/redirect/entity/MTQ2ODAxMXxWSVp8REFTSEJPQVJEfGRhOjk0MDE3NDE",
            "permissions": "public_read_write",
            "variable": []
          },
          "sensitive_attributes": [],
          "identity_schema_version": 0,
          "private": "eyJzY2hlbWFfdmVyc2lvbiI6IjAifQ=="
        }
      ]
    },
    {
      "mode": "managed",
      "type": "newrelic_one_dashboard",
      "name": "ips_web_api_performance",
      "provider": "provider[\"registry.terraform.io/newrelic/newrelic\"]",
      "instances": [
        {
          "schema_version": 0,
          "attributes": {
            "account_id": 1468011,
            "description": null,
            "guid": "MTQ2ODAxMXxWSVp8REFTSEJPQVJEfGRhOjk5NTg3Mjg",
            "id": "MTQ2ODAxMXxWSVp8REFTSEJPQVJEfGRhOjk5NTg3Mjg",
            "name": "IPS WEB \u0026 API performance",
            "page": [
              {
                "description": "",
                "guid": "MTQ2ODAxMXxWSVp8REFTSEJPQVJEfDEzNjcxMjA",
                "name": "IPS WEB \u0026 API performance",
                "widget_area": [],
                "widget_bar": [],
                "widget_billboard": [],
                "widget_bullet": [],
                "widget_funnel": [],
                "widget_heatmap": [],
                "widget_histogram": [],
                "widget_json": [],
                "widget_line": [
                  {
                    "chart_styles": [],
                    "colors": [],
                    "column": 1,
                    "data_format": [],
                    "facet_show_other_series": false,
                    "height": 3,
                    "id": "20995942",
                    "ignore_time_range": false,
                    "initial_sorting": [],
                    "is_label_visible": false,
                    "legend_enabled": false,
                    "nrql_query": [
                      {
                        "account_id": "1468011",
                        "query": "SELECT rate(count(*), 1 minute) AS 'BCA-VM-WEB-001' FROM Transaction WHERE (transactionType = 'Web' AND host = 'BCA-VM-WEB-001') TIMESERIES SINCE 1800 seconds ago EXTRAPOLATE"
                      },
                      {
                        "account_id": "1468011",
                        "query": "SELECT rate(count(*), 1 minute) AS 'BCA-VM-WEB-002' FROM Transaction WHERE (transactionType = 'Web' AND host = 'BCA-VM-WEB-002') TIMESERIES SINCE 1800 seconds ago EXTRAPOLATE"
                      },
                      {
                        "account_id": "1468011",
                        "query": "SELECT rate(count(*), 1 minute) AS 'BCA-VM-WEB-003' FROM Transaction WHERE (transactionType = 'Web' AND host = 'BCA-VM-WEB-003') TIMESERIES SINCE 1800 seconds ago EXTRAPOLATE"
                      }
                    ],
                    "null_values": [],
                    "refresh_rate": "",
                    "row": 1,
                    "threshold": [],
                    "title": "WEB Requests per Minute",
                    "tooltip": [],
                    "units": [],
                    "width": 4,
                    "y_axis_left_max": 0,
                    "y_axis_left_min": 0,
                    "y_axis_left_zero": false,
                    "y_axis_right": []
                  },
                  {
                    "chart_styles": [],
                    "colors": [],
                    "column": 5,
                    "data_format": [],
                    "facet_show_other_series": false,
                    "height": 3,
                    "id": "20995955",
                    "ignore_time_range": false,
                    "initial_sorting": [],
                    "is_label_visible": false,
                    "legend_enabled": false,
                    "nrql_query": [
                      {
                        "account_id": "1468011",
                        "query": "SELECT rate(count(*), 1 minute) AS 'BCA-VM-API-001' FROM Transaction WHERE (transactionType = 'Web' AND host = 'BCA-VM-API-001') TIMESERIES SINCE 1800 seconds ago EXTRAPOLATE"
                      },
                      {
                        "account_id": "1468011",
                        "query": "SELECT rate(count(*), 1 minute) AS 'BCA-VM-API-002' FROM Transaction WHERE (transactionType = 'Web' AND host = 'BCA-VM-API-002') TIMESERIES SINCE 1800 seconds ago EXTRAPOLATE"
                      },
                      {
                        "account_id": "1468011",
                        "query": "SELECT rate(count(*), 1 minute) AS 'BCA-VM-API-003' FROM Transaction WHERE (transactionType = 'Web' AND host = 'BCA-VM-API-003') TIMESERIES SINCE 1800 seconds ago EXTRAPOLATE"
                      }
                    ],
                    "null_values": [],
                    "refresh_rate": "",
                    "row": 1,
                    "threshold": [],
                    "title": "API Requests per Minute",
                    "tooltip": [],
                    "units": [],
                    "width": 4,
                    "y_axis_left_max": 0,
                    "y_axis_left_min": 0,
                    "y_axis_left_zero": false,
                    "y_axis_right": []
                  },
                  {
                    "chart_styles": [],
                    "colors": [],
                    "column": 9,
                    "data_format": [],
                    "facet_show_other_series": false,
                    "height": 3,
                    "id": "20996043",
                    "ignore_time_range": false,
                    "initial_sorting": [],
                    "is_label_visible": false,
                    "legend_enabled": false,
                    "nrql_query": [
                      {
                        "account_id": "1468011",
                        "query": "SELECT average(duration * 1000) AS 'Response time' FROM Transaction WHERE host = 'BCA-VM-WEB-001' TIMESERIES SINCE 1800 seconds ago EXTRAPOLATE"
                      }
                    ],
                    "null_values": [],
                    "refresh_rate": "",
                    "row": 1,
                    "threshold": [],
                    "title": "",
                    "tooltip": [],
                    "units": [],
                    "width": 4,
                    "y_axis_left_max": 0,
                    "y_axis_left_min": 0,
                    "y_axis_left_zero": false,
                    "y_axis_right": []
                  },
                  {
                    "chart_styles": [],
                    "colors": [],
                    "column": 1,
                    "data_format": [],
                    "facet_show_other_series": false,
                    "height": 3,
                    "id": "20996158",
                    "ignore_time_range": false,
                    "initial_sorting": [],
                    "is_label_visible": false,
                    "legend_enabled": false,
                    "nrql_query": [
                      {
                        "account_id": "1468011",
                        "query": "SELECT average(duration * 1000) AS 'BCA-VM-WEB-001' FROM Transaction WHERE host = 'BCA-VM-WEB-001' TIMESERIES SINCE 1800 seconds ago EXTRAPOLATE"
                      },
                      {
                        "account_id": "1468011",
                        "query": "SELECT average(duration * 1000) AS 'BCA-VM-WEB-002' FROM Transaction WHERE host = 'BCA-VM-WEB-002' TIMESERIES SINCE 1800 seconds ago EXTRAPOLATE"
                      },
                      {
                        "account_id": "1468011",
                        "query": "SELECT average(duration * 1000) AS 'BCA-VM-WEB-003' FROM Transaction WHERE host = 'BCA-VM-WEB-003' TIMESERIES SINCE 1800 seconds ago EXTRAPOLATE"
                      }
                    ],
                    "null_values": [],
                    "refresh_rate": "",
                    "row": 4,
                    "threshold": [],
                    "title": "WEB Response time",
                    "tooltip": [],
                    "units": [],
                    "width": 4,
                    "y_axis_left_max": 0,
                    "y_axis_left_min": 0,
                    "y_axis_left_zero": false,
                    "y_axis_right": []
                  },
                  {
                    "chart_styles": [],
                    "colors": [],
                    "column": 5,
                    "data_format": [],
                    "facet_show_other_series": false,
                    "height": 3,
                    "id": "20996167",
                    "ignore_time_range": false,
                    "initial_sorting": [],
                    "is_label_visible": false,
                    "legend_enabled": false,
                    "nrql_query": [
                      {
                        "account_id": "1468011",
                        "query": "SELECT average(duration * 1000) AS 'BCA-VM-API-001' FROM Transaction WHERE host = 'BCA-VM-API-001' TIMESERIES SINCE 1800 seconds ago EXTRAPOLATE"
                      },
                      {
                        "account_id": "1468011",
                        "query": "SELECT average(duration * 1000) AS 'BCA-VM-API-002' FROM Transaction WHERE host = 'BCA-VM-API-002' TIMESERIES SINCE 1800 seconds ago EXTRAPOLATE"
                      },
                      {
                        "account_id": "1468011",
                        "query": "SELECT average(duration * 1000) AS 'BCA-VM-API-003' FROM Transaction WHERE host = 'BCA-VM-API-003' TIMESERIES SINCE 1800 seconds ago EXTRAPOLATE"
                      }
                    ],
                    "null_values": [],
                    "refresh_rate": "",
                    "row": 4,
                    "threshold": [],
                    "title": "API Response time",
                    "tooltip": [],
                    "units": [],
                    "width": 4,
                    "y_axis_left_max": 0,
                    "y_axis_left_min": 0,
                    "y_axis_left_zero": false,
                    "y_axis_right": []
                  },
                  {
                    "chart_styles": [],
                    "colors": [],
                    "column": 9,
                    "data_format": [],
                    "facet_show_other_series": false,
                    "height": 3,
                    "id": "20996602",
                    "ignore_time_range": false,
                    "initial_sorting": [],
                    "is_label_visible": false,
                    "legend_enabled": false,
                    "nrql_query": [
                      {
                        "account_id": "1468011",
                        "query": "SELECT uniqueCount(session) as eWallet FROM PageView WHERE browserTransactionName = '*.globalewallet.com:443/' TIMESERIES SINCE 1800 seconds ago EXTRAPOLATE"
                      },
                      {
                        "account_id": "1468011",
                        "query": "SELECT uniqueCount(session) as MC FROM PageView WHERE browserTransactionName = '*.i-payout.com/managementconsole:443/' TIMESERIES SINCE 1800 seconds ago EXTRAPOLATE"
                      },
                      {
                        "account_id": "1468011",
                        "query": "SELECT uniqueCount(session) as SuperNova FROM PageView WHERE browserTransactionName = '*.i-payout.com/SuperNova:443/' TIMESERIES SINCE 1800 seconds ago EXTRAPOLATE"
                      }
                    ],
                    "null_values": [],
                    "refresh_rate": "",
                    "row": 4,
                    "threshold": [],
                    "title": "GlobaleWallet user count",
                    "tooltip": [],
                    "units": [],
                    "width": 4,
                    "y_axis_left_max": 0,
                    "y_axis_left_min": 0,
                    "y_axis_left_zero": false,
                    "y_axis_right": []
                  }
                ],
                "widget_log_table": [],
                "widget_markdown": [],
                "widget_pie": [],
                "widget_stacked_bar": [],
                "widget_table": []
              }
            ],
            "permalink": "https://one.newrelic.com/redirect/entity/MTQ2ODAxMXxWSVp8REFTSEJPQVJEfGRhOjk5NTg3Mjg",
            "permissions": "public_read_only",
            "variable": []
          },
          "sensitive_attributes": [],
          "identity_schema_version": 0,
          "private": "eyJzY2hlbWFfdmVyc2lvbiI6IjAifQ=="
        }
      ]
    },
    {
      "mode": "managed",
      "type": "newrelic_one_dashboard",
      "name": "mssql",
      "provider": "provider[\"registry.terraform.io/newrelic/newrelic\"]",
      "instances": [
        {
          "schema_version": 0,
          "attributes": {
            "account_id": 1468011,
            "description": "Health of the SQL Server instances: connections, memory, buffer pool, waits, locks and per-database I/O.",
            "guid": "MTQ2ODAxMXxWSVp8REFTSEJPQVJEfGRhOjEzMTE0NjIy",
            "id": "MTQ2ODAxMXxWSVp8REFTSEJPQVJEfGRhOjEzMTE0NjIy",
            "name": "SQL Server",
            "page": [
              {
                "description": "",
                "guid": "MTQ2ODAxMXxWSVp8REFTSEJPQVJEfDUwNjM3NTE3",
                "name": "Overview",
                "widget_area": [],
                "widget_bar": [
                  {
                    "chart_styles": [],
                    "colors": [],
                    "column": 1,
                    "data_format": [],
                    "facet_show_other_series": false,
                    "filter_current_dashboard": false,
                    "height": 3,
                    "id": "565432138",
                    "ignore_time_range": false,
                    "initial_sorting": [],
                    "legend_enabled": true,
                    "linked_entity_guids": [],
                    "nrql_query": [
                      {
                        "account_id": "1468011",
                        "query": "SELECT average(system.waitTimeInMillisecondsPerSecond) FROM MssqlWaitSample FACET waitType LIMIT 15"
                      }
                    ],
                    "null_values": [],
                    "refresh_rate": "",
                    "row": 10,
                    "title": "Top wait types (avg ms waited per second)",
                    "units": [],
                    "width": 6,
                    "y_axis_left_max": 0,
                    "y_axis_left_min": 0
                  }
                ],
                "widget_billboard": [
                  {
                    "billboard_settings": [],
                    "chart_styles": [],
                    "colors": [],
                    "column": 1,
                    "critical": "",
                    "data_format": [],
                    "facet_show_other_series": false,
                    "height": 3,
                    "id": "565432139",
                    "ignore_time_range": false,
                    "initial_sorting": [],
                    "legend_enabled": true,
                    "nrql_query": [
                      {
                        "account_id": "1468011",
                        "query": "SELECT latest(activeConnections) AS 'Connections' FROM MssqlInstanceSample FACET hostname"
                      }
                    ],
                    "null_values": [],
                    "refresh_rate": "",
                    "row": 1,
                    "title": "Active connections",
                    "units": [],
                    "warning": "",
                    "width": 3,
                    "y_axis_left_max": 0,
                    "y_axis_left_min": 0
                  },
                  {
                    "billboard_settings": [],
                    "chart_styles": [],
                    "colors": [],
                    "column": 4,
                    "critical": "1",
                    "data_format": [],
                    "facet_show_other_series": false,
                    "height": 3,
                    "id": "565432140",
                    "ignore_time_range": false,
                    "initial_sorting": [],
                    "legend_enabled": true,
                    "nrql_query": [
                      {
                        "account_id": "1468011",
                        "query": "SELECT latest(instance.blockedProcessesCount) AS 'Blocked' FROM MssqlInstanceSample FACET hostname"
                      }
                    ],
                    "null_values": [],
                    "refresh_rate": "",
                    "row": 1,
                    "title": "Blocked processes",
                    "units": [],
                    "warning": "",
                    "width": 3,
                    "y_axis_left_max": 0,
                    "y_axis_left_min": 0
                  },
                  {
                    "billboard_settings": [],
                    "chart_styles": [],
                    "colors": [],
                    "column": 7,
                    "critical": "1",
                    "data_format": [],
                    "facet_show_other_series": false,
                    "height": 3,
                    "id": "565432141",
                    "ignore_time_range": false,
                    "initial_sorting": [],
                    "legend_enabled": true,
                    "nrql_query": [
                      {
                        "account_id": "1468011",
                        "query": "SELECT average(stats.deadlocksPerSecond) AS 'Deadlocks/s' FROM MssqlInstanceSample FACET hostname"
                      }
                    ],
                    "null_values": [],
                    "refresh_rate": "",
                    "row": 1,
                    "title": "Deadlocks / sec",
                    "units": [],
                    "warning": "",
                    "width": 3,
                    "y_axis_left_max": 0,
                    "y_axis_left_min": 0
                  },
                  {
                    "billboard_settings": [],
                    "chart_styles": [],
                    "colors": [],
                    "column": 10,
                    "critical": "",
                    "data_format": [],
                    "facet_show_other_series": false,
                    "height": 3,
                    "id": "565432142",
                    "ignore_time_range": false,
                    "initial_sorting": [],
                    "legend_enabled": true,
                    "nrql_query": [
                      {
                        "account_id": "1468011",
                        "query": "SELECT latest(system.bufferPoolHitPercent) AS 'Hit %' FROM MssqlInstanceSample FACET hostname"
                      }
                    ],
                    "null_values": [],
                    "refresh_rate": "",
                    "row": 1,
                    "title": "Buffer pool hit %",
                    "units": [],
                    "warning": "",
                    "width": 3,
                    "y_axis_left_max": 0,
                    "y_axis_left_min": 0
                  }
                ],
                "widget_bullet": [],
                "widget_funnel": [],
                "widget_heatmap": [],
                "widget_histogram": [],
                "widget_json": [],
                "widget_line": [
                  {
                    "chart_styles": [],
                    "colors": [],
                    "column": 1,
                    "data_format": [],
                    "facet_show_other_series": false,
                    "height": 3,
                    "id": "565432143",
                    "ignore_time_range": false,
                    "initial_sorting": [],
                    "is_label_visible": false,
                    "legend_enabled": true,
                    "nrql_query": [
                      {
                        "account_id": "1468011",
                        "query": "SELECT average(memoryUtilization) AS 'Memory %' FROM MssqlInstanceSample FACET hostname TIMESERIES AUTO"
                      }
                    ],
                    "null_values": [],
                    "refresh_rate": "",
                    "row": 4,
                    "threshold": [],
                    "title": "Memory utilization % by instance",
                    "tooltip": [],
                    "units": [],
                    "width": 6,
                    "y_axis_left_max": 0,
                    "y_axis_left_min": 0,
                    "y_axis_left_zero": false,
                    "y_axis_right": []
                  },
                  {
                    "chart_styles": [],
                    "colors": [],
                    "column": 7,
                    "data_format": [],
                    "facet_show_other_series": false,
                    "height": 3,
                    "id": "565432144",
                    "ignore_time_range": false,
                    "initial_sorting": [],
                    "is_label_visible": false,
                    "legend_enabled": true,
                    "nrql_query": [
                      {
                        "account_id": "1468011",
                        "query": "SELECT average(bufferpool.pageLifeExpectancyInMilliseconds) AS 'PLE ms' FROM MssqlInstanceSample FACET hostname TIMESERIES AUTO"
                      }
                    ],
                    "null_values": [],
                    "refresh_rate": "",
                    "row": 4,
                    "threshold": [],
                    "title": "Page life expectancy (ms)",
                    "tooltip": [],
                    "units": [],
                    "width": 6,
                    "y_axis_left_max": 0,
                    "y_axis_left_min": 0,
                    "y_axis_left_zero": false,
                    "y_axis_right": []
                  },
                  {
                    "chart_styles": [],
                    "colors": [],
                    "column": 1,
                    "data_format": [],
                    "facet_show_other_series": false,
                    "height": 3,
                    "id": "565432145",
                    "ignore_time_range": false,
                    "initial_sorting": [],
                    "is_label_visible": false,
                    "legend_enabled": true,
                    "nrql_query": [
                      {
                        "account_id": "1468011",
                        "query": "SELECT average(instance.transactionsPerSecond) AS 'Tx/s' FROM MssqlInstanceSample FACET hostname TIMESERIES AUTO"
                      }
                    ],
                    "null_values": [],
                    "refresh_rate": "",
                    "row": 7,
                    "threshold": [],
                    "title": "Transactions / sec",
                    "tooltip": [],
                    "units": [],
                    "width": 6,
                    "y_axis_left_max": 0,
                    "y_axis_left_min": 0,
                    "y_axis_left_zero": false,
                    "y_axis_right": []
                  },
                  {
                    "chart_styles": [],
                    "colors": [],
                    "column": 7,
                    "data_format": [],
                    "facet_show_other_series": false,
                    "height": 3,
                    "id": "565432146",
                    "ignore_time_range": false,
                    "initial_sorting": [],
                    "is_label_visible": false,
                    "legend_enabled": true,
                    "nrql_query": [
                      {
                        "account_id": "1468011",
                        "query": "SELECT average(stats.lockWaitsPerSecond) AS 'Lock waits/s' FROM MssqlInstanceSample FACET hostname TIMESERIES AUTO"
                      }
                    ],
                    "null_values": [],
                    "refresh_rate": "",
                    "row": 7,
                    "threshold": [],
                    "title": "Lock waits / sec",
                    "tooltip": [],
                    "units": [],
                    "width": 6,
                    "y_axis_left_max": 0,
                    "y_axis_left_min": 0,
                    "y_axis_left_zero": false,
                    "y_axis_right": []
                  },
                  {
                    "chart_styles": [],
                    "colors": [],
                    "column": 7,
                    "data_format": [],
                    "facet_show_other_series": false,
                    "height": 3,
                    "id": "565432147",
                    "ignore_time_range": false,
                    "initial_sorting": [],
                    "is_label_visible": false,
                    "legend_enabled": true,
                    "nrql_query": [
                      {
                        "account_id": "1468011",
                        "query": "SELECT average(system.waitTimeInMillisecondsPerSecond) FROM MssqlWaitSample FACET waitType TIMESERIES AUTO LIMIT 10"
                      }
                    ],
                    "null_values": [],
                    "refresh_rate": "",
                    "row": 10,
                    "threshold": [],
                    "title": "Wait time trend by type",
                    "tooltip": [],
                    "units": [],
                    "width": 6,
                    "y_axis_left_max": 0,
                    "y_axis_left_min": 0,
                    "y_axis_left_zero": false,
                    "y_axis_right": []
                  }
                ],
                "widget_log_table": [],
                "widget_markdown": [],
                "widget_pie": [],
                "widget_stacked_bar": [],
                "widget_table": [
                  {
                    "chart_styles": [],
                    "colors": [],
                    "column": 1,
                    "data_format": [],
                    "facet_show_other_series": false,
                    "filter_current_dashboard": false,
                    "height": 4,
                    "id": "565432148",
                    "ignore_time_range": false,
                    "initial_sorting": [],
                    "legend_enabled": true,
                    "linked_entity_guids": [],
                    "nrql_query": [
                      {
                        "account_id": "1468011",
                        "query": "SELECT latest(io.stallInMilliseconds) AS 'I/O stall ms' FROM MssqlDatabaseSample FACET hostname, displayName LIMIT MAX"
                      }
                    ],
                    "null_values": [],
                    "refresh_rate": "",
                    "row": 13,
                    "threshold": [],
                    "title": "Database I/O stalls (ms)",
                    "units": [],
                    "width": 6,
                    "y_axis_left_max": 0,
                    "y_axis_left_min": 0
                  },
                  {
                    "chart_styles": [],
                    "colors": [],
                    "column": 7,
                    "data_format": [],
                    "facet_show_other_series": false,
                    "filter_current_dashboard": false,
                    "height": 4,
                    "id": "565432149",
                    "ignore_time_range": false,
                    "initial_sorting": [],
                    "legend_enabled": true,
                    "linked_entity_guids": [],
                    "nrql_query": [
                      {
                        "account_id": "1468011",
                        "query": "SELECT latest(bufferpool.sizePerDatabaseInBytes) / 1e6 AS 'Buffer MB' FROM MssqlDatabaseSample FACET hostname, displayName LIMIT MAX"
                      }
                    ],
                    "null_values": [],
                    "refresh_rate": "",
                    "row": 13,
                    "threshold": [],
                    "title": "Buffer pool size per database (MB)",
                    "units": [],
                    "width": 6,
                    "y_axis_left_max": 0,
                    "y_axis_left_min": 0
                  }
                ]
              }
            ],
            "permalink": "https://one.newrelic.com/redirect/entity/MTQ2ODAxMXxWSVp8REFTSEJPQVJEfGRhOjEzMTE0NjIy",
            "permissions": "public_read_write",
            "variable": []
          },
          "sensitive_attributes": [],
          "identity_schema_version": 0,
          "private": "bnVsbA=="
        }
      ]
    },
    {
      "mode": "managed",
      "type": "newrelic_one_dashboard",
      "name": "synthetics_daily_sla",
      "provider": "provider[\"registry.terraform.io/newrelic/newrelic\"]",
      "instances": [
        {
          "schema_version": 0,
          "attributes": {
            "account_id": 1468011,
            "description": null,
            "guid": "MTQ2ODAxMXxWSVp8REFTSEJPQVJEfGRhOjk0MDE5Mzc",
            "id": "MTQ2ODAxMXxWSVp8REFTSEJPQVJEfGRhOjk0MDE5Mzc",
            "name": "Synthetics Daily SLA by Monitor",
            "page": [
              {
                "description": "",
                "guid": "MTQ2ODAxMXxWSVp8REFTSEJPQVJEfDIxNzcxMQ",
                "name": "Synthetics Daily SLA by Monitor",
                "widget_area": [],
                "widget_bar": [],
                "widget_billboard": [],
                "widget_bullet": [],
                "widget_funnel": [],
                "widget_heatmap": [],
                "widget_histogram": [],
                "widget_json": [],
                "widget_line": [
                  {
                    "chart_styles": [],
                    "colors": [],
                    "column": 1,
                    "data_format": [],
                    "facet_show_other_series": false,
                    "height": 3,
                    "id": "1098339",
                    "ignore_time_range": false,
                    "initial_sorting": [],
                    "is_label_visible": false,
                    "legend_enabled": false,
                    "nrql_query": [
                      {
                        "account_id": "1468011",
                        "query": "SELECT average(duration) FROM SyntheticCheck SINCE 8 days ago FACET monitorName TIMESERIES 1 day"
                      }
                    ],
                    "null_values": [],
                    "refresh_rate": "",
                    "row": 1,
                    "threshold": [],
                    "title": "Average Duration",
                    "tooltip": [],
                    "units": [],
                    "width": 12,
                    "y_axis_left_max": 0,
                    "y_axis_left_min": 0,
                    "y_axis_left_zero": false,
                    "y_axis_right": []
                  },
                  {
                    "chart_styles": [],
                    "colors": [],
                    "column": 1,
                    "data_format": [],
                    "facet_show_other_series": false,
                    "height": 3,
                    "id": "1098340",
                    "ignore_time_range": false,
                    "initial_sorting": [],
                    "is_label_visible": false,
                    "legend_enabled": false,
                    "nrql_query": [
                      {
                        "account_id": "1468011",
                        "query": "SELECT percentage(count(*), WHERE result = 'SUCCESS') FROM SyntheticCheck SINCE 8 days ago FACET monitorName TIMESERIES 1 day"
                      }
                    ],
                    "null_values": [],
                    "refresh_rate": "",
                    "row": 4,
                    "threshold": [],
                    "title": "Uptime %",
                    "tooltip": [],
                    "units": [],
                    "width": 12,
                    "y_axis_left_max": 0,
                    "y_axis_left_min": 0,
                    "y_axis_left_zero": false,
                    "y_axis_right": []
                  },
                  {
                    "chart_styles": [],
                    "colors": [],
                    "column": 1,
                    "data_format": [],
                    "facet_show_other_series": false,
                    "height": 3,
                    "id": "1098341",
                    "ignore_time_range": false,
                    "initial_sorting": [],
                    "is_label_visible": false,
                    "legend_enabled": false,
                    "nrql_query": [
                      {
                        "account_id": "1468011",
                        "query": "SELECT apdex(duration, t: 7000) FROM SyntheticCheck SINCE 8 days ago FACET monitorName TIMESERIES 1 day"
                      }
                    ],
                    "null_values": [],
                    "refresh_rate": "",
                    "row": 7,
                    "threshold": [],
                    "title": "Apdex",
                    "tooltip": [],
                    "units": [],
                    "width": 12,
                    "y_axis_left_max": 0,
                    "y_axis_left_min": 0,
                    "y_axis_left_zero": false,
                    "y_axis_right": []
                  },
                  {
                    "chart_styles": [],
                    "colors": [],
                    "column": 1,
                    "data_format": [],
                    "facet_show_other_series": false,
                    "height": 3,
                    "id": "1098342",
                    "ignore_time_range": false,
                    "initial_sorting": [],
                    "is_label_visible": false,
                    "legend_enabled": false,
                    "nrql_query": [
                      {
                        "account_id": "1468011",
                        "query": "SELECT percentage(count(*), WHERE duration \u003c= 7000) FROM SyntheticCheck SINCE 8 days ago FACET monitorName TIMESERIES 1 day"
                      }
                    ],
                    "null_values": [],
                    "refresh_rate": "",
                    "row": 10,
                    "threshold": [],
                    "title": "Apdex Satisfied",
                    "tooltip": [],
                    "units": [],
                    "width": 4,
                    "y_axis_left_max": 0,
                    "y_axis_left_min": 0,
                    "y_axis_left_zero": false,
                    "y_axis_right": []
                  },
                  {
                    "chart_styles": [],
                    "colors": [],
                    "column": 5,
                    "data_format": [],
                    "facet_show_other_series": false,
                    "height": 3,
                    "id": "1098343",
                    "ignore_time_range": false,
                    "initial_sorting": [],
                    "is_label_visible": false,
                    "legend_enabled": false,
                    "nrql_query": [
                      {
                        "account_id": "1468011",
                        "query": "SELECT percentage(count(*), WHERE duration \u003e 7000 AND duration \u003c= 28000) FROM SyntheticCheck SINCE 8 days ago FACET monitorName TIMESERIES 1 day"
                      }
                    ],
                    "null_values": [],
                    "refresh_rate": "",
                    "row": 10,
                    "threshold": [],
                    "title": "Apdex Tolerated",
                    "tooltip": [],
                    "units": [],
                    "width": 4,
                    "y_axis_left_max": 0,
                    "y_axis_left_min": 0,
                    "y_axis_left_zero": false,
                    "y_axis_right": []
                  },
                  {
                    "chart_styles": [],
                    "colors": [],
                    "column": 9,
                    "data_format": [],
                    "facet_show_other_series": false,
                    "height": 3,
                    "id": "1098344",
                    "ignore_time_range": false,
                    "initial_sorting": [],
                    "is_label_visible": false,
                    "legend_enabled": false,
                    "nrql_query": [
                      {
                        "account_id": "1468011",
                        "query": "SELECT percentage(count(*), WHERE duration \u003e 28000) FROM SyntheticCheck SINCE 8 days ago FACET monitorName TIMESERIES 1 day"
                      }
                    ],
                    "null_values": [],
                    "refresh_rate": "",
                    "row": 10,
                    "threshold": [],
                    "title": "Apdex Frustrated",
                    "tooltip": [],
                    "units": [],
                    "width": 4,
                    "y_axis_left_max": 0,
                    "y_axis_left_min": 0,
                    "y_axis_left_zero": false,
                    "y_axis_right": []
                  }
                ],
                "widget_log_table": [],
                "widget_markdown": [],
                "widget_pie": [],
                "widget_stacked_bar": [],
                "widget_table": []
              }
            ],
            "permalink": "https://one.newrelic.com/redirect/entity/MTQ2ODAxMXxWSVp8REFTSEJPQVJEfGRhOjk0MDE5Mzc",
            "permissions": "public_read_write",
            "variable": []
          },
          "sensitive_attributes": [],
          "identity_schema_version": 0,
          "private": "eyJzY2hlbWFfdmVyc2lvbiI6IjAifQ=="
        }
      ]
    },
    {
      "mode": "managed",
      "type": "newrelic_one_dashboard",
      "name": "test_overview",
      "provider": "provider[\"registry.terraform.io/newrelic/newrelic\"]",
      "instances": [
        {
          "schema_version": 0,
          "attributes": {
            "account_id": 1468011,
            "description": "One screen for the Test environment: host resources, IPS services and application health, plus the instrumentation gaps.",
            "guid": "MTQ2ODAxMXxWSVp8REFTSEJPQVJEfGRhOjEzMTc2Mjk4",
            "id": "MTQ2ODAxMXxWSVp8REFTSEJPQVJEfGRhOjEzMTc2Mjk4",
            "name": "Test Environment - Health Overview",
            "page": [
              {
                "description": "Read the top row first. Everything below it is the detail behind one of those numbers.",
                "guid": "MTQ2ODAxMXxWSVp8REFTSEJPQVJEfDUwODk0NzM4",
                "name": "Overview",
                "widget_area": [],
                "widget_bar": [
                  {
                    "chart_styles": [],
                    "colors": [],
                    "column": 9,
                    "data_format": [],
                    "facet_show_other_series": false,
                    "filter_current_dashboard": false,
                    "height": 4,
                    "id": "568713121",
                    "ignore_time_range": false,
                    "initial_sorting": [],
                    "legend_enabled": true,
                    "linked_entity_guids": [],
                    "nrql_query": [
                      {
                        "account_id": "1468011",
                        "query": "SELECT count(*) AS 'Stopped' FROM (FROM Metric SELECT latest(state) AS st WHERE metricName = 'windows_service_state' AND hostname LIKE 'UE1-TEST%' AND hostname IN ({{hostname}}) AND service_name LIKE 'ips%' FACET hostname, service_name LIMIT MAX) WHERE st != 'running' FACET hostname"
                      }
                    ],
                    "null_values": [],
                    "refresh_rate": "",
                    "row": 16,
                    "title": "Stopped IPS services per host",
                    "units": [],
                    "width": 4,
                    "y_axis_left_max": 0,
                    "y_axis_left_min": 0
                  }
                ],
                "widget_billboard": [
                  {
                    "billboard_settings": [],
                    "chart_styles": [],
                    "colors": [],
                    "column": 1,
                    "critical": "",
                    "data_format": [],
                    "facet_show_other_series": false,
                    "height": 3,
                    "id": "568713122",
                    "ignore_time_range": false,
                    "initial_sorting": [],
                    "legend_enabled": true,
                    "nrql_query": [
                      {
                        "account_id": "1468011",
                        "query": "SELECT uniqueCount(hostname) AS 'Hosts' FROM SystemSample WHERE hostname LIKE 'UE1-TEST%'"
                      }
                    ],
                    "null_values": [],
                    "refresh_rate": "",
                    "row": 1,
                    "title": "Hosts reporting (of 11)",
                    "units": [],
                    "warning": "",
                    "width": 2,
                    "y_axis_left_max": 0,
                    "y_axis_left_min": 0
                  },
                  {
                    "billboard_settings": [],
                    "chart_styles": [],
                    "colors": [],
                    "column": 3,
                    "critical": "3",
                    "data_format": [],
                    "facet_show_other_series": false,
                    "height": 3,
                    "id": "568713123",
                    "ignore_time_range": false,
                    "initial_sorting": [],
                    "legend_enabled": true,
                    "nrql_query": [
                      {
                        "account_id": "1468011",
                        "query": "SELECT count(*) AS 'Hosts' FROM (FROM SystemSample SELECT latest(memoryUsedBytes) * 100 / latest(memoryTotalBytes) AS m WHERE hostname LIKE 'UE1-TEST%' FACET hostname LIMIT MAX) WHERE m \u003e 85"
                      }
                    ],
                    "null_values": [],
                    "refresh_rate": "",
                    "row": 1,
                    "title": "Hosts over 85% memory",
                    "units": [],
                    "warning": "1",
                    "width": 2,
                    "y_axis_left_max": 0,
                    "y_axis_left_min": 0
                  },
                  {
                    "billboard_settings": [],
                    "chart_styles": [],
                    "colors": [],
                    "column": 5,
                    "critical": "3",
                    "data_format": [],
                    "facet_show_other_series": false,
                    "height": 3,
                    "id": "568713124",
                    "ignore_time_range": false,
                    "initial_sorting": [],
                    "legend_enabled": true,
                    "nrql_query": [
                      {
                        "account_id": "1468011",
                        "query": "SELECT uniqueCount(hostname) AS 'Hosts' FROM (FROM StorageSample SELECT latest(diskUsedPercent) AS d, latest(hostname) AS hostname WHERE hostname LIKE 'UE1-TEST%' FACET hostname, mountPoint LIMIT MAX) WHERE d \u003e 85"
                      }
                    ],
                    "null_values": [],
                    "refresh_rate": "",
                    "row": 1,
                    "title": "Hosts over 85% disk",
                    "units": [],
                    "warning": "1",
                    "width": 2,
                    "y_axis_left_max": 0,
                    "y_axis_left_min": 0
                  },
                  {
                    "billboard_settings": [],
                    "chart_styles": [],
                    "colors": [],
                    "column": 7,
                    "critical": "5",
                    "data_format": [],
                    "facet_show_other_series": false,
                    "height": 3,
                    "id": "568713125",
                    "ignore_time_range": false,
                    "initial_sorting": [],
                    "legend_enabled": true,
                    "nrql_query": [
                      {
                        "account_id": "1468011",
                        "query": "SELECT count(*) AS 'Stopped' FROM (FROM Metric SELECT latest(state) AS st WHERE metricName = 'windows_service_state' AND hostname LIKE 'UE1-TEST%' AND service_name LIKE 'ips%' FACET hostname, service_name LIMIT MAX) WHERE st != 'running'"
                      }
                    ],
                    "null_values": [],
                    "refresh_rate": "",
                    "row": 1,
                    "title": "IPS services stopped",
                    "units": [],
                    "warning": "1",
                    "width": 2,
                    "y_axis_left_max": 0,
                    "y_axis_left_min": 0
                  },
                  {
                    "billboard_settings": [],
                    "chart_styles": [],
                    "colors": [],
                    "column": 9,
                    "critical": "5",
                    "data_format": [],
                    "facet_show_other_series": false,
                    "height": 3,
                    "id": "568713126",
                    "ignore_time_range": false,
                    "initial_sorting": [],
                    "legend_enabled": true,
                    "nrql_query": [
                      {
                        "account_id": "1468011",
                        "query": "SELECT percentage(count(*), WHERE error IS true) AS 'Error %' FROM Transaction WHERE host LIKE 'UE1-TEST%'"
                      }
                    ],
                    "null_values": [],
                    "refresh_rate": "",
                    "row": 1,
                    "title": "Application error rate",
                    "units": [],
                    "warning": "1",
                    "width": 2,
                    "y_axis_left_max": 0,
                    "y_axis_left_min": 0
                  },
                  {
                    "billboard_settings": [],
                    "chart_styles": [],
                    "colors": [],
                    "column": 11,
                    "critical": "",
                    "data_format": [],
                    "facet_show_other_series": false,
                    "height": 3,
                    "id": "568713127",
                    "ignore_time_range": false,
                    "initial_sorting": [],
                    "legend_enabled": true,
                    "nrql_query": [
                      {
                        "account_id": "1468011",
                        "query": "SELECT rate(count(*), 1 minute) AS 'Tx/min' FROM Transaction WHERE host LIKE 'UE1-TEST%'"
                      }
                    ],
                    "null_values": [],
                    "refresh_rate": "",
                    "row": 1,
                    "title": "Throughput (tx/min)",
                    "units": [],
                    "warning": "",
                    "width": 2,
                    "y_axis_left_max": 0,
                    "y_axis_left_min": 0
                  }
                ],
                "widget_bullet": [],
                "widget_funnel": [],
                "widget_heatmap": [],
                "widget_histogram": [],
                "widget_json": [],
                "widget_line": [
                  {
                    "chart_styles": [],
                    "colors": [],
                    "column": 1,
                    "data_format": [],
                    "facet_show_other_series": false,
                    "height": 3,
                    "id": "568713128",
                    "ignore_time_range": false,
                    "initial_sorting": [],
                    "is_label_visible": false,
                    "legend_enabled": true,
                    "nrql_query": [
                      {
                        "account_id": "1468011",
                        "query": "SELECT average(memoryUsedBytes) * 100 / average(memoryTotalBytes) AS 'Memory %' FROM SystemSample WHERE hostname LIKE 'UE1-TEST%' AND hostname IN ({{hostname}}) FACET hostname TIMESERIES AUTO"
                      }
                    ],
                    "null_values": [],
                    "refresh_rate": "",
                    "row": 9,
                    "threshold": [],
                    "title": "Memory % - trend",
                    "tooltip": [],
                    "units": [],
                    "width": 6,
                    "y_axis_left_max": 0,
                    "y_axis_left_min": 0,
                    "y_axis_left_zero": false,
                    "y_axis_right": []
                  },
                  {
                    "chart_styles": [],
                    "colors": [],
                    "column": 7,
                    "data_format": [],
                    "facet_show_other_series": false,
                    "height": 3,
                    "id": "568713129",
                    "ignore_time_range": false,
                    "initial_sorting": [],
                    "is_label_visible": false,
                    "legend_enabled": true,
                    "nrql_query": [
                      {
                        "account_id": "1468011",
                        "query": "SELECT average(cpuPercent) AS 'CPU %' FROM SystemSample WHERE hostname LIKE 'UE1-TEST%' AND hostname IN ({{hostname}}) FACET hostname TIMESERIES AUTO"
                      }
                    ],
                    "null_values": [],
                    "refresh_rate": "",
                    "row": 9,
                    "threshold": [],
                    "title": "CPU % - trend",
                    "tooltip": [],
                    "units": [],
                    "width": 6,
                    "y_axis_left_max": 0,
                    "y_axis_left_min": 0,
                    "y_axis_left_zero": false,
                    "y_axis_right": []
                  },
                  {
                    "chart_styles": [],
                    "colors": [],
                    "column": 1,
                    "data_format": [],
                    "facet_show_other_series": false,
                    "height": 3,
                    "id": "568713130",
                    "ignore_time_range": false,
                    "initial_sorting": [],
                    "is_label_visible": false,
                    "legend_enabled": true,
                    "nrql_query": [
                      {
                        "account_id": "1468011",
                        "query": "SELECT average(diskUsedPercent) AS 'Disk %' FROM StorageSample WHERE hostname LIKE 'UE1-TEST%' AND hostname IN ({{hostname}}) FACET hostname, mountPoint TIMESERIES AUTO LIMIT MAX"
                      }
                    ],
                    "null_values": [],
                    "refresh_rate": "",
                    "row": 12,
                    "threshold": [],
                    "title": "Disk % - trend by volume",
                    "tooltip": [],
                    "units": [],
                    "width": 12,
                    "y_axis_left_max": 0,
                    "y_axis_left_min": 0,
                    "y_axis_left_zero": false,
                    "y_axis_right": []
                  },
                  {
                    "chart_styles": [],
                    "colors": [],
                    "column": 1,
                    "data_format": [],
                    "facet_show_other_series": false,
                    "height": 3,
                    "id": "568713131",
                    "ignore_time_range": false,
                    "initial_sorting": [],
                    "is_label_visible": false,
                    "legend_enabled": true,
                    "nrql_query": [
                      {
                        "account_id": "1468011",
                        "query": "SELECT percentage(count(*), WHERE error IS true) AS 'Error %' FROM Transaction WHERE host LIKE 'UE1-TEST%' FACET appName TIMESERIES AUTO LIMIT 20"
                      }
                    ],
                    "null_values": [],
                    "refresh_rate": "",
                    "row": 25,
                    "threshold": [],
                    "title": "Error rate % by application",
                    "tooltip": [],
                    "units": [],
                    "width": 6,
                    "y_axis_left_max": 0,
                    "y_axis_left_min": 0,
                    "y_axis_left_zero": false,
                    "y_axis_right": []
                  },
                  {
                    "chart_styles": [],
                    "colors": [],
                    "column": 7,
                    "data_format": [],
                    "facet_show_other_series": false,
                    "height": 3,
                    "id": "568713132",
                    "ignore_time_range": false,
                    "initial_sorting": [],
                    "is_label_visible": false,
                    "legend_enabled": true,
                    "nrql_query": [
                      {
                        "account_id": "1468011",
                        "query": "SELECT average(duration * 1000) AS 'Avg ms' FROM Transaction WHERE host LIKE 'UE1-TEST%' FACET appName TIMESERIES AUTO LIMIT 20"
                      }
                    ],
                    "null_values": [],
                    "refresh_rate": "",
                    "row": 25,
                    "threshold": [],
                    "title": "Response time by application (ms)",
                    "tooltip": [],
                    "units": [],
                    "width": 6,
                    "y_axis_left_max": 0,
                    "y_axis_left_min": 0,
                    "y_axis_left_zero": false,
                    "y_axis_right": []
                  }
                ],
                "widget_log_table": [],
                "widget_markdown": [
                  {
                    "chart_styles": [],
                    "colors": [],
                    "column": 1,
                    "data_format": [],
                    "facet_show_other_series": false,
                    "height": 1,
                    "id": "568713133",
                    "ignore_time_range": false,
                    "initial_sorting": [],
                    "legend_enabled": true,
                    "null_values": [],
                    "refresh_rate": "",
                    "row": 4,
                    "text": "# Host resources",
                    "title": "",
                    "units": [],
                    "width": 12,
                    "y_axis_left_max": 0,
                    "y_axis_left_min": 0
                  },
                  {
                    "chart_styles": [],
                    "colors": [],
                    "column": 1,
                    "data_format": [],
                    "facet_show_other_series": false,
                    "height": 1,
                    "id": "568713134",
                    "ignore_time_range": false,
                    "initial_sorting": [],
                    "legend_enabled": true,
                    "null_values": [],
                    "refresh_rate": "",
                    "row": 15,
                    "text": "# IPS services",
                    "title": "",
                    "units": [],
                    "width": 12,
                    "y_axis_left_max": 0,
                    "y_axis_left_min": 0
                  },
                  {
                    "chart_styles": [],
                    "colors": [],
                    "column": 1,
                    "data_format": [],
                    "facet_show_other_series": false,
                    "height": 1,
                    "id": "568713135",
                    "ignore_time_range": false,
                    "initial_sorting": [],
                    "legend_enabled": true,
                    "null_values": [],
                    "refresh_rate": "",
                    "row": 20,
                    "text": "# Applications",
                    "title": "",
                    "units": [],
                    "width": 12,
                    "y_axis_left_max": 0,
                    "y_axis_left_min": 0
                  },
                  {
                    "chart_styles": [],
                    "colors": [],
                    "column": 1,
                    "data_format": [],
                    "facet_show_other_series": false,
                    "height": 1,
                    "id": "568713136",
                    "ignore_time_range": false,
                    "initial_sorting": [],
                    "legend_enabled": true,
                    "null_values": [],
                    "refresh_rate": "",
                    "row": 28,
                    "text": "# Instrumentation coverage",
                    "title": "",
                    "units": [],
                    "width": 12,
                    "y_axis_left_max": 0,
                    "y_axis_left_min": 0
                  },
                  {
                    "chart_styles": [],
                    "colors": [],
                    "column": 1,
                    "data_format": [],
                    "facet_show_other_series": false,
                    "height": 4,
                    "id": "568713137",
                    "ignore_time_range": false,
                    "initial_sorting": [],
                    "legend_enabled": true,
                    "null_values": [],
                    "refresh_rate": "",
                    "row": 29,
                    "text": "### Reading the coverage tiles\n\nEleven hosts make up the Test environment. The two tables to the right list the\nhosts that **are** covered by each layer — a host missing from one of them is a\nhost that layer cannot see.\n\n**Infrastructure agent** — the \"Hosts reporting\" tile above. Anything below 11\nmeans a host sends nothing at all.\n\n**Windows Services** — bundled with the agent, so a host that reports metrics but\nis absent from the services table only needs its config file and a restart.\n\n**`UE1-TEST-REDIS-A1` runs Ubuntu.** It needs the Linux agent, and neither the\nWindows Services integration nor the .NET agent applies to it, so it will never\nappear in those two tables.\n\n**The two SQL hosts need `nri-mssql`** on top of the agent for any database\nmetric. Its absence does not show up here at all — check the \"SQL Server\"\ndashboard.\n",
                    "title": "",
                    "units": [],
                    "width": 5,
                    "y_axis_left_max": 0,
                    "y_axis_left_min": 0
                  }
                ],
                "widget_pie": [],
                "widget_stacked_bar": [],
                "widget_table": [
                  {
                    "chart_styles": [],
                    "colors": [],
                    "column": 1,
                    "data_format": [],
                    "facet_show_other_series": false,
                    "filter_current_dashboard": false,
                    "height": 4,
                    "id": "568713138",
                    "ignore_time_range": false,
                    "initial_sorting": [],
                    "legend_enabled": true,
                    "linked_entity_guids": [],
                    "nrql_query": [
                      {
                        "account_id": "1468011",
                        "query": "SELECT latest(cpuPercent) AS 'CPU %', latest(memoryUsedBytes) * 100 / latest(memoryTotalBytes) AS 'Memory %', latest(uptime) / 86400 AS 'Uptime days', latest(agentVersion) AS 'Agent' FROM SystemSample WHERE hostname LIKE 'UE1-TEST%' AND hostname IN ({{hostname}}) FACET hostname LIMIT MAX"
                      }
                    ],
                    "null_values": [],
                    "refresh_rate": "",
                    "row": 5,
                    "threshold": [],
                    "title": "Host health",
                    "units": [],
                    "width": 6,
                    "y_axis_left_max": 0,
                    "y_axis_left_min": 0
                  },
                  {
                    "chart_styles": [],
                    "colors": [],
                    "column": 7,
                    "data_format": [],
                    "facet_show_other_series": false,
                    "filter_current_dashboard": false,
                    "height": 4,
                    "id": "568713139",
                    "ignore_time_range": false,
                    "initial_sorting": [],
                    "legend_enabled": true,
                    "linked_entity_guids": [],
                    "nrql_query": [
                      {
                        "account_id": "1468011",
                        "query": "SELECT latest(diskUsedPercent) AS 'Used %', latest(diskFreeBytes) / 1e9 AS 'Free GB', latest(diskTotalBytes) / 1e9 AS 'Total GB' FROM StorageSample WHERE hostname LIKE 'UE1-TEST%' AND hostname IN ({{hostname}}) FACET hostname, mountPoint LIMIT MAX"
                      }
                    ],
                    "null_values": [],
                    "refresh_rate": "",
                    "row": 5,
                    "threshold": [],
                    "title": "Disk by volume",
                    "units": [],
                    "width": 6,
                    "y_axis_left_max": 0,
                    "y_axis_left_min": 0
                  },
                  {
                    "chart_styles": [],
                    "colors": [],
                    "column": 1,
                    "data_format": [],
                    "facet_show_other_series": false,
                    "filter_current_dashboard": false,
                    "height": 4,
                    "id": "568713140",
                    "ignore_time_range": false,
                    "initial_sorting": [],
                    "legend_enabled": true,
                    "linked_entity_guids": [],
                    "nrql_query": [
                      {
                        "account_id": "1468011",
                        "query": "SELECT latest(disp) AS 'Service', latest(sm) AS 'Start mode' FROM (FROM Metric SELECT latest(state) AS st, latest(start_mode) AS sm, latest(display_name) AS disp WHERE metricName = 'windows_service_state' AND hostname LIKE 'UE1-TEST%' AND hostname IN ({{hostname}}) AND service_name LIKE 'ips%' FACET hostname, service_name LIMIT MAX) WHERE st != 'running' FACET hostname AS 'Host', service_name AS 'Service name' LIMIT MAX"
                      }
                    ],
                    "null_values": [],
                    "refresh_rate": "",
                    "row": 16,
                    "threshold": [],
                    "title": "Which IPS services are stopped",
                    "units": [],
                    "width": 8,
                    "y_axis_left_max": 0,
                    "y_axis_left_min": 0
                  },
                  {
                    "chart_styles": [],
                    "colors": [],
                    "column": 1,
                    "data_format": [],
                    "facet_show_other_series": false,
                    "filter_current_dashboard": false,
                    "height": 4,
                    "id": "568713141",
                    "ignore_time_range": false,
                    "initial_sorting": [],
                    "legend_enabled": true,
                    "linked_entity_guids": [],
                    "nrql_query": [
                      {
                        "account_id": "1468011",
                        "query": "SELECT rate(count(*), 1 minute) AS 'Tx/min', average(duration * 1000) AS 'Avg ms', percentile(duration * 1000, 95) AS 'p95 ms', percentage(count(*), WHERE error IS true) AS 'Error %', uniqueCount(host) AS 'Hosts' FROM Transaction WHERE host LIKE 'UE1-TEST%' FACET appName LIMIT MAX"
                      }
                    ],
                    "null_values": [],
                    "refresh_rate": "",
                    "row": 21,
                    "threshold": [],
                    "title": "Application health",
                    "units": [],
                    "width": 12,
                    "y_axis_left_max": 0,
                    "y_axis_left_min": 0
                  },
                  {
                    "chart_styles": [],
                    "colors": [],
                    "column": 6,
                    "data_format": [],
                    "facet_show_other_series": false,
                    "filter_current_dashboard": false,
                    "height": 4,
                    "id": "568713142",
                    "ignore_time_range": false,
                    "initial_sorting": [],
                    "legend_enabled": true,
                    "linked_entity_guids": [],
                    "nrql_query": [
                      {
                        "account_id": "1468011",
                        "query": "SELECT uniqueCount(service_name) AS 'Services' FROM Metric WHERE metricName = 'windows_service_state' AND hostname LIKE 'UE1-TEST%' FACET hostname LIMIT MAX"
                      }
                    ],
                    "null_values": [],
                    "refresh_rate": "",
                    "row": 29,
                    "threshold": [],
                    "title": "Windows services monitored per host",
                    "units": [],
                    "width": 3,
                    "y_axis_left_max": 0,
                    "y_axis_left_min": 0
                  },
                  {
                    "chart_styles": [],
                    "colors": [],
                    "column": 9,
                    "data_format": [],
                    "facet_show_other_series": false,
                    "filter_current_dashboard": false,
                    "height": 4,
                    "id": "568713143",
                    "ignore_time_range": false,
                    "initial_sorting": [],
                    "legend_enabled": true,
                    "linked_entity_guids": [],
                    "nrql_query": [
                      {
                        "account_id": "1468011",
                        "query": "SELECT uniqueCount(appName) AS 'Apps', rate(count(*), 1 minute) AS 'Tx/min' FROM Transaction WHERE host LIKE 'UE1-TEST%' FACET host LIMIT MAX"
                      }
                    ],
                    "null_values": [],
                    "refresh_rate": "",
                    "row": 29,
                    "threshold": [],
                    "title": "Applications per host (APM)",
                    "units": [],
                    "width": 4,
                    "y_axis_left_max": 0,
                    "y_axis_left_min": 0
                  }
                ]
              }
            ],
            "permalink": "https://one.newrelic.com/redirect/entity/MTQ2ODAxMXxWSVp8REFTSEJPQVJEfGRhOjEzMTc2Mjk4",
            "permissions": "public_read_write",
            "variable": [
              {
                "default_values": [
                  "*"
                ],
                "is_multi_selection": true,
                "item": [],
                "name": "hostname",
                "nrql_query": [
                  {
                    "account_ids": [
                      1468011
                    ],
                    "query": "SELECT uniques(hostname) FROM SystemSample WHERE hostname LIKE 'UE1-TEST%' SINCE 1 day ago LIMIT MAX"
                  }
                ],
                "options": [],
                "replacement_strategy": "string",
                "title": "Host",
                "type": "nrql"
              }
            ]
          },
          "sensitive_attributes": [],
          "identity_schema_version": 0,
          "private": "bnVsbA=="
        }
      ]
    },
    {
      "mode": "managed",
      "type": "newrelic_one_dashboard",
      "name": "transactions_analysis",
      "provider": "provider[\"registry.terraform.io/newrelic/newrelic\"]",
      "instances": [
        {
          "schema_version": 0,
          "attributes": {
            "account_id": 1468011,
            "description": null,
            "guid": "MTQ2ODAxMXxWSVp8REFTSEJPQVJEfGRhOjk0MDE3ODE",
            "id": "MTQ2ODAxMXxWSVp8REFTSEJPQVJEfGRhOjk0MDE3ODE",
            "name": "Transactions Analysis",
            "page": [
              {
                "description": "",
                "guid": "MTQ2ODAxMXxWSVp8REFTSEJPQVJEfDIxNzcwNg",
                "name": "Transactions Analysis",
                "widget_area": [],
                "widget_bar": [
                  {
                    "chart_styles": [],
                    "colors": [],
                    "column": 1,
                    "data_format": [],
                    "facet_show_other_series": false,
                    "filter_current_dashboard": false,
                    "height": 3,
                    "id": "1098301",
                    "ignore_time_range": false,
                    "initial_sorting": [],
                    "legend_enabled": false,
                    "linked_entity_guids": [],
                    "nrql_query": [
                      {
                        "account_id": "1468011",
                        "query": "SELECT count(*) FROM Transaction FACET httpResponseCode SINCE 1 day ago"
                      }
                    ],
                    "null_values": [],
                    "refresh_rate": "",
                    "row": 1,
                    "title": "HTTP Response Codes",
                    "units": [],
                    "width": 4,
                    "y_axis_left_max": 0,
                    "y_axis_left_min": 0
                  }
                ],
                "widget_billboard": [
                  {
                    "billboard_settings": [],
                    "chart_styles": [],
                    "colors": [],
                    "column": 9,
                    "critical": "",
                    "data_format": [],
                    "facet_show_other_series": false,
                    "height": 3,
                    "id": "1098303",
                    "ignore_time_range": false,
                    "initial_sorting": [],
                    "legend_enabled": false,
                    "nrql_query": [
                      {
                        "account_id": "1468011",
                        "query": "SELECT percentage(count(*), WHERE httpResponseCode LIKE '5%') FROM Transaction SINCE 1 day ago"
                      }
                    ],
                    "null_values": [],
                    "refresh_rate": "",
                    "row": 1,
                    "title": "% of Transactions w/ 5xx Errors",
                    "units": [],
                    "warning": "",
                    "width": 4,
                    "y_axis_left_max": 0,
                    "y_axis_left_min": 0
                  }
                ],
                "widget_bullet": [],
                "widget_funnel": [],
                "widget_heatmap": [],
                "widget_histogram": [],
                "widget_json": [],
                "widget_line": [
                  {
                    "chart_styles": [],
                    "colors": [],
                    "column": 1,
                    "data_format": [],
                    "facet_show_other_series": false,
                    "height": 3,
                    "id": "1098305",
                    "ignore_time_range": false,
                    "initial_sorting": [],
                    "is_label_visible": false,
                    "legend_enabled": false,
                    "nrql_query": [
                      {
                        "account_id": "1468011",
                        "query": "SELECT percentage(count(*), WHERE httpResponseCode LIKE '5%') FROM Transaction SINCE 1 day ago TIMESERIES AUTO"
                      }
                    ],
                    "null_values": [],
                    "refresh_rate": "",
                    "row": 7,
                    "threshold": [],
                    "title": "5xx Errors over Time",
                    "tooltip": [],
                    "units": [],
                    "width": 12,
                    "y_axis_left_max": 0,
                    "y_axis_left_min": 0,
                    "y_axis_left_zero": false,
                    "y_axis_right": []
                  }
                ],
                "widget_log_table": [],
                "widget_markdown": [],
                "widget_pie": [
                  {
                    "chart_styles": [],
                    "colors": [],
                    "column": 5,
                    "data_format": [],
                    "facet_show_other_series": false,
                    "filter_current_dashboard": false,
                    "height": 3,
                    "id": "1098302",
                    "ignore_time_range": false,
                    "initial_sorting": [],
                    "legend_enabled": false,
                    "linked_entity_guids": [],
                    "nrql_query": [
                      {
                        "account_id": "1468011",
                        "query": "SELECT count(*) FROM Transaction FACET name WHERE httpResponseCode LIKE '5%' SINCE 1 day ago"
                      }
                    ],
                    "null_values": [],
                    "refresh_rate": "",
                    "row": 1,
                    "title": "Trans Names w/ 5xx Errors",
                    "units": [],
                    "width": 4,
                    "y_axis_left_max": 0,
                    "y_axis_left_min": 0
                  }
                ],
                "widget_stacked_bar": [],
                "widget_table": [
                  {
                    "chart_styles": [],
                    "colors": [],
                    "column": 1,
                    "data_format": [],
                    "facet_show_other_series": false,
                    "filter_current_dashboard": false,
                    "height": 3,
                    "id": "1098304",
                    "ignore_time_range": false,
                    "initial_sorting": [],
                    "legend_enabled": false,
                    "linked_entity_guids": [],
                    "nrql_query": [
                      {
                        "account_id": "1468011",
                        "query": "SELECT appName, host, transactionSubtype, transactionType, name FROM Transaction WHERE httpResponseCode LIKE '5%' SINCE 1 day ago"
                      }
                    ],
                    "null_values": [],
                    "refresh_rate": "",
                    "row": 4,
                    "threshold": [],
                    "title": "Recent 5xx Error Transactions",
                    "units": [],
                    "width": 12,
                    "y_axis_left_max": 0,
                    "y_axis_left_min": 0
                  }
                ]
              }
            ],
            "permalink": "https://one.newrelic.com/redirect/entity/MTQ2ODAxMXxWSVp8REFTSEJPQVJEfGRhOjk0MDE3ODE",
            "permissions": "public_read_write",
            "variable": []
          },
          "sensitive_attributes": [],
          "identity_schema_version": 0,
          "private": "eyJzY2hlbWFfdmVyc2lvbiI6IjAifQ=="
        }
      ]
    },
    {
      "mode": "managed",
      "type": "newrelic_one_dashboard",
      "name": "user_activity",
      "provider": "provider[\"registry.terraform.io/newrelic/newrelic\"]",
      "instances": [
        {
          "schema_version": 0,
          "attributes": {
            "account_id": 1468011,
            "description": null,
            "guid": "MTQ2ODAxMXxWSVp8REFTSEJPQVJEfGRhOjk0MDE4OTc",
            "id": "MTQ2ODAxMXxWSVp8REFTSEJPQVJEfGRhOjk0MDE4OTc",
            "name": "User Activity",
            "page": [
              {
                "description": "",
                "guid": "MTQ2ODAxMXxWSVp8REFTSEJPQVJEfDIxNzcxMA",
                "name": "User Activity",
                "widget_area": [],
                "widget_bar": [
                  {
                    "chart_styles": [],
                    "colors": [],
                    "column": 9,
                    "data_format": [],
                    "facet_show_other_series": false,
                    "filter_current_dashboard": false,
                    "height": 3,
                    "id": "1098334",
                    "ignore_time_range": false,
                    "initial_sorting": [],
                    "legend_enabled": false,
                    "linked_entity_guids": [],
                    "nrql_query": [
                      {
                        "account_id": "1468011",
                        "query": "SELECT uniqueCount(session) FROM PageView SINCE 7 days ago FACET weekdayOf(timestamp)"
                      }
                    ],
                    "null_values": [],
                    "refresh_rate": "",
                    "row": 1,
                    "title": "Day of Week Analysis",
                    "units": [],
                    "width": 4,
                    "y_axis_left_max": 0,
                    "y_axis_left_min": 0
                  },
                  {
                    "chart_styles": [],
                    "colors": [],
                    "column": 1,
                    "data_format": [],
                    "facet_show_other_series": false,
                    "filter_current_dashboard": false,
                    "height": 6,
                    "id": "1098335",
                    "ignore_time_range": false,
                    "initial_sorting": [],
                    "legend_enabled": false,
                    "linked_entity_guids": [],
                    "nrql_query": [
                      {
                        "account_id": "1468011",
                        "query": "SELECT uniqueCount(session) FROM PageView SINCE 7 days ago FACET hourOf(timestamp)"
                      }
                    ],
                    "null_values": [],
                    "refresh_rate": "",
                    "row": 4,
                    "title": "Time of Day Analysis",
                    "units": [],
                    "width": 4,
                    "y_axis_left_max": 0,
                    "y_axis_left_min": 0
                  },
                  {
                    "chart_styles": [],
                    "colors": [],
                    "column": 5,
                    "data_format": [],
                    "facet_show_other_series": false,
                    "filter_current_dashboard": false,
                    "height": 6,
                    "id": "1098336",
                    "ignore_time_range": false,
                    "initial_sorting": [],
                    "legend_enabled": false,
                    "linked_entity_guids": [],
                    "nrql_query": [
                      {
                        "account_id": "1468011",
                        "query": "SELECT count(*) FROM PageView FACET pageUrl SINCE 7 days ago LIMIT 10"
                      }
                    ],
                    "null_values": [],
                    "refresh_rate": "",
                    "row": 4,
                    "title": "Top Visited Pages",
                    "units": [],
                    "width": 8,
                    "y_axis_left_max": 0,
                    "y_axis_left_min": 0
                  }
                ],
                "widget_billboard": [],
                "widget_bullet": [],
                "widget_funnel": [],
                "widget_heatmap": [],
                "widget_histogram": [],
                "widget_json": [],
                "widget_line": [
                  {
                    "chart_styles": [],
                    "colors": [],
                    "column": 1,
                    "data_format": [],
                    "facet_show_other_series": false,
                    "height": 3,
                    "id": "1098333",
                    "ignore_time_range": false,
                    "initial_sorting": [],
                    "is_label_visible": false,
                    "legend_enabled": false,
                    "nrql_query": [
                      {
                        "account_id": "1468011",
                        "query": "SELECT count(*) FROM PageView SINCE 7 days ago TIMESERIES 1 hour"
                      }
                    ],
                    "null_values": [],
                    "refresh_rate": "",
                    "row": 1,
                    "threshold": [],
                    "title": "Engagement by Day",
                    "tooltip": [],
                    "units": [],
                    "width": 8,
                    "y_axis_left_max": 0,
                    "y_axis_left_min": 0,
                    "y_axis_left_zero": false,
                    "y_axis_right": []
                  }
                ],
                "widget_log_table": [],
                "widget_markdown": [],
                "widget_pie": [],
                "widget_stacked_bar": [],
                "widget_table": []
              }
            ],
            "permalink": "https://one.newrelic.com/redirect/entity/MTQ2ODAxMXxWSVp8REFTSEJPQVJEfGRhOjk0MDE4OTc",
            "permissions": "public_read_write",
            "variable": []
          },
          "sensitive_attributes": [],
          "identity_schema_version": 0,
          "private": "eyJzY2hlbWFfdmVyc2lvbiI6IjAifQ=="
        }
      ]
    },
    {
      "mode": "managed",
      "type": "newrelic_one_dashboard",
      "name": "web_availability",
      "provider": "provider[\"registry.terraform.io/newrelic/newrelic\"]",
      "instances": [
        {
          "schema_version": 0,
          "attributes": {
            "account_id": 1468011,
            "description": "Uptime and response time for every monitored site. Fed by synthetic ping checks.",
            "guid": "MTQ2ODAxMXxWSVp8REFTSEJPQVJEfGRhOjEzMTE0NTk5",
            "id": "MTQ2ODAxMXxWSVp8REFTSEJPQVJEfGRhOjEzMTE0NTk5",
            "name": "Web Availability (Synthetics)",
            "page": [
              {
                "description": "",
                "guid": "MTQ2ODAxMXxWSVp8REFTSEJPQVJEfDUwNjM3MzE2",
                "name": "Overview",
                "widget_area": [],
                "widget_bar": [],
                "widget_billboard": [
                  {
                    "billboard_settings": [],
                    "chart_styles": [],
                    "colors": [],
                    "column": 1,
                    "critical": "",
                    "data_format": [],
                    "facet_show_other_series": false,
                    "height": 3,
                    "id": "565429720",
                    "ignore_time_range": false,
                    "initial_sorting": [],
                    "legend_enabled": true,
                    "nrql_query": [
                      {
                        "account_id": "1468011",
                        "query": "SELECT uniqueCount(monitorName) AS 'Sites' FROM SyntheticCheck SINCE 1 day ago"
                      }
                    ],
                    "null_values": [],
                    "refresh_rate": "",
                    "row": 1,
                    "title": "Sites monitored",
                    "units": [],
                    "warning": "",
                    "width": 3,
                    "y_axis_left_max": 0,
                    "y_axis_left_min": 0
                  },
                  {
                    "billboard_settings": [],
                    "chart_styles": [],
                    "colors": [],
                    "column": 4,
                    "critical": "1",
                    "data_format": [],
                    "facet_show_other_series": false,
                    "height": 3,
                    "id": "565429721",
                    "ignore_time_range": false,
                    "initial_sorting": [],
                    "legend_enabled": true,
                    "nrql_query": [
                      {
                        "account_id": "1468011",
                        "query": "SELECT uniqueCount(monitorName) AS 'Failing' FROM SyntheticCheck WHERE result != 'SUCCESS' SINCE 30 minutes ago"
                      }
                    ],
                    "null_values": [],
                    "refresh_rate": "",
                    "row": 1,
                    "title": "Sites failing (last 30 min)",
                    "units": [],
                    "warning": "",
                    "width": 3,
                    "y_axis_left_max": 0,
                    "y_axis_left_min": 0
                  },
                  {
                    "billboard_settings": [],
                    "chart_styles": [],
                    "colors": [],
                    "column": 7,
                    "critical": "",
                    "data_format": [],
                    "facet_show_other_series": false,
                    "height": 3,
                    "id": "565429722",
                    "ignore_time_range": false,
                    "initial_sorting": [],
                    "legend_enabled": true,
                    "nrql_query": [
                      {
                        "account_id": "1468011",
                        "query": "SELECT percentage(count(*), WHERE result = 'SUCCESS') AS 'Uptime %' FROM SyntheticCheck SINCE 1 day ago"
                      }
                    ],
                    "null_values": [],
                    "refresh_rate": "",
                    "row": 1,
                    "title": "Overall uptime % (24 h)",
                    "units": [],
                    "warning": "",
                    "width": 3,
                    "y_axis_left_max": 0,
                    "y_axis_left_min": 0
                  },
                  {
                    "billboard_settings": [],
                    "chart_styles": [],
                    "colors": [],
                    "column": 10,
                    "critical": "",
                    "data_format": [],
                    "facet_show_other_series": false,
                    "height": 3,
                    "id": "565429723",
                    "ignore_time_range": false,
                    "initial_sorting": [],
                    "legend_enabled": true,
                    "nrql_query": [
                      {
                        "account_id": "1468011",
                        "query": "SELECT average(duration) AS 'ms' FROM SyntheticCheck SINCE 1 day ago"
                      }
                    ],
                    "null_values": [],
                    "refresh_rate": "",
                    "row": 1,
                    "title": "Avg response time ms (24 h)",
                    "units": [],
                    "warning": "",
                    "width": 3,
                    "y_axis_left_max": 0,
                    "y_axis_left_min": 0
                  }
                ],
                "widget_bullet": [],
                "widget_funnel": [],
                "widget_heatmap": [],
                "widget_histogram": [],
                "widget_json": [],
                "widget_line": [
                  {
                    "chart_styles": [],
                    "colors": [],
                    "column": 1,
                    "data_format": [],
                    "facet_show_other_series": false,
                    "height": 3,
                    "id": "565429724",
                    "ignore_time_range": false,
                    "initial_sorting": [],
                    "is_label_visible": false,
                    "legend_enabled": true,
                    "nrql_query": [
                      {
                        "account_id": "1468011",
                        "query": "SELECT average(duration) AS 'ms' FROM SyntheticCheck FACET monitorName TIMESERIES AUTO LIMIT 20"
                      }
                    ],
                    "null_values": [],
                    "refresh_rate": "",
                    "row": 9,
                    "threshold": [],
                    "title": "Response time - trend (20 slowest sites)",
                    "tooltip": [],
                    "units": [],
                    "width": 12,
                    "y_axis_left_max": 0,
                    "y_axis_left_min": 0,
                    "y_axis_left_zero": false,
                    "y_axis_right": []
                  },
                  {
                    "chart_styles": [],
                    "colors": [],
                    "column": 1,
                    "data_format": [],
                    "facet_show_other_series": false,
                    "height": 3,
                    "id": "565429725",
                    "ignore_time_range": false,
                    "initial_sorting": [],
                    "is_label_visible": false,
                    "legend_enabled": true,
                    "nrql_query": [
                      {
                        "account_id": "1468011",
                        "query": "SELECT filter(count(*), WHERE result != 'SUCCESS') AS 'Failed checks' FROM SyntheticCheck TIMESERIES AUTO"
                      }
                    ],
                    "null_values": [],
                    "refresh_rate": "",
                    "row": 12,
                    "threshold": [],
                    "title": "Failed checks - trend",
                    "tooltip": [],
                    "units": [],
                    "width": 12,
                    "y_axis_left_max": 0,
                    "y_axis_left_min": 0,
                    "y_axis_left_zero": false,
                    "y_axis_right": []
                  }
                ],
                "widget_log_table": [],
                "widget_markdown": [],
                "widget_pie": [],
                "widget_stacked_bar": [],
                "widget_table": [
                  {
                    "chart_styles": [],
                    "colors": [],
                    "column": 1,
                    "data_format": [],
                    "facet_show_other_series": false,
                    "filter_current_dashboard": false,
                    "height": 5,
                    "id": "565429726",
                    "ignore_time_range": false,
                    "initial_sorting": [],
                    "legend_enabled": true,
                    "linked_entity_guids": [],
                    "nrql_query": [
                      {
                        "account_id": "1468011",
                        "query": "SELECT percentage(count(*), WHERE result = 'SUCCESS') AS 'Uptime %', average(duration) AS 'Avg ms', max(duration) AS 'Max ms' FROM SyntheticCheck FACET monitorName SINCE 1 day ago LIMIT MAX"
                      }
                    ],
                    "null_values": [],
                    "refresh_rate": "",
                    "row": 4,
                    "threshold": [],
                    "title": "Uptime and response time by site (24 h)",
                    "units": [],
                    "width": 6,
                    "y_axis_left_max": 0,
                    "y_axis_left_min": 0
                  },
                  {
                    "chart_styles": [],
                    "colors": [],
                    "column": 7,
                    "data_format": [],
                    "facet_show_other_series": false,
                    "filter_current_dashboard": false,
                    "height": 5,
                    "id": "565429727",
                    "ignore_time_range": false,
                    "initial_sorting": [],
                    "legend_enabled": true,
                    "linked_entity_guids": [],
                    "nrql_query": [
                      {
                        "account_id": "1468011",
                        "query": "SELECT count(*) AS 'Failed checks', latest(error) AS 'Last error' FROM SyntheticCheck WHERE result != 'SUCCESS' FACET monitorName SINCE 1 day ago LIMIT MAX"
                      }
                    ],
                    "null_values": [],
                    "refresh_rate": "",
                    "row": 4,
                    "threshold": [],
                    "title": "Failures by site (24 h)",
                    "units": [],
                    "width": 6,
                    "y_axis_left_max": 0,
                    "y_axis_left_min": 0
                  }
                ]
              }
            ],
            "permalink": "https://one.newrelic.com/redirect/entity/MTQ2ODAxMXxWSVp8REFTSEJPQVJEfGRhOjEzMTE0NTk5",
            "permissions": "public_read_write",
            "variable": []
          },
          "sensitive_attributes": [],
          "identity_schema_version": 0,
          "private": "bnVsbA=="
        }
      ]
    },
    {
      "mode": "managed",
      "type": "newrelic_one_dashboard",
      "name": "windows_services",
      "provider": "provider[\"registry.terraform.io/newrelic/newrelic\"]",
      "instances": [
        {
          "schema_version": 0,
          "attributes": {
            "account_id": 1468011,
            "description": "Get an overview of the windows services running on the monitored hosts",
            "guid": "MTQ2ODAxMXxWSVp8REFTSEJPQVJEfGRhOjMxMDAxNDQ",
            "id": "MTQ2ODAxMXxWSVp8REFTSEJPQVJEfGRhOjMxMDAxNDQ",
            "name": "Windows Services - Dashboard",
            "page": [
              {
                "description": "Windows Services data by host, state, start_mode, name, and display name",
                "guid": "MTQ2ODAxMXxWSVp8REFTSEJPQVJEfDg0OTgxNzc",
                "name": "Windows Services - Overview",
                "widget_area": [],
                "widget_bar": [
                  {
                    "chart_styles": [],
                    "colors": [],
                    "column": 1,
                    "data_format": [],
                    "facet_show_other_series": false,
                    "filter_current_dashboard": false,
                    "height": 3,
                    "id": "134623788",
                    "ignore_time_range": false,
                    "initial_sorting": [],
                    "legend_enabled": false,
                    "linked_entity_guids": [],
                    "nrql_query": [
                      {
                        "account_id": "1468011",
                        "query": "\n\nSELECT count(*) FROM (FROM Metric select latest(state) AS 'state' where hostname IN ({{hostname}}) and service_name IN ({{service_name}}) and display_name IN ({{display_name}}) and state IN ({{state}})  and start_mode IN ({{start}})  and metricName = 'windows_service_state'  facet hostname, entity.guid limit max) where state='running' FACET hostname "
                      }
                    ],
                    "null_values": [],
                    "refresh_rate": "",
                    "row": 5,
                    "title": "Services running per host",
                    "units": [],
                    "width": 3,
                    "y_axis_left_max": 0,
                    "y_axis_left_min": 0
                  },
                  {
                    "chart_styles": [],
                    "colors": [],
                    "column": 1,
                    "data_format": [],
                    "facet_show_other_series": false,
                    "filter_current_dashboard": false,
                    "height": 3,
                    "id": "134623790",
                    "ignore_time_range": false,
                    "initial_sorting": [],
                    "legend_enabled": false,
                    "linked_entity_guids": [],
                    "nrql_query": [
                      {
                        "account_id": "1468011",
                        "query": "SELECT count(*) FROM (FROM Metric select latest(state) AS 'state' where hostname IN ({{hostname}}) and service_name IN ({{service_name}}) and display_name IN ({{display_name}}) and state IN ({{state}})  and start_mode IN ({{start}})  and metricName = 'windows_service_state'  facet hostname, entity.guid limit max) where state='stopped' FACET hostname "
                      }
                    ],
                    "null_values": [],
                    "refresh_rate": "",
                    "row": 8,
                    "title": "Services stopped per host",
                    "units": [],
                    "width": 3,
                    "y_axis_left_max": 0,
                    "y_axis_left_min": 0
                  },
                  {
                    "chart_styles": [],
                    "colors": [],
                    "column": 1,
                    "data_format": [],
                    "facet_show_other_series": false,
                    "filter_current_dashboard": false,
                    "height": 3,
                    "id": "134623792",
                    "ignore_time_range": false,
                    "initial_sorting": [],
                    "legend_enabled": false,
                    "linked_entity_guids": [],
                    "nrql_query": [
                      {
                        "account_id": "1468011",
                        "query": "SELECT count(*) FROM (FROM Metric select latest(state) AS 'state' where hostname IN ({{hostname}}) and service_name IN ({{service_name}}) and display_name IN ({{display_name}}) and state IN ({{state}})  and start_mode IN ({{start}})  and metricName = 'windows_service_state'  facet hostname, entity.guid limit max) where state='paused' FACET hostname "
                      }
                    ],
                    "null_values": [],
                    "refresh_rate": "",
                    "row": 11,
                    "title": "Services paused per host",
                    "units": [],
                    "width": 3,
                    "y_axis_left_max": 0,
                    "y_axis_left_min": 0
                  },
                  {
                    "chart_styles": [],
                    "colors": [],
                    "column": 1,
                    "data_format": [],
                    "facet_show_other_series": false,
                    "filter_current_dashboard": false,
                    "height": 5,
                    "id": "134623798",
                    "ignore_time_range": false,
                    "initial_sorting": [],
                    "legend_enabled": false,
                    "linked_entity_guids": [],
                    "nrql_query": [
                      {
                        "account_id": "1468011",
                        "query": "FROM Metric SELECT uniqueCount(entity.guid)   where hostname IN ({{hostname}})  and service_name IN ({{service_name}}) and display_name IN ({{display_name}}) and state IN ({{state}})  and start_mode IN ({{start}}) and metricName = 'windows_service_state' and run_as IS NOT NULL FACET cases(\n  WHERE run_as IN ('LocalSystem','localSystem') AS 'LocalSystem', \n  WHERE run_as IN ('NT AUTHORITY\\\\LocalService', 'NT Authority\\\\LocalService') AS 'NT AUTHORITY\\\\LocalService',\n  WHERE run_as IN ('NT AUTHORITY\\\\NetworkService', 'NT Authority\\\\NetworkService') AS 'NT AUTHORITY\\\\NetworkService',\n  WHERE run_as = '' AS 'No account found'\n) OR run_as AS 'Service Account' limit max"
                      }
                    ],
                    "null_values": [],
                    "refresh_rate": "",
                    "row": 23,
                    "title": "Per service account",
                    "units": [],
                    "width": 3,
                    "y_axis_left_max": 0,
                    "y_axis_left_min": 0
                  }
                ],
                "widget_billboard": [
                  {
                    "billboard_settings": [],
                    "chart_styles": [],
                    "colors": [],
                    "column": 5,
                    "critical": "",
                    "data_format": [],
                    "facet_show_other_series": false,
                    "height": 3,
                    "id": "134623784",
                    "ignore_time_range": false,
                    "initial_sorting": [],
                    "legend_enabled": false,
                    "nrql_query": [
                      {
                        "account_id": "1468011",
                        "query": "FROM Metric select uniqueCount(hostname) AS 'Hosts' where hostname IN ({{hostname}})  and service_name IN ({{service_name}}) and display_name IN ({{display_name}}) and state IN ({{state}})  and start_mode IN ({{start}})   and metricName = 'windows_service_state' compare with 1 hour ago"
                      }
                    ],
                    "null_values": [],
                    "refresh_rate": "",
                    "row": 1,
                    "title": "Hosts",
                    "units": [],
                    "warning": "",
                    "width": 2,
                    "y_axis_left_max": 0,
                    "y_axis_left_min": 0
                  },
                  {
                    "billboard_settings": [],
                    "chart_styles": [],
                    "colors": [],
                    "column": 7,
                    "critical": "",
                    "data_format": [],
                    "facet_show_other_series": false,
                    "height": 3,
                    "id": "134623785",
                    "ignore_time_range": false,
                    "initial_sorting": [],
                    "legend_enabled": false,
                    "nrql_query": [
                      {
                        "account_id": "1468011",
                        "query": "FROM Metric select uniqueCount(entity.guid) AS 'Services' where hostname IN ('BCA-VM-SRV-001')  and service_name IN ('ips_sendunsentachsservice', 'ips_achmanagersrv', 'ips_feecollector', 'ips_svcorderprocessorservice', 'ips_emailreceiverservice', 'ips_recurringtransfersservice', 'ips_emailsenderservice', 'ips_checkprocessingservice', 'ips_loadvirtualaccountsservice', 'ips_fxservice', 'ips_abacollectorservice', 'ips_deploymentservice', 'ips_achreportservice') and state NOT IN ('running')  and metricName = 'windows_service_state' "
                      }
                    ],
                    "null_values": [],
                    "refresh_rate": "",
                    "row": 1,
                    "title": "Services",
                    "units": [],
                    "warning": "",
                    "width": 2,
                    "y_axis_left_max": 0,
                    "y_axis_left_min": 0
                  },
                  {
                    "billboard_settings": [],
                    "chart_styles": [],
                    "colors": [],
                    "column": 9,
                    "critical": "",
                    "data_format": [],
                    "facet_show_other_series": false,
                    "height": 3,
                    "id": "134623786",
                    "ignore_time_range": false,
                    "initial_sorting": [],
                    "legend_enabled": false,
                    "nrql_query": [
                      {
                        "account_id": "1468011",
                        "query": "SELECT count(*) FROM (FROM Metric select latest(state) AS 'state' where hostname IN ({{hostname}}) and service_name IN ('ips_sendunsentachsservice', 'ips_achmanagersrv', 'ips_feecollector', 'ips_svcorderprocessorservice', 'ips_emailreceiverservice', 'ips_recurringtransfersservice', 'ips_emailsenderservice', 'ips_checkprocessingservice', 'ips_loadvirtualaccountsservice', 'ips_fxservice', 'ips_abacollectorservice', 'ips_deploymentservice', 'ips_achreportservice') and state IN ({{state}})  and start_mode IN ({{start}})  and metricName = 'windows_service_state'  facet entity.guid limit max) FACET state"
                      }
                    ],
                    "null_values": [],
                    "refresh_rate": "",
                    "row": 1,
                    "title": "Service per state",
                    "units": [],
                    "warning": "",
                    "width": 4,
                    "y_axis_left_max": 0,
                    "y_axis_left_min": 0
                  }
                ],
                "widget_bullet": [],
                "widget_funnel": [],
                "widget_heatmap": [],
                "widget_histogram": [],
                "widget_json": [],
                "widget_line": [
                  {
                    "chart_styles": [],
                    "colors": [],
                    "column": 4,
                    "data_format": [],
                    "facet_show_other_series": false,
                    "height": 3,
                    "id": "134623789",
                    "ignore_time_range": false,
                    "initial_sorting": [],
                    "is_label_visible": false,
                    "legend_enabled": true,
                    "nrql_query": [
                      {
                        "account_id": "1468011",
                        "query": "FROM Metric select uniqueCount(service_name)  where hostname IN ({{hostname}})  and service_name IN ({{service_name}}) and display_name IN ({{display_name}}) and state IN ({{state}})  and start_mode IN ({{start}}) and metricName = 'windows_service_state' and state='running' facet hostname TIMESERIES auto limit max"
                      }
                    ],
                    "null_values": [],
                    "refresh_rate": "",
                    "row": 5,
                    "threshold": [],
                    "title": "Services running per host",
                    "tooltip": [],
                    "units": [],
                    "width": 9,
                    "y_axis_left_max": 0,
                    "y_axis_left_min": 0,
                    "y_axis_left_zero": true,
                    "y_axis_right": []
                  },
                  {
                    "chart_styles": [],
                    "colors": [],
                    "column": 4,
                    "data_format": [],
                    "facet_show_other_series": false,
                    "height": 3,
                    "id": "134623791",
                    "ignore_time_range": false,
                    "initial_sorting": [],
                    "is_label_visible": false,
                    "legend_enabled": true,
                    "nrql_query": [
                      {
                        "account_id": "1468011",
                        "query": "FROM Metric select uniqueCount(service_name)  where hostname IN ({{hostname}}) and metricName = 'windows_service_state'  and service_name IN ({{service_name}}) and display_name IN ({{display_name}}) and state IN ({{state}})  and start_mode IN ({{start}}) and state='stopped' TIMESERIES auto facet hostname limit max"
                      }
                    ],
                    "null_values": [],
                    "refresh_rate": "",
                    "row": 8,
                    "threshold": [],
                    "title": "Services stopped per host",
                    "tooltip": [],
                    "units": [],
                    "width": 9,
                    "y_axis_left_max": 0,
                    "y_axis_left_min": 0,
                    "y_axis_left_zero": true,
                    "y_axis_right": []
                  },
                  {
                    "chart_styles": [],
                    "colors": [],
                    "column": 4,
                    "data_format": [],
                    "facet_show_other_series": false,
                    "height": 3,
                    "id": "134623793",
                    "ignore_time_range": false,
                    "initial_sorting": [],
                    "is_label_visible": false,
                    "legend_enabled": true,
                    "nrql_query": [
                      {
                        "account_id": "1468011",
                        "query": "FROM Metric select uniqueCount(service_name)  where hostname IN ({{hostname}}) and service_name IN ({{service_name}}) and display_name IN ({{display_name}}) and state IN ({{state}})  and start_mode IN ({{start}})  and metricName = 'windows_service_state' and state='paused' TIMESERIES auto FACET hostname limit max"
                      }
                    ],
                    "null_values": [],
                    "refresh_rate": "",
                    "row": 11,
                    "threshold": [],
                    "title": "Services paused per host",
                    "tooltip": [],
                    "units": [],
                    "width": 9,
                    "y_axis_left_max": 0,
                    "y_axis_left_min": 0,
                    "y_axis_left_zero": true,
                    "y_axis_right": []
                  }
                ],
                "widget_log_table": [],
                "widget_markdown": [
                  {
                    "chart_styles": [],
                    "colors": [],
                    "column": 1,
                    "data_format": [],
                    "facet_show_other_series": false,
                    "height": 3,
                    "id": "134623783",
                    "ignore_time_range": false,
                    "initial_sorting": [],
                    "legend_enabled": false,
                    "null_values": [],
                    "refresh_rate": "",
                    "row": 1,
                    "text": "![logo](https://upload.wikimedia.org/wikipedia/commons/5/5f/Windows_logo_-_2012.svg)\n\n## Windows Services\nNew Relic's Windows services integration collects data about the services running on your Microsoft Windows hosts and sends it to our platform. \n  \nYou can check the state and start mode of each service, find out which hosts are running a service, set up alerts for services, and more.\n\nOur integration is bundled with the Windows infrastructure agent. If you're monitoring Windows hosts on New Relic, you only need to enable the integration to get Windows services data into our platform.\n\nRead more in the [docs](https://docs.newrelic.com/docs/infrastructure/host-integrations/host-integrations-list/windows-services-integration/)",
                    "title": "",
                    "units": [],
                    "width": 4,
                    "y_axis_left_max": 0,
                    "y_axis_left_min": 0
                  },
                  {
                    "chart_styles": [],
                    "colors": [],
                    "column": 1,
                    "data_format": [],
                    "facet_show_other_series": false,
                    "height": 1,
                    "id": "134623787",
                    "ignore_time_range": false,
                    "initial_sorting": [],
                    "legend_enabled": false,
                    "null_values": [],
                    "refresh_rate": "",
                    "row": 4,
                    "text": "# Hosts",
                    "title": "",
                    "units": [],
                    "width": 12,
                    "y_axis_left_max": 0,
                    "y_axis_left_min": 0
                  },
                  {
                    "chart_styles": [],
                    "colors": [],
                    "column": 1,
                    "data_format": [],
                    "facet_show_other_series": false,
                    "height": 1,
                    "id": "134623794",
                    "ignore_time_range": false,
                    "initial_sorting": [],
                    "legend_enabled": false,
                    "null_values": [],
                    "refresh_rate": "",
                    "row": 14,
                    "text": "# Services",
                    "title": "",
                    "units": [],
                    "width": 12,
                    "y_axis_left_max": 0,
                    "y_axis_left_min": 0
                  }
                ],
                "widget_pie": [
                  {
                    "chart_styles": [],
                    "colors": [],
                    "column": 4,
                    "data_format": [],
                    "facet_show_other_series": true,
                    "filter_current_dashboard": false,
                    "height": 5,
                    "id": "134623799",
                    "ignore_time_range": false,
                    "initial_sorting": [],
                    "legend_enabled": true,
                    "linked_entity_guids": [],
                    "nrql_query": [
                      {
                        "account_id": "1468011",
                        "query": "FROM Metric select uniqueCount(service_name) where hostname IN ({{hostname}})  and service_name IN ({{service_name}}) and display_name IN ({{display_name}}) and state IN ({{state}})  and start_mode IN ({{start}}) and  metricName = 'windows_service_state'  facet start_mode  limit max"
                      }
                    ],
                    "null_values": [],
                    "refresh_rate": "",
                    "row": 23,
                    "title": "Start Mode",
                    "units": [],
                    "width": 4,
                    "y_axis_left_max": 0,
                    "y_axis_left_min": 0
                  }
                ],
                "widget_stacked_bar": [],
                "widget_table": [
                  {
                    "chart_styles": [],
                    "colors": [],
                    "column": 1,
                    "data_format": [],
                    "facet_show_other_series": false,
                    "filter_current_dashboard": false,
                    "height": 8,
                    "id": "134623795",
                    "ignore_time_range": false,
                    "initial_sorting": [],
                    "legend_enabled": false,
                    "linked_entity_guids": [],
                    "nrql_query": [
                      {
                        "account_id": "1468011",
                        "query": "FROM Metric SELECT latest(substring(display_name,0,40)) AS 'Display Name', latest(state), latest(start_mode) WHERE hostname IN ({{hostname}}) and service_name IN ({{service_name}}) and display_name IN ({{display_name}}) and state IN ({{state}})  and start_mode IN ({{start}})  and metricName='windows_service_state'   FACET hostname AS 'Host Name', service_name  limit max"
                      }
                    ],
                    "null_values": [],
                    "refresh_rate": "",
                    "row": 15,
                    "threshold": [],
                    "title": "Services",
                    "units": [],
                    "width": 7,
                    "y_axis_left_max": 0,
                    "y_axis_left_min": 0
                  },
                  {
                    "chart_styles": [],
                    "colors": [],
                    "column": 8,
                    "data_format": [],
                    "facet_show_other_series": false,
                    "filter_current_dashboard": false,
                    "height": 4,
                    "id": "134623796",
                    "ignore_time_range": true,
                    "initial_sorting": [],
                    "legend_enabled": false,
                    "linked_entity_guids": [],
                    "nrql_query": [
                      {
                        "account_id": "1468011",
                        "query": "FROM Metric SELECT latest(display_name) WHERE hostname IN ({{hostname}}) and metricName='windows_service_state' and state='stopped' and entity.guid IN (select uniques(entity.guid,10000) from Metric where hostname IN ({{hostname}})  and service_name IN ({{service_name}}) and display_name IN ({{display_name}})  and start_mode IN ({{start}}) and  metricName='windows_service_state' and state in ('running','paused') SINCE 1 HOUR AGO UNTIL 5 MINUTES AGO limit max) FACET hostname, service_name  since 5 minutes ago limit max"
                      }
                    ],
                    "null_values": [],
                    "refresh_rate": "",
                    "row": 15,
                    "threshold": [],
                    "title": "Stopped last 5 minutes",
                    "units": [],
                    "width": 5,
                    "y_axis_left_max": 0,
                    "y_axis_left_min": 0
                  },
                  {
                    "chart_styles": [],
                    "colors": [],
                    "column": 8,
                    "data_format": [],
                    "facet_show_other_series": false,
                    "filter_current_dashboard": false,
                    "height": 4,
                    "id": "134623797",
                    "ignore_time_range": true,
                    "initial_sorting": [],
                    "legend_enabled": false,
                    "linked_entity_guids": [],
                    "nrql_query": [
                      {
                        "account_id": "1468011",
                        "query": "FROM Metric SELECT latest(display_name) WHERE hostname IN ({{hostname}}) and metricName='windows_service_state' and state='started' and entity.guid IN (select uniques(entity.guid,10000) from Metric where hostname IN ({{hostname}})  and service_name IN ({{service_name}}) and display_name IN ({{display_name}})   and start_mode IN ({{start}}) and  metricName='windows_service_state' and state != 'started' SINCE 1 HOUR AGO UNTIL 5 MINUTES AGO limit max) FACET hostname, service_name  since 5 minutes ago limit max"
                      }
                    ],
                    "null_values": [],
                    "refresh_rate": "",
                    "row": 19,
                    "threshold": [],
                    "title": "Started last 5 minutes",
                    "units": [],
                    "width": 5,
                    "y_axis_left_max": 0,
                    "y_axis_left_min": 0
                  },
                  {
                    "chart_styles": [],
                    "colors": [],
                    "column": 8,
                    "data_format": [],
                    "facet_show_other_series": false,
                    "filter_current_dashboard": false,
                    "height": 5,
                    "id": "134623800",
                    "ignore_time_range": false,
                    "initial_sorting": [],
                    "legend_enabled": false,
                    "linked_entity_guids": [],
                    "nrql_query": [
                      {
                        "account_id": "1468011",
                        "query": " select hostname, display_name, service_name, state   FROM (select latest(state) as 'state' FROM Metric WHERE  hostname IN ({{hostname}}) and service_name IN ({{service_name}}) and display_name IN ({{display_name}}) and start_mode IN ({{start}}) and metricName = 'windows_service_state'  FACET hostname, display_name, service_name limit max)  where  state != 'running' and state !='stopped' and state !='paused' limit max"
                      }
                    ],
                    "null_values": [],
                    "refresh_rate": "",
                    "row": 23,
                    "threshold": [],
                    "title": "State different from  running, stopped or paused",
                    "units": [],
                    "width": 5,
                    "y_axis_left_max": 0,
                    "y_axis_left_min": 0
                  }
                ]
              }
            ],
            "permalink": "https://one.newrelic.com/redirect/entity/MTQ2ODAxMXxWSVp8REFTSEJPQVJEfGRhOjMxMDAxNDQ",
            "permissions": "public_read_write",
            "variable": [
              {
                "default_values": [
                  "*"
                ],
                "is_multi_selection": true,
                "item": [],
                "name": "hostname",
                "nrql_query": [
                  {
                    "account_ids": [],
                    "query": "FROM Metric select uniques(hostname)where metricName = 'windows_service_state' since 7 days ago LIMIT MAX"
                  }
                ],
                "options": [],
                "replacement_strategy": "string",
                "title": "Host",
                "type": "nrql"
              },
              {
                "default_values": [
                  "*"
                ],
                "is_multi_selection": true,
                "item": [],
                "name": "service_name",
                "nrql_query": [
                  {
                    "account_ids": [],
                    "query": "SELECT uniques(service_name) FROM Metric WHERE metricName = 'windows_service_state' since 7 days ago LIMIT MAX"
                  }
                ],
                "options": [],
                "replacement_strategy": "string",
                "title": "Service name",
                "type": "nrql"
              },
              {
                "default_values": [
                  "*"
                ],
                "is_multi_selection": true,
                "item": [],
                "name": "display_name",
                "nrql_query": [
                  {
                    "account_ids": [],
                    "query": "SELECT uniques(display_name) FROM Metric WHERE metricName = 'windows_service_state' since 7 days ago LIMIT MAX"
                  }
                ],
                "options": [],
                "replacement_strategy": "string",
                "title": "Display name",
                "type": "nrql"
              },
              {
                "default_values": [
                  "*"
                ],
                "is_multi_selection": true,
                "item": [],
                "name": "state",
                "nrql_query": [
                  {
                    "account_ids": [],
                    "query": "SELECT uniques(state) FROM Metric WHERE metricName = 'windows_service_state' since 7 days ago LIMIT MAX"
                  }
                ],
                "options": [],
                "replacement_strategy": "string",
                "title": "State",
                "type": "nrql"
              },
              {
                "default_values": [
                  "*"
                ],
                "is_multi_selection": true,
                "item": [],
                "name": "start",
                "nrql_query": [
                  {
                    "account_ids": [],
                    "query": "SELECT uniques(start_mode) FROM Metric WHERE metricName = 'windows_service_state' since 7 days ago LIMIT MAX"
                  }
                ],
                "options": [],
                "replacement_strategy": "string",
                "title": "Start Mode",
                "type": "nrql"
              }
            ]
          },
          "sensitive_attributes": [],
          "identity_schema_version": 0,
          "private": "eyJzY2hlbWFfdmVyc2lvbiI6IjAifQ=="
        }
      ]
    },
    {
      "mode": "managed",
      "type": "newrelic_one_dashboard",
      "name": "windows_services_test",
      "provider": "provider[\"registry.terraform.io/newrelic/newrelic\"]",
      "instances": [
        {
          "schema_version": 0,
          "attributes": {
            "account_id": 1468011,
            "description": "Windows services running on the Test hosts (UE1-TEST-* and MIAT-VM-*). Mirror of the production Windows Services dashboard.",
            "guid": "MTQ2ODAxMXxWSVp8REFTSEJPQVJEfGRhOjEzMTM0MzU5",
            "id": "MTQ2ODAxMXxWSVp8REFTSEJPQVJEfGRhOjEzMTM0MzU5",
            "name": "Windows Services - Test Environment",
            "page": [
              {
                "description": "Windows Services data of the Test environment by host, state, start_mode, name, and display name",
                "guid": "MTQ2ODAxMXxWSVp8REFTSEJPQVJEfDUwNzI2ODk0",
                "name": "Windows Services - Overview",
                "widget_area": [],
                "widget_bar": [
                  {
                    "chart_styles": [],
                    "colors": [],
                    "column": 1,
                    "data_format": [],
                    "facet_show_other_series": false,
                    "filter_current_dashboard": false,
                    "height": 3,
                    "id": "566565972",
                    "ignore_time_range": false,
                    "initial_sorting": [],
                    "legend_enabled": true,
                    "linked_entity_guids": [],
                    "nrql_query": [
                      {
                        "account_id": "1468011",
                        "query": "SELECT count(*) FROM (FROM Metric SELECT latest(state) AS 'state' WHERE hostname IN ({{hostname}}) AND service_name IN ({{service_name}}) AND display_name IN ({{display_name}}) AND state IN ({{state}}) AND start_mode IN ({{start}}) AND metricName = 'windows_service_state' AND (hostname LIKE 'UE1-TEST%' OR hostname LIKE 'MIAT-VM%') FACET hostname, entity.guid LIMIT MAX) WHERE state = 'running' FACET hostname"
                      }
                    ],
                    "null_values": [],
                    "refresh_rate": "",
                    "row": 10,
                    "title": "Services running per host",
                    "units": [],
                    "width": 3,
                    "y_axis_left_max": 0,
                    "y_axis_left_min": 0
                  },
                  {
                    "chart_styles": [],
                    "colors": [],
                    "column": 1,
                    "data_format": [],
                    "facet_show_other_series": false,
                    "filter_current_dashboard": false,
                    "height": 3,
                    "id": "566565973",
                    "ignore_time_range": false,
                    "initial_sorting": [],
                    "legend_enabled": true,
                    "linked_entity_guids": [],
                    "nrql_query": [
                      {
                        "account_id": "1468011",
                        "query": "SELECT count(*) FROM (FROM Metric SELECT latest(state) AS 'state' WHERE hostname IN ({{hostname}}) AND service_name IN ({{service_name}}) AND display_name IN ({{display_name}}) AND state IN ({{state}}) AND start_mode IN ({{start}}) AND metricName = 'windows_service_state' AND (hostname LIKE 'UE1-TEST%' OR hostname LIKE 'MIAT-VM%') FACET hostname, entity.guid LIMIT MAX) WHERE state = 'stopped' FACET hostname"
                      }
                    ],
                    "null_values": [],
                    "refresh_rate": "",
                    "row": 13,
                    "title": "Services stopped per host",
                    "units": [],
                    "width": 3,
                    "y_axis_left_max": 0,
                    "y_axis_left_min": 0
                  },
                  {
                    "chart_styles": [],
                    "colors": [],
                    "column": 1,
                    "data_format": [],
                    "facet_show_other_series": false,
                    "filter_current_dashboard": false,
                    "height": 3,
                    "id": "566565974",
                    "ignore_time_range": false,
                    "initial_sorting": [],
                    "legend_enabled": true,
                    "linked_entity_guids": [],
                    "nrql_query": [
                      {
                        "account_id": "1468011",
                        "query": "SELECT count(*) FROM (FROM Metric SELECT latest(state) AS 'state' WHERE hostname IN ({{hostname}}) AND service_name IN ({{service_name}}) AND display_name IN ({{display_name}}) AND state IN ({{state}}) AND start_mode IN ({{start}}) AND metricName = 'windows_service_state' AND (hostname LIKE 'UE1-TEST%' OR hostname LIKE 'MIAT-VM%') FACET hostname, entity.guid LIMIT MAX) WHERE state = 'paused' FACET hostname"
                      }
                    ],
                    "null_values": [],
                    "refresh_rate": "",
                    "row": 16,
                    "title": "Services paused per host",
                    "units": [],
                    "width": 3,
                    "y_axis_left_max": 0,
                    "y_axis_left_min": 0
                  },
                  {
                    "chart_styles": [],
                    "colors": [],
                    "column": 1,
                    "data_format": [],
                    "facet_show_other_series": false,
                    "filter_current_dashboard": false,
                    "height": 5,
                    "id": "566565975",
                    "ignore_time_range": false,
                    "initial_sorting": [],
                    "legend_enabled": true,
                    "linked_entity_guids": [],
                    "nrql_query": [
                      {
                        "account_id": "1468011",
                        "query": "FROM Metric SELECT uniqueCount(entity.guid) WHERE hostname IN ({{hostname}}) AND service_name IN ({{service_name}}) AND display_name IN ({{display_name}}) AND state IN ({{state}}) AND start_mode IN ({{start}}) AND metricName = 'windows_service_state' AND (hostname LIKE 'UE1-TEST%' OR hostname LIKE 'MIAT-VM%') AND run_as IS NOT NULL FACET run_as AS 'Service Account' LIMIT MAX"
                      }
                    ],
                    "null_values": [],
                    "refresh_rate": "",
                    "row": 28,
                    "title": "Per service account",
                    "units": [],
                    "width": 3,
                    "y_axis_left_max": 0,
                    "y_axis_left_min": 0
                  }
                ],
                "widget_billboard": [
                  {
                    "billboard_settings": [],
                    "chart_styles": [],
                    "colors": [],
                    "column": 5,
                    "critical": "",
                    "data_format": [],
                    "facet_show_other_series": false,
                    "height": 3,
                    "id": "566565976",
                    "ignore_time_range": false,
                    "initial_sorting": [],
                    "legend_enabled": true,
                    "nrql_query": [
                      {
                        "account_id": "1468011",
                        "query": "FROM Metric SELECT uniqueCount(hostname) AS 'Hosts' WHERE hostname IN ({{hostname}}) AND service_name IN ({{service_name}}) AND display_name IN ({{display_name}}) AND state IN ({{state}}) AND start_mode IN ({{start}}) AND metricName = 'windows_service_state' AND (hostname LIKE 'UE1-TEST%' OR hostname LIKE 'MIAT-VM%') COMPARE WITH 1 hour ago"
                      }
                    ],
                    "null_values": [],
                    "refresh_rate": "",
                    "row": 1,
                    "title": "Hosts",
                    "units": [],
                    "warning": "",
                    "width": 2,
                    "y_axis_left_max": 0,
                    "y_axis_left_min": 0
                  },
                  {
                    "billboard_settings": [],
                    "chart_styles": [],
                    "colors": [],
                    "column": 7,
                    "critical": "1",
                    "data_format": [],
                    "facet_show_other_series": false,
                    "height": 3,
                    "id": "566565977",
                    "ignore_time_range": false,
                    "initial_sorting": [],
                    "legend_enabled": true,
                    "nrql_query": [
                      {
                        "account_id": "1468011",
                        "query": "FROM Metric SELECT uniqueCount(entity.guid) AS 'Services' WHERE (hostname LIKE 'UE1-TEST%' OR hostname LIKE 'MIAT-VM%') AND service_name IN ('ips_sendunsentachsservice', 'ips_achmanagersrv', 'ips_feecollector', 'ips_svcorderprocessorservice', 'ips_emailreceiverservice', 'ips_recurringtransfersservice', 'ips_emailsenderservice', 'ips_checkprocessingservice', 'ips_loadvirtualaccountsservice', 'ips_fxservice', 'ips_abacollectorservice', 'ips_deploymentservice', 'ips_achreportservice', 'ipsonboardingservice', 'ripplepaymentsservice', 'ipsportalcoreschedulerservice') AND state NOT IN ('running') AND metricName = 'windows_service_state'"
                      }
                    ],
                    "null_values": [],
                    "refresh_rate": "",
                    "row": 1,
                    "title": "IPS services not running",
                    "units": [],
                    "warning": "",
                    "width": 2,
                    "y_axis_left_max": 0,
                    "y_axis_left_min": 0
                  },
                  {
                    "billboard_settings": [],
                    "chart_styles": [],
                    "colors": [],
                    "column": 9,
                    "critical": "",
                    "data_format": [],
                    "facet_show_other_series": false,
                    "height": 3,
                    "id": "566565978",
                    "ignore_time_range": false,
                    "initial_sorting": [],
                    "legend_enabled": true,
                    "nrql_query": [
                      {
                        "account_id": "1468011",
                        "query": "SELECT count(*) FROM (FROM Metric SELECT latest(state) AS 'state' WHERE hostname IN ({{hostname}}) AND service_name IN ('ips_sendunsentachsservice', 'ips_achmanagersrv', 'ips_feecollector', 'ips_svcorderprocessorservice', 'ips_emailreceiverservice', 'ips_recurringtransfersservice', 'ips_emailsenderservice', 'ips_checkprocessingservice', 'ips_loadvirtualaccountsservice', 'ips_fxservice', 'ips_abacollectorservice', 'ips_deploymentservice', 'ips_achreportservice', 'ipsonboardingservice', 'ripplepaymentsservice', 'ipsportalcoreschedulerservice') AND state IN ({{state}}) AND start_mode IN ({{start}}) AND metricName = 'windows_service_state' AND (hostname LIKE 'UE1-TEST%' OR hostname LIKE 'MIAT-VM%') FACET entity.guid LIMIT MAX) FACET state"
                      }
                    ],
                    "null_values": [],
                    "refresh_rate": "",
                    "row": 1,
                    "title": "Service per state",
                    "units": [],
                    "warning": "",
                    "width": 4,
                    "y_axis_left_max": 0,
                    "y_axis_left_min": 0
                  },
                  {
                    "billboard_settings": [],
                    "chart_styles": [],
                    "colors": [],
                    "column": 1,
                    "critical": "1",
                    "data_format": [],
                    "facet_show_other_series": false,
                    "height": 4,
                    "id": "568020629",
                    "ignore_time_range": false,
                    "initial_sorting": [],
                    "legend_enabled": true,
                    "nrql_query": [
                      {
                        "account_id": "1468011",
                        "query": "SELECT count(*) AS 'Stopped' FROM (FROM Metric SELECT latest(state) AS 'st' WHERE metricName = 'windows_service_state' AND (hostname LIKE 'UE1-TEST%' OR hostname LIKE 'MIAT-VM%') AND (service_name LIKE 'ips%' OR service_name LIKE '%ripplepayments%' OR service_name IN ('w3svc', 'mssqlserver', 'sqlserveragent', 'newrelic-infra')) FACET hostname, service_name LIMIT MAX) WHERE st != 'running'"
                      }
                    ],
                    "null_values": [],
                    "refresh_rate": "",
                    "row": 5,
                    "title": "Critical services stopped",
                    "units": [],
                    "warning": "",
                    "width": 3,
                    "y_axis_left_max": 0,
                    "y_axis_left_min": 0
                  }
                ],
                "widget_bullet": [],
                "widget_funnel": [],
                "widget_heatmap": [],
                "widget_histogram": [],
                "widget_json": [],
                "widget_line": [
                  {
                    "chart_styles": [],
                    "colors": [],
                    "column": 4,
                    "data_format": [],
                    "facet_show_other_series": false,
                    "height": 3,
                    "id": "566565979",
                    "ignore_time_range": false,
                    "initial_sorting": [],
                    "is_label_visible": false,
                    "legend_enabled": true,
                    "nrql_query": [
                      {
                        "account_id": "1468011",
                        "query": "FROM Metric SELECT uniqueCount(service_name) WHERE hostname IN ({{hostname}}) AND service_name IN ({{service_name}}) AND display_name IN ({{display_name}}) AND state IN ({{state}}) AND start_mode IN ({{start}}) AND metricName = 'windows_service_state' AND (hostname LIKE 'UE1-TEST%' OR hostname LIKE 'MIAT-VM%') AND state = 'running' FACET hostname TIMESERIES AUTO LIMIT MAX"
                      }
                    ],
                    "null_values": [],
                    "refresh_rate": "",
                    "row": 10,
                    "threshold": [],
                    "title": "Services running per host",
                    "tooltip": [],
                    "units": [],
                    "width": 9,
                    "y_axis_left_max": 0,
                    "y_axis_left_min": 0,
                    "y_axis_left_zero": false,
                    "y_axis_right": []
                  },
                  {
                    "chart_styles": [],
                    "colors": [],
                    "column": 4,
                    "data_format": [],
                    "facet_show_other_series": false,
                    "height": 3,
                    "id": "566565980",
                    "ignore_time_range": false,
                    "initial_sorting": [],
                    "is_label_visible": false,
                    "legend_enabled": true,
                    "nrql_query": [
                      {
                        "account_id": "1468011",
                        "query": "FROM Metric SELECT uniqueCount(service_name) WHERE hostname IN ({{hostname}}) AND service_name IN ({{service_name}}) AND display_name IN ({{display_name}}) AND state IN ({{state}}) AND start_mode IN ({{start}}) AND metricName = 'windows_service_state' AND (hostname LIKE 'UE1-TEST%' OR hostname LIKE 'MIAT-VM%') AND state = 'stopped' FACET hostname TIMESERIES AUTO LIMIT MAX"
                      }
                    ],
                    "null_values": [],
                    "refresh_rate": "",
                    "row": 13,
                    "threshold": [],
                    "title": "Services stopped per host",
                    "tooltip": [],
                    "units": [],
                    "width": 9,
                    "y_axis_left_max": 0,
                    "y_axis_left_min": 0,
                    "y_axis_left_zero": false,
                    "y_axis_right": []
                  },
                  {
                    "chart_styles": [],
                    "colors": [],
                    "column": 4,
                    "data_format": [],
                    "facet_show_other_series": false,
                    "height": 3,
                    "id": "566565981",
                    "ignore_time_range": false,
                    "initial_sorting": [],
                    "is_label_visible": false,
                    "legend_enabled": true,
                    "nrql_query": [
                      {
                        "account_id": "1468011",
                        "query": "FROM Metric SELECT uniqueCount(service_name) WHERE hostname IN ({{hostname}}) AND service_name IN ({{service_name}}) AND display_name IN ({{display_name}}) AND state IN ({{state}}) AND start_mode IN ({{start}}) AND metricName = 'windows_service_state' AND (hostname LIKE 'UE1-TEST%' OR hostname LIKE 'MIAT-VM%') AND state = 'paused' FACET hostname TIMESERIES AUTO LIMIT MAX"
                      }
                    ],
                    "null_values": [],
                    "refresh_rate": "",
                    "row": 16,
                    "threshold": [],
                    "title": "Services paused per host",
                    "tooltip": [],
                    "units": [],
                    "width": 9,
                    "y_axis_left_max": 0,
                    "y_axis_left_min": 0,
                    "y_axis_left_zero": false,
                    "y_axis_right": []
                  }
                ],
                "widget_log_table": [],
                "widget_markdown": [
                  {
                    "chart_styles": [],
                    "colors": [],
                    "column": 1,
                    "data_format": [],
                    "facet_show_other_series": false,
                    "height": 3,
                    "id": "566565982",
                    "ignore_time_range": false,
                    "initial_sorting": [],
                    "legend_enabled": true,
                    "null_values": [],
                    "refresh_rate": "",
                    "row": 1,
                    "text": "![logo](https://upload.wikimedia.org/wikipedia/commons/5/5f/Windows_logo_-_2012.svg)\n\n## Windows Services - Test Environment\nServices running on the Test hosts (UE1-TEST-* and MIAT-VM-*).\n\nThis dashboard mirrors the production Windows Services dashboard. It requires the Windows services integration (bundled with the infrastructure agent) to be enabled on each test host.",
                    "title": "",
                    "units": [],
                    "width": 4,
                    "y_axis_left_max": 0,
                    "y_axis_left_min": 0
                  },
                  {
                    "chart_styles": [],
                    "colors": [],
                    "column": 1,
                    "data_format": [],
                    "facet_show_other_series": false,
                    "height": 1,
                    "id": "566565983",
                    "ignore_time_range": false,
                    "initial_sorting": [],
                    "legend_enabled": true,
                    "null_values": [],
                    "refresh_rate": "",
                    "row": 4,
                    "text": "# Critical services",
                    "title": "",
                    "units": [],
                    "width": 12,
                    "y_axis_left_max": 0,
                    "y_axis_left_min": 0
                  },
                  {
                    "chart_styles": [],
                    "colors": [],
                    "column": 1,
                    "data_format": [],
                    "facet_show_other_series": false,
                    "height": 1,
                    "id": "566565984",
                    "ignore_time_range": false,
                    "initial_sorting": [],
                    "legend_enabled": true,
                    "null_values": [],
                    "refresh_rate": "",
                    "row": 9,
                    "text": "# Hosts",
                    "title": "",
                    "units": [],
                    "width": 12,
                    "y_axis_left_max": 0,
                    "y_axis_left_min": 0
                  },
                  {
                    "chart_styles": [],
                    "colors": [],
                    "column": 1,
                    "data_format": [],
                    "facet_show_other_series": false,
                    "height": 1,
                    "id": "568020630",
                    "ignore_time_range": false,
                    "initial_sorting": [],
                    "legend_enabled": true,
                    "null_values": [],
                    "refresh_rate": "",
                    "row": 19,
                    "text": "# Services",
                    "title": "",
                    "units": [],
                    "width": 12,
                    "y_axis_left_max": 0,
                    "y_axis_left_min": 0
                  }
                ],
                "widget_pie": [
                  {
                    "chart_styles": [],
                    "colors": [],
                    "column": 4,
                    "data_format": [],
                    "facet_show_other_series": false,
                    "filter_current_dashboard": false,
                    "height": 5,
                    "id": "566565985",
                    "ignore_time_range": false,
                    "initial_sorting": [],
                    "legend_enabled": true,
                    "linked_entity_guids": [],
                    "nrql_query": [
                      {
                        "account_id": "1468011",
                        "query": "FROM Metric SELECT uniqueCount(service_name) WHERE hostname IN ({{hostname}}) AND service_name IN ({{service_name}}) AND display_name IN ({{display_name}}) AND state IN ({{state}}) AND start_mode IN ({{start}}) AND metricName = 'windows_service_state' AND (hostname LIKE 'UE1-TEST%' OR hostname LIKE 'MIAT-VM%') FACET start_mode LIMIT MAX"
                      }
                    ],
                    "null_values": [],
                    "refresh_rate": "",
                    "row": 28,
                    "title": "Start Mode",
                    "units": [],
                    "width": 4,
                    "y_axis_left_max": 0,
                    "y_axis_left_min": 0
                  }
                ],
                "widget_stacked_bar": [],
                "widget_table": [
                  {
                    "chart_styles": [],
                    "colors": [],
                    "column": 4,
                    "data_format": [],
                    "facet_show_other_series": false,
                    "filter_current_dashboard": false,
                    "height": 4,
                    "id": "566565986",
                    "ignore_time_range": false,
                    "initial_sorting": [],
                    "legend_enabled": true,
                    "linked_entity_guids": [],
                    "nrql_query": [
                      {
                        "account_id": "1468011",
                        "query": "SELECT latest(display_name) AS 'Service', latest(st) AS 'State', latest(sm) AS 'Start mode' FROM (FROM Metric SELECT latest(state) AS 'st', latest(start_mode) AS 'sm', latest(display_name) AS 'display_name' WHERE metricName = 'windows_service_state' AND (hostname LIKE 'UE1-TEST%' OR hostname LIKE 'MIAT-VM%') AND (service_name LIKE 'ips%' OR service_name LIKE '%ripplepayments%' OR service_name IN ('w3svc', 'mssqlserver', 'sqlserveragent', 'newrelic-infra')) FACET hostname, service_name LIMIT MAX) WHERE st != 'running' FACET hostname AS 'Host', service_name AS 'Service name' LIMIT MAX"
                      }
                    ],
                    "null_values": [],
                    "refresh_rate": "",
                    "row": 5,
                    "threshold": [],
                    "title": "Which critical services are stopped",
                    "units": [],
                    "width": 9,
                    "y_axis_left_max": 0,
                    "y_axis_left_min": 0
                  },
                  {
                    "chart_styles": [],
                    "colors": [],
                    "column": 1,
                    "data_format": [],
                    "facet_show_other_series": false,
                    "filter_current_dashboard": false,
                    "height": 8,
                    "id": "566565987",
                    "ignore_time_range": false,
                    "initial_sorting": [],
                    "legend_enabled": true,
                    "linked_entity_guids": [],
                    "nrql_query": [
                      {
                        "account_id": "1468011",
                        "query": "FROM Metric SELECT latest(substring(display_name, 0, 40)) AS 'Display Name', latest(state), latest(start_mode) WHERE hostname IN ({{hostname}}) AND service_name IN ({{service_name}}) AND display_name IN ({{display_name}}) AND state IN ({{state}}) AND start_mode IN ({{start}}) AND metricName = 'windows_service_state' AND (hostname LIKE 'UE1-TEST%' OR hostname LIKE 'MIAT-VM%') FACET hostname AS 'Host Name', service_name LIMIT MAX"
                      }
                    ],
                    "null_values": [],
                    "refresh_rate": "",
                    "row": 20,
                    "threshold": [],
                    "title": "Services",
                    "units": [],
                    "width": 7,
                    "y_axis_left_max": 0,
                    "y_axis_left_min": 0
                  },
                  {
                    "chart_styles": [],
                    "colors": [],
                    "column": 8,
                    "data_format": [],
                    "facet_show_other_series": false,
                    "filter_current_dashboard": false,
                    "height": 4,
                    "id": "566565988",
                    "ignore_time_range": false,
                    "initial_sorting": [],
                    "legend_enabled": true,
                    "linked_entity_guids": [],
                    "nrql_query": [
                      {
                        "account_id": "1468011",
                        "query": "FROM Metric SELECT latest(display_name) WHERE hostname IN ({{hostname}}) AND metricName = 'windows_service_state' AND (hostname LIKE 'UE1-TEST%' OR hostname LIKE 'MIAT-VM%') AND state = 'stopped' AND entity.guid IN (SELECT uniques(entity.guid, 10000) FROM Metric WHERE hostname IN ({{hostname}}) AND service_name IN ({{service_name}}) AND display_name IN ({{display_name}}) AND start_mode IN ({{start}}) AND metricName = 'windows_service_state' AND state IN ('running', 'paused') SINCE 2 hours ago UNTIL 15 minutes ago LIMIT MAX) FACET hostname, service_name SINCE 15 minutes ago LIMIT MAX"
                      }
                    ],
                    "null_values": [],
                    "refresh_rate": "",
                    "row": 20,
                    "threshold": [],
                    "title": "Stopped last 15 minutes",
                    "units": [],
                    "width": 5,
                    "y_axis_left_max": 0,
                    "y_axis_left_min": 0
                  },
                  {
                    "chart_styles": [],
                    "colors": [],
                    "column": 8,
                    "data_format": [],
                    "facet_show_other_series": false,
                    "filter_current_dashboard": false,
                    "height": 4,
                    "id": "566565989",
                    "ignore_time_range": false,
                    "initial_sorting": [],
                    "legend_enabled": true,
                    "linked_entity_guids": [],
                    "nrql_query": [
                      {
                        "account_id": "1468011",
                        "query": "FROM Metric SELECT latest(display_name) WHERE hostname IN ({{hostname}}) AND metricName = 'windows_service_state' AND (hostname LIKE 'UE1-TEST%' OR hostname LIKE 'MIAT-VM%') AND state = 'running' AND entity.guid IN (SELECT uniques(entity.guid, 10000) FROM Metric WHERE hostname IN ({{hostname}}) AND service_name IN ({{service_name}}) AND display_name IN ({{display_name}}) AND start_mode IN ({{start}}) AND metricName = 'windows_service_state' AND state IN ('stopped', 'paused') SINCE 2 hours ago UNTIL 15 minutes ago LIMIT MAX) FACET hostname, service_name SINCE 15 minutes ago LIMIT MAX"
                      }
                    ],
                    "null_values": [],
                    "refresh_rate": "",
                    "row": 24,
                    "threshold": [],
                    "title": "Started last 15 minutes",
                    "units": [],
                    "width": 5,
                    "y_axis_left_max": 0,
                    "y_axis_left_min": 0
                  },
                  {
                    "chart_styles": [],
                    "colors": [],
                    "column": 8,
                    "data_format": [],
                    "facet_show_other_series": false,
                    "filter_current_dashboard": false,
                    "height": 5,
                    "id": "568020631",
                    "ignore_time_range": false,
                    "initial_sorting": [],
                    "legend_enabled": true,
                    "linked_entity_guids": [],
                    "nrql_query": [
                      {
                        "account_id": "1468011",
                        "query": "FROM Metric SELECT latest(display_name), latest(state) WHERE hostname IN ({{hostname}}) AND metricName = 'windows_service_state' AND (hostname LIKE 'UE1-TEST%' OR hostname LIKE 'MIAT-VM%') AND state NOT IN ('running', 'stopped', 'paused') FACET hostname, service_name LIMIT MAX"
                      }
                    ],
                    "null_values": [],
                    "refresh_rate": "",
                    "row": 28,
                    "threshold": [],
                    "title": "State different from running, stopped or paused",
                    "units": [],
                    "width": 5,
                    "y_axis_left_max": 0,
                    "y_axis_left_min": 0
                  }
                ]
              }
            ],
            "permalink": "https://one.newrelic.com/redirect/entity/MTQ2ODAxMXxWSVp8REFTSEJPQVJEfGRhOjEzMTM0MzU5",
            "permissions": "public_read_write",
            "variable": [
              {
                "default_values": [
                  "*"
                ],
                "is_multi_selection": true,
                "item": [],
                "name": "hostname",
                "nrql_query": [
                  {
                    "account_ids": [
                      1468011
                    ],
                    "query": "SELECT uniques(hostname) FROM Metric WHERE metricName = 'windows_service_state' AND (hostname LIKE 'UE1-TEST%' OR hostname LIKE 'MIAT-VM%') SINCE 1 day ago LIMIT MAX"
                  }
                ],
                "options": [],
                "replacement_strategy": "string",
                "title": "Host",
                "type": "nrql"
              },
              {
                "default_values": [
                  "*"
                ],
                "is_multi_selection": true,
                "item": [],
                "name": "service_name",
                "nrql_query": [
                  {
                    "account_ids": [
                      1468011
                    ],
                    "query": "SELECT uniques(service_name) FROM Metric WHERE metricName = 'windows_service_state' AND (hostname LIKE 'UE1-TEST%' OR hostname LIKE 'MIAT-VM%') SINCE 1 day ago LIMIT MAX"
                  }
                ],
                "options": [],
                "replacement_strategy": "string",
                "title": "Service name",
                "type": "nrql"
              },
              {
                "default_values": [
                  "*"
                ],
                "is_multi_selection": true,
                "item": [],
                "name": "display_name",
                "nrql_query": [
                  {
                    "account_ids": [
                      1468011
                    ],
                    "query": "SELECT uniques(display_name) FROM Metric WHERE metricName = 'windows_service_state' AND (hostname LIKE 'UE1-TEST%' OR hostname LIKE 'MIAT-VM%') SINCE 1 day ago LIMIT MAX"
                  }
                ],
                "options": [],
                "replacement_strategy": "string",
                "title": "Display name",
                "type": "nrql"
              },
              {
                "default_values": [
                  "*"
                ],
                "is_multi_selection": true,
                "item": [],
                "name": "state",
                "nrql_query": [
                  {
                    "account_ids": [
                      1468011
                    ],
                    "query": "SELECT uniques(state) FROM Metric WHERE metricName = 'windows_service_state' AND (hostname LIKE 'UE1-TEST%' OR hostname LIKE 'MIAT-VM%') SINCE 1 day ago LIMIT MAX"
                  }
                ],
                "options": [],
                "replacement_strategy": "string",
                "title": "State",
                "type": "nrql"
              },
              {
                "default_values": [
                  "*"
                ],
                "is_multi_selection": true,
                "item": [],
                "name": "start",
                "nrql_query": [
                  {
                    "account_ids": [
                      1468011
                    ],
                    "query": "SELECT uniques(start_mode) FROM Metric WHERE metricName = 'windows_service_state' AND (hostname LIKE 'UE1-TEST%' OR hostname LIKE 'MIAT-VM%') SINCE 1 day ago LIMIT MAX"
                  }
                ],
                "options": [],
                "replacement_strategy": "string",
                "title": "Start Mode",
                "type": "nrql"
              }
            ]
          },
          "sensitive_attributes": [],
          "identity_schema_version": 0,
          "private": "bnVsbA=="
        }
      ]
    },
    {
      "mode": "managed",
      "type": "newrelic_synthetics_monitor",
      "name": "web",
      "provider": "provider[\"registry.terraform.io/newrelic/newrelic\"]",
      "instances": [
        {
          "index_key": "1house.globalewallet.com",
          "schema_version": 0,
          "attributes": {
            "account_id": 1468011,
            "browsers": null,
            "bypass_head_request": true,
            "custom_header": [],
            "device_orientation": "",
            "device_type": "",
            "devices": null,
            "enable_screenshot_on_failure_and_script": null,
            "id": "MTQ2ODAxMXxTWU5USHxNT05JVE9SfGUyMDBjOGVjLTNhMWYtNDVlZC04NWM4LWM2Zjg1NjhhMDAzNw",
            "locations_private": null,
            "locations_public": [
              "US_EAST_1",
              "US_WEST_1"
            ],
            "monitor_id": "e200c8ec-3a1f-45ed-85c8-c6f8568a0037",
            "name": "Web - 1house.globalewallet.com",
            "period": "EVERY_10_MINUTES",
            "period_in_minutes": 10,
            "runtime_type": null,
            "runtime_type_version": null,
            "script_language": null,
            "status": "ENABLED",
            "tag": [],
            "treat_redirect_as_failure": null,
            "type": "SIMPLE",
            "uri": "https://1house.globalewallet.com/public/healthcheck.ashx",
            "use_unsupported_legacy_runtime": null,
            "validation_string": "",
            "verify_ssl": true
          },
          "sensitive_attributes": [],
          "identity_schema_version": 0,
          "private": "bnVsbA=="
        },
        {
          "index_key": "6star.globalewallet.com",
          "schema_version": 0,
          "attributes": {
            "account_id": 1468011,
            "browsers": null,
            "bypass_head_request": true,
            "custom_header": [],
            "device_orientation": "",
            "device_type": "",
            "devices": null,
            "enable_screenshot_on_failure_and_script": null,
            "id": "MTQ2ODAxMXxTWU5USHxNT05JVE9SfDJmYThiMzQ3LTgwY2ItNGU5MC05MGEwLTMwZGQ4NmZkY2M5Yw",
            "locations_private": null,
            "locations_public": [
              "US_EAST_1",
              "US_WEST_1"
            ],
            "monitor_id": "2fa8b347-80cb-4e90-90a0-30dd86fdcc9c",
            "name": "Web - 6star.globalewallet.com",
            "period": "EVERY_10_MINUTES",
            "period_in_minutes": 10,
            "runtime_type": null,
            "runtime_type_version": null,
            "script_language": null,
            "status": "ENABLED",
            "tag": [],
            "treat_redirect_as_failure": null,
            "type": "SIMPLE",
            "uri": "https://6star.globalewallet.com/public/healthcheck.ashx",
            "use_unsupported_legacy_runtime": null,
            "validation_string": "",
            "verify_ssl": true
          },
          "sensitive_attributes": [],
          "identity_schema_version": 0,
          "private": "bnVsbA=="
        },
        {
          "index_key": "acesse.globalewallet.com",
          "schema_version": 0,
          "attributes": {
            "account_id": 1468011,
            "browsers": null,
            "bypass_head_request": true,
            "custom_header": [],
            "device_orientation": "",
            "device_type": "",
            "devices": null,
            "enable_screenshot_on_failure_and_script": null,
            "id": "MTQ2ODAxMXxTWU5USHxNT05JVE9SfGExYzE2NzRkLWVmOTYtNDU1Yi1hODNlLTJlMjg0OTgwMmU3Zg",
            "locations_private": null,
            "locations_public": [
              "US_EAST_1",
              "US_WEST_1"
            ],
            "monitor_id": "a1c1674d-ef96-455b-a83e-2e2849802e7f",
            "name": "Web - acesse.globalewallet.com",
            "period": "EVERY_10_MINUTES",
            "period_in_minutes": 10,
            "runtime_type": null,
            "runtime_type_version": null,
            "script_language": null,
            "status": "ENABLED",
            "tag": [],
            "treat_redirect_as_failure": null,
            "type": "SIMPLE",
            "uri": "https://acesse.globalewallet.com/public/healthcheck.ashx",
            "use_unsupported_legacy_runtime": null,
            "validation_string": "",
            "verify_ssl": true
          },
          "sensitive_attributes": [],
          "identity_schema_version": 0,
          "private": "bnVsbA=="
        },
        {
          "index_key": "adcom.globalewallet.com",
          "schema_version": 0,
          "attributes": {
            "account_id": 1468011,
            "browsers": null,
            "bypass_head_request": true,
            "custom_header": [],
            "device_orientation": "",
            "device_type": "",
            "devices": null,
            "enable_screenshot_on_failure_and_script": null,
            "id": "MTQ2ODAxMXxTWU5USHxNT05JVE9SfGVkZTQyNTA3LTUzYzQtNDA2Zi1hNTBlLTg2NmZmN2YxYmRlOQ",
            "locations_private": null,
            "locations_public": [
              "US_EAST_1",
              "US_WEST_1"
            ],
            "monitor_id": "ede42507-53c4-406f-a50e-866ff7f1bde9",
            "name": "Web - adcom.globalewallet.com",
            "period": "EVERY_10_MINUTES",
            "period_in_minutes": 10,
            "runtime_type": null,
            "runtime_type_version": null,
            "script_language": null,
            "status": "ENABLED",
            "tag": [],
            "treat_redirect_as_failure": null,
            "type": "SIMPLE",
            "uri": "https://adcom.globalewallet.com/public/healthcheck.ashx",
            "use_unsupported_legacy_runtime": null,
            "validation_string": "",
            "verify_ssl": true
          },
          "sensitive_attributes": [],
          "identity_schema_version": 0,
          "private": "bnVsbA=="
        },
        {
          "index_key": "admin.i-payout.com",
          "schema_version": 0,
          "attributes": {
            "account_id": 1468011,
            "browsers": null,
            "bypass_head_request": true,
            "custom_header": [],
            "device_orientation": "",
            "device_type": "",
            "devices": null,
            "enable_screenshot_on_failure_and_script": null,
            "id": "MTQ2ODAxMXxTWU5USHxNT05JVE9SfGU4ZWY1MDkyLWM2ODItNDRhNy1iMGIyLWViZTA2YTI1M2EwMw",
            "locations_private": null,
            "locations_public": [
              "US_EAST_1",
              "US_WEST_1"
            ],
            "monitor_id": "e8ef5092-c682-44a7-b0b2-ebe06a253a03",
            "name": "Web - admin.i-payout.com",
            "period": "EVERY_10_MINUTES",
            "period_in_minutes": 10,
            "runtime_type": null,
            "runtime_type_version": null,
            "script_language": null,
            "status": "ENABLED",
            "tag": [],
            "treat_redirect_as_failure": null,
            "type": "SIMPLE",
            "uri": "https://admin.i-payout.com/public/healthcheck.ashx",
            "use_unsupported_legacy_runtime": null,
            "validation_string": "",
            "verify_ssl": true
          },
          "sensitive_attributes": [],
          "identity_schema_version": 0,
          "private": "bnVsbA=="
        },
        {
          "index_key": "adx.globalewallet.com",
          "schema_version": 0,
          "attributes": {
            "account_id": 1468011,
            "browsers": null,
            "bypass_head_request": true,
            "custom_header": [],
            "device_orientation": "",
            "device_type": "",
            "devices": null,
            "enable_screenshot_on_failure_and_script": null,
            "id": "MTQ2ODAxMXxTWU5USHxNT05JVE9SfGJjZWE3ZDY2LTZjY2YtNDM3Yy05MzQzLTZmYTU2NzFjZWZjMg",
            "locations_private": null,
            "locations_public": [
              "US_EAST_1",
              "US_WEST_1"
            ],
            "monitor_id": "bcea7d66-6ccf-437c-9343-6fa5671cefc2",
            "name": "Web - adx.globalewallet.com",
            "period": "EVERY_10_MINUTES",
            "period_in_minutes": 10,
            "runtime_type": null,
            "runtime_type_version": null,
            "script_language": null,
            "status": "ENABLED",
            "tag": [],
            "treat_redirect_as_failure": null,
            "type": "SIMPLE",
            "uri": "https://adx.globalewallet.com/public/healthcheck.ashx",
            "use_unsupported_legacy_runtime": null,
            "validation_string": "",
            "verify_ssl": true
          },
          "sensitive_attributes": [],
          "identity_schema_version": 0,
          "private": "bnVsbA=="
        },
        {
          "index_key": "aeu.globalewallet.com",
          "schema_version": 0,
          "attributes": {
            "account_id": 1468011,
            "browsers": null,
            "bypass_head_request": true,
            "custom_header": [],
            "device_orientation": "",
            "device_type": "",
            "devices": null,
            "enable_screenshot_on_failure_and_script": null,
            "id": "MTQ2ODAxMXxTWU5USHxNT05JVE9SfGFiMjdlNjE0LWQ2NzUtNDQwZS05MmI3LWE2NDA0NWE0NmI3ZA",
            "locations_private": null,
            "locations_public": [
              "US_EAST_1",
              "US_WEST_1"
            ],
            "monitor_id": "ab27e614-d675-440e-92b7-a64045a46b7d",
            "name": "Web - aeu.globalewallet.com",
            "period": "EVERY_10_MINUTES",
            "period_in_minutes": 10,
            "runtime_type": null,
            "runtime_type_version": null,
            "script_language": null,
            "status": "ENABLED",
            "tag": [],
            "treat_redirect_as_failure": null,
            "type": "SIMPLE",
            "uri": "https://aeu.globalewallet.com/public/healthcheck.ashx",
            "use_unsupported_legacy_runtime": null,
            "validation_string": "",
            "verify_ssl": true
          },
          "sensitive_attributes": [],
          "identity_schema_version": 0,
          "private": "bnVsbA=="
        },
        {
          "index_key": "agaralife.globalewallet.com",
          "schema_version": 0,
          "attributes": {
            "account_id": 1468011,
            "browsers": null,
            "bypass_head_request": true,
            "custom_header": [],
            "device_orientation": "",
            "device_type": "",
            "devices": null,
            "enable_screenshot_on_failure_and_script": null,
            "id": "MTQ2ODAxMXxTWU5USHxNT05JVE9SfGUwM2U0OTE1LWFhYjYtNGVlOS04MGYxLThmM2VjNDExOWI4Yg",
            "locations_private": null,
            "locations_public": [
              "US_EAST_1",
              "US_WEST_1"
            ],
            "monitor_id": "e03e4915-aab6-4ee9-80f1-8f3ec4119b8b",
            "name": "Web - agaralife.globalewallet.com",
            "period": "EVERY_10_MINUTES",
            "period_in_minutes": 10,
            "runtime_type": null,
            "runtime_type_version": null,
            "script_language": null,
            "status": "ENABLED",
            "tag": [],
            "treat_redirect_as_failure": null,
            "type": "SIMPLE",
            "uri": "https://agaralife.globalewallet.com/public/healthcheck.ashx",
            "use_unsupported_legacy_runtime": null,
            "validation_string": "",
            "verify_ssl": true
          },
          "sensitive_attributes": [],
          "identity_schema_version": 0,
          "private": "bnVsbA=="
        },
        {
          "index_key": "alovea.globalewallet.com",
          "schema_version": 0,
          "attributes": {
            "account_id": 1468011,
            "browsers": null,
            "bypass_head_request": true,
            "custom_header": [],
            "device_orientation": "",
            "device_type": "",
            "devices": null,
            "enable_screenshot_on_failure_and_script": null,
            "id": "MTQ2ODAxMXxTWU5USHxNT05JVE9SfDVkMmM1ODRkLWQyOTItNDQ2NS1iMDEzLTlmNzg5ODRkZWQwNg",
            "locations_private": null,
            "locations_public": [
              "US_EAST_1",
              "US_WEST_1"
            ],
            "monitor_id": "5d2c584d-d292-4465-b013-9f78984ded06",
            "name": "Web - alovea.globalewallet.com",
            "period": "EVERY_10_MINUTES",
            "period_in_minutes": 10,
            "runtime_type": null,
            "runtime_type_version": null,
            "script_language": null,
            "status": "ENABLED",
            "tag": [],
            "treat_redirect_as_failure": null,
            "type": "SIMPLE",
            "uri": "https://alovea.globalewallet.com/public/healthcheck.ashx",
            "use_unsupported_legacy_runtime": null,
            "validation_string": "",
            "verify_ssl": true
          },
          "sensitive_attributes": [],
          "identity_schema_version": 0,
          "private": "bnVsbA=="
        },
        {
          "index_key": "anovite.globalewallet.com",
          "schema_version": 0,
          "attributes": {
            "account_id": 1468011,
            "browsers": null,
            "bypass_head_request": true,
            "custom_header": [],
            "device_orientation": "",
            "device_type": "",
            "devices": null,
            "enable_screenshot_on_failure_and_script": null,
            "id": "MTQ2ODAxMXxTWU5USHxNT05JVE9SfGIzY2VhODk1LWY5MzEtNDFmMS04ZGU4LTk1YTdkMDlhODNjZg",
            "locations_private": null,
            "locations_public": [
              "US_EAST_1",
              "US_WEST_1"
            ],
            "monitor_id": "b3cea895-f931-41f1-8de8-95a7d09a83cf",
            "name": "Web - anovite.globalewallet.com",
            "period": "EVERY_10_MINUTES",
            "period_in_minutes": 10,
            "runtime_type": null,
            "runtime_type_version": null,
            "script_language": null,
            "status": "ENABLED",
            "tag": [],
            "treat_redirect_as_failure": null,
            "type": "SIMPLE",
            "uri": "https://anovite.globalewallet.com/public/healthcheck.ashx",
            "use_unsupported_legacy_runtime": null,
            "validation_string": "",
            "verify_ssl": true
          },
          "sensitive_attributes": [],
          "identity_schema_version": 0,
          "private": "bnVsbA=="
        },
        {
          "index_key": "ardysslife.globalewallet.com",
          "schema_version": 0,
          "attributes": {
            "account_id": 1468011,
            "browsers": null,
            "bypass_head_request": true,
            "custom_header": [],
            "device_orientation": "",
            "device_type": "",
            "devices": null,
            "enable_screenshot_on_failure_and_script": null,
            "id": "MTQ2ODAxMXxTWU5USHxNT05JVE9SfDFlYjcwM2JhLTM3YzctNDJmMy05MGQyLWIwNGI5ZDdiYmMxMg",
            "locations_private": null,
            "locations_public": [
              "US_EAST_1",
              "US_WEST_1"
            ],
            "monitor_id": "1eb703ba-37c7-42f3-90d2-b04b9d7bbc12",
            "name": "Web - ardysslife.globalewallet.com",
            "period": "EVERY_10_MINUTES",
            "period_in_minutes": 10,
            "runtime_type": null,
            "runtime_type_version": null,
            "script_language": null,
            "status": "ENABLED",
            "tag": [],
            "treat_redirect_as_failure": null,
            "type": "SIMPLE",
            "uri": "https://ardysslife.globalewallet.com/public/healthcheck.ashx",
            "use_unsupported_legacy_runtime": null,
            "validation_string": "",
            "verify_ssl": true
          },
          "sensitive_attributes": [],
          "identity_schema_version": 0,
          "private": "bnVsbA=="
        },
        {
          "index_key": "asea.globalewallet.com",
          "schema_version": 0,
          "attributes": {
            "account_id": 1468011,
            "browsers": null,
            "bypass_head_request": true,
            "custom_header": [],
            "device_orientation": "",
            "device_type": "",
            "devices": null,
            "enable_screenshot_on_failure_and_script": null,
            "id": "MTQ2ODAxMXxTWU5USHxNT05JVE9SfDdmOTFlNjI0LTQ2OGMtNDcwMi05M2VjLWJkNGNmMGM2OGEzZg",
            "locations_private": null,
            "locations_public": [
              "US_EAST_1",
              "US_WEST_1"
            ],
            "monitor_id": "7f91e624-468c-4702-93ec-bd4cf0c68a3f",
            "name": "Web - asea.globalewallet.com",
            "period": "EVERY_10_MINUTES",
            "period_in_minutes": 10,
            "runtime_type": null,
            "runtime_type_version": null,
            "script_language": null,
            "status": "ENABLED",
            "tag": [],
            "treat_redirect_as_failure": null,
            "type": "SIMPLE",
            "uri": "https://asea.globalewallet.com/public/healthcheck.ashx",
            "use_unsupported_legacy_runtime": null,
            "validation_string": "",
            "verify_ssl": true
          },
          "sensitive_attributes": [],
          "identity_schema_version": 0,
          "private": "bnVsbA=="
        },
        {
          "index_key": "asr.globalewallet.com",
          "schema_version": 0,
          "attributes": {
            "account_id": 1468011,
            "browsers": null,
            "bypass_head_request": true,
            "custom_header": [],
            "device_orientation": "",
            "device_type": "",
            "devices": null,
            "enable_screenshot_on_failure_and_script": null,
            "id": "MTQ2ODAxMXxTWU5USHxNT05JVE9SfDExMTRjMTZjLWI3YjMtNDYwZC1iNmRmLTM0ZDMzYTkwNTJiMw",
            "locations_private": null,
            "locations_public": [
              "US_EAST_1",
              "US_WEST_1"
            ],
            "monitor_id": "1114c16c-b7b3-460d-b6df-34d33a9052b3",
            "name": "Web - asr.globalewallet.com",
            "period": "EVERY_10_MINUTES",
            "period_in_minutes": 10,
            "runtime_type": null,
            "runtime_type_version": null,
            "script_language": null,
            "status": "ENABLED",
            "tag": [],
            "treat_redirect_as_failure": null,
            "type": "SIMPLE",
            "uri": "https://asr.globalewallet.com/public/healthcheck.ashx",
            "use_unsupported_legacy_runtime": null,
            "validation_string": "",
            "verify_ssl": true
          },
          "sensitive_attributes": [],
          "identity_schema_version": 0,
          "private": "bnVsbA=="
        },
        {
          "index_key": "au.plexus-pay.com",
          "schema_version": 0,
          "attributes": {
            "account_id": 1468011,
            "browsers": null,
            "bypass_head_request": true,
            "custom_header": [],
            "device_orientation": "",
            "device_type": "",
            "devices": null,
            "enable_screenshot_on_failure_and_script": null,
            "id": "MTQ2ODAxMXxTWU5USHxNT05JVE9SfDZjMjgxZjQzLTc0NDctNGQ5ZS04YjQ2LWM2MTZlODg3YzZkMw",
            "locations_private": null,
            "locations_public": [
              "US_EAST_1",
              "US_WEST_1"
            ],
            "monitor_id": "6c281f43-7447-4d9e-8b46-c616e887c6d3",
            "name": "Web - au.plexus-pay.com",
            "period": "EVERY_10_MINUTES",
            "period_in_minutes": 10,
            "runtime_type": null,
            "runtime_type_version": null,
            "script_language": null,
            "status": "ENABLED",
            "tag": [],
            "treat_redirect_as_failure": null,
            "type": "SIMPLE",
            "uri": "https://au.plexus-pay.com/public/healthcheck.ashx",
            "use_unsupported_legacy_runtime": null,
            "validation_string": "",
            "verify_ssl": true
          },
          "sensitive_attributes": [],
          "identity_schema_version": 0,
          "private": "bnVsbA=="
        },
        {
          "index_key": "avini.globalewallet.com",
          "schema_version": 0,
          "attributes": {
            "account_id": 1468011,
            "browsers": null,
            "bypass_head_request": true,
            "custom_header": [],
            "device_orientation": "",
            "device_type": "",
            "devices": null,
            "enable_screenshot_on_failure_and_script": null,
            "id": "MTQ2ODAxMXxTWU5USHxNT05JVE9SfDU3OTBmMWUzLTk4ZGUtNDJhZS1hOTBiLWE0OTc1OWFlNTkzNw",
            "locations_private": null,
            "locations_public": [
              "US_EAST_1",
              "US_WEST_1"
            ],
            "monitor_id": "5790f1e3-98de-42ae-a90b-a49759ae5937",
            "name": "Web - avini.globalewallet.com",
            "period": "EVERY_10_MINUTES",
            "period_in_minutes": 10,
            "runtime_type": null,
            "runtime_type_version": null,
            "script_language": null,
            "status": "ENABLED",
            "tag": [],
            "treat_redirect_as_failure": null,
            "type": "SIMPLE",
            "uri": "https://avini.globalewallet.com/public/healthcheck.ashx",
            "use_unsupported_legacy_runtime": null,
            "validation_string": "",
            "verify_ssl": true
          },
          "sensitive_attributes": [],
          "identity_schema_version": 0,
          "private": "bnVsbA=="
        },
        {
          "index_key": "beneve.globalewallet.com",
          "schema_version": 0,
          "attributes": {
            "account_id": 1468011,
            "browsers": null,
            "bypass_head_request": true,
            "custom_header": [],
            "device_orientation": "",
            "device_type": "",
            "devices": null,
            "enable_screenshot_on_failure_and_script": null,
            "id": "MTQ2ODAxMXxTWU5USHxNT05JVE9SfGUzNjQyNDAzLWE5OTktNGEyMy1hMDRjLTU5MjdjNzM0NmEwNw",
            "locations_private": null,
            "locations_public": [
              "US_EAST_1",
              "US_WEST_1"
            ],
            "monitor_id": "e3642403-a999-4a23-a04c-5927c7346a07",
            "name": "Web - beneve.globalewallet.com",
            "period": "EVERY_10_MINUTES",
            "period_in_minutes": 10,
            "runtime_type": null,
            "runtime_type_version": null,
            "script_language": null,
            "status": "ENABLED",
            "tag": [],
            "treat_redirect_as_failure": null,
            "type": "SIMPLE",
            "uri": "https://beneve.globalewallet.com/public/healthcheck.ashx",
            "use_unsupported_legacy_runtime": null,
            "validation_string": "",
            "verify_ssl": true
          },
          "sensitive_attributes": [],
          "identity_schema_version": 0,
          "private": "bnVsbA=="
        },
        {
          "index_key": "bepic.globalewallet.com",
          "schema_version": 0,
          "attributes": {
            "account_id": 1468011,
            "browsers": null,
            "bypass_head_request": true,
            "custom_header": [],
            "device_orientation": "",
            "device_type": "",
            "devices": null,
            "enable_screenshot_on_failure_and_script": null,
            "id": "MTQ2ODAxMXxTWU5USHxNT05JVE9SfDA1ZTViMmRhLTJlYjAtNDNmYS1hMWU5LWNjMWUwNDViZTA3Nw",
            "locations_private": null,
            "locations_public": [
              "US_EAST_1",
              "US_WEST_1"
            ],
            "monitor_id": "05e5b2da-2eb0-43fa-a1e9-cc1e045be077",
            "name": "Web - bepic.globalewallet.com",
            "period": "EVERY_10_MINUTES",
            "period_in_minutes": 10,
            "runtime_type": null,
            "runtime_type_version": null,
            "script_language": null,
            "status": "ENABLED",
            "tag": [],
            "treat_redirect_as_failure": null,
            "type": "SIMPLE",
            "uri": "https://bepic.globalewallet.com/public/healthcheck.ashx",
            "use_unsupported_legacy_runtime": null,
            "validation_string": "",
            "verify_ssl": true
          },
          "sensitive_attributes": [],
          "identity_schema_version": 0,
          "private": "bnVsbA=="
        },
        {
          "index_key": "bravenly.globalewallet.com",
          "schema_version": 0,
          "attributes": {
            "account_id": 1468011,
            "browsers": null,
            "bypass_head_request": true,
            "custom_header": [],
            "device_orientation": "",
            "device_type": "",
            "devices": null,
            "enable_screenshot_on_failure_and_script": null,
            "id": "MTQ2ODAxMXxTWU5USHxNT05JVE9SfDdkMDA1NDUwLTE5YzUtNDc1Yy05NDU5LWQwN2MxNTUxOWE5Zg",
            "locations_private": null,
            "locations_public": [
              "US_EAST_1",
              "US_WEST_1"
            ],
            "monitor_id": "7d005450-19c5-475c-9459-d07c15519a9f",
            "name": "Web - bravenly.globalewallet.com",
            "period": "EVERY_10_MINUTES",
            "period_in_minutes": 10,
            "runtime_type": null,
            "runtime_type_version": null,
            "script_language": null,
            "status": "ENABLED",
            "tag": [],
            "treat_redirect_as_failure": null,
            "type": "SIMPLE",
            "uri": "https://bravenly.globalewallet.com/public/healthcheck.ashx",
            "use_unsupported_legacy_runtime": null,
            "validation_string": "",
            "verify_ssl": true
          },
          "sensitive_attributes": [],
          "identity_schema_version": 0,
          "private": "bnVsbA=="
        },
        {
          "index_key": "bravenlycanada.globalewallet.com",
          "schema_version": 0,
          "attributes": {
            "account_id": 1468011,
            "browsers": null,
            "bypass_head_request": true,
            "custom_header": [],
            "device_orientation": "",
            "device_type": "",
            "devices": null,
            "enable_screenshot_on_failure_and_script": null,
            "id": "MTQ2ODAxMXxTWU5USHxNT05JVE9SfGVlZDg2NzE5LTkzNGQtNGQ3MS1hZDYyLTQ4MTUxZDBlMTliZg",
            "locations_private": null,
            "locations_public": [
              "US_EAST_1",
              "US_WEST_1"
            ],
            "monitor_id": "eed86719-934d-4d71-ad62-48151d0e19bf",
            "name": "Web - bravenlycanada.globalewallet.com",
            "period": "EVERY_10_MINUTES",
            "period_in_minutes": 10,
            "runtime_type": null,
            "runtime_type_version": null,
            "script_language": null,
            "status": "ENABLED",
            "tag": [],
            "treat_redirect_as_failure": null,
            "type": "SIMPLE",
            "uri": "https://bravenlycanada.globalewallet.com/public/healthcheck.ashx",
            "use_unsupported_legacy_runtime": null,
            "validation_string": "",
            "verify_ssl": true
          },
          "sensitive_attributes": [],
          "identity_schema_version": 0,
          "private": "bnVsbA=="
        },
        {
          "index_key": "builderall.globalewallet.com",
          "schema_version": 0,
          "attributes": {
            "account_id": 1468011,
            "browsers": null,
            "bypass_head_request": true,
            "custom_header": [],
            "device_orientation": "",
            "device_type": "",
            "devices": null,
            "enable_screenshot_on_failure_and_script": null,
            "id": "MTQ2ODAxMXxTWU5USHxNT05JVE9SfDMzMGJjZTc0LWRkMzItNDRmNC1iZjEzLWVmYzhlMTkyNmUyOA",
            "locations_private": null,
            "locations_public": [
              "US_EAST_1",
              "US_WEST_1"
            ],
            "monitor_id": "330bce74-dd32-44f4-bf13-efc8e1926e28",
            "name": "Web - builderall.globalewallet.com",
            "period": "EVERY_10_MINUTES",
            "period_in_minutes": 10,
            "runtime_type": null,
            "runtime_type_version": null,
            "script_language": null,
            "status": "ENABLED",
            "tag": [],
            "treat_redirect_as_failure": null,
            "type": "SIMPLE",
            "uri": "https://builderall.globalewallet.com/public/healthcheck.ashx",
            "use_unsupported_legacy_runtime": null,
            "validation_string": "",
            "verify_ssl": true
          },
          "sensitive_attributes": [],
          "identity_schema_version": 0,
          "private": "bnVsbA=="
        },
        {
          "index_key": "bwusa.globalewallet.com",
          "schema_version": 0,
          "attributes": {
            "account_id": 1468011,
            "browsers": null,
            "bypass_head_request": true,
            "custom_header": [],
            "device_orientation": "",
            "device_type": "",
            "devices": null,
            "enable_screenshot_on_failure_and_script": null,
            "id": "MTQ2ODAxMXxTWU5USHxNT05JVE9SfDZlYmZmMDk1LTU0ZjctNDJjNi05M2Q5LTBlZTcwMDJhYmU4Nw",
            "locations_private": null,
            "locations_public": [
              "US_EAST_1",
              "US_WEST_1"
            ],
            "monitor_id": "6ebff095-54f7-42c6-93d9-0ee7002abe87",
            "name": "Web - bwusa.globalewallet.com",
            "period": "EVERY_10_MINUTES",
            "period_in_minutes": 10,
            "runtime_type": null,
            "runtime_type_version": null,
            "script_language": null,
            "status": "ENABLED",
            "tag": [],
            "treat_redirect_as_failure": null,
            "type": "SIMPLE",
            "uri": "https://bwusa.globalewallet.com/public/healthcheck.ashx",
            "use_unsupported_legacy_runtime": null,
            "validation_string": "",
            "verify_ssl": true
          },
          "sensitive_attributes": [],
          "identity_schema_version": 0,
          "private": "bnVsbA=="
        },
        {
          "index_key": "bydzyne.globalewallet.com",
          "schema_version": 0,
          "attributes": {
            "account_id": 1468011,
            "browsers": null,
            "bypass_head_request": true,
            "custom_header": [],
            "device_orientation": "",
            "device_type": "",
            "devices": null,
            "enable_screenshot_on_failure_and_script": null,
            "id": "MTQ2ODAxMXxTWU5USHxNT05JVE9SfGQ1MjUxODk4LWY5NGQtNDA4NS04ODJkLTgyMDRiNjQ4NGZkMg",
            "locations_private": null,
            "locations_public": [
              "US_EAST_1",
              "US_WEST_1"
            ],
            "monitor_id": "d5251898-f94d-4085-882d-8204b6484fd2",
            "name": "Web - bydzyne.globalewallet.com",
            "period": "EVERY_10_MINUTES",
            "period_in_minutes": 10,
            "runtime_type": null,
            "runtime_type_version": null,
            "script_language": null,
            "status": "ENABLED",
            "tag": [],
            "treat_redirect_as_failure": null,
            "type": "SIMPLE",
            "uri": "https://bydzyne.globalewallet.com/public/healthcheck.ashx",
            "use_unsupported_legacy_runtime": null,
            "validation_string": "",
            "verify_ssl": true
          },
          "sensitive_attributes": [],
          "identity_schema_version": 0,
          "private": "bnVsbA=="
        },
        {
          "index_key": "ca.plexus-pay.com",
          "schema_version": 0,
          "attributes": {
            "account_id": 1468011,
            "browsers": null,
            "bypass_head_request": true,
            "custom_header": [],
            "device_orientation": "",
            "device_type": "",
            "devices": null,
            "enable_screenshot_on_failure_and_script": null,
            "id": "MTQ2ODAxMXxTWU5USHxNT05JVE9SfDM3MDIxNDdmLWEyZTEtNDhhNy04OWRjLTE4MTc4ZTJlYjhkYQ",
            "locations_private": null,
            "locations_public": [
              "US_EAST_1",
              "US_WEST_1"
            ],
            "monitor_id": "3702147f-a2e1-48a7-89dc-18178e2eb8da",
            "name": "Web - ca.plexus-pay.com",
            "period": "EVERY_10_MINUTES",
            "period_in_minutes": 10,
            "runtime_type": null,
            "runtime_type_version": null,
            "script_language": null,
            "status": "ENABLED",
            "tag": [],
            "treat_redirect_as_failure": null,
            "type": "SIMPLE",
            "uri": "https://ca.plexus-pay.com/public/healthcheck.ashx",
            "use_unsupported_legacy_runtime": null,
            "validation_string": "",
            "verify_ssl": true
          },
          "sensitive_attributes": [],
          "identity_schema_version": 0,
          "private": "bnVsbA=="
        },
        {
          "index_key": "cardschat.globalewallet.com",
          "schema_version": 0,
          "attributes": {
            "account_id": 1468011,
            "browsers": null,
            "bypass_head_request": true,
            "custom_header": [],
            "device_orientation": "",
            "device_type": "",
            "devices": null,
            "enable_screenshot_on_failure_and_script": null,
            "id": "MTQ2ODAxMXxTWU5USHxNT05JVE9SfDhkZjZjMGVmLTk0ZmItNGUwNS04NmNmLWUzOTRlMGY5ZmM0MA",
            "locations_private": null,
            "locations_public": [
              "US_EAST_1",
              "US_WEST_1"
            ],
            "monitor_id": "8df6c0ef-94fb-4e05-86cf-e394e0f9fc40",
            "name": "Web - cardschat.globalewallet.com",
            "period": "EVERY_10_MINUTES",
            "period_in_minutes": 10,
            "runtime_type": null,
            "runtime_type_version": null,
            "script_language": null,
            "status": "ENABLED",
            "tag": [],
            "treat_redirect_as_failure": null,
            "type": "SIMPLE",
            "uri": "https://cardschat.globalewallet.com/public/healthcheck.ashx",
            "use_unsupported_legacy_runtime": null,
            "validation_string": "",
            "verify_ssl": true
          },
          "sensitive_attributes": [],
          "identity_schema_version": 0,
          "private": "bnVsbA=="
        },
        {
          "index_key": "clickworker.globalewallet.com",
          "schema_version": 0,
          "attributes": {
            "account_id": 1468011,
            "browsers": null,
            "bypass_head_request": true,
            "custom_header": [],
            "device_orientation": "",
            "device_type": "",
            "devices": null,
            "enable_screenshot_on_failure_and_script": null,
            "id": "MTQ2ODAxMXxTWU5USHxNT05JVE9SfGJjOTg2MTk0LTZkYTAtNDc4NC1iYjMwLTcyNDQwMjA5ODM5Yw",
            "locations_private": null,
            "locations_public": [
              "US_EAST_1",
              "US_WEST_1"
            ],
            "monitor_id": "bc986194-6da0-4784-bb30-72440209839c",
            "name": "Web - clickworker.globalewallet.com",
            "period": "EVERY_10_MINUTES",
            "period_in_minutes": 10,
            "runtime_type": null,
            "runtime_type_version": null,
            "script_language": null,
            "status": "ENABLED",
            "tag": [],
            "treat_redirect_as_failure": null,
            "type": "SIMPLE",
            "uri": "https://clickworker.globalewallet.com/public/healthcheck.ashx",
            "use_unsupported_legacy_runtime": null,
            "validation_string": "",
            "verify_ssl": true
          },
          "sensitive_attributes": [],
          "identity_schema_version": 0,
          "private": "bnVsbA=="
        },
        {
          "index_key": "clickworkereu.globalewallet.com",
          "schema_version": 0,
          "attributes": {
            "account_id": 1468011,
            "browsers": null,
            "bypass_head_request": true,
            "custom_header": [],
            "device_orientation": "",
            "device_type": "",
            "devices": null,
            "enable_screenshot_on_failure_and_script": null,
            "id": "MTQ2ODAxMXxTWU5USHxNT05JVE9SfGI0NjE5NGNhLTg4YTYtNGFjOC1iMTZlLTk1NGVhZDc1Zjc0Ng",
            "locations_private": null,
            "locations_public": [
              "US_EAST_1",
              "US_WEST_1"
            ],
            "monitor_id": "b46194ca-88a6-4ac8-b16e-954ead75f746",
            "name": "Web - clickworkereu.globalewallet.com",
            "period": "EVERY_10_MINUTES",
            "period_in_minutes": 10,
            "runtime_type": null,
            "runtime_type_version": null,
            "script_language": null,
            "status": "ENABLED",
            "tag": [],
            "treat_redirect_as_failure": null,
            "type": "SIMPLE",
            "uri": "https://clickworkereu.globalewallet.com/public/healthcheck.ashx",
            "use_unsupported_legacy_runtime": null,
            "validation_string": "",
            "verify_ssl": true
          },
          "sensitive_attributes": [],
          "identity_schema_version": 0,
          "private": "bnVsbA=="
        },
        {
          "index_key": "corg.globalewallet.com",
          "schema_version": 0,
          "attributes": {
            "account_id": 1468011,
            "browsers": null,
            "bypass_head_request": true,
            "custom_header": [],
            "device_orientation": "",
            "device_type": "",
            "devices": null,
            "enable_screenshot_on_failure_and_script": null,
            "id": "MTQ2ODAxMXxTWU5USHxNT05JVE9SfDM3ZTI3YTRiLWIyN2ItNDEzYS05ZmQzLTg2OGY0YzcyM2VkNQ",
            "locations_private": null,
            "locations_public": [
              "US_EAST_1",
              "US_WEST_1"
            ],
            "monitor_id": "37e27a4b-b27b-413a-9fd3-868f4c723ed5",
            "name": "Web - corg.globalewallet.com",
            "period": "EVERY_10_MINUTES",
            "period_in_minutes": 10,
            "runtime_type": null,
            "runtime_type_version": null,
            "script_language": null,
            "status": "ENABLED",
            "tag": [],
            "treat_redirect_as_failure": null,
            "type": "SIMPLE",
            "uri": "https://corg.globalewallet.com/public/healthcheck.ashx",
            "use_unsupported_legacy_runtime": null,
            "validation_string": "",
            "verify_ssl": true
          },
          "sensitive_attributes": [],
          "identity_schema_version": 0,
          "private": "bnVsbA=="
        },
        {
          "index_key": "covers.globalewallet.com",
          "schema_version": 0,
          "attributes": {
            "account_id": 1468011,
            "browsers": null,
            "bypass_head_request": true,
            "custom_header": [],
            "device_orientation": "",
            "device_type": "",
            "devices": null,
            "enable_screenshot_on_failure_and_script": null,
            "id": "MTQ2ODAxMXxTWU5USHxNT05JVE9SfDhhMGY1NGM2LTUxZmItNDgyZi05ZWY3LTY4YjlmYjUxZWRkYw",
            "locations_private": null,
            "locations_public": [
              "US_EAST_1",
              "US_WEST_1"
            ],
            "monitor_id": "8a0f54c6-51fb-482f-9ef7-68b9fb51eddc",
            "name": "Web - covers.globalewallet.com",
            "period": "EVERY_10_MINUTES",
            "period_in_minutes": 10,
            "runtime_type": null,
            "runtime_type_version": null,
            "script_language": null,
            "status": "ENABLED",
            "tag": [],
            "treat_redirect_as_failure": null,
            "type": "SIMPLE",
            "uri": "https://covers.globalewallet.com/public/healthcheck.ashx",
            "use_unsupported_legacy_runtime": null,
            "validation_string": "",
            "verify_ssl": true
          },
          "sensitive_attributes": [],
          "identity_schema_version": 0,
          "private": "bnVsbA=="
        },
        {
          "index_key": "cp.globalewallet.com",
          "schema_version": 0,
          "attributes": {
            "account_id": 1468011,
            "browsers": null,
            "bypass_head_request": true,
            "custom_header": [],
            "device_orientation": "",
            "device_type": "",
            "devices": null,
            "enable_screenshot_on_failure_and_script": null,
            "id": "MTQ2ODAxMXxTWU5USHxNT05JVE9SfDJkNjYxZWNjLTg2MTktNDkyNi05MGQxLTIzNzAzMWM5ZWQwYg",
            "locations_private": null,
            "locations_public": [
              "US_EAST_1",
              "US_WEST_1"
            ],
            "monitor_id": "2d661ecc-8619-4926-90d1-237031c9ed0b",
            "name": "Web - cp.globalewallet.com",
            "period": "EVERY_10_MINUTES",
            "period_in_minutes": 10,
            "runtime_type": null,
            "runtime_type_version": null,
            "script_language": null,
            "status": "ENABLED",
            "tag": [],
            "treat_redirect_as_failure": null,
            "type": "SIMPLE",
            "uri": "https://cp.globalewallet.com/public/healthcheck.ashx",
            "use_unsupported_legacy_runtime": null,
            "validation_string": "",
            "verify_ssl": true
          },
          "sensitive_attributes": [],
          "identity_schema_version": 0,
          "private": "bnVsbA=="
        },
        {
          "index_key": "curated.globalewallet.com",
          "schema_version": 0,
          "attributes": {
            "account_id": 1468011,
            "browsers": null,
            "bypass_head_request": true,
            "custom_header": [],
            "device_orientation": "",
            "device_type": "",
            "devices": null,
            "enable_screenshot_on_failure_and_script": null,
            "id": "MTQ2ODAxMXxTWU5USHxNT05JVE9SfDBlMWZlOTVkLWNhZWUtNGQ3NS1hOWI4LTQ4MWZiOWU4NWM1NA",
            "locations_private": null,
            "locations_public": [
              "US_EAST_1",
              "US_WEST_1"
            ],
            "monitor_id": "0e1fe95d-caee-4d75-a9b8-481fb9e85c54",
            "name": "Web - curated.globalewallet.com",
            "period": "EVERY_10_MINUTES",
            "period_in_minutes": 10,
            "runtime_type": null,
            "runtime_type_version": null,
            "script_language": null,
            "status": "ENABLED",
            "tag": [],
            "treat_redirect_as_failure": null,
            "type": "SIMPLE",
            "uri": "https://curated.globalewallet.com/public/healthcheck.ashx",
            "use_unsupported_legacy_runtime": null,
            "validation_string": "",
            "verify_ssl": true
          },
          "sensitive_attributes": [],
          "identity_schema_version": 0,
          "private": "bnVsbA=="
        },
        {
          "index_key": "dfs.globalewallet.com",
          "schema_version": 0,
          "attributes": {
            "account_id": 1468011,
            "browsers": null,
            "bypass_head_request": true,
            "custom_header": [],
            "device_orientation": "",
            "device_type": "",
            "devices": null,
            "enable_screenshot_on_failure_and_script": null,
            "id": "MTQ2ODAxMXxTWU5USHxNT05JVE9SfGEzYzA1YmQxLTUzYjYtNDQ1MS1hN2Y0LWI2YmQ1MDA5MGZkMQ",
            "locations_private": null,
            "locations_public": [
              "US_EAST_1",
              "US_WEST_1"
            ],
            "monitor_id": "a3c05bd1-53b6-4451-a7f4-b6bd50090fd1",
            "name": "Web - dfs.globalewallet.com",
            "period": "EVERY_10_MINUTES",
            "period_in_minutes": 10,
            "runtime_type": null,
            "runtime_type_version": null,
            "script_language": null,
            "status": "ENABLED",
            "tag": [],
            "treat_redirect_as_failure": null,
            "type": "SIMPLE",
            "uri": "https://dfs.globalewallet.com/public/healthcheck.ashx",
            "use_unsupported_legacy_runtime": null,
            "validation_string": "",
            "verify_ssl": true
          },
          "sensitive_attributes": [],
          "identity_schema_version": 0,
          "private": "bnVsbA=="
        },
        {
          "index_key": "engageglobal.globalewallet.com",
          "schema_version": 0,
          "attributes": {
            "account_id": 1468011,
            "browsers": null,
            "bypass_head_request": true,
            "custom_header": [],
            "device_orientation": "",
            "device_type": "",
            "devices": null,
            "enable_screenshot_on_failure_and_script": null,
            "id": "MTQ2ODAxMXxTWU5USHxNT05JVE9SfDFlMDViODZlLTFhMDMtNDhiYi1iMDJlLTdhNjk1YmE5YWYzZQ",
            "locations_private": null,
            "locations_public": [
              "US_EAST_1",
              "US_WEST_1"
            ],
            "monitor_id": "1e05b86e-1a03-48bb-b02e-7a695ba9af3e",
            "name": "Web - engageglobal.globalewallet.com",
            "period": "EVERY_10_MINUTES",
            "period_in_minutes": 10,
            "runtime_type": null,
            "runtime_type_version": null,
            "script_language": null,
            "status": "ENABLED",
            "tag": [],
            "treat_redirect_as_failure": null,
            "type": "SIMPLE",
            "uri": "https://engageglobal.globalewallet.com/public/healthcheck.ashx",
            "use_unsupported_legacy_runtime": null,
            "validation_string": "",
            "verify_ssl": true
          },
          "sensitive_attributes": [],
          "identity_schema_version": 0,
          "private": "bnVsbA=="
        },
        {
          "index_key": "entre.globalewallet.com",
          "schema_version": 0,
          "attributes": {
            "account_id": 1468011,
            "browsers": null,
            "bypass_head_request": true,
            "custom_header": [],
            "device_orientation": "",
            "device_type": "",
            "devices": null,
            "enable_screenshot_on_failure_and_script": null,
            "id": "MTQ2ODAxMXxTWU5USHxNT05JVE9SfDVmM2U5YjVkLWJhMmEtNDNiMS05NjU0LWM1YTliNzBmZDE4ZA",
            "locations_private": null,
            "locations_public": [
              "US_EAST_1",
              "US_WEST_1"
            ],
            "monitor_id": "5f3e9b5d-ba2a-43b1-9654-c5a9b70fd18d",
            "name": "Web - entre.globalewallet.com",
            "period": "EVERY_10_MINUTES",
            "period_in_minutes": 10,
            "runtime_type": null,
            "runtime_type_version": null,
            "script_language": null,
            "status": "ENABLED",
            "tag": [],
            "treat_redirect_as_failure": null,
            "type": "SIMPLE",
            "uri": "https://entre.globalewallet.com/public/healthcheck.ashx",
            "use_unsupported_legacy_runtime": null,
            "validation_string": "",
            "verify_ssl": true
          },
          "sensitive_attributes": [],
          "identity_schema_version": 0,
          "private": "bnVsbA=="
        },
        {
          "index_key": "firstfitness.globalewallet.com",
          "schema_version": 0,
          "attributes": {
            "account_id": 1468011,
            "browsers": null,
            "bypass_head_request": true,
            "custom_header": [],
            "device_orientation": "",
            "device_type": "",
            "devices": null,
            "enable_screenshot_on_failure_and_script": null,
            "id": "MTQ2ODAxMXxTWU5USHxNT05JVE9SfDFhYmNiNmUxLTI1YjEtNDJiNy1iNzZjLWQ3MTgyNTE4MDE3NA",
            "locations_private": null,
            "locations_public": [
              "US_EAST_1",
              "US_WEST_1"
            ],
            "monitor_id": "1abcb6e1-25b1-42b7-b76c-d71825180174",
            "name": "Web - firstfitness.globalewallet.com",
            "period": "EVERY_10_MINUTES",
            "period_in_minutes": 10,
            "runtime_type": null,
            "runtime_type_version": null,
            "script_language": null,
            "status": "ENABLED",
            "tag": [],
            "treat_redirect_as_failure": null,
            "type": "SIMPLE",
            "uri": "https://firstfitness.globalewallet.com/public/healthcheck.ashx",
            "use_unsupported_legacy_runtime": null,
            "validation_string": "",
            "verify_ssl": true
          },
          "sensitive_attributes": [],
          "identity_schema_version": 0,
          "private": "bnVsbA=="
        },
        {
          "index_key": "fjh.globalewallet.com",
          "schema_version": 0,
          "attributes": {
            "account_id": 1468011,
            "browsers": null,
            "bypass_head_request": true,
            "custom_header": [],
            "device_orientation": "",
            "device_type": "",
            "devices": null,
            "enable_screenshot_on_failure_and_script": null,
            "id": "MTQ2ODAxMXxTWU5USHxNT05JVE9SfGE4NmYzMGE3LThkMTgtNDg2MS1iZWYyLTZiOGU4MjI5N2M1ZQ",
            "locations_private": null,
            "locations_public": [
              "US_EAST_1",
              "US_WEST_1"
            ],
            "monitor_id": "a86f30a7-8d18-4861-bef2-6b8e82297c5e",
            "name": "Web - fjh.globalewallet.com",
            "period": "EVERY_10_MINUTES",
            "period_in_minutes": 10,
            "runtime_type": null,
            "runtime_type_version": null,
            "script_language": null,
            "status": "ENABLED",
            "tag": [],
            "treat_redirect_as_failure": null,
            "type": "SIMPLE",
            "uri": "https://fjh.globalewallet.com/public/healthcheck.ashx",
            "use_unsupported_legacy_runtime": null,
            "validation_string": "",
            "verify_ssl": true
          },
          "sensitive_attributes": [],
          "identity_schema_version": 0,
          "private": "bnVsbA=="
        },
        {
          "index_key": "frequense.globalewallet.com",
          "schema_version": 0,
          "attributes": {
            "account_id": 1468011,
            "browsers": null,
            "bypass_head_request": true,
            "custom_header": [],
            "device_orientation": "",
            "device_type": "",
            "devices": null,
            "enable_screenshot_on_failure_and_script": null,
            "id": "MTQ2ODAxMXxTWU5USHxNT05JVE9SfDA5NWYxMmI4LTFlNzEtNGVlNi05NjEyLTI2ZWQ1MDhhZDkzYg",
            "locations_private": null,
            "locations_public": [
              "US_EAST_1",
              "US_WEST_1"
            ],
            "monitor_id": "095f12b8-1e71-4ee6-9612-26ed508ad93b",
            "name": "Web - frequense.globalewallet.com",
            "period": "EVERY_10_MINUTES",
            "period_in_minutes": 10,
            "runtime_type": null,
            "runtime_type_version": null,
            "script_language": null,
            "status": "ENABLED",
            "tag": [],
            "treat_redirect_as_failure": null,
            "type": "SIMPLE",
            "uri": "https://frequense.globalewallet.com/public/healthcheck.ashx",
            "use_unsupported_legacy_runtime": null,
            "validation_string": "",
            "verify_ssl": true
          },
          "sensitive_attributes": [],
          "identity_schema_version": 0,
          "private": "bnVsbA=="
        },
        {
          "index_key": "gelmoment.globalewallet.com",
          "schema_version": 0,
          "attributes": {
            "account_id": 1468011,
            "browsers": null,
            "bypass_head_request": true,
            "custom_header": [],
            "device_orientation": "",
            "device_type": "",
            "devices": null,
            "enable_screenshot_on_failure_and_script": null,
            "id": "MTQ2ODAxMXxTWU5USHxNT05JVE9SfDg1ODM0M2VjLThmMjMtNDI0Ny04NmM0LWQ1MzIzYWI3OTNjNg",
            "locations_private": null,
            "locations_public": [
              "US_EAST_1",
              "US_WEST_1"
            ],
            "monitor_id": "858343ec-8f23-4247-86c4-d5323ab793c6",
            "name": "Web - gelmoment.globalewallet.com",
            "period": "EVERY_10_MINUTES",
            "period_in_minutes": 10,
            "runtime_type": null,
            "runtime_type_version": null,
            "script_language": null,
            "status": "ENABLED",
            "tag": [],
            "treat_redirect_as_failure": null,
            "type": "SIMPLE",
            "uri": "https://gelmoment.globalewallet.com/public/healthcheck.ashx",
            "use_unsupported_legacy_runtime": null,
            "validation_string": "",
            "verify_ssl": true
          },
          "sensitive_attributes": [],
          "identity_schema_version": 0,
          "private": "bnVsbA=="
        },
        {
          "index_key": "globallee.globalewallet.com",
          "schema_version": 0,
          "attributes": {
            "account_id": 1468011,
            "browsers": null,
            "bypass_head_request": true,
            "custom_header": [],
            "device_orientation": "",
            "device_type": "",
            "devices": null,
            "enable_screenshot_on_failure_and_script": null,
            "id": "MTQ2ODAxMXxTWU5USHxNT05JVE9SfGQ4NjhmYTc5LTQxNjEtNDEwZi05OTZmLWFhMTE0N2FhYzVkNw",
            "locations_private": null,
            "locations_public": [
              "US_EAST_1",
              "US_WEST_1"
            ],
            "monitor_id": "d868fa79-4161-410f-996f-aa1147aac5d7",
            "name": "Web - globallee.globalewallet.com",
            "period": "EVERY_10_MINUTES",
            "period_in_minutes": 10,
            "runtime_type": null,
            "runtime_type_version": null,
            "script_language": null,
            "status": "ENABLED",
            "tag": [],
            "treat_redirect_as_failure": null,
            "type": "SIMPLE",
            "uri": "https://globallee.globalewallet.com/public/healthcheck.ashx",
            "use_unsupported_legacy_runtime": null,
            "validation_string": "",
            "verify_ssl": true
          },
          "sensitive_attributes": [],
          "identity_schema_version": 0,
          "private": "bnVsbA=="
        },
        {
          "index_key": "hba.globalewallet.com",
          "schema_version": 0,
          "attributes": {
            "account_id": 1468011,
            "browsers": null,
            "bypass_head_request": true,
            "custom_header": [],
            "device_orientation": "",
            "device_type": "",
            "devices": null,
            "enable_screenshot_on_failure_and_script": null,
            "id": "MTQ2ODAxMXxTWU5USHxNT05JVE9SfDNiMjA2Y2IxLTcwOGYtNDdkOC1iYTk4LWUyYjhmNjQ1OWFiYw",
            "locations_private": null,
            "locations_public": [
              "US_EAST_1",
              "US_WEST_1"
            ],
            "monitor_id": "3b206cb1-708f-47d8-ba98-e2b8f6459abc",
            "name": "Web - hba.globalewallet.com",
            "period": "EVERY_10_MINUTES",
            "period_in_minutes": 10,
            "runtime_type": null,
            "runtime_type_version": null,
            "script_language": null,
            "status": "ENABLED",
            "tag": [],
            "treat_redirect_as_failure": null,
            "type": "SIMPLE",
            "uri": "https://hba.globalewallet.com/public/healthcheck.ashx",
            "use_unsupported_legacy_runtime": null,
            "validation_string": "",
            "verify_ssl": true
          },
          "sensitive_attributes": [],
          "identity_schema_version": 0,
          "private": "bnVsbA=="
        },
        {
          "index_key": "healthyhome.globalewallet.com",
          "schema_version": 0,
          "attributes": {
            "account_id": 1468011,
            "browsers": null,
            "bypass_head_request": true,
            "custom_header": [],
            "device_orientation": "",
            "device_type": "",
            "devices": null,
            "enable_screenshot_on_failure_and_script": null,
            "id": "MTQ2ODAxMXxTWU5USHxNT05JVE9SfDI2YTk1ZmM3LTMzNDAtNGYyNi1hNjMxLThhMGZhOGZjMTdiMA",
            "locations_private": null,
            "locations_public": [
              "US_EAST_1",
              "US_WEST_1"
            ],
            "monitor_id": "26a95fc7-3340-4f26-a631-8a0fa8fc17b0",
            "name": "Web - healthyhome.globalewallet.com",
            "period": "EVERY_10_MINUTES",
            "period_in_minutes": 10,
            "runtime_type": null,
            "runtime_type_version": null,
            "script_language": null,
            "status": "ENABLED",
            "tag": [],
            "treat_redirect_as_failure": null,
            "type": "SIMPLE",
            "uri": "https://healthyhome.globalewallet.com/public/healthcheck.ashx",
            "use_unsupported_legacy_runtime": null,
            "validation_string": "",
            "verify_ssl": true
          },
          "sensitive_attributes": [],
          "identity_schema_version": 0,
          "private": "bnVsbA=="
        },
        {
          "index_key": "healy.globalewallet.com",
          "schema_version": 0,
          "attributes": {
            "account_id": 1468011,
            "browsers": null,
            "bypass_head_request": true,
            "custom_header": [],
            "device_orientation": "",
            "device_type": "",
            "devices": null,
            "enable_screenshot_on_failure_and_script": null,
            "id": "MTQ2ODAxMXxTWU5USHxNT05JVE9SfGIwMjQ4YWZlLWU3ZDMtNGEzZS04ZmFlLWQ3M2M0NzhmY2M0MQ",
            "locations_private": null,
            "locations_public": [
              "US_EAST_1",
              "US_WEST_1"
            ],
            "monitor_id": "b0248afe-e7d3-4a3e-8fae-d73c478fcc41",
            "name": "Web - healy.globalewallet.com",
            "period": "EVERY_10_MINUTES",
            "period_in_minutes": 10,
            "runtime_type": null,
            "runtime_type_version": null,
            "script_language": null,
            "status": "ENABLED",
            "tag": [],
            "treat_redirect_as_failure": null,
            "type": "SIMPLE",
            "uri": "https://healy.globalewallet.com/public/healthcheck.ashx",
            "use_unsupported_legacy_runtime": null,
            "validation_string": "",
            "verify_ssl": true
          },
          "sensitive_attributes": [],
          "identity_schema_version": 0,
          "private": "bnVsbA=="
        },
        {
          "index_key": "healyau.globalewallet.com",
          "schema_version": 0,
          "attributes": {
            "account_id": 1468011,
            "browsers": null,
            "bypass_head_request": true,
            "custom_header": [],
            "device_orientation": "",
            "device_type": "",
            "devices": null,
            "enable_screenshot_on_failure_and_script": null,
            "id": "MTQ2ODAxMXxTWU5USHxNT05JVE9SfDgzYjg4ZWE5LTk4Y2EtNGFhMy05YTU1LTEwNDM4NWMxNjE1ZQ",
            "locations_private": null,
            "locations_public": [
              "US_EAST_1",
              "US_WEST_1"
            ],
            "monitor_id": "83b88ea9-98ca-4aa3-9a55-104385c1615e",
            "name": "Web - healyau.globalewallet.com",
            "period": "EVERY_10_MINUTES",
            "period_in_minutes": 10,
            "runtime_type": null,
            "runtime_type_version": null,
            "script_language": null,
            "status": "ENABLED",
            "tag": [],
            "treat_redirect_as_failure": null,
            "type": "SIMPLE",
            "uri": "https://healyau.globalewallet.com/public/healthcheck.ashx",
            "use_unsupported_legacy_runtime": null,
            "validation_string": "",
            "verify_ssl": true
          },
          "sensitive_attributes": [],
          "identity_schema_version": 0,
          "private": "bnVsbA=="
        },
        {
          "index_key": "healyca.globalewallet.com",
          "schema_version": 0,
          "attributes": {
            "account_id": 1468011,
            "browsers": null,
            "bypass_head_request": true,
            "custom_header": [],
            "device_orientation": "",
            "device_type": "",
            "devices": null,
            "enable_screenshot_on_failure_and_script": null,
            "id": "MTQ2ODAxMXxTWU5USHxNT05JVE9SfGQ4YTg1OTk5LWU5MTEtNGNiZi04M2M1LWVjODJiYjk3ZDA2OQ",
            "locations_private": null,
            "locations_public": [
              "US_EAST_1",
              "US_WEST_1"
            ],
            "monitor_id": "d8a85999-e911-4cbf-83c5-ec82bb97d069",
            "name": "Web - healyca.globalewallet.com",
            "period": "EVERY_10_MINUTES",
            "period_in_minutes": 10,
            "runtime_type": null,
            "runtime_type_version": null,
            "script_language": null,
            "status": "ENABLED",
            "tag": [],
            "treat_redirect_as_failure": null,
            "type": "SIMPLE",
            "uri": "https://healyca.globalewallet.com/public/healthcheck.ashx",
            "use_unsupported_legacy_runtime": null,
            "validation_string": "",
            "verify_ssl": true
          },
          "sensitive_attributes": [],
          "identity_schema_version": 0,
          "private": "bnVsbA=="
        },
        {
          "index_key": "healyhk.globalewallet.com",
          "schema_version": 0,
          "attributes": {
            "account_id": 1468011,
            "browsers": null,
            "bypass_head_request": true,
            "custom_header": [],
            "device_orientation": "",
            "device_type": "",
            "devices": null,
            "enable_screenshot_on_failure_and_script": null,
            "id": "MTQ2ODAxMXxTWU5USHxNT05JVE9SfGE5NjIzMmQ1LTIwMDEtNGY2NS05YmUxLTVlMWU4OTRjY2UyNw",
            "locations_private": null,
            "locations_public": [
              "US_EAST_1",
              "US_WEST_1"
            ],
            "monitor_id": "a96232d5-2001-4f65-9be1-5e1e894cce27",
            "name": "Web - healyhk.globalewallet.com",
            "period": "EVERY_10_MINUTES",
            "period_in_minutes": 10,
            "runtime_type": null,
            "runtime_type_version": null,
            "script_language": null,
            "status": "ENABLED",
            "tag": [],
            "treat_redirect_as_failure": null,
            "type": "SIMPLE",
            "uri": "https://healyhk.globalewallet.com/public/healthcheck.ashx",
            "use_unsupported_legacy_runtime": null,
            "validation_string": "",
            "verify_ssl": true
          },
          "sensitive_attributes": [],
          "identity_schema_version": 0,
          "private": "bnVsbA=="
        },
        {
          "index_key": "healyit.globalewallet.com",
          "schema_version": 0,
          "attributes": {
            "account_id": 1468011,
            "browsers": null,
            "bypass_head_request": true,
            "custom_header": [],
            "device_orientation": "",
            "device_type": "",
            "devices": null,
            "enable_screenshot_on_failure_and_script": null,
            "id": "MTQ2ODAxMXxTWU5USHxNT05JVE9SfDc2Y2ZjOTk3LTMwYzMtNDA3Yy1hMjMxLTM0ZWJiMTlkNmUxNg",
            "locations_private": null,
            "locations_public": [
              "US_EAST_1",
              "US_WEST_1"
            ],
            "monitor_id": "76cfc997-30c3-407c-a231-34ebb19d6e16",
            "name": "Web - healyit.globalewallet.com",
            "period": "EVERY_10_MINUTES",
            "period_in_minutes": 10,
            "runtime_type": null,
            "runtime_type_version": null,
            "script_language": null,
            "status": "ENABLED",
            "tag": [],
            "treat_redirect_as_failure": null,
            "type": "SIMPLE",
            "uri": "https://healyit.globalewallet.com/public/healthcheck.ashx",
            "use_unsupported_legacy_runtime": null,
            "validation_string": "",
            "verify_ssl": true
          },
          "sensitive_attributes": [],
          "identity_schema_version": 0,
          "private": "bnVsbA=="
        },
        {
          "index_key": "healyjp.globalewallet.com",
          "schema_version": 0,
          "attributes": {
            "account_id": 1468011,
            "browsers": null,
            "bypass_head_request": true,
            "custom_header": [],
            "device_orientation": "",
            "device_type": "",
            "devices": null,
            "enable_screenshot_on_failure_and_script": null,
            "id": "MTQ2ODAxMXxTWU5USHxNT05JVE9SfDYxMTU4NTkyLWFmNjctNDNiNy05M2U4LTA2ZjRjNjMxNTAxYw",
            "locations_private": null,
            "locations_public": [
              "US_EAST_1",
              "US_WEST_1"
            ],
            "monitor_id": "61158592-af67-43b7-93e8-06f4c631501c",
            "name": "Web - healyjp.globalewallet.com",
            "period": "EVERY_10_MINUTES",
            "period_in_minutes": 10,
            "runtime_type": null,
            "runtime_type_version": null,
            "script_language": null,
            "status": "ENABLED",
            "tag": [],
            "treat_redirect_as_failure": null,
            "type": "SIMPLE",
            "uri": "https://healyjp.globalewallet.com/public/healthcheck.ashx",
            "use_unsupported_legacy_runtime": null,
            "validation_string": "",
            "verify_ssl": true
          },
          "sensitive_attributes": [],
          "identity_schema_version": 0,
          "private": "bnVsbA=="
        },
        {
          "index_key": "healylatam.globalewallet.com",
          "schema_version": 0,
          "attributes": {
            "account_id": 1468011,
            "browsers": null,
            "bypass_head_request": true,
            "custom_header": [],
            "device_orientation": "",
            "device_type": "",
            "devices": null,
            "enable_screenshot_on_failure_and_script": null,
            "id": "MTQ2ODAxMXxTWU5USHxNT05JVE9SfGMwOTY4NTM4LWUzMTEtNDI2NS04MDNiLTU1MzRhMDEyMTY2Nw",
            "locations_private": null,
            "locations_public": [
              "US_EAST_1",
              "US_WEST_1"
            ],
            "monitor_id": "c0968538-e311-4265-803b-5534a0121667",
            "name": "Web - healylatam.globalewallet.com",
            "period": "EVERY_10_MINUTES",
            "period_in_minutes": 10,
            "runtime_type": null,
            "runtime_type_version": null,
            "script_language": null,
            "status": "ENABLED",
            "tag": [],
            "treat_redirect_as_failure": null,
            "type": "SIMPLE",
            "uri": "https://healylatam.globalewallet.com/public/healthcheck.ashx",
            "use_unsupported_legacy_runtime": null,
            "validation_string": "",
            "verify_ssl": true
          },
          "sensitive_attributes": [],
          "identity_schema_version": 0,
          "private": "bnVsbA=="
        },
        {
          "index_key": "healysg.globalewallet.com",
          "schema_version": 0,
          "attributes": {
            "account_id": 1468011,
            "browsers": null,
            "bypass_head_request": true,
            "custom_header": [],
            "device_orientation": "",
            "device_type": "",
            "devices": null,
            "enable_screenshot_on_failure_and_script": null,
            "id": "MTQ2ODAxMXxTWU5USHxNT05JVE9SfGVlNTg3YWM0LWU3NWMtNGRjNi1iYzk2LWYyNDdhYjNiYTUzOQ",
            "locations_private": null,
            "locations_public": [
              "US_EAST_1",
              "US_WEST_1"
            ],
            "monitor_id": "ee587ac4-e75c-4dc6-bc96-f247ab3ba539",
            "name": "Web - healysg.globalewallet.com",
            "period": "EVERY_10_MINUTES",
            "period_in_minutes": 10,
            "runtime_type": null,
            "runtime_type_version": null,
            "script_language": null,
            "status": "ENABLED",
            "tag": [],
            "treat_redirect_as_failure": null,
            "type": "SIMPLE",
            "uri": "https://healysg.globalewallet.com/public/healthcheck.ashx",
            "use_unsupported_legacy_runtime": null,
            "validation_string": "",
            "verify_ssl": true
          },
          "sensitive_attributes": [],
          "identity_schema_version": 0,
          "private": "bnVsbA=="
        },
        {
          "index_key": "healyus.globalewallet.com",
          "schema_version": 0,
          "attributes": {
            "account_id": 1468011,
            "browsers": null,
            "bypass_head_request": true,
            "custom_header": [],
            "device_orientation": "",
            "device_type": "",
            "devices": null,
            "enable_screenshot_on_failure_and_script": null,
            "id": "MTQ2ODAxMXxTWU5USHxNT05JVE9SfDRlYTczYWFkLWRkOWYtNGM0OS04NTYxLTAzNDY0NDQxNTA3Yw",
            "locations_private": null,
            "locations_public": [
              "US_EAST_1",
              "US_WEST_1"
            ],
            "monitor_id": "4ea73aad-dd9f-4c49-8561-03464441507c",
            "name": "Web - healyus.globalewallet.com",
            "period": "EVERY_10_MINUTES",
            "period_in_minutes": 10,
            "runtime_type": null,
            "runtime_type_version": null,
            "script_language": null,
            "status": "ENABLED",
            "tag": [],
            "treat_redirect_as_failure": null,
            "type": "SIMPLE",
            "uri": "https://healyus.globalewallet.com/public/healthcheck.ashx",
            "use_unsupported_legacy_runtime": null,
            "validation_string": "",
            "verify_ssl": true
          },
          "sensitive_attributes": [],
          "identity_schema_version": 0,
          "private": "bnVsbA=="
        },
        {
          "index_key": "hyperxarenalv.globalewallet.com",
          "schema_version": 0,
          "attributes": {
            "account_id": 1468011,
            "browsers": null,
            "bypass_head_request": true,
            "custom_header": [],
            "device_orientation": "",
            "device_type": "",
            "devices": null,
            "enable_screenshot_on_failure_and_script": null,
            "id": "MTQ2ODAxMXxTWU5USHxNT05JVE9SfDE4Mzc0ZjQ2LWIyNTMtNDBlZi04ZTU1LWRlODY2M2I3ZmRiNA",
            "locations_private": null,
            "locations_public": [
              "US_EAST_1",
              "US_WEST_1"
            ],
            "monitor_id": "18374f46-b253-40ef-8e55-de8663b7fdb4",
            "name": "Web - hyperxarenalv.globalewallet.com",
            "period": "EVERY_10_MINUTES",
            "period_in_minutes": 10,
            "runtime_type": null,
            "runtime_type_version": null,
            "script_language": null,
            "status": "ENABLED",
            "tag": [],
            "treat_redirect_as_failure": null,
            "type": "SIMPLE",
            "uri": "https://hyperxarenalv.globalewallet.com/public/healthcheck.ashx",
            "use_unsupported_legacy_runtime": null,
            "validation_string": "",
            "verify_ssl": true
          },
          "sensitive_attributes": [],
          "identity_schema_version": 0,
          "private": "bnVsbA=="
        },
        {
          "index_key": "impact.globalewallet.com",
          "schema_version": 0,
          "attributes": {
            "account_id": 1468011,
            "browsers": null,
            "bypass_head_request": true,
            "custom_header": [],
            "device_orientation": "",
            "device_type": "",
            "devices": null,
            "enable_screenshot_on_failure_and_script": null,
            "id": "MTQ2ODAxMXxTWU5USHxNT05JVE9SfDNmZjVhOTBjLWNlOWYtNDZkYS1iYjEzLWViYjc3N2RkODg2Nw",
            "locations_private": null,
            "locations_public": [
              "US_EAST_1",
              "US_WEST_1"
            ],
            "monitor_id": "3ff5a90c-ce9f-46da-bb13-ebb777dd8867",
            "name": "Web - impact.globalewallet.com",
            "period": "EVERY_10_MINUTES",
            "period_in_minutes": 10,
            "runtime_type": null,
            "runtime_type_version": null,
            "script_language": null,
            "status": "ENABLED",
            "tag": [],
            "treat_redirect_as_failure": null,
            "type": "SIMPLE",
            "uri": "https://impact.globalewallet.com/public/healthcheck.ashx",
            "use_unsupported_legacy_runtime": null,
            "validation_string": "",
            "verify_ssl": true
          },
          "sensitive_attributes": [],
          "identity_schema_version": 0,
          "private": "bnVsbA=="
        },
        {
          "index_key": "incruises.globalewallet.com",
          "schema_version": 0,
          "attributes": {
            "account_id": 1468011,
            "browsers": null,
            "bypass_head_request": true,
            "custom_header": [],
            "device_orientation": "",
            "device_type": "",
            "devices": null,
            "enable_screenshot_on_failure_and_script": null,
            "id": "MTQ2ODAxMXxTWU5USHxNT05JVE9SfDg2ZGY1MDI2LWRlOWEtNGNhMi04YmRiLWJjODUzYjk5YzRlYQ",
            "locations_private": null,
            "locations_public": [
              "US_EAST_1",
              "US_WEST_1"
            ],
            "monitor_id": "86df5026-de9a-4ca2-8bdb-bc853b99c4ea",
            "name": "Web - incruises.globalewallet.com",
            "period": "EVERY_10_MINUTES",
            "period_in_minutes": 10,
            "runtime_type": null,
            "runtime_type_version": null,
            "script_language": null,
            "status": "ENABLED",
            "tag": [],
            "treat_redirect_as_failure": null,
            "type": "SIMPLE",
            "uri": "https://incruises.globalewallet.com/public/healthcheck.ashx",
            "use_unsupported_legacy_runtime": null,
            "validation_string": "",
            "verify_ssl": true
          },
          "sensitive_attributes": [],
          "identity_schema_version": 0,
          "private": "bnVsbA=="
        },
        {
          "index_key": "jumptohealth.globalewallet.com",
          "schema_version": 0,
          "attributes": {
            "account_id": 1468011,
            "browsers": null,
            "bypass_head_request": true,
            "custom_header": [],
            "device_orientation": "",
            "device_type": "",
            "devices": null,
            "enable_screenshot_on_failure_and_script": null,
            "id": "MTQ2ODAxMXxTWU5USHxNT05JVE9SfGYyODAyNDM0LTM2YTYtNDMzOC1hNmUxLWJjYjljM2Y0ZGEwZg",
            "locations_private": null,
            "locations_public": [
              "US_EAST_1",
              "US_WEST_1"
            ],
            "monitor_id": "f2802434-36a6-4338-a6e1-bcb9c3f4da0f",
            "name": "Web - jumptohealth.globalewallet.com",
            "period": "EVERY_10_MINUTES",
            "period_in_minutes": 10,
            "runtime_type": null,
            "runtime_type_version": null,
            "script_language": null,
            "status": "ENABLED",
            "tag": [],
            "treat_redirect_as_failure": null,
            "type": "SIMPLE",
            "uri": "https://jumptohealth.globalewallet.com/public/healthcheck.ashx",
            "use_unsupported_legacy_runtime": null,
            "validation_string": "",
            "verify_ssl": true
          },
          "sensitive_attributes": [],
          "identity_schema_version": 0,
          "private": "bnVsbA=="
        },
        {
          "index_key": "kleokolor.globalewallet.com",
          "schema_version": 0,
          "attributes": {
            "account_id": 1468011,
            "browsers": null,
            "bypass_head_request": true,
            "custom_header": [],
            "device_orientation": "",
            "device_type": "",
            "devices": null,
            "enable_screenshot_on_failure_and_script": null,
            "id": "MTQ2ODAxMXxTWU5USHxNT05JVE9SfGEzYWVlNWUyLWMzZDQtNGRlNS1hZGQyLWIxN2VlODMxODRhOQ",
            "locations_private": null,
            "locations_public": [
              "US_EAST_1",
              "US_WEST_1"
            ],
            "monitor_id": "a3aee5e2-c3d4-4de5-add2-b17ee83184a9",
            "name": "Web - kleokolor.globalewallet.com",
            "period": "EVERY_10_MINUTES",
            "period_in_minutes": 10,
            "runtime_type": null,
            "runtime_type_version": null,
            "script_language": null,
            "status": "ENABLED",
            "tag": [],
            "treat_redirect_as_failure": null,
            "type": "SIMPLE",
            "uri": "https://kleokolor.globalewallet.com/public/healthcheck.ashx",
            "use_unsupported_legacy_runtime": null,
            "validation_string": "",
            "verify_ssl": true
          },
          "sensitive_attributes": [],
          "identity_schema_version": 0,
          "private": "bnVsbA=="
        },
        {
          "index_key": "lactigo.globalewallet.com",
          "schema_version": 0,
          "attributes": {
            "account_id": 1468011,
            "browsers": null,
            "bypass_head_request": true,
            "custom_header": [],
            "device_orientation": "",
            "device_type": "",
            "devices": null,
            "enable_screenshot_on_failure_and_script": null,
            "id": "MTQ2ODAxMXxTWU5USHxNT05JVE9SfDk4MTYyNWYyLTlkZDQtNGQ4MS04ZDlkLWQ1ZjQxMDMyZDcyMg",
            "locations_private": null,
            "locations_public": [
              "US_EAST_1",
              "US_WEST_1"
            ],
            "monitor_id": "981625f2-9dd4-4d81-8d9d-d5f41032d722",
            "name": "Web - lactigo.globalewallet.com",
            "period": "EVERY_10_MINUTES",
            "period_in_minutes": 10,
            "runtime_type": null,
            "runtime_type_version": null,
            "script_language": null,
            "status": "ENABLED",
            "tag": [],
            "treat_redirect_as_failure": null,
            "type": "SIMPLE",
            "uri": "https://lactigo.globalewallet.com/public/healthcheck.ashx",
            "use_unsupported_legacy_runtime": null,
            "validation_string": "",
            "verify_ssl": true
          },
          "sensitive_attributes": [],
          "identity_schema_version": 0,
          "private": "bnVsbA=="
        },
        {
          "index_key": "legendarymarketer.globalewallet.com",
          "schema_version": 0,
          "attributes": {
            "account_id": 1468011,
            "browsers": null,
            "bypass_head_request": true,
            "custom_header": [],
            "device_orientation": "",
            "device_type": "",
            "devices": null,
            "enable_screenshot_on_failure_and_script": null,
            "id": "MTQ2ODAxMXxTWU5USHxNT05JVE9SfDk0ODk2Y2U4LWRkODEtNDE2ZS05MWMwLTBlZTEyZjI2YzU5Zg",
            "locations_private": null,
            "locations_public": [
              "US_EAST_1",
              "US_WEST_1"
            ],
            "monitor_id": "94896ce8-dd81-416e-91c0-0ee12f26c59f",
            "name": "Web - legendarymarketer.globalewallet.com",
            "period": "EVERY_10_MINUTES",
            "period_in_minutes": 10,
            "runtime_type": null,
            "runtime_type_version": null,
            "script_language": null,
            "status": "ENABLED",
            "tag": [],
            "treat_redirect_as_failure": null,
            "type": "SIMPLE",
            "uri": "https://legendarymarketer.globalewallet.com/public/healthcheck.ashx",
            "use_unsupported_legacy_runtime": null,
            "validation_string": "",
            "verify_ssl": true
          },
          "sensitive_attributes": [],
          "identity_schema_version": 0,
          "private": "bnVsbA=="
        },
        {
          "index_key": "liferegen.globalewallet.com",
          "schema_version": 0,
          "attributes": {
            "account_id": 1468011,
            "browsers": null,
            "bypass_head_request": true,
            "custom_header": [],
            "device_orientation": "",
            "device_type": "",
            "devices": null,
            "enable_screenshot_on_failure_and_script": null,
            "id": "MTQ2ODAxMXxTWU5USHxNT05JVE9SfDA0NjNlMjY2LTU3ZmEtNGYxZC04YzI2LTAzZjZkN2MwY2E2ZA",
            "locations_private": null,
            "locations_public": [
              "US_EAST_1",
              "US_WEST_1"
            ],
            "monitor_id": "0463e266-57fa-4f1d-8c26-03f6d7c0ca6d",
            "name": "Web - liferegen.globalewallet.com",
            "period": "EVERY_10_MINUTES",
            "period_in_minutes": 10,
            "runtime_type": null,
            "runtime_type_version": null,
            "script_language": null,
            "status": "ENABLED",
            "tag": [],
            "treat_redirect_as_failure": null,
            "type": "SIMPLE",
            "uri": "https://liferegen.globalewallet.com/public/healthcheck.ashx",
            "use_unsupported_legacy_runtime": null,
            "validation_string": "",
            "verify_ssl": true
          },
          "sensitive_attributes": [],
          "identity_schema_version": 0,
          "private": "bnVsbA=="
        },
        {
          "index_key": "lifewave.globalewallet.com",
          "schema_version": 0,
          "attributes": {
            "account_id": 1468011,
            "browsers": null,
            "bypass_head_request": true,
            "custom_header": [],
            "device_orientation": "",
            "device_type": "",
            "devices": null,
            "enable_screenshot_on_failure_and_script": null,
            "id": "MTQ2ODAxMXxTWU5USHxNT05JVE9SfGQ3ZGU5OWQ1LTBkMWQtNDkwNC1hOWZhLWFlYjJjOTA4YjE3Yg",
            "locations_private": null,
            "locations_public": [
              "US_EAST_1",
              "US_WEST_1"
            ],
            "monitor_id": "d7de99d5-0d1d-4904-a9fa-aeb2c908b17b",
            "name": "Web - lifewave.globalewallet.com",
            "period": "EVERY_10_MINUTES",
            "period_in_minutes": 10,
            "runtime_type": null,
            "runtime_type_version": null,
            "script_language": null,
            "status": "ENABLED",
            "tag": [],
            "treat_redirect_as_failure": null,
            "type": "SIMPLE",
            "uri": "https://lifewave.globalewallet.com/public/healthcheck.ashx",
            "use_unsupported_legacy_runtime": null,
            "validation_string": "",
            "verify_ssl": true
          },
          "sensitive_attributes": [],
          "identity_schema_version": 0,
          "private": "bnVsbA=="
        },
        {
          "index_key": "limelifeat.globalewallet.com",
          "schema_version": 0,
          "attributes": {
            "account_id": 1468011,
            "browsers": null,
            "bypass_head_request": true,
            "custom_header": [],
            "device_orientation": "",
            "device_type": "",
            "devices": null,
            "enable_screenshot_on_failure_and_script": null,
            "id": "MTQ2ODAxMXxTWU5USHxNT05JVE9SfDUwMjhmYmZjLTkwNzItNGJlYy04MmViLTBkNmMwMDMzYTk2Mw",
            "locations_private": null,
            "locations_public": [
              "US_EAST_1",
              "US_WEST_1"
            ],
            "monitor_id": "5028fbfc-9072-4bec-82eb-0d6c0033a963",
            "name": "Web - limelifeat.globalewallet.com",
            "period": "EVERY_10_MINUTES",
            "period_in_minutes": 10,
            "runtime_type": null,
            "runtime_type_version": null,
            "script_language": null,
            "status": "ENABLED",
            "tag": [],
            "treat_redirect_as_failure": null,
            "type": "SIMPLE",
            "uri": "https://limelifeat.globalewallet.com/public/healthcheck.ashx",
            "use_unsupported_legacy_runtime": null,
            "validation_string": "",
            "verify_ssl": true
          },
          "sensitive_attributes": [],
          "identity_schema_version": 0,
          "private": "bnVsbA=="
        },
        {
          "index_key": "limelifebyalcone.globalewallet.com",
          "schema_version": 0,
          "attributes": {
            "account_id": 1468011,
            "browsers": null,
            "bypass_head_request": true,
            "custom_header": [],
            "device_orientation": "",
            "device_type": "",
            "devices": null,
            "enable_screenshot_on_failure_and_script": null,
            "id": "MTQ2ODAxMXxTWU5USHxNT05JVE9SfDEzMzE5MmUwLWI4ODQtNGE1Mi04Y2Y3LTFlZjUwOWM4MjVmYQ",
            "locations_private": null,
            "locations_public": [
              "US_EAST_1",
              "US_WEST_1"
            ],
            "monitor_id": "133192e0-b884-4a52-8cf7-1ef509c825fa",
            "name": "Web - limelifebyalcone.globalewallet.com",
            "period": "EVERY_10_MINUTES",
            "period_in_minutes": 10,
            "runtime_type": null,
            "runtime_type_version": null,
            "script_language": null,
            "status": "ENABLED",
            "tag": [],
            "treat_redirect_as_failure": null,
            "type": "SIMPLE",
            "uri": "https://limelifebyalcone.globalewallet.com/public/healthcheck.ashx",
            "use_unsupported_legacy_runtime": null,
            "validation_string": "",
            "verify_ssl": true
          },
          "sensitive_attributes": [],
          "identity_schema_version": 0,
          "private": "bnVsbA=="
        },
        {
          "index_key": "limelifede.globalewallet.com",
          "schema_version": 0,
          "attributes": {
            "account_id": 1468011,
            "browsers": null,
            "bypass_head_request": true,
            "custom_header": [],
            "device_orientation": "",
            "device_type": "",
            "devices": null,
            "enable_screenshot_on_failure_and_script": null,
            "id": "MTQ2ODAxMXxTWU5USHxNT05JVE9SfGJiZDU3YTMwLTcwMmQtNGU4OS1hMDFhLWNiN2JhNDA5YWI0MA",
            "locations_private": null,
            "locations_public": [
              "US_EAST_1",
              "US_WEST_1"
            ],
            "monitor_id": "bbd57a30-702d-4e89-a01a-cb7ba409ab40",
            "name": "Web - limelifede.globalewallet.com",
            "period": "EVERY_10_MINUTES",
            "period_in_minutes": 10,
            "runtime_type": null,
            "runtime_type_version": null,
            "script_language": null,
            "status": "ENABLED",
            "tag": [],
            "treat_redirect_as_failure": null,
            "type": "SIMPLE",
            "uri": "https://limelifede.globalewallet.com/public/healthcheck.ashx",
            "use_unsupported_legacy_runtime": null,
            "validation_string": "",
            "verify_ssl": true
          },
          "sensitive_attributes": [],
          "identity_schema_version": 0,
          "private": "bnVsbA=="
        },
        {
          "index_key": "limelifees.globalewallet.com",
          "schema_version": 0,
          "attributes": {
            "account_id": 1468011,
            "browsers": null,
            "bypass_head_request": true,
            "custom_header": [],
            "device_orientation": "",
            "device_type": "",
            "devices": null,
            "enable_screenshot_on_failure_and_script": null,
            "id": "MTQ2ODAxMXxTWU5USHxNT05JVE9SfDcxMGI4OWI1LTAwMmYtNGRjMS1iYjBkLWIzM2Q1NTYxYzJhMA",
            "locations_private": null,
            "locations_public": [
              "US_EAST_1",
              "US_WEST_1"
            ],
            "monitor_id": "710b89b5-002f-4dc1-bb0d-b33d5561c2a0",
            "name": "Web - limelifees.globalewallet.com",
            "period": "EVERY_10_MINUTES",
            "period_in_minutes": 10,
            "runtime_type": null,
            "runtime_type_version": null,
            "script_language": null,
            "status": "ENABLED",
            "tag": [],
            "treat_redirect_as_failure": null,
            "type": "SIMPLE",
            "uri": "https://limelifees.globalewallet.com/public/healthcheck.ashx",
            "use_unsupported_legacy_runtime": null,
            "validation_string": "",
            "verify_ssl": true
          },
          "sensitive_attributes": [],
          "identity_schema_version": 0,
          "private": "bnVsbA=="
        },
        {
          "index_key": "limelifeuk.globalewallet.com",
          "schema_version": 0,
          "attributes": {
            "account_id": 1468011,
            "browsers": null,
            "bypass_head_request": true,
            "custom_header": [],
            "device_orientation": "",
            "device_type": "",
            "devices": null,
            "enable_screenshot_on_failure_and_script": null,
            "id": "MTQ2ODAxMXxTWU5USHxNT05JVE9SfGU0NzJkMTdhLWI2N2QtNGYwOC05ZGYxLWNkNzRjOTNjZTJmYw",
            "locations_private": null,
            "locations_public": [
              "US_EAST_1",
              "US_WEST_1"
            ],
            "monitor_id": "e472d17a-b67d-4f08-9df1-cd74c93ce2fc",
            "name": "Web - limelifeuk.globalewallet.com",
            "period": "EVERY_10_MINUTES",
            "period_in_minutes": 10,
            "runtime_type": null,
            "runtime_type_version": null,
            "script_language": null,
            "status": "ENABLED",
            "tag": [],
            "treat_redirect_as_failure": null,
            "type": "SIMPLE",
            "uri": "https://limelifeuk.globalewallet.com/public/healthcheck.ashx",
            "use_unsupported_legacy_runtime": null,
            "validation_string": "",
            "verify_ssl": true
          },
          "sensitive_attributes": [],
          "identity_schema_version": 0,
          "private": "bnVsbA=="
        },
        {
          "index_key": "liveden.globalewallet.com",
          "schema_version": 0,
          "attributes": {
            "account_id": 1468011,
            "browsers": null,
            "bypass_head_request": true,
            "custom_header": [],
            "device_orientation": "",
            "device_type": "",
            "devices": null,
            "enable_screenshot_on_failure_and_script": null,
            "id": "MTQ2ODAxMXxTWU5USHxNT05JVE9SfDQ3YTQwNjY0LTQ0YzgtNDRiOS1hYWEwLWY0YmM1M2FjM2U2Mg",
            "locations_private": null,
            "locations_public": [
              "US_EAST_1",
              "US_WEST_1"
            ],
            "monitor_id": "47a40664-44c8-44b9-aaa0-f4bc53ac3e62",
            "name": "Web - liveden.globalewallet.com",
            "period": "EVERY_10_MINUTES",
            "period_in_minutes": 10,
            "runtime_type": null,
            "runtime_type_version": null,
            "script_language": null,
            "status": "ENABLED",
            "tag": [],
            "treat_redirect_as_failure": null,
            "type": "SIMPLE",
            "uri": "https://liveden.globalewallet.com/public/healthcheck.ashx",
            "use_unsupported_legacy_runtime": null,
            "validation_string": "",
            "verify_ssl": true
          },
          "sensitive_attributes": [],
          "identity_schema_version": 0,
          "private": "bnVsbA=="
        },
        {
          "index_key": "livegood.globalewallet.com",
          "schema_version": 0,
          "attributes": {
            "account_id": 1468011,
            "browsers": null,
            "bypass_head_request": true,
            "custom_header": [],
            "device_orientation": "",
            "device_type": "",
            "devices": null,
            "enable_screenshot_on_failure_and_script": null,
            "id": "MTQ2ODAxMXxTWU5USHxNT05JVE9SfGIwYmUxZTBhLWJmOGEtNDBhNC04MWRhLTFhY2E4ZDJjYjZmYw",
            "locations_private": null,
            "locations_public": [
              "US_EAST_1",
              "US_WEST_1"
            ],
            "monitor_id": "b0be1e0a-bf8a-40a4-81da-1aca8d2cb6fc",
            "name": "Web - livegood.globalewallet.com",
            "period": "EVERY_10_MINUTES",
            "period_in_minutes": 10,
            "runtime_type": null,
            "runtime_type_version": null,
            "script_language": null,
            "status": "ENABLED",
            "tag": [],
            "treat_redirect_as_failure": null,
            "type": "SIMPLE",
            "uri": "https://livegood.globalewallet.com/public/healthcheck.ashx",
            "use_unsupported_legacy_runtime": null,
            "validation_string": "",
            "verify_ssl": true
          },
          "sensitive_attributes": [],
          "identity_schema_version": 0,
          "private": "bnVsbA=="
        },
        {
          "index_key": "mannatechpay.globalewallet.com",
          "schema_version": 0,
          "attributes": {
            "account_id": 1468011,
            "browsers": null,
            "bypass_head_request": true,
            "custom_header": [],
            "device_orientation": "",
            "device_type": "",
            "devices": null,
            "enable_screenshot_on_failure_and_script": null,
            "id": "MTQ2ODAxMXxTWU5USHxNT05JVE9SfGZhYzRhNTY4LWU1N2QtNGI0Yy04MTc5LTgwYWQxODE2YjNmYg",
            "locations_private": null,
            "locations_public": [
              "US_EAST_1",
              "US_WEST_1"
            ],
            "monitor_id": "fac4a568-e57d-4b4c-8179-80ad1816b3fb",
            "name": "Web - mannatechpay.globalewallet.com",
            "period": "EVERY_10_MINUTES",
            "period_in_minutes": 10,
            "runtime_type": null,
            "runtime_type_version": null,
            "script_language": null,
            "status": "ENABLED",
            "tag": [],
            "treat_redirect_as_failure": null,
            "type": "SIMPLE",
            "uri": "https://mannatechpay.globalewallet.com/public/healthcheck.ashx",
            "use_unsupported_legacy_runtime": null,
            "validation_string": "",
            "verify_ssl": true
          },
          "sensitive_attributes": [],
          "identity_schema_version": 0,
          "private": "bnVsbA=="
        },
        {
          "index_key": "masternetworks.globalewallet.com",
          "schema_version": 0,
          "attributes": {
            "account_id": 1468011,
            "browsers": null,
            "bypass_head_request": true,
            "custom_header": [],
            "device_orientation": "",
            "device_type": "",
            "devices": null,
            "enable_screenshot_on_failure_and_script": null,
            "id": "MTQ2ODAxMXxTWU5USHxNT05JVE9SfDI3NTcxZDU4LWJmODAtNDgxYS05YjAwLTlmOWM2MmZkOWQ0NA",
            "locations_private": null,
            "locations_public": [
              "US_EAST_1",
              "US_WEST_1"
            ],
            "monitor_id": "27571d58-bf80-481a-9b00-9f9c62fd9d44",
            "name": "Web - masternetworks.globalewallet.com",
            "period": "EVERY_10_MINUTES",
            "period_in_minutes": 10,
            "runtime_type": null,
            "runtime_type_version": null,
            "script_language": null,
            "status": "ENABLED",
            "tag": [],
            "treat_redirect_as_failure": null,
            "type": "SIMPLE",
            "uri": "https://masternetworks.globalewallet.com/public/healthcheck.ashx",
            "use_unsupported_legacy_runtime": null,
            "validation_string": "",
            "verify_ssl": true
          },
          "sensitive_attributes": [],
          "identity_schema_version": 0,
          "private": "bnVsbA=="
        },
        {
          "index_key": "merchant.globalewallet.com",
          "schema_version": 0,
          "attributes": {
            "account_id": 1468011,
            "browsers": null,
            "bypass_head_request": true,
            "custom_header": [],
            "device_orientation": "",
            "device_type": "",
            "devices": null,
            "enable_screenshot_on_failure_and_script": null,
            "id": "MTQ2ODAxMXxTWU5USHxNT05JVE9SfDZlMjJhZGQ2LWE3YzYtNDYzOS04YmIwLTU5ZDAzYTIyNzlmZA",
            "locations_private": null,
            "locations_public": [
              "US_EAST_1",
              "US_WEST_1"
            ],
            "monitor_id": "6e22add6-a7c6-4639-8bb0-59d03a2279fd",
            "name": "Web - merchant.globalewallet.com",
            "period": "EVERY_10_MINUTES",
            "period_in_minutes": 10,
            "runtime_type": null,
            "runtime_type_version": null,
            "script_language": null,
            "status": "ENABLED",
            "tag": [],
            "treat_redirect_as_failure": null,
            "type": "SIMPLE",
            "uri": "https://merchant.globalewallet.com/public/healthcheck.ashx",
            "use_unsupported_legacy_runtime": null,
            "validation_string": "",
            "verify_ssl": true
          },
          "sensitive_attributes": [],
          "identity_schema_version": 0,
          "private": "bnVsbA=="
        },
        {
          "index_key": "modexus.globalewallet.com",
          "schema_version": 0,
          "attributes": {
            "account_id": 1468011,
            "browsers": null,
            "bypass_head_request": true,
            "custom_header": [],
            "device_orientation": "",
            "device_type": "",
            "devices": null,
            "enable_screenshot_on_failure_and_script": null,
            "id": "MTQ2ODAxMXxTWU5USHxNT05JVE9SfGU5N2E1Nzk1LWZjZWItNGUwMS1hMmIyLTZhYjAxMDAyNTQ4ZA",
            "locations_private": null,
            "locations_public": [
              "US_EAST_1",
              "US_WEST_1"
            ],
            "monitor_id": "e97a5795-fceb-4e01-a2b2-6ab01002548d",
            "name": "Web - modexus.globalewallet.com",
            "period": "EVERY_10_MINUTES",
            "period_in_minutes": 10,
            "runtime_type": null,
            "runtime_type_version": null,
            "script_language": null,
            "status": "ENABLED",
            "tag": [],
            "treat_redirect_as_failure": null,
            "type": "SIMPLE",
            "uri": "https://modexus.globalewallet.com/public/healthcheck.ashx",
            "use_unsupported_legacy_runtime": null,
            "validation_string": "",
            "verify_ssl": true
          },
          "sensitive_attributes": [],
          "identity_schema_version": 0,
          "private": "bnVsbA=="
        },
        {
          "index_key": "mpl.globalewallet.com",
          "schema_version": 0,
          "attributes": {
            "account_id": 1468011,
            "browsers": null,
            "bypass_head_request": true,
            "custom_header": [],
            "device_orientation": "",
            "device_type": "",
            "devices": null,
            "enable_screenshot_on_failure_and_script": null,
            "id": "MTQ2ODAxMXxTWU5USHxNT05JVE9SfDMxNDA2ZTFjLWYzNTAtNDVmOC04MDE2LTgxMGM2NzhjODFkNQ",
            "locations_private": null,
            "locations_public": [
              "US_EAST_1",
              "US_WEST_1"
            ],
            "monitor_id": "31406e1c-f350-45f8-8016-810c678c81d5",
            "name": "Web - mpl.globalewallet.com",
            "period": "EVERY_10_MINUTES",
            "period_in_minutes": 10,
            "runtime_type": null,
            "runtime_type_version": null,
            "script_language": null,
            "status": "ENABLED",
            "tag": [],
            "treat_redirect_as_failure": null,
            "type": "SIMPLE",
            "uri": "https://mpl.globalewallet.com/public/healthcheck.ashx",
            "use_unsupported_legacy_runtime": null,
            "validation_string": "",
            "verify_ssl": true
          },
          "sensitive_attributes": [],
          "identity_schema_version": 0,
          "private": "bnVsbA=="
        },
        {
          "index_key": "mtgarena.globalewallet.com",
          "schema_version": 0,
          "attributes": {
            "account_id": 1468011,
            "browsers": null,
            "bypass_head_request": true,
            "custom_header": [],
            "device_orientation": "",
            "device_type": "",
            "devices": null,
            "enable_screenshot_on_failure_and_script": null,
            "id": "MTQ2ODAxMXxTWU5USHxNT05JVE9SfDYwZjg1MzQxLThhNjUtNGU4My05ZjExLTc3ZGY0ZTE1MWIzMQ",
            "locations_private": null,
            "locations_public": [
              "US_EAST_1",
              "US_WEST_1"
            ],
            "monitor_id": "60f85341-8a65-4e83-9f11-77df4e151b31",
            "name": "Web - mtgarena.globalewallet.com",
            "period": "EVERY_10_MINUTES",
            "period_in_minutes": 10,
            "runtime_type": null,
            "runtime_type_version": null,
            "script_language": null,
            "status": "ENABLED",
            "tag": [],
            "treat_redirect_as_failure": null,
            "type": "SIMPLE",
            "uri": "https://mtgarena.globalewallet.com/public/healthcheck.ashx",
            "use_unsupported_legacy_runtime": null,
            "validation_string": "",
            "verify_ssl": true
          },
          "sensitive_attributes": [],
          "identity_schema_version": 0,
          "private": "bnVsbA=="
        },
        {
          "index_key": "mwrfinancial.globalewallet.com",
          "schema_version": 0,
          "attributes": {
            "account_id": 1468011,
            "browsers": null,
            "bypass_head_request": true,
            "custom_header": [],
            "device_orientation": "",
            "device_type": "",
            "devices": null,
            "enable_screenshot_on_failure_and_script": null,
            "id": "MTQ2ODAxMXxTWU5USHxNT05JVE9SfDFjNGExZmM4LTY0ZmMtNDJkYy04ODRlLWUxNDUxN2RiNmY0YQ",
            "locations_private": null,
            "locations_public": [
              "US_EAST_1",
              "US_WEST_1"
            ],
            "monitor_id": "1c4a1fc8-64fc-42dc-884e-e14517db6f4a",
            "name": "Web - mwrfinancial.globalewallet.com",
            "period": "EVERY_10_MINUTES",
            "period_in_minutes": 10,
            "runtime_type": null,
            "runtime_type_version": null,
            "script_language": null,
            "status": "ENABLED",
            "tag": [],
            "treat_redirect_as_failure": null,
            "type": "SIMPLE",
            "uri": "https://mwrfinancial.globalewallet.com/public/healthcheck.ashx",
            "use_unsupported_legacy_runtime": null,
            "validation_string": "",
            "verify_ssl": true
          },
          "sensitive_attributes": [],
          "identity_schema_version": 0,
          "private": "bnVsbA=="
        },
        {
          "index_key": "mwrlife.globalewallet.com",
          "schema_version": 0,
          "attributes": {
            "account_id": 1468011,
            "browsers": null,
            "bypass_head_request": true,
            "custom_header": [],
            "device_orientation": "",
            "device_type": "",
            "devices": null,
            "enable_screenshot_on_failure_and_script": null,
            "id": "MTQ2ODAxMXxTWU5USHxNT05JVE9SfDc2YjQ0MjRhLTVkYmEtNDk0MS1iY2Y4LWE1ODQ4NmI3NTQyMQ",
            "locations_private": null,
            "locations_public": [
              "US_EAST_1",
              "US_WEST_1"
            ],
            "monitor_id": "76b4424a-5dba-4941-bcf8-a58486b75421",
            "name": "Web - mwrlife.globalewallet.com",
            "period": "EVERY_10_MINUTES",
            "period_in_minutes": 10,
            "runtime_type": null,
            "runtime_type_version": null,
            "script_language": null,
            "status": "ENABLED",
            "tag": [],
            "treat_redirect_as_failure": null,
            "type": "SIMPLE",
            "uri": "https://mwrlife.globalewallet.com/public/healthcheck.ashx",
            "use_unsupported_legacy_runtime": null,
            "validation_string": "",
            "verify_ssl": true
          },
          "sensitive_attributes": [],
          "identity_schema_version": 0,
          "private": "bnVsbA=="
        },
        {
          "index_key": "mx.plexus-pay.com",
          "schema_version": 0,
          "attributes": {
            "account_id": 1468011,
            "browsers": null,
            "bypass_head_request": true,
            "custom_header": [],
            "device_orientation": "",
            "device_type": "",
            "devices": null,
            "enable_screenshot_on_failure_and_script": null,
            "id": "MTQ2ODAxMXxTWU5USHxNT05JVE9SfGE4YTU3OTFiLTQxMmEtNGIwNi1hMDJjLTcxMGVlOWU5YzI4MQ",
            "locations_private": null,
            "locations_public": [
              "US_EAST_1",
              "US_WEST_1"
            ],
            "monitor_id": "a8a5791b-412a-4b06-a02c-710ee9e9c281",
            "name": "Web - mx.plexus-pay.com",
            "period": "EVERY_10_MINUTES",
            "period_in_minutes": 10,
            "runtime_type": null,
            "runtime_type_version": null,
            "script_language": null,
            "status": "ENABLED",
            "tag": [],
            "treat_redirect_as_failure": null,
            "type": "SIMPLE",
            "uri": "https://mx.plexus-pay.com/public/healthcheck.ashx",
            "use_unsupported_legacy_runtime": null,
            "validation_string": "",
            "verify_ssl": true
          },
          "sensitive_attributes": [],
          "identity_schema_version": 0,
          "private": "bnVsbA=="
        },
        {
          "index_key": "mybiz.globalewallet.com",
          "schema_version": 0,
          "attributes": {
            "account_id": 1468011,
            "browsers": null,
            "bypass_head_request": true,
            "custom_header": [],
            "device_orientation": "",
            "device_type": "",
            "devices": null,
            "enable_screenshot_on_failure_and_script": null,
            "id": "MTQ2ODAxMXxTWU5USHxNT05JVE9SfDc3Mjc2ZDM5LTkxNWYtNGViNS1hNzNhLWQ2ZTFkY2NlMTE4NA",
            "locations_private": null,
            "locations_public": [
              "US_EAST_1",
              "US_WEST_1"
            ],
            "monitor_id": "77276d39-915f-4eb5-a73a-d6e1dcce1184",
            "name": "Web - mybiz.globalewallet.com",
            "period": "EVERY_10_MINUTES",
            "period_in_minutes": 10,
            "runtime_type": null,
            "runtime_type_version": null,
            "script_language": null,
            "status": "ENABLED",
            "tag": [],
            "treat_redirect_as_failure": null,
            "type": "SIMPLE",
            "uri": "https://mybiz.globalewallet.com/public/healthcheck.ashx",
            "use_unsupported_legacy_runtime": null,
            "validation_string": "",
            "verify_ssl": true
          },
          "sensitive_attributes": [],
          "identity_schema_version": 0,
          "private": "bnVsbA=="
        },
        {
          "index_key": "mydailychoice.globalewallet.com",
          "schema_version": 0,
          "attributes": {
            "account_id": 1468011,
            "browsers": null,
            "bypass_head_request": true,
            "custom_header": [],
            "device_orientation": "",
            "device_type": "",
            "devices": null,
            "enable_screenshot_on_failure_and_script": null,
            "id": "MTQ2ODAxMXxTWU5USHxNT05JVE9SfDY4NzE3MjdiLTk3NDQtNDcxZi04YmM3LTZjZWQ1Mzc1MWMxNw",
            "locations_private": null,
            "locations_public": [
              "US_EAST_1",
              "US_WEST_1"
            ],
            "monitor_id": "6871727b-9744-471f-8bc7-6ced53751c17",
            "name": "Web - mydailychoice.globalewallet.com",
            "period": "EVERY_10_MINUTES",
            "period_in_minutes": 10,
            "runtime_type": null,
            "runtime_type_version": null,
            "script_language": null,
            "status": "ENABLED",
            "tag": [],
            "treat_redirect_as_failure": null,
            "type": "SIMPLE",
            "uri": "https://mydailychoice.globalewallet.com/public/healthcheck.ashx",
            "use_unsupported_legacy_runtime": null,
            "validation_string": "",
            "verify_ssl": true
          },
          "sensitive_attributes": [],
          "identity_schema_version": 0,
          "private": "bnVsbA=="
        },
        {
          "index_key": "myopulence.globalewallet.com",
          "schema_version": 0,
          "attributes": {
            "account_id": 1468011,
            "browsers": null,
            "bypass_head_request": true,
            "custom_header": [],
            "device_orientation": "",
            "device_type": "",
            "devices": null,
            "enable_screenshot_on_failure_and_script": null,
            "id": "MTQ2ODAxMXxTWU5USHxNT05JVE9SfDdhMTllMDI1LWU3MzItNDhmZC04YmRhLWZlMzdkZjY0MmM2Zg",
            "locations_private": null,
            "locations_public": [
              "US_EAST_1",
              "US_WEST_1"
            ],
            "monitor_id": "7a19e025-e732-48fd-8bda-fe37df642c6f",
            "name": "Web - myopulence.globalewallet.com",
            "period": "EVERY_10_MINUTES",
            "period_in_minutes": 10,
            "runtime_type": null,
            "runtime_type_version": null,
            "script_language": null,
            "status": "ENABLED",
            "tag": [],
            "treat_redirect_as_failure": null,
            "type": "SIMPLE",
            "uri": "https://myopulence.globalewallet.com/public/healthcheck.ashx",
            "use_unsupported_legacy_runtime": null,
            "validation_string": "",
            "verify_ssl": true
          },
          "sensitive_attributes": [],
          "identity_schema_version": 0,
          "private": "bnVsbA=="
        },
        {
          "index_key": "neora.globalewallet.com",
          "schema_version": 0,
          "attributes": {
            "account_id": 1468011,
            "browsers": null,
            "bypass_head_request": true,
            "custom_header": [],
            "device_orientation": "",
            "device_type": "",
            "devices": null,
            "enable_screenshot_on_failure_and_script": null,
            "id": "MTQ2ODAxMXxTWU5USHxNT05JVE9SfDU0NmY1MTBiLTQ1OTItNDA1Ni04OTA3LWE5NjIxYmIwMjdlNg",
            "locations_private": null,
            "locations_public": [
              "US_EAST_1",
              "US_WEST_1"
            ],
            "monitor_id": "546f510b-4592-4056-8907-a9621bb027e6",
            "name": "Web - neora.globalewallet.com",
            "period": "EVERY_10_MINUTES",
            "period_in_minutes": 10,
            "runtime_type": null,
            "runtime_type_version": null,
            "script_language": null,
            "status": "ENABLED",
            "tag": [],
            "treat_redirect_as_failure": null,
            "type": "SIMPLE",
            "uri": "https://neora.globalewallet.com/public/healthcheck.ashx",
            "use_unsupported_legacy_runtime": null,
            "validation_string": "",
            "verify_ssl": true
          },
          "sensitive_attributes": [],
          "identity_schema_version": 0,
          "private": "bnVsbA=="
        },
        {
          "index_key": "neumi.globalewallet.com",
          "schema_version": 0,
          "attributes": {
            "account_id": 1468011,
            "browsers": null,
            "bypass_head_request": true,
            "custom_header": [],
            "device_orientation": "",
            "device_type": "",
            "devices": null,
            "enable_screenshot_on_failure_and_script": null,
            "id": "MTQ2ODAxMXxTWU5USHxNT05JVE9SfDQxOGQ2MWIwLWU3NGEtNDdkNS1hZmQwLTcwOWRlZjkzMWI2OQ",
            "locations_private": null,
            "locations_public": [
              "US_EAST_1",
              "US_WEST_1"
            ],
            "monitor_id": "418d61b0-e74a-47d5-afd0-709def931b69",
            "name": "Web - neumi.globalewallet.com",
            "period": "EVERY_10_MINUTES",
            "period_in_minutes": 10,
            "runtime_type": null,
            "runtime_type_version": null,
            "script_language": null,
            "status": "ENABLED",
            "tag": [],
            "treat_redirect_as_failure": null,
            "type": "SIMPLE",
            "uri": "https://neumi.globalewallet.com/public/healthcheck.ashx",
            "use_unsupported_legacy_runtime": null,
            "validation_string": "",
            "verify_ssl": true
          },
          "sensitive_attributes": [],
          "identity_schema_version": 0,
          "private": "bnVsbA=="
        },
        {
          "index_key": "nhtjp.globalewallet.com",
          "schema_version": 0,
          "attributes": {
            "account_id": 1468011,
            "browsers": null,
            "bypass_head_request": true,
            "custom_header": [],
            "device_orientation": "",
            "device_type": "",
            "devices": null,
            "enable_screenshot_on_failure_and_script": null,
            "id": "MTQ2ODAxMXxTWU5USHxNT05JVE9SfGIyMTZjZDEzLTU2MzQtNGM1Mi05OTUwLWYzZGVkODc1NzYxOA",
            "locations_private": null,
            "locations_public": [
              "US_EAST_1",
              "US_WEST_1"
            ],
            "monitor_id": "b216cd13-5634-4c52-9950-f3ded8757618",
            "name": "Web - nhtjp.globalewallet.com",
            "period": "EVERY_10_MINUTES",
            "period_in_minutes": 10,
            "runtime_type": null,
            "runtime_type_version": null,
            "script_language": null,
            "status": "ENABLED",
            "tag": [],
            "treat_redirect_as_failure": null,
            "type": "SIMPLE",
            "uri": "https://nhtjp.globalewallet.com/public/healthcheck.ashx",
            "use_unsupported_legacy_runtime": null,
            "validation_string": "",
            "verify_ssl": true
          },
          "sensitive_attributes": [],
          "identity_schema_version": 0,
          "private": "bnVsbA=="
        },
        {
          "index_key": "nhtpayca.globalewallet.com",
          "schema_version": 0,
          "attributes": {
            "account_id": 1468011,
            "browsers": null,
            "bypass_head_request": true,
            "custom_header": [],
            "device_orientation": "",
            "device_type": "",
            "devices": null,
            "enable_screenshot_on_failure_and_script": null,
            "id": "MTQ2ODAxMXxTWU5USHxNT05JVE9SfDExYTYzNmE2LTUwNDUtNDM5OC1iZDQ3LThlZWIxZTc4NTY5MQ",
            "locations_private": null,
            "locations_public": [
              "US_EAST_1",
              "US_WEST_1"
            ],
            "monitor_id": "11a636a6-5045-4398-bd47-8eeb1e785691",
            "name": "Web - nhtpayca.globalewallet.com",
            "period": "EVERY_10_MINUTES",
            "period_in_minutes": 10,
            "runtime_type": null,
            "runtime_type_version": null,
            "script_language": null,
            "status": "ENABLED",
            "tag": [],
            "treat_redirect_as_failure": null,
            "type": "SIMPLE",
            "uri": "https://nhtpayca.globalewallet.com/public/healthcheck.ashx",
            "use_unsupported_legacy_runtime": null,
            "validation_string": "",
            "verify_ssl": true
          },
          "sensitive_attributes": [],
          "identity_schema_version": 0,
          "private": "bnVsbA=="
        },
        {
          "index_key": "nhtpayus.globalewallet.com",
          "schema_version": 0,
          "attributes": {
            "account_id": 1468011,
            "browsers": null,
            "bypass_head_request": true,
            "custom_header": [],
            "device_orientation": "",
            "device_type": "",
            "devices": null,
            "enable_screenshot_on_failure_and_script": null,
            "id": "MTQ2ODAxMXxTWU5USHxNT05JVE9SfDg1NzUwYjkxLTkyYTMtNGNhOS1iNTk0LTk0OTg4M2RjNmJkNg",
            "locations_private": null,
            "locations_public": [
              "US_EAST_1",
              "US_WEST_1"
            ],
            "monitor_id": "85750b91-92a3-4ca9-b594-949883dc6bd6",
            "name": "Web - nhtpayus.globalewallet.com",
            "period": "EVERY_10_MINUTES",
            "period_in_minutes": 10,
            "runtime_type": null,
            "runtime_type_version": null,
            "script_language": null,
            "status": "ENABLED",
            "tag": [],
            "treat_redirect_as_failure": null,
            "type": "SIMPLE",
            "uri": "https://nhtpayus.globalewallet.com/public/healthcheck.ashx",
            "use_unsupported_legacy_runtime": null,
            "validation_string": "",
            "verify_ssl": true
          },
          "sensitive_attributes": [],
          "identity_schema_version": 0,
          "private": "bnVsbA=="
        },
        {
          "index_key": "nucleogenex.globalewallet.com",
          "schema_version": 0,
          "attributes": {
            "account_id": 1468011,
            "browsers": null,
            "bypass_head_request": true,
            "custom_header": [],
            "device_orientation": "",
            "device_type": "",
            "devices": null,
            "enable_screenshot_on_failure_and_script": null,
            "id": "MTQ2ODAxMXxTWU5USHxNT05JVE9SfDE1M2ZiMTZhLTJiODEtNDk5Mi04MDYwLTU1MmI3OTEwYjZlMg",
            "locations_private": null,
            "locations_public": [
              "US_EAST_1",
              "US_WEST_1"
            ],
            "monitor_id": "153fb16a-2b81-4992-8060-552b7910b6e2",
            "name": "Web - nucleogenex.globalewallet.com",
            "period": "EVERY_10_MINUTES",
            "period_in_minutes": 10,
            "runtime_type": null,
            "runtime_type_version": null,
            "script_language": null,
            "status": "ENABLED",
            "tag": [],
            "treat_redirect_as_failure": null,
            "type": "SIMPLE",
            "uri": "https://nucleogenex.globalewallet.com/public/healthcheck.ashx",
            "use_unsupported_legacy_runtime": null,
            "validation_string": "",
            "verify_ssl": true
          },
          "sensitive_attributes": [],
          "identity_schema_version": 0,
          "private": "bnVsbA=="
        },
        {
          "index_key": "oddspedia.globalewallet.com",
          "schema_version": 0,
          "attributes": {
            "account_id": 1468011,
            "browsers": null,
            "bypass_head_request": true,
            "custom_header": [],
            "device_orientation": "",
            "device_type": "",
            "devices": null,
            "enable_screenshot_on_failure_and_script": null,
            "id": "MTQ2ODAxMXxTWU5USHxNT05JVE9SfGMwNzUxMDUwLTEwMWUtNDkwYS1iN2Y2LWMzZjkzYmViMDNlZg",
            "locations_private": null,
            "locations_public": [
              "US_EAST_1",
              "US_WEST_1"
            ],
            "monitor_id": "c0751050-101e-490a-b7f6-c3f93beb03ef",
            "name": "Web - oddspedia.globalewallet.com",
            "period": "EVERY_10_MINUTES",
            "period_in_minutes": 10,
            "runtime_type": null,
            "runtime_type_version": null,
            "script_language": null,
            "status": "ENABLED",
            "tag": [],
            "treat_redirect_as_failure": null,
            "type": "SIMPLE",
            "uri": "https://oddspedia.globalewallet.com/public/healthcheck.ashx",
            "use_unsupported_legacy_runtime": null,
            "validation_string": "",
            "verify_ssl": true
          },
          "sensitive_attributes": [],
          "identity_schema_version": 0,
          "private": "bnVsbA=="
        },
        {
          "index_key": "onemoreglobal.globalewallet.com",
          "schema_version": 0,
          "attributes": {
            "account_id": 1468011,
            "browsers": null,
            "bypass_head_request": true,
            "custom_header": [],
            "device_orientation": "",
            "device_type": "",
            "devices": null,
            "enable_screenshot_on_failure_and_script": null,
            "id": "MTQ2ODAxMXxTWU5USHxNT05JVE9SfDc2MDI5MzM0LWM4ZjktNGE4MS04NmEzLTY5YjliOTU3NDI2Zg",
            "locations_private": null,
            "locations_public": [
              "US_EAST_1",
              "US_WEST_1"
            ],
            "monitor_id": "76029334-c8f9-4a81-86a3-69b9b957426f",
            "name": "Web - onemoreglobal.globalewallet.com",
            "period": "EVERY_10_MINUTES",
            "period_in_minutes": 10,
            "runtime_type": null,
            "runtime_type_version": null,
            "script_language": null,
            "status": "ENABLED",
            "tag": [],
            "treat_redirect_as_failure": null,
            "type": "SIMPLE",
            "uri": "https://onemoreglobal.globalewallet.com/public/healthcheck.ashx",
            "use_unsupported_legacy_runtime": null,
            "validation_string": "",
            "verify_ssl": true
          },
          "sensitive_attributes": [],
          "identity_schema_version": 0,
          "private": "bnVsbA=="
        },
        {
          "index_key": "partnerco.globalewallet.com",
          "schema_version": 0,
          "attributes": {
            "account_id": 1468011,
            "browsers": null,
            "bypass_head_request": true,
            "custom_header": [],
            "device_orientation": "",
            "device_type": "",
            "devices": null,
            "enable_screenshot_on_failure_and_script": null,
            "id": "MTQ2ODAxMXxTWU5USHxNT05JVE9SfDgwMzNlYmY3LTZlOWUtNGI0MC1hZmJjLTZmYjg4YmEwMjFhZQ",
            "locations_private": null,
            "locations_public": [
              "US_EAST_1",
              "US_WEST_1"
            ],
            "monitor_id": "8033ebf7-6e9e-4b40-afbc-6fb88ba021ae",
            "name": "Web - partnerco.globalewallet.com",
            "period": "EVERY_10_MINUTES",
            "period_in_minutes": 10,
            "runtime_type": null,
            "runtime_type_version": null,
            "script_language": null,
            "status": "ENABLED",
            "tag": [],
            "treat_redirect_as_failure": null,
            "type": "SIMPLE",
            "uri": "https://partnerco.globalewallet.com/public/healthcheck.ashx",
            "use_unsupported_legacy_runtime": null,
            "validation_string": "",
            "verify_ssl": true
          },
          "sensitive_attributes": [],
          "identity_schema_version": 0,
          "private": "bnVsbA=="
        },
        {
          "index_key": "perfectlyposh.globalewallet.com",
          "schema_version": 0,
          "attributes": {
            "account_id": 1468011,
            "browsers": null,
            "bypass_head_request": true,
            "custom_header": [],
            "device_orientation": "",
            "device_type": "",
            "devices": null,
            "enable_screenshot_on_failure_and_script": null,
            "id": "MTQ2ODAxMXxTWU5USHxNT05JVE9SfDMwZGQyNzU1LWIwZGItNDMzMS05MjM5LTc4MDhiMmVhNWU0Nw",
            "locations_private": null,
            "locations_public": [
              "US_EAST_1",
              "US_WEST_1"
            ],
            "monitor_id": "30dd2755-b0db-4331-9239-7808b2ea5e47",
            "name": "Web - perfectlyposh.globalewallet.com",
            "period": "EVERY_10_MINUTES",
            "period_in_minutes": 10,
            "runtime_type": null,
            "runtime_type_version": null,
            "script_language": null,
            "status": "ENABLED",
            "tag": [],
            "treat_redirect_as_failure": null,
            "type": "SIMPLE",
            "uri": "https://perfectlyposh.globalewallet.com/public/healthcheck.ashx",
            "use_unsupported_legacy_runtime": null,
            "validation_string": "",
            "verify_ssl": true
          },
          "sensitive_attributes": [],
          "identity_schema_version": 0,
          "private": "bnVsbA=="
        },
        {
          "index_key": "pokemon.globalewallet.com",
          "schema_version": 0,
          "attributes": {
            "account_id": 1468011,
            "browsers": null,
            "bypass_head_request": true,
            "custom_header": [],
            "device_orientation": "",
            "device_type": "",
            "devices": null,
            "enable_screenshot_on_failure_and_script": null,
            "id": "MTQ2ODAxMXxTWU5USHxNT05JVE9SfDZiOWM3MTczLTViOWMtNDFmMy05ZDYxLThiMzlmMTIwN2NlZg",
            "locations_private": null,
            "locations_public": [
              "US_EAST_1",
              "US_WEST_1"
            ],
            "monitor_id": "6b9c7173-5b9c-41f3-9d61-8b39f1207cef",
            "name": "Web - pokemon.globalewallet.com",
            "period": "EVERY_10_MINUTES",
            "period_in_minutes": 10,
            "runtime_type": null,
            "runtime_type_version": null,
            "script_language": null,
            "status": "ENABLED",
            "tag": [],
            "treat_redirect_as_failure": null,
            "type": "SIMPLE",
            "uri": "https://pokemon.globalewallet.com/public/healthcheck.ashx",
            "use_unsupported_legacy_runtime": null,
            "validation_string": "",
            "verify_ssl": true
          },
          "sensitive_attributes": [],
          "identity_schema_version": 0,
          "private": "bnVsbA=="
        },
        {
          "index_key": "powur.globalewallet.com",
          "schema_version": 0,
          "attributes": {
            "account_id": 1468011,
            "browsers": null,
            "bypass_head_request": true,
            "custom_header": [],
            "device_orientation": "",
            "device_type": "",
            "devices": null,
            "enable_screenshot_on_failure_and_script": null,
            "id": "MTQ2ODAxMXxTWU5USHxNT05JVE9SfGY0MGJiNDg4LWFhYmEtNGZlNC1iNjI3LTgzZDdhYTAzYzljMQ",
            "locations_private": null,
            "locations_public": [
              "US_EAST_1",
              "US_WEST_1"
            ],
            "monitor_id": "f40bb488-aaba-4fe4-b627-83d7aa03c9c1",
            "name": "Web - powur.globalewallet.com",
            "period": "EVERY_10_MINUTES",
            "period_in_minutes": 10,
            "runtime_type": null,
            "runtime_type_version": null,
            "script_language": null,
            "status": "ENABLED",
            "tag": [],
            "treat_redirect_as_failure": null,
            "type": "SIMPLE",
            "uri": "https://powur.globalewallet.com/public/healthcheck.ashx",
            "use_unsupported_legacy_runtime": null,
            "validation_string": "",
            "verify_ssl": true
          },
          "sensitive_attributes": [],
          "identity_schema_version": 0,
          "private": "bnVsbA=="
        },
        {
          "index_key": "provizion.globalewallet.com",
          "schema_version": 0,
          "attributes": {
            "account_id": 1468011,
            "browsers": null,
            "bypass_head_request": true,
            "custom_header": [],
            "device_orientation": "",
            "device_type": "",
            "devices": null,
            "enable_screenshot_on_failure_and_script": null,
            "id": "MTQ2ODAxMXxTWU5USHxNT05JVE9SfDQyZTFjMzQwLWIyOWEtNGEyNy1iY2VhLWRiY2E5ZTcxMWQzOQ",
            "locations_private": null,
            "locations_public": [
              "US_EAST_1",
              "US_WEST_1"
            ],
            "monitor_id": "42e1c340-b29a-4a27-bcea-dbca9e711d39",
            "name": "Web - provizion.globalewallet.com",
            "period": "EVERY_10_MINUTES",
            "period_in_minutes": 10,
            "runtime_type": null,
            "runtime_type_version": null,
            "script_language": null,
            "status": "ENABLED",
            "tag": [],
            "treat_redirect_as_failure": null,
            "type": "SIMPLE",
            "uri": "https://provizion.globalewallet.com/public/healthcheck.ashx",
            "use_unsupported_legacy_runtime": null,
            "validation_string": "",
            "verify_ssl": true
          },
          "sensitive_attributes": [],
          "identity_schema_version": 0,
          "private": "bnVsbA=="
        },
        {
          "index_key": "pruvitca.globalewallet.com",
          "schema_version": 0,
          "attributes": {
            "account_id": 1468011,
            "browsers": null,
            "bypass_head_request": true,
            "custom_header": [],
            "device_orientation": "",
            "device_type": "",
            "devices": null,
            "enable_screenshot_on_failure_and_script": null,
            "id": "MTQ2ODAxMXxTWU5USHxNT05JVE9SfGZiZDQ5MDFjLWY4ZDYtNDQ1Zi04Y2Y5LTI5Y2MzNWUxMGViOQ",
            "locations_private": null,
            "locations_public": [
              "US_EAST_1",
              "US_WEST_1"
            ],
            "monitor_id": "fbd4901c-f8d6-445f-8cf9-29cc35e10eb9",
            "name": "Web - pruvitca.globalewallet.com",
            "period": "EVERY_10_MINUTES",
            "period_in_minutes": 10,
            "runtime_type": null,
            "runtime_type_version": null,
            "script_language": null,
            "status": "ENABLED",
            "tag": [],
            "treat_redirect_as_failure": null,
            "type": "SIMPLE",
            "uri": "https://pruvitca.globalewallet.com/public/healthcheck.ashx",
            "use_unsupported_legacy_runtime": null,
            "validation_string": "",
            "verify_ssl": true
          },
          "sensitive_attributes": [],
          "identity_schema_version": 0,
          "private": "bnVsbA=="
        },
        {
          "index_key": "pruviteu.globalewallet.com",
          "schema_version": 0,
          "attributes": {
            "account_id": 1468011,
            "browsers": null,
            "bypass_head_request": true,
            "custom_header": [],
            "device_orientation": "",
            "device_type": "",
            "devices": null,
            "enable_screenshot_on_failure_and_script": null,
            "id": "MTQ2ODAxMXxTWU5USHxNT05JVE9SfDdiMDZmYWMwLWM0M2EtNGFkMi1iNzEwLTZmZWJhYjU5MGY0OA",
            "locations_private": null,
            "locations_public": [
              "US_EAST_1",
              "US_WEST_1"
            ],
            "monitor_id": "7b06fac0-c43a-4ad2-b710-6febab590f48",
            "name": "Web - pruviteu.globalewallet.com",
            "period": "EVERY_10_MINUTES",
            "period_in_minutes": 10,
            "runtime_type": null,
            "runtime_type_version": null,
            "script_language": null,
            "status": "ENABLED",
            "tag": [],
            "treat_redirect_as_failure": null,
            "type": "SIMPLE",
            "uri": "https://pruviteu.globalewallet.com/public/healthcheck.ashx",
            "use_unsupported_legacy_runtime": null,
            "validation_string": "",
            "verify_ssl": true
          },
          "sensitive_attributes": [],
          "identity_schema_version": 0,
          "private": "bnVsbA=="
        },
        {
          "index_key": "pruvitit.globalewallet.com",
          "schema_version": 0,
          "attributes": {
            "account_id": 1468011,
            "browsers": null,
            "bypass_head_request": true,
            "custom_header": [],
            "device_orientation": "",
            "device_type": "",
            "devices": null,
            "enable_screenshot_on_failure_and_script": null,
            "id": "MTQ2ODAxMXxTWU5USHxNT05JVE9SfGUzNTI0Zjc4LWNhNjEtNDBlMy1iZjRiLTNlMDYyNmUwNjRiZQ",
            "locations_private": null,
            "locations_public": [
              "US_EAST_1",
              "US_WEST_1"
            ],
            "monitor_id": "e3524f78-ca61-40e3-bf4b-3e0626e064be",
            "name": "Web - pruvitit.globalewallet.com",
            "period": "EVERY_10_MINUTES",
            "period_in_minutes": 10,
            "runtime_type": null,
            "runtime_type_version": null,
            "script_language": null,
            "status": "ENABLED",
            "tag": [],
            "treat_redirect_as_failure": null,
            "type": "SIMPLE",
            "uri": "https://pruvitit.globalewallet.com/public/healthcheck.ashx",
            "use_unsupported_legacy_runtime": null,
            "validation_string": "",
            "verify_ssl": true
          },
          "sensitive_attributes": [],
          "identity_schema_version": 0,
          "private": "bnVsbA=="
        },
        {
          "index_key": "pruvitmx.globalewallet.com",
          "schema_version": 0,
          "attributes": {
            "account_id": 1468011,
            "browsers": null,
            "bypass_head_request": true,
            "custom_header": [],
            "device_orientation": "",
            "device_type": "",
            "devices": null,
            "enable_screenshot_on_failure_and_script": null,
            "id": "MTQ2ODAxMXxTWU5USHxNT05JVE9SfGE2MWJmNGUzLTc0NjUtNGVkNy05M2VjLWE5NmUwOGFkYjUxMw",
            "locations_private": null,
            "locations_public": [
              "US_EAST_1",
              "US_WEST_1"
            ],
            "monitor_id": "a61bf4e3-7465-4ed7-93ec-a96e08adb513",
            "name": "Web - pruvitmx.globalewallet.com",
            "period": "EVERY_10_MINUTES",
            "period_in_minutes": 10,
            "runtime_type": null,
            "runtime_type_version": null,
            "script_language": null,
            "status": "ENABLED",
            "tag": [],
            "treat_redirect_as_failure": null,
            "type": "SIMPLE",
            "uri": "https://pruvitmx.globalewallet.com/public/healthcheck.ashx",
            "use_unsupported_legacy_runtime": null,
            "validation_string": "",
            "verify_ssl": true
          },
          "sensitive_attributes": [],
          "identity_schema_version": 0,
          "private": "bnVsbA=="
        },
        {
          "index_key": "pruvitventures.globalewallet.com",
          "schema_version": 0,
          "attributes": {
            "account_id": 1468011,
            "browsers": null,
            "bypass_head_request": true,
            "custom_header": [],
            "device_orientation": "",
            "device_type": "",
            "devices": null,
            "enable_screenshot_on_failure_and_script": null,
            "id": "MTQ2ODAxMXxTWU5USHxNT05JVE9SfDg0Mzg4OGUwLTk1OWEtNDA3OS1iNTQ3LWU4YWJiMDg0MTYyNA",
            "locations_private": null,
            "locations_public": [
              "US_EAST_1",
              "US_WEST_1"
            ],
            "monitor_id": "843888e0-959a-4079-b547-e8abb0841624",
            "name": "Web - pruvitventures.globalewallet.com",
            "period": "EVERY_10_MINUTES",
            "period_in_minutes": 10,
            "runtime_type": null,
            "runtime_type_version": null,
            "script_language": null,
            "status": "ENABLED",
            "tag": [],
            "treat_redirect_as_failure": null,
            "type": "SIMPLE",
            "uri": "https://pruvitventures.globalewallet.com/public/healthcheck.ashx",
            "use_unsupported_legacy_runtime": null,
            "validation_string": "",
            "verify_ssl": true
          },
          "sensitive_attributes": [],
          "identity_schema_version": 0,
          "private": "bnVsbA=="
        },
        {
          "index_key": "resaas.globalewallet.com",
          "schema_version": 0,
          "attributes": {
            "account_id": 1468011,
            "browsers": null,
            "bypass_head_request": true,
            "custom_header": [],
            "device_orientation": "",
            "device_type": "",
            "devices": null,
            "enable_screenshot_on_failure_and_script": null,
            "id": "MTQ2ODAxMXxTWU5USHxNT05JVE9SfDA1YjJjMTQyLWFkMDEtNDAxMy05MTRiLTRlNDYzNGExZTU1Ng",
            "locations_private": null,
            "locations_public": [
              "US_EAST_1",
              "US_WEST_1"
            ],
            "monitor_id": "05b2c142-ad01-4013-914b-4e4634a1e556",
            "name": "Web - resaas.globalewallet.com",
            "period": "EVERY_10_MINUTES",
            "period_in_minutes": 10,
            "runtime_type": null,
            "runtime_type_version": null,
            "script_language": null,
            "status": "ENABLED",
            "tag": [],
            "treat_redirect_as_failure": null,
            "type": "SIMPLE",
            "uri": "https://resaas.globalewallet.com/public/healthcheck.ashx",
            "use_unsupported_legacy_runtime": null,
            "validation_string": "",
            "verify_ssl": true
          },
          "sensitive_attributes": [],
          "identity_schema_version": 0,
          "private": "bnVsbA=="
        },
        {
          "index_key": "retra.globalewallet.com",
          "schema_version": 0,
          "attributes": {
            "account_id": 1468011,
            "browsers": null,
            "bypass_head_request": true,
            "custom_header": [],
            "device_orientation": "",
            "device_type": "",
            "devices": null,
            "enable_screenshot_on_failure_and_script": null,
            "id": "MTQ2ODAxMXxTWU5USHxNT05JVE9SfGEzZTFjNGZmLTcxOWMtNGEwZC05MTFmLTgxOTAyZjU5YjYxMg",
            "locations_private": null,
            "locations_public": [
              "US_EAST_1",
              "US_WEST_1"
            ],
            "monitor_id": "a3e1c4ff-719c-4a0d-911f-81902f59b612",
            "name": "Web - retra.globalewallet.com",
            "period": "EVERY_10_MINUTES",
            "period_in_minutes": 10,
            "runtime_type": null,
            "runtime_type_version": null,
            "script_language": null,
            "status": "ENABLED",
            "tag": [],
            "treat_redirect_as_failure": null,
            "type": "SIMPLE",
            "uri": "https://retra.globalewallet.com/public/healthcheck.ashx",
            "use_unsupported_legacy_runtime": null,
            "validation_string": "",
            "verify_ssl": true
          },
          "sensitive_attributes": [],
          "identity_schema_version": 0,
          "private": "bnVsbA=="
        },
        {
          "index_key": "rimanca.globalewallet.com",
          "schema_version": 0,
          "attributes": {
            "account_id": 1468011,
            "browsers": null,
            "bypass_head_request": true,
            "custom_header": [],
            "device_orientation": "",
            "device_type": "",
            "devices": null,
            "enable_screenshot_on_failure_and_script": null,
            "id": "MTQ2ODAxMXxTWU5USHxNT05JVE9SfDMzYWIwMmYwLWZjNzItNGNlZC1hNGRiLWFmYzliZjM5NmUxYQ",
            "locations_private": null,
            "locations_public": [
              "US_EAST_1",
              "US_WEST_1"
            ],
            "monitor_id": "33ab02f0-fc72-4ced-a4db-afc9bf396e1a",
            "name": "Web - rimanca.globalewallet.com",
            "period": "EVERY_10_MINUTES",
            "period_in_minutes": 10,
            "runtime_type": null,
            "runtime_type_version": null,
            "script_language": null,
            "status": "ENABLED",
            "tag": [],
            "treat_redirect_as_failure": null,
            "type": "SIMPLE",
            "uri": "https://rimanca.globalewallet.com/public/healthcheck.ashx",
            "use_unsupported_legacy_runtime": null,
            "validation_string": "",
            "verify_ssl": true
          },
          "sensitive_attributes": [],
          "identity_schema_version": 0,
          "private": "bnVsbA=="
        },
        {
          "index_key": "rimancl.globalewallet.com",
          "schema_version": 0,
          "attributes": {
            "account_id": 1468011,
            "browsers": null,
            "bypass_head_request": true,
            "custom_header": [],
            "device_orientation": "",
            "device_type": "",
            "devices": null,
            "enable_screenshot_on_failure_and_script": null,
            "id": "MTQ2ODAxMXxTWU5USHxNT05JVE9SfDU3Y2U3ZmFhLTdhMGQtNDk4NC1iYjMyLWZhYzUyYTA3MDIwZg",
            "locations_private": null,
            "locations_public": [
              "US_EAST_1",
              "US_WEST_1"
            ],
            "monitor_id": "57ce7faa-7a0d-4984-bb32-fac52a07020f",
            "name": "Web - rimancl.globalewallet.com",
            "period": "EVERY_10_MINUTES",
            "period_in_minutes": 10,
            "runtime_type": null,
            "runtime_type_version": null,
            "script_language": null,
            "status": "ENABLED",
            "tag": [],
            "treat_redirect_as_failure": null,
            "type": "SIMPLE",
            "uri": "https://rimancl.globalewallet.com/public/healthcheck.ashx",
            "use_unsupported_legacy_runtime": null,
            "validation_string": "",
            "verify_ssl": true
          },
          "sensitive_attributes": [],
          "identity_schema_version": 0,
          "private": "bnVsbA=="
        },
        {
          "index_key": "rimanco.globalewallet.com",
          "schema_version": 0,
          "attributes": {
            "account_id": 1468011,
            "browsers": null,
            "bypass_head_request": true,
            "custom_header": [],
            "device_orientation": "",
            "device_type": "",
            "devices": null,
            "enable_screenshot_on_failure_and_script": null,
            "id": "MTQ2ODAxMXxTWU5USHxNT05JVE9SfGUzYzgwM2I2LWQ2NDctNGY0OC1hOTMyLWFjNmJmY2I2ZWYzYg",
            "locations_private": null,
            "locations_public": [
              "US_EAST_1",
              "US_WEST_1"
            ],
            "monitor_id": "e3c803b6-d647-4f48-a932-ac6bfcb6ef3b",
            "name": "Web - rimanco.globalewallet.com",
            "period": "EVERY_10_MINUTES",
            "period_in_minutes": 10,
            "runtime_type": null,
            "runtime_type_version": null,
            "script_language": null,
            "status": "ENABLED",
            "tag": [],
            "treat_redirect_as_failure": null,
            "type": "SIMPLE",
            "uri": "https://rimanco.globalewallet.com/public/healthcheck.ashx",
            "use_unsupported_legacy_runtime": null,
            "validation_string": "",
            "verify_ssl": true
          },
          "sensitive_attributes": [],
          "identity_schema_version": 0,
          "private": "bnVsbA=="
        },
        {
          "index_key": "rimaneu.globalewallet.com",
          "schema_version": 0,
          "attributes": {
            "account_id": 1468011,
            "browsers": null,
            "bypass_head_request": true,
            "custom_header": [],
            "device_orientation": "",
            "device_type": "",
            "devices": null,
            "enable_screenshot_on_failure_and_script": null,
            "id": "MTQ2ODAxMXxTWU5USHxNT05JVE9SfDE0ZGFkMjk1LTI0OGItNDI5Mi1hMjY5LWE4YjdhYjU2ZjAyNA",
            "locations_private": null,
            "locations_public": [
              "US_EAST_1",
              "US_WEST_1"
            ],
            "monitor_id": "14dad295-248b-4292-a269-a8b7ab56f024",
            "name": "Web - rimaneu.globalewallet.com",
            "period": "EVERY_10_MINUTES",
            "period_in_minutes": 10,
            "runtime_type": null,
            "runtime_type_version": null,
            "script_language": null,
            "status": "ENABLED",
            "tag": [],
            "treat_redirect_as_failure": null,
            "type": "SIMPLE",
            "uri": "https://rimaneu.globalewallet.com/public/healthcheck.ashx",
            "use_unsupported_legacy_runtime": null,
            "validation_string": "",
            "verify_ssl": true
          },
          "sensitive_attributes": [],
          "identity_schema_version": 0,
          "private": "bnVsbA=="
        },
        {
          "index_key": "rimanhk.globalewallet.com",
          "schema_version": 0,
          "attributes": {
            "account_id": 1468011,
            "browsers": null,
            "bypass_head_request": true,
            "custom_header": [],
            "device_orientation": "",
            "device_type": "",
            "devices": null,
            "enable_screenshot_on_failure_and_script": null,
            "id": "MTQ2ODAxMXxTWU5USHxNT05JVE9SfDcwYjk0N2ZhLTAyOWMtNDRjMy1hZmJjLTY4ZTBiOWMwOGJiNQ",
            "locations_private": null,
            "locations_public": [
              "US_EAST_1",
              "US_WEST_1"
            ],
            "monitor_id": "70b947fa-029c-44c3-afbc-68e0b9c08bb5",
            "name": "Web - rimanhk.globalewallet.com",
            "period": "EVERY_10_MINUTES",
            "period_in_minutes": 10,
            "runtime_type": null,
            "runtime_type_version": null,
            "script_language": null,
            "status": "ENABLED",
            "tag": [],
            "treat_redirect_as_failure": null,
            "type": "SIMPLE",
            "uri": "https://rimanhk.globalewallet.com/public/healthcheck.ashx",
            "use_unsupported_legacy_runtime": null,
            "validation_string": "",
            "verify_ssl": true
          },
          "sensitive_attributes": [],
          "identity_schema_version": 0,
          "private": "bnVsbA=="
        },
        {
          "index_key": "rimanitaly.globalewallet.com",
          "schema_version": 0,
          "attributes": {
            "account_id": 1468011,
            "browsers": null,
            "bypass_head_request": true,
            "custom_header": [],
            "device_orientation": "",
            "device_type": "",
            "devices": null,
            "enable_screenshot_on_failure_and_script": null,
            "id": "MTQ2ODAxMXxTWU5USHxNT05JVE9SfDlkMTE4MmI4LTlhYzctNGFkMi1iNjQzLWMwNGI1YzI0OTk3NA",
            "locations_private": null,
            "locations_public": [
              "US_EAST_1",
              "US_WEST_1"
            ],
            "monitor_id": "9d1182b8-9ac7-4ad2-b643-c04b5c249974",
            "name": "Web - rimanitaly.globalewallet.com",
            "period": "EVERY_10_MINUTES",
            "period_in_minutes": 10,
            "runtime_type": null,
            "runtime_type_version": null,
            "script_language": null,
            "status": "ENABLED",
            "tag": [],
            "treat_redirect_as_failure": null,
            "type": "SIMPLE",
            "uri": "https://rimanitaly.globalewallet.com/public/healthcheck.ashx",
            "use_unsupported_legacy_runtime": null,
            "validation_string": "",
            "verify_ssl": true
          },
          "sensitive_attributes": [],
          "identity_schema_version": 0,
          "private": "bnVsbA=="
        },
        {
          "index_key": "rimanmx.globalewallet.com",
          "schema_version": 0,
          "attributes": {
            "account_id": 1468011,
            "browsers": null,
            "bypass_head_request": true,
            "custom_header": [],
            "device_orientation": "",
            "device_type": "",
            "devices": null,
            "enable_screenshot_on_failure_and_script": null,
            "id": "MTQ2ODAxMXxTWU5USHxNT05JVE9SfDU4MjU0NTIyLTUxN2MtNDNmYy1iZjdjLTFkNWQ0YzgyZmQyMg",
            "locations_private": null,
            "locations_public": [
              "US_EAST_1",
              "US_WEST_1"
            ],
            "monitor_id": "58254522-517c-43fc-bf7c-1d5d4c82fd22",
            "name": "Web - rimanmx.globalewallet.com",
            "period": "EVERY_10_MINUTES",
            "period_in_minutes": 10,
            "runtime_type": null,
            "runtime_type_version": null,
            "script_language": null,
            "status": "ENABLED",
            "tag": [],
            "treat_redirect_as_failure": null,
            "type": "SIMPLE",
            "uri": "https://rimanmx.globalewallet.com/public/healthcheck.ashx",
            "use_unsupported_legacy_runtime": null,
            "validation_string": "",
            "verify_ssl": true
          },
          "sensitive_attributes": [],
          "identity_schema_version": 0,
          "private": "bnVsbA=="
        },
        {
          "index_key": "rimanmy.globalewallet.com",
          "schema_version": 0,
          "attributes": {
            "account_id": 1468011,
            "browsers": null,
            "bypass_head_request": true,
            "custom_header": [],
            "device_orientation": "",
            "device_type": "",
            "devices": null,
            "enable_screenshot_on_failure_and_script": null,
            "id": "MTQ2ODAxMXxTWU5USHxNT05JVE9SfGUxZDUzZWE3LWViNTAtNDk3Ny04MDIyLTY2ZTAyYTE3Nzk4ZQ",
            "locations_private": null,
            "locations_public": [
              "US_EAST_1",
              "US_WEST_1"
            ],
            "monitor_id": "e1d53ea7-eb50-4977-8022-66e02a17798e",
            "name": "Web - rimanmy.globalewallet.com",
            "period": "EVERY_10_MINUTES",
            "period_in_minutes": 10,
            "runtime_type": null,
            "runtime_type_version": null,
            "script_language": null,
            "status": "ENABLED",
            "tag": [],
            "treat_redirect_as_failure": null,
            "type": "SIMPLE",
            "uri": "https://rimanmy.globalewallet.com/public/healthcheck.ashx",
            "use_unsupported_legacy_runtime": null,
            "validation_string": "",
            "verify_ssl": true
          },
          "sensitive_attributes": [],
          "identity_schema_version": 0,
          "private": "bnVsbA=="
        },
        {
          "index_key": "rimanperu.globalewallet.com",
          "schema_version": 0,
          "attributes": {
            "account_id": 1468011,
            "browsers": null,
            "bypass_head_request": true,
            "custom_header": [],
            "device_orientation": "",
            "device_type": "",
            "devices": null,
            "enable_screenshot_on_failure_and_script": null,
            "id": "MTQ2ODAxMXxTWU5USHxNT05JVE9SfDAzNGI3NjM0LTJhNzEtNDZjYy05YzQ0LTkxYTQwYWQ3ZGMxNQ",
            "locations_private": null,
            "locations_public": [
              "US_EAST_1",
              "US_WEST_1"
            ],
            "monitor_id": "034b7634-2a71-46cc-9c44-91a40ad7dc15",
            "name": "Web - rimanperu.globalewallet.com",
            "period": "EVERY_10_MINUTES",
            "period_in_minutes": 10,
            "runtime_type": null,
            "runtime_type_version": null,
            "script_language": null,
            "status": "ENABLED",
            "tag": [],
            "treat_redirect_as_failure": null,
            "type": "SIMPLE",
            "uri": "https://rimanperu.globalewallet.com/public/healthcheck.ashx",
            "use_unsupported_legacy_runtime": null,
            "validation_string": "",
            "verify_ssl": true
          },
          "sensitive_attributes": [],
          "identity_schema_version": 0,
          "private": "bnVsbA=="
        },
        {
          "index_key": "rimanph.globalewallet.com",
          "schema_version": 0,
          "attributes": {
            "account_id": 1468011,
            "browsers": null,
            "bypass_head_request": true,
            "custom_header": [],
            "device_orientation": "",
            "device_type": "",
            "devices": null,
            "enable_screenshot_on_failure_and_script": null,
            "id": "MTQ2ODAxMXxTWU5USHxNT05JVE9SfGY2YTQxYjZiLTA0Y2QtNDA2My1hMDdkLTAwN2ZhNDJmZmQ1NQ",
            "locations_private": null,
            "locations_public": [
              "US_EAST_1",
              "US_WEST_1"
            ],
            "monitor_id": "f6a41b6b-04cd-4063-a07d-007fa42ffd55",
            "name": "Web - rimanph.globalewallet.com",
            "period": "EVERY_10_MINUTES",
            "period_in_minutes": 10,
            "runtime_type": null,
            "runtime_type_version": null,
            "script_language": null,
            "status": "ENABLED",
            "tag": [],
            "treat_redirect_as_failure": null,
            "type": "SIMPLE",
            "uri": "https://rimanph.globalewallet.com/public/healthcheck.ashx",
            "use_unsupported_legacy_runtime": null,
            "validation_string": "",
            "verify_ssl": true
          },
          "sensitive_attributes": [],
          "identity_schema_version": 0,
          "private": "bnVsbA=="
        },
        {
          "index_key": "rimanuk.globalewallet.com",
          "schema_version": 0,
          "attributes": {
            "account_id": 1468011,
            "browsers": null,
            "bypass_head_request": true,
            "custom_header": [],
            "device_orientation": "",
            "device_type": "",
            "devices": null,
            "enable_screenshot_on_failure_and_script": null,
            "id": "MTQ2ODAxMXxTWU5USHxNT05JVE9SfDFhNmFjNmUwLTg3M2MtNGY3Yy1hY2M5LTZkZGVkMTEyMmZjZQ",
            "locations_private": null,
            "locations_public": [
              "US_EAST_1",
              "US_WEST_1"
            ],
            "monitor_id": "1a6ac6e0-873c-4f7c-acc9-6dded1122fce",
            "name": "Web - rimanuk.globalewallet.com",
            "period": "EVERY_10_MINUTES",
            "period_in_minutes": 10,
            "runtime_type": null,
            "runtime_type_version": null,
            "script_language": null,
            "status": "ENABLED",
            "tag": [],
            "treat_redirect_as_failure": null,
            "type": "SIMPLE",
            "uri": "https://rimanuk.globalewallet.com/public/healthcheck.ashx",
            "use_unsupported_legacy_runtime": null,
            "validation_string": "",
            "verify_ssl": true
          },
          "sensitive_attributes": [],
          "identity_schema_version": 0,
          "private": "bnVsbA=="
        },
        {
          "index_key": "rimanus.globalewallet.com",
          "schema_version": 0,
          "attributes": {
            "account_id": 1468011,
            "browsers": null,
            "bypass_head_request": true,
            "custom_header": [],
            "device_orientation": "",
            "device_type": "",
            "devices": null,
            "enable_screenshot_on_failure_and_script": null,
            "id": "MTQ2ODAxMXxTWU5USHxNT05JVE9SfGU2NDYyZDhhLTY5ZWItNGFmMi04OWJmLTM0MTMzN2QwMjRlMQ",
            "locations_private": null,
            "locations_public": [
              "US_EAST_1",
              "US_WEST_1"
            ],
            "monitor_id": "e6462d8a-69eb-4af2-89bf-341337d024e1",
            "name": "Web - rimanus.globalewallet.com",
            "period": "EVERY_10_MINUTES",
            "period_in_minutes": 10,
            "runtime_type": null,
            "runtime_type_version": null,
            "script_language": null,
            "status": "ENABLED",
            "tag": [],
            "treat_redirect_as_failure": null,
            "type": "SIMPLE",
            "uri": "https://rimanus.globalewallet.com/public/healthcheck.ashx",
            "use_unsupported_legacy_runtime": null,
            "validation_string": "",
            "verify_ssl": true
          },
          "sensitive_attributes": [],
          "identity_schema_version": 0,
          "private": "bnVsbA=="
        },
        {
          "index_key": "riotapac.globalewallet.com",
          "schema_version": 0,
          "attributes": {
            "account_id": 1468011,
            "browsers": null,
            "bypass_head_request": true,
            "custom_header": [],
            "device_orientation": "",
            "device_type": "",
            "devices": null,
            "enable_screenshot_on_failure_and_script": null,
            "id": "MTQ2ODAxMXxTWU5USHxNT05JVE9SfDI5ODU2Yjk4LTJkNDUtNDQ2OC1hNzUwLWE0ZDI0OTA4MTQ1Yw",
            "locations_private": null,
            "locations_public": [
              "US_EAST_1",
              "US_WEST_1"
            ],
            "monitor_id": "29856b98-2d45-4468-a750-a4d24908145c",
            "name": "Web - riotapac.globalewallet.com",
            "period": "EVERY_10_MINUTES",
            "period_in_minutes": 10,
            "runtime_type": null,
            "runtime_type_version": null,
            "script_language": null,
            "status": "ENABLED",
            "tag": [],
            "treat_redirect_as_failure": null,
            "type": "SIMPLE",
            "uri": "https://riotapac.globalewallet.com/public/healthcheck.ashx",
            "use_unsupported_legacy_runtime": null,
            "validation_string": "",
            "verify_ssl": true
          },
          "sensitive_attributes": [],
          "identity_schema_version": 0,
          "private": "bnVsbA=="
        },
        {
          "index_key": "riotgames.globalewallet.com",
          "schema_version": 0,
          "attributes": {
            "account_id": 1468011,
            "browsers": null,
            "bypass_head_request": true,
            "custom_header": [],
            "device_orientation": "",
            "device_type": "",
            "devices": null,
            "enable_screenshot_on_failure_and_script": null,
            "id": "MTQ2ODAxMXxTWU5USHxNT05JVE9SfDE3MmVhMjczLTI1ZTEtNDZkZS1iZGI0LWYxMmRkZDVkOTVlNQ",
            "locations_private": null,
            "locations_public": [
              "US_EAST_1",
              "US_WEST_1"
            ],
            "monitor_id": "172ea273-25e1-46de-bdb4-f12ddd5d95e5",
            "name": "Web - riotgames.globalewallet.com",
            "period": "EVERY_10_MINUTES",
            "period_in_minutes": 10,
            "runtime_type": null,
            "runtime_type_version": null,
            "script_language": null,
            "status": "ENABLED",
            "tag": [],
            "treat_redirect_as_failure": null,
            "type": "SIMPLE",
            "uri": "https://riotgames.globalewallet.com/public/healthcheck.ashx",
            "use_unsupported_legacy_runtime": null,
            "validation_string": "",
            "verify_ssl": true
          },
          "sensitive_attributes": [],
          "identity_schema_version": 0,
          "private": "bnVsbA=="
        },
        {
          "index_key": "saveclub.globalewallet.com",
          "schema_version": 0,
          "attributes": {
            "account_id": 1468011,
            "browsers": null,
            "bypass_head_request": true,
            "custom_header": [],
            "device_orientation": "",
            "device_type": "",
            "devices": null,
            "enable_screenshot_on_failure_and_script": null,
            "id": "MTQ2ODAxMXxTWU5USHxNT05JVE9SfGZjMDQzNjZmLTMzN2YtNGRjNy1iMGI5LTc0NDE2N2RkMDI5Nw",
            "locations_private": null,
            "locations_public": [
              "US_EAST_1",
              "US_WEST_1"
            ],
            "monitor_id": "fc04366f-337f-4dc7-b0b9-744167dd0297",
            "name": "Web - saveclub.globalewallet.com",
            "period": "EVERY_10_MINUTES",
            "period_in_minutes": 10,
            "runtime_type": null,
            "runtime_type_version": null,
            "script_language": null,
            "status": "ENABLED",
            "tag": [],
            "treat_redirect_as_failure": null,
            "type": "SIMPLE",
            "uri": "https://saveclub.globalewallet.com/public/healthcheck.ashx",
            "use_unsupported_legacy_runtime": null,
            "validation_string": "",
            "verify_ssl": true
          },
          "sensitive_attributes": [],
          "identity_schema_version": 0,
          "private": "bnVsbA=="
        },
        {
          "index_key": "sellabroad.globalewallet.com",
          "schema_version": 0,
          "attributes": {
            "account_id": 1468011,
            "browsers": null,
            "bypass_head_request": true,
            "custom_header": [],
            "device_orientation": "",
            "device_type": "",
            "devices": null,
            "enable_screenshot_on_failure_and_script": null,
            "id": "MTQ2ODAxMXxTWU5USHxNT05JVE9SfGU5YTZiOTYwLWI3NGYtNDhkYy05YzYzLTA1ZTE4MGZkMGVjMw",
            "locations_private": null,
            "locations_public": [
              "US_EAST_1",
              "US_WEST_1"
            ],
            "monitor_id": "e9a6b960-b74f-48dc-9c63-05e180fd0ec3",
            "name": "Web - sellabroad.globalewallet.com",
            "period": "EVERY_10_MINUTES",
            "period_in_minutes": 10,
            "runtime_type": null,
            "runtime_type_version": null,
            "script_language": null,
            "status": "ENABLED",
            "tag": [],
            "treat_redirect_as_failure": null,
            "type": "SIMPLE",
            "uri": "https://sellabroad.globalewallet.com/public/healthcheck.ashx",
            "use_unsupported_legacy_runtime": null,
            "validation_string": "",
            "verify_ssl": true
          },
          "sensitive_attributes": [],
          "identity_schema_version": 0,
          "private": "bnVsbA=="
        },
        {
          "index_key": "shoply.globalewallet.com",
          "schema_version": 0,
          "attributes": {
            "account_id": 1468011,
            "browsers": null,
            "bypass_head_request": true,
            "custom_header": [],
            "device_orientation": "",
            "device_type": "",
            "devices": null,
            "enable_screenshot_on_failure_and_script": null,
            "id": "MTQ2ODAxMXxTWU5USHxNT05JVE9SfDA4NzExNTVmLTk3NmYtNGQzMy04MmQ2LTFhZmQzMjRlMTgwYQ",
            "locations_private": null,
            "locations_public": [
              "US_EAST_1",
              "US_WEST_1"
            ],
            "monitor_id": "0871155f-976f-4d33-82d6-1afd324e180a",
            "name": "Web - shoply.globalewallet.com",
            "period": "EVERY_10_MINUTES",
            "period_in_minutes": 10,
            "runtime_type": null,
            "runtime_type_version": null,
            "script_language": null,
            "status": "ENABLED",
            "tag": [],
            "treat_redirect_as_failure": null,
            "type": "SIMPLE",
            "uri": "https://shoply.globalewallet.com/public/healthcheck.ashx",
            "use_unsupported_legacy_runtime": null,
            "validation_string": "",
            "verify_ssl": true
          },
          "sensitive_attributes": [],
          "identity_schema_version": 0,
          "private": "bnVsbA=="
        },
        {
          "index_key": "shoppyshop.globalewallet.com",
          "schema_version": 0,
          "attributes": {
            "account_id": 1468011,
            "browsers": null,
            "bypass_head_request": true,
            "custom_header": [],
            "device_orientation": "",
            "device_type": "",
            "devices": null,
            "enable_screenshot_on_failure_and_script": null,
            "id": "MTQ2ODAxMXxTWU5USHxNT05JVE9SfGE4MjQwNTAxLWJjN2ItNDljNy05NTAzLWE0Mjc3OGIwMWZhYg",
            "locations_private": null,
            "locations_public": [
              "US_EAST_1",
              "US_WEST_1"
            ],
            "monitor_id": "a8240501-bc7b-49c7-9503-a42778b01fab",
            "name": "Web - shoppyshop.globalewallet.com",
            "period": "EVERY_10_MINUTES",
            "period_in_minutes": 10,
            "runtime_type": null,
            "runtime_type_version": null,
            "script_language": null,
            "status": "ENABLED",
            "tag": [],
            "treat_redirect_as_failure": null,
            "type": "SIMPLE",
            "uri": "https://shoppyshop.globalewallet.com/public/healthcheck.ashx",
            "use_unsupported_legacy_runtime": null,
            "validation_string": "",
            "verify_ssl": true
          },
          "sensitive_attributes": [],
          "identity_schema_version": 0,
          "private": "bnVsbA=="
        },
        {
          "index_key": "smsi.globalewallet.com",
          "schema_version": 0,
          "attributes": {
            "account_id": 1468011,
            "browsers": null,
            "bypass_head_request": true,
            "custom_header": [],
            "device_orientation": "",
            "device_type": "",
            "devices": null,
            "enable_screenshot_on_failure_and_script": null,
            "id": "MTQ2ODAxMXxTWU5USHxNT05JVE9SfGFhYTM4ZThjLWFlNTEtNDM0OS1iZDEwLWZlMjY3ZGI0ZjZjNg",
            "locations_private": null,
            "locations_public": [
              "US_EAST_1",
              "US_WEST_1"
            ],
            "monitor_id": "aaa38e8c-ae51-4349-bd10-fe267db4f6c6",
            "name": "Web - smsi.globalewallet.com",
            "period": "EVERY_10_MINUTES",
            "period_in_minutes": 10,
            "runtime_type": null,
            "runtime_type_version": null,
            "script_language": null,
            "status": "ENABLED",
            "tag": [],
            "treat_redirect_as_failure": null,
            "type": "SIMPLE",
            "uri": "https://smsi.globalewallet.com/public/healthcheck.ashx",
            "use_unsupported_legacy_runtime": null,
            "validation_string": "",
            "verify_ssl": true
          },
          "sensitive_attributes": [],
          "identity_schema_version": 0,
          "private": "bnVsbA=="
        },
        {
          "index_key": "snipnutri.globalewallet.com",
          "schema_version": 0,
          "attributes": {
            "account_id": 1468011,
            "browsers": null,
            "bypass_head_request": true,
            "custom_header": [],
            "device_orientation": "",
            "device_type": "",
            "devices": null,
            "enable_screenshot_on_failure_and_script": null,
            "id": "MTQ2ODAxMXxTWU5USHxNT05JVE9SfGIyMGVjOTc2LTYwNWUtNDJlYS04NDk3LWQ5YWI2Nzg0NjI3YQ",
            "locations_private": null,
            "locations_public": [
              "US_EAST_1",
              "US_WEST_1"
            ],
            "monitor_id": "b20ec976-605e-42ea-8497-d9ab6784627a",
            "name": "Web - snipnutri.globalewallet.com",
            "period": "EVERY_10_MINUTES",
            "period_in_minutes": 10,
            "runtime_type": null,
            "runtime_type_version": null,
            "script_language": null,
            "status": "ENABLED",
            "tag": [],
            "treat_redirect_as_failure": null,
            "type": "SIMPLE",
            "uri": "https://snipnutri.globalewallet.com/public/healthcheck.ashx",
            "use_unsupported_legacy_runtime": null,
            "validation_string": "",
            "verify_ssl": true
          },
          "sensitive_attributes": [],
          "identity_schema_version": 0,
          "private": "bnVsbA=="
        },
        {
          "index_key": "supernova.i-payout.com",
          "schema_version": 0,
          "attributes": {
            "account_id": 1468011,
            "browsers": null,
            "bypass_head_request": true,
            "custom_header": [],
            "device_orientation": "",
            "device_type": "",
            "devices": null,
            "enable_screenshot_on_failure_and_script": null,
            "id": "MTQ2ODAxMXxTWU5USHxNT05JVE9SfGY3YzMyNTJiLWVkOWQtNDM1ZS1hNjhkLWIzYTkxODMzN2YzYQ",
            "locations_private": null,
            "locations_public": [
              "US_EAST_1",
              "US_WEST_1"
            ],
            "monitor_id": "f7c3252b-ed9d-435e-a68d-b3a918337f3a",
            "name": "Web - supernova.i-payout.com",
            "period": "EVERY_10_MINUTES",
            "period_in_minutes": 10,
            "runtime_type": null,
            "runtime_type_version": null,
            "script_language": null,
            "status": "ENABLED",
            "tag": [],
            "treat_redirect_as_failure": null,
            "type": "SIMPLE",
            "uri": "https://supernova.i-payout.com/",
            "use_unsupported_legacy_runtime": null,
            "validation_string": "",
            "verify_ssl": true
          },
          "sensitive_attributes": [],
          "identity_schema_version": 0,
          "private": "bnVsbA=="
        },
        {
          "index_key": "tgd.globalewallet.com",
          "schema_version": 0,
          "attributes": {
            "account_id": 1468011,
            "browsers": null,
            "bypass_head_request": true,
            "custom_header": [],
            "device_orientation": "",
            "device_type": "",
            "devices": null,
            "enable_screenshot_on_failure_and_script": null,
            "id": "MTQ2ODAxMXxTWU5USHxNT05JVE9SfDI0MmU0MDM4LTIyYmItNDcxOS05OWUwLTNiYWUzODUxNzQ0Nw",
            "locations_private": null,
            "locations_public": [
              "US_EAST_1",
              "US_WEST_1"
            ],
            "monitor_id": "242e4038-22bb-4719-99e0-3bae38517447",
            "name": "Web - tgd.globalewallet.com",
            "period": "EVERY_10_MINUTES",
            "period_in_minutes": 10,
            "runtime_type": null,
            "runtime_type_version": null,
            "script_language": null,
            "status": "ENABLED",
            "tag": [],
            "treat_redirect_as_failure": null,
            "type": "SIMPLE",
            "uri": "https://tgd.globalewallet.com/public/healthcheck.ashx",
            "use_unsupported_legacy_runtime": null,
            "validation_string": "",
            "verify_ssl": true
          },
          "sensitive_attributes": [],
          "identity_schema_version": 0,
          "private": "bnVsbA=="
        },
        {
          "index_key": "thegoodinside.globalewallet.com",
          "schema_version": 0,
          "attributes": {
            "account_id": 1468011,
            "browsers": null,
            "bypass_head_request": true,
            "custom_header": [],
            "device_orientation": "",
            "device_type": "",
            "devices": null,
            "enable_screenshot_on_failure_and_script": null,
            "id": "MTQ2ODAxMXxTWU5USHxNT05JVE9SfDFiZDMwMTliLWI3NTYtNDFmMy1hODVhLTY4YTIwYjE1NzhlMg",
            "locations_private": null,
            "locations_public": [
              "US_EAST_1",
              "US_WEST_1"
            ],
            "monitor_id": "1bd3019b-b756-41f3-a85a-68a20b1578e2",
            "name": "Web - thegoodinside.globalewallet.com",
            "period": "EVERY_10_MINUTES",
            "period_in_minutes": 10,
            "runtime_type": null,
            "runtime_type_version": null,
            "script_language": null,
            "status": "ENABLED",
            "tag": [],
            "treat_redirect_as_failure": null,
            "type": "SIMPLE",
            "uri": "https://thegoodinside.globalewallet.com/public/healthcheck.ashx",
            "use_unsupported_legacy_runtime": null,
            "validation_string": "",
            "verify_ssl": true
          },
          "sensitive_attributes": [],
          "identity_schema_version": 0,
          "private": "bnVsbA=="
        },
        {
          "index_key": "thesuperaffiliatenetwork.globalewallet.com",
          "schema_version": 0,
          "attributes": {
            "account_id": 1468011,
            "browsers": null,
            "bypass_head_request": true,
            "custom_header": [],
            "device_orientation": "",
            "device_type": "",
            "devices": null,
            "enable_screenshot_on_failure_and_script": null,
            "id": "MTQ2ODAxMXxTWU5USHxNT05JVE9SfDc4YjFlZDNkLTM4ZWUtNGQ0OS04OWVjLWEzMjY2MzU1OTBiZQ",
            "locations_private": null,
            "locations_public": [
              "US_EAST_1",
              "US_WEST_1"
            ],
            "monitor_id": "78b1ed3d-38ee-4d49-89ec-a326635590be",
            "name": "Web - thesuperaffiliatenetwork.globalewallet.com",
            "period": "EVERY_10_MINUTES",
            "period_in_minutes": 10,
            "runtime_type": null,
            "runtime_type_version": null,
            "script_language": null,
            "status": "ENABLED",
            "tag": [],
            "treat_redirect_as_failure": null,
            "type": "SIMPLE",
            "uri": "https://thesuperaffiliatenetwork.globalewallet.com/public/healthcheck.ashx",
            "use_unsupported_legacy_runtime": null,
            "validation_string": "",
            "verify_ssl": true
          },
          "sensitive_attributes": [],
          "identity_schema_version": 0,
          "private": "bnVsbA=="
        },
        {
          "index_key": "three.globalewallet.com",
          "schema_version": 0,
          "attributes": {
            "account_id": 1468011,
            "browsers": null,
            "bypass_head_request": true,
            "custom_header": [],
            "device_orientation": "",
            "device_type": "",
            "devices": null,
            "enable_screenshot_on_failure_and_script": null,
            "id": "MTQ2ODAxMXxTWU5USHxNT05JVE9SfDRiY2M4MjRiLTEyOTQtNDg2Mi1hMTM2LTI2ZGIzNjI0YmJmZA",
            "locations_private": null,
            "locations_public": [
              "US_EAST_1",
              "US_WEST_1"
            ],
            "monitor_id": "4bcc824b-1294-4862-a136-26db3624bbfd",
            "name": "Web - three.globalewallet.com",
            "period": "EVERY_10_MINUTES",
            "period_in_minutes": 10,
            "runtime_type": null,
            "runtime_type_version": null,
            "script_language": null,
            "status": "ENABLED",
            "tag": [],
            "treat_redirect_as_failure": null,
            "type": "SIMPLE",
            "uri": "https://three.globalewallet.com/public/healthcheck.ashx",
            "use_unsupported_legacy_runtime": null,
            "validation_string": "",
            "verify_ssl": true
          },
          "sensitive_attributes": [],
          "identity_schema_version": 0,
          "private": "bnVsbA=="
        },
        {
          "index_key": "tradera.globalewallet.com",
          "schema_version": 0,
          "attributes": {
            "account_id": 1468011,
            "browsers": null,
            "bypass_head_request": true,
            "custom_header": [],
            "device_orientation": "",
            "device_type": "",
            "devices": null,
            "enable_screenshot_on_failure_and_script": null,
            "id": "MTQ2ODAxMXxTWU5USHxNT05JVE9SfGVkNDE3Y2EwLThhODMtNGE5ZS1iZWE1LWI1NDAwZjM3NzgxZg",
            "locations_private": null,
            "locations_public": [
              "US_EAST_1",
              "US_WEST_1"
            ],
            "monitor_id": "ed417ca0-8a83-4a9e-bea5-b5400f37781f",
            "name": "Web - tradera.globalewallet.com",
            "period": "EVERY_10_MINUTES",
            "period_in_minutes": 10,
            "runtime_type": null,
            "runtime_type_version": null,
            "script_language": null,
            "status": "ENABLED",
            "tag": [],
            "treat_redirect_as_failure": null,
            "type": "SIMPLE",
            "uri": "https://tradera.globalewallet.com/public/healthcheck.ashx",
            "use_unsupported_legacy_runtime": null,
            "validation_string": "",
            "verify_ssl": true
          },
          "sensitive_attributes": [],
          "identity_schema_version": 0,
          "private": "bnVsbA=="
        },
        {
          "index_key": "travorium.globalewallet.com",
          "schema_version": 0,
          "attributes": {
            "account_id": 1468011,
            "browsers": null,
            "bypass_head_request": true,
            "custom_header": [],
            "device_orientation": "",
            "device_type": "",
            "devices": null,
            "enable_screenshot_on_failure_and_script": null,
            "id": "MTQ2ODAxMXxTWU5USHxNT05JVE9SfGIxZTNiMTZkLThhZDctNGU1ZS1hNjFiLWZlMDMyOGY4MWRhZg",
            "locations_private": null,
            "locations_public": [
              "US_EAST_1",
              "US_WEST_1"
            ],
            "monitor_id": "b1e3b16d-8ad7-4e5e-a61b-fe0328f81daf",
            "name": "Web - travorium.globalewallet.com",
            "period": "EVERY_10_MINUTES",
            "period_in_minutes": 10,
            "runtime_type": null,
            "runtime_type_version": null,
            "script_language": null,
            "status": "ENABLED",
            "tag": [],
            "treat_redirect_as_failure": null,
            "type": "SIMPLE",
            "uri": "https://travorium.globalewallet.com/public/healthcheck.ashx",
            "use_unsupported_legacy_runtime": null,
            "validation_string": "",
            "verify_ssl": true
          },
          "sensitive_attributes": [],
          "identity_schema_version": 0,
          "private": "bnVsbA=="
        },
        {
          "index_key": "troolife.globalewallet.com",
          "schema_version": 0,
          "attributes": {
            "account_id": 1468011,
            "browsers": null,
            "bypass_head_request": true,
            "custom_header": [],
            "device_orientation": "",
            "device_type": "",
            "devices": null,
            "enable_screenshot_on_failure_and_script": null,
            "id": "MTQ2ODAxMXxTWU5USHxNT05JVE9SfDg3ZWRlNTZlLTU4YmEtNGVmMi05ZDk2LTMxMjE2Yjc0ODJjZQ",
            "locations_private": null,
            "locations_public": [
              "US_EAST_1",
              "US_WEST_1"
            ],
            "monitor_id": "87ede56e-58ba-4ef2-9d96-31216b7482ce",
            "name": "Web - troolife.globalewallet.com",
            "period": "EVERY_10_MINUTES",
            "period_in_minutes": 10,
            "runtime_type": null,
            "runtime_type_version": null,
            "script_language": null,
            "status": "ENABLED",
            "tag": [],
            "treat_redirect_as_failure": null,
            "type": "SIMPLE",
            "uri": "https://troolife.globalewallet.com/public/healthcheck.ashx",
            "use_unsupported_legacy_runtime": null,
            "validation_string": "",
            "verify_ssl": true
          },
          "sensitive_attributes": [],
          "identity_schema_version": 0,
          "private": "bnVsbA=="
        },
        {
          "index_key": "us.plexus-pay.com",
          "schema_version": 0,
          "attributes": {
            "account_id": 1468011,
            "browsers": null,
            "bypass_head_request": true,
            "custom_header": [],
            "device_orientation": "",
            "device_type": "",
            "devices": null,
            "enable_screenshot_on_failure_and_script": null,
            "id": "MTQ2ODAxMXxTWU5USHxNT05JVE9SfDNiNmI5MzE5LTYwYzAtNGE3NS1iYzgzLTdmYWE2OTg4ZDJmZg",
            "locations_private": null,
            "locations_public": [
              "US_EAST_1",
              "US_WEST_1"
            ],
            "monitor_id": "3b6b9319-60c0-4a75-bc83-7faa6988d2ff",
            "name": "Web - us.plexus-pay.com",
            "period": "EVERY_10_MINUTES",
            "period_in_minutes": 10,
            "runtime_type": null,
            "runtime_type_version": null,
            "script_language": null,
            "status": "ENABLED",
            "tag": [],
            "treat_redirect_as_failure": null,
            "type": "SIMPLE",
            "uri": "https://us.plexus-pay.com/public/healthcheck.ashx",
            "use_unsupported_legacy_runtime": null,
            "validation_string": "",
            "verify_ssl": true
          },
          "sensitive_attributes": [],
          "identity_schema_version": 0,
          "private": "bnVsbA=="
        },
        {
          "index_key": "velovita.globalewallet.com",
          "schema_version": 0,
          "attributes": {
            "account_id": 1468011,
            "browsers": null,
            "bypass_head_request": true,
            "custom_header": [],
            "device_orientation": "",
            "device_type": "",
            "devices": null,
            "enable_screenshot_on_failure_and_script": null,
            "id": "MTQ2ODAxMXxTWU5USHxNT05JVE9SfDEwZDViYmMxLTY4MDAtNDEwOC1iOWIwLTVlZWEzMGFlYWM2ZQ",
            "locations_private": null,
            "locations_public": [
              "US_EAST_1",
              "US_WEST_1"
            ],
            "monitor_id": "10d5bbc1-6800-4108-b9b0-5eea30aeac6e",
            "name": "Web - velovita.globalewallet.com",
            "period": "EVERY_10_MINUTES",
            "period_in_minutes": 10,
            "runtime_type": null,
            "runtime_type_version": null,
            "script_language": null,
            "status": "ENABLED",
            "tag": [],
            "treat_redirect_as_failure": null,
            "type": "SIMPLE",
            "uri": "https://velovita.globalewallet.com/public/healthcheck.ashx",
            "use_unsupported_legacy_runtime": null,
            "validation_string": "",
            "verify_ssl": true
          },
          "sensitive_attributes": [],
          "identity_schema_version": 0,
          "private": "bnVsbA=="
        },
        {
          "index_key": "viago.globalewallet.com",
          "schema_version": 0,
          "attributes": {
            "account_id": 1468011,
            "browsers": null,
            "bypass_head_request": true,
            "custom_header": [],
            "device_orientation": "",
            "device_type": "",
            "devices": null,
            "enable_screenshot_on_failure_and_script": null,
            "id": "MTQ2ODAxMXxTWU5USHxNT05JVE9SfDM1ZDg2NWU1LTIwZDQtNGY4Yi1hNWNiLTUyY2NmYzliZDViYQ",
            "locations_private": null,
            "locations_public": [
              "US_EAST_1",
              "US_WEST_1"
            ],
            "monitor_id": "35d865e5-20d4-4f8b-a5cb-52ccfc9bd5ba",
            "name": "Web - viago.globalewallet.com",
            "period": "EVERY_10_MINUTES",
            "period_in_minutes": 10,
            "runtime_type": null,
            "runtime_type_version": null,
            "script_language": null,
            "status": "ENABLED",
            "tag": [],
            "treat_redirect_as_failure": null,
            "type": "SIMPLE",
            "uri": "https://viago.globalewallet.com/public/healthcheck.ashx",
            "use_unsupported_legacy_runtime": null,
            "validation_string": "",
            "verify_ssl": true
          },
          "sensitive_attributes": [],
          "identity_schema_version": 0,
          "private": "bnVsbA=="
        },
        {
          "index_key": "visiontravel.globalewallet.com",
          "schema_version": 0,
          "attributes": {
            "account_id": 1468011,
            "browsers": null,
            "bypass_head_request": true,
            "custom_header": [],
            "device_orientation": "",
            "device_type": "",
            "devices": null,
            "enable_screenshot_on_failure_and_script": null,
            "id": "MTQ2ODAxMXxTWU5USHxNT05JVE9SfDhkZWM5YmYxLTMxZDctNGJkYy05MTliLTlhYjMwNGMxMzBjNw",
            "locations_private": null,
            "locations_public": [
              "US_EAST_1",
              "US_WEST_1"
            ],
            "monitor_id": "8dec9bf1-31d7-4bdc-919b-9ab304c130c7",
            "name": "Web - visiontravel.globalewallet.com",
            "period": "EVERY_10_MINUTES",
            "period_in_minutes": 10,
            "runtime_type": null,
            "runtime_type_version": null,
            "script_language": null,
            "status": "ENABLED",
            "tag": [],
            "treat_redirect_as_failure": null,
            "type": "SIMPLE",
            "uri": "https://visiontravel.globalewallet.com/public/healthcheck.ashx",
            "use_unsupported_legacy_runtime": null,
            "validation_string": "",
            "verify_ssl": true
          },
          "sensitive_attributes": [],
          "identity_schema_version": 0,
          "private": "bnVsbA=="
        },
        {
          "index_key": "vitalpay.globalewallet.com",
          "schema_version": 0,
          "attributes": {
            "account_id": 1468011,
            "browsers": null,
            "bypass_head_request": true,
            "custom_header": [],
            "device_orientation": "",
            "device_type": "",
            "devices": null,
            "enable_screenshot_on_failure_and_script": null,
            "id": "MTQ2ODAxMXxTWU5USHxNT05JVE9SfDhmM2U0MTEyLThkZjYtNDZlZC04ZjQ5LWEzNDViN2YxMWY5Nw",
            "locations_private": null,
            "locations_public": [
              "US_EAST_1",
              "US_WEST_1"
            ],
            "monitor_id": "8f3e4112-8df6-46ed-8f49-a345b7f11f97",
            "name": "Web - vitalpay.globalewallet.com",
            "period": "EVERY_10_MINUTES",
            "period_in_minutes": 10,
            "runtime_type": null,
            "runtime_type_version": null,
            "script_language": null,
            "status": "ENABLED",
            "tag": [],
            "treat_redirect_as_failure": null,
            "type": "SIMPLE",
            "uri": "https://vitalpay.globalewallet.com/public/healthcheck.ashx",
            "use_unsupported_legacy_runtime": null,
            "validation_string": "",
            "verify_ssl": true
          },
          "sensitive_attributes": [],
          "identity_schema_version": 0,
          "private": "bnVsbA=="
        },
        {
          "index_key": "wizards.globalewallet.com",
          "schema_version": 0,
          "attributes": {
            "account_id": 1468011,
            "browsers": null,
            "bypass_head_request": true,
            "custom_header": [],
            "device_orientation": "",
            "device_type": "",
            "devices": null,
            "enable_screenshot_on_failure_and_script": null,
            "id": "MTQ2ODAxMXxTWU5USHxNT05JVE9SfDBmNmYxNGM3LTQ4MjQtNDNjMS05YTMzLTgwOTA3NDE3YjZjOQ",
            "locations_private": null,
            "locations_public": [
              "US_EAST_1",
              "US_WEST_1"
            ],
            "monitor_id": "0f6f14c7-4824-43c1-9a33-80907417b6c9",
            "name": "Web - wizards.globalewallet.com",
            "period": "EVERY_10_MINUTES",
            "period_in_minutes": 10,
            "runtime_type": null,
            "runtime_type_version": null,
            "script_language": null,
            "status": "ENABLED",
            "tag": [],
            "treat_redirect_as_failure": null,
            "type": "SIMPLE",
            "uri": "https://wizards.globalewallet.com/public/healthcheck.ashx",
            "use_unsupported_legacy_runtime": null,
            "validation_string": "",
            "verify_ssl": true
          },
          "sensitive_attributes": [],
          "identity_schema_version": 0,
          "private": "bnVsbA=="
        },
        {
          "index_key": "worldventures.globalewallet.com",
          "schema_version": 0,
          "attributes": {
            "account_id": 1468011,
            "browsers": null,
            "bypass_head_request": true,
            "custom_header": [],
            "device_orientation": "",
            "device_type": "",
            "devices": null,
            "enable_screenshot_on_failure_and_script": null,
            "id": "MTQ2ODAxMXxTWU5USHxNT05JVE9SfDgzYWQ5N2IzLWRkZTgtNGUyZS1iOWIxLWVkMzVkOWI4YjkwNg",
            "locations_private": null,
            "locations_public": [
              "US_EAST_1",
              "US_WEST_1"
            ],
            "monitor_id": "83ad97b3-dde8-4e2e-b9b1-ed35d9b8b906",
            "name": "Web - worldventures.globalewallet.com",
            "period": "EVERY_10_MINUTES",
            "period_in_minutes": 10,
            "runtime_type": null,
            "runtime_type_version": null,
            "script_language": null,
            "status": "ENABLED",
            "tag": [],
            "treat_redirect_as_failure": null,
            "type": "SIMPLE",
            "uri": "https://worldventures.globalewallet.com/public/healthcheck.ashx",
            "use_unsupported_legacy_runtime": null,
            "validation_string": "",
            "verify_ssl": true
          },
          "sensitive_attributes": [],
          "identity_schema_version": 0,
          "private": "bnVsbA=="
        },
        {
          "index_key": "www.globalewallet.com",
          "schema_version": 0,
          "attributes": {
            "account_id": 1468011,
            "browsers": null,
            "bypass_head_request": true,
            "custom_header": [],
            "device_orientation": "",
            "device_type": "",
            "devices": null,
            "enable_screenshot_on_failure_and_script": null,
            "id": "MTQ2ODAxMXxTWU5USHxNT05JVE9SfDBkODMyNjZkLWYxZDUtNGRkOC1iYmMyLTk1ZTBmNzUzMTE1MA",
            "locations_private": null,
            "locations_public": [
              "US_EAST_1",
              "US_WEST_1"
            ],
            "monitor_id": "0d83266d-f1d5-4dd8-bbc2-95e0f7531150",
            "name": "Web - www.globalewallet.com",
            "period": "EVERY_10_MINUTES",
            "period_in_minutes": 10,
            "runtime_type": null,
            "runtime_type_version": null,
            "script_language": null,
            "status": "ENABLED",
            "tag": [],
            "treat_redirect_as_failure": null,
            "type": "SIMPLE",
            "uri": "https://www.globalewallet.com/public/healthcheck.ashx",
            "use_unsupported_legacy_runtime": null,
            "validation_string": "",
            "verify_ssl": true
          },
          "sensitive_attributes": [],
          "identity_schema_version": 0,
          "private": "bnVsbA=="
        },
        {
          "index_key": "xosialx.globalewallet.com",
          "schema_version": 0,
          "attributes": {
            "account_id": 1468011,
            "browsers": null,
            "bypass_head_request": true,
            "custom_header": [],
            "device_orientation": "",
            "device_type": "",
            "devices": null,
            "enable_screenshot_on_failure_and_script": null,
            "id": "MTQ2ODAxMXxTWU5USHxNT05JVE9SfGIxYTk1YmNmLWFhZTMtNDhjZS05MGM2LTVkZDYwMDE1MmE1Zg",
            "locations_private": null,
            "locations_public": [
              "US_EAST_1",
              "US_WEST_1"
            ],
            "monitor_id": "b1a95bcf-aae3-48ce-90c6-5dd600152a5f",
            "name": "Web - xosialx.globalewallet.com",
            "period": "EVERY_10_MINUTES",
            "period_in_minutes": 10,
            "runtime_type": null,
            "runtime_type_version": null,
            "script_language": null,
            "status": "ENABLED",
            "tag": [],
            "treat_redirect_as_failure": null,
            "type": "SIMPLE",
            "uri": "https://xosialx.globalewallet.com/public/healthcheck.ashx",
            "use_unsupported_legacy_runtime": null,
            "validation_string": "",
            "verify_ssl": true
          },
          "sensitive_attributes": [],
          "identity_schema_version": 0,
          "private": "bnVsbA=="
        },
        {
          "index_key": "zestalnow.globalewallet.com",
          "schema_version": 0,
          "attributes": {
            "account_id": 1468011,
            "browsers": null,
            "bypass_head_request": true,
            "custom_header": [],
            "device_orientation": "",
            "device_type": "",
            "devices": null,
            "enable_screenshot_on_failure_and_script": null,
            "id": "MTQ2ODAxMXxTWU5USHxNT05JVE9SfDQ0YTllYmJlLTExZTItNDEwOC04ZjJiLTIxMTQ3ZTA5NjU0Nw",
            "locations_private": null,
            "locations_public": [
              "US_EAST_1",
              "US_WEST_1"
            ],
            "monitor_id": "44a9ebbe-11e2-4108-8f2b-21147e096547",
            "name": "Web - zestalnow.globalewallet.com",
            "period": "EVERY_10_MINUTES",
            "period_in_minutes": 10,
            "runtime_type": null,
            "runtime_type_version": null,
            "script_language": null,
            "status": "ENABLED",
            "tag": [],
            "treat_redirect_as_failure": null,
            "type": "SIMPLE",
            "uri": "https://zestalnow.globalewallet.com/public/healthcheck.ashx",
            "use_unsupported_legacy_runtime": null,
            "validation_string": "",
            "verify_ssl": true
          },
          "sensitive_attributes": [],
          "identity_schema_version": 0,
          "private": "bnVsbA=="
        }
      ]
    },
    {
      "mode": "managed",
      "type": "newrelic_workflow",
      "name": "data_ingest",
      "provider": "provider[\"registry.terraform.io/newrelic/newrelic\"]",
      "instances": [
        {
          "schema_version": 1,
          "attributes": {
            "account_id": 1468011,
            "destination": [
              {
                "channel_id": "79b9cc99-49d0-4f39-aff3-acfa8eb2112e",
                "name": "Billing owner (data ingest)",
                "notification_triggers": [
                  "ACTIVATED",
                  "CLOSED"
                ],
                "type": "EMAIL",
                "update_original_message": true
              }
            ],
            "destinations_enabled": true,
            "enabled": true,
            "enrichments": [],
            "enrichments_enabled": true,
            "guid": "MTQ2ODAxMXxBSU9QU3xXT1JLRkxPV3xjOTAwNWE3ZS00YmRiLTRiMTUtOWMzYy1hZTQ4ZTAwNjQxYmM",
            "id": "c9005a7e-4bdb-4b15-9c3c-ae48e00641bc",
            "issues_filter": [
              {
                "filter_id": "656cc023-ea92-4eb1-bc24-a44fdac5d13d",
                "name": "data-ingest",
                "predicate": [
                  {
                    "attribute": "labels.policyIds",
                    "operator": "EXACTLY_MATCHES",
                    "values": [
                      "8071540"
                    ]
                  }
                ],
                "type": "FILTER"
              }
            ],
            "last_run": "",
            "muting_rules_handling": "DONT_NOTIFY_FULLY_MUTED_ISSUES",
            "name": "Data ingest -\u003e billing owner",
            "workflow_id": "c9005a7e-4bdb-4b15-9c3c-ae48e00641bc"
          },
          "sensitive_attributes": [],
          "identity_schema_version": 0,
          "private": "eyJzY2hlbWFfdmVyc2lvbiI6IjEifQ==",
          "dependencies": [
            "newrelic_alert_policy.data_ingest",
            "newrelic_notification_channel.email_billing",
            "newrelic_notification_destination.email_billing"
          ]
        }
      ]
    },
    {
      "mode": "managed",
      "type": "newrelic_workflow",
      "name": "test_disk_space",
      "provider": "provider[\"registry.terraform.io/newrelic/newrelic\"]",
      "instances": [
        {
          "schema_version": 1,
          "attributes": {
            "account_id": 1468011,
            "destination": [
              {
                "channel_id": "0a7de574-08af-4fdc-8631-f9ceabfbcc6b",
                "name": "newrelic-errors (Test infrastructure)",
                "notification_triggers": [
                  "ACTIVATED",
                  "ACKNOWLEDGED",
                  "CLOSED"
                ],
                "type": "SLACK",
                "update_original_message": true
              }
            ],
            "destinations_enabled": true,
            "enabled": true,
            "enrichments": [],
            "enrichments_enabled": true,
            "guid": "MTQ2ODAxMXxBSU9QU3xXT1JLRkxPV3wwNTg4ZjYwYi00NmYwLTQzMTgtYjY3ZS1kOTkwY2NkYThhYTU",
            "id": "0588f60b-46f0-4318-b67e-d990ccda8aa5",
            "issues_filter": [
              {
                "filter_id": "0a00595d-5c6c-4f8b-996b-30e8c2ed6e91",
                "name": "test-disk-space",
                "predicate": [
                  {
                    "attribute": "labels.policyIds",
                    "operator": "EXACTLY_MATCHES",
                    "values": [
                      "8070699"
                    ]
                  }
                ],
                "type": "FILTER"
              }
            ],
            "last_run": "2026-09-18T16:18:16.392Z",
            "muting_rules_handling": "DONT_NOTIFY_FULLY_MUTED_ISSUES",
            "name": "Test - Disk space -\u003e Slack",
            "workflow_id": "0588f60b-46f0-4318-b67e-d990ccda8aa5"
          },
          "sensitive_attributes": [],
          "identity_schema_version": 0,
          "private": "eyJzY2hlbWFfdmVyc2lvbiI6IjEifQ==",
          "dependencies": [
            "newrelic_alert_policy.test_disk_space",
            "newrelic_notification_channel.slack_test_alerts"
          ]
        }
      ]
    },
    {
      "mode": "managed",
      "type": "newrelic_workflow",
      "name": "test_host_down",
      "provider": "provider[\"registry.terraform.io/newrelic/newrelic\"]",
      "instances": [
        {
          "schema_version": 1,
          "attributes": {
            "account_id": 1468011,
            "destination": [
              {
                "channel_id": "0a7de574-08af-4fdc-8631-f9ceabfbcc6b",
                "name": "newrelic-errors (Test infrastructure)",
                "notification_triggers": [
                  "ACTIVATED",
                  "ACKNOWLEDGED",
                  "CLOSED"
                ],
                "type": "SLACK",
                "update_original_message": true
              }
            ],
            "destinations_enabled": true,
            "enabled": true,
            "enrichments": [],
            "enrichments_enabled": true,
            "guid": "MTQ2ODAxMXxBSU9QU3xXT1JLRkxPV3w2MzQyMmQ4OC1hY2YyLTQzMDAtYjNlOC0xNTEwYTRjNTg1OTA",
            "id": "63422d88-acf2-4300-b3e8-1510a4c58590",
            "issues_filter": [
              {
                "filter_id": "b48f7d91-c3e5-44f5-a0f7-e57bbc3fe318",
                "name": "test-host-down",
                "predicate": [
                  {
                    "attribute": "labels.policyIds",
                    "operator": "EXACTLY_MATCHES",
                    "values": [
                      "8070700"
                    ]
                  }
                ],
                "type": "FILTER"
              }
            ],
            "last_run": "",
            "muting_rules_handling": "DONT_NOTIFY_FULLY_MUTED_ISSUES",
            "name": "Test - Host down -\u003e Slack",
            "workflow_id": "63422d88-acf2-4300-b3e8-1510a4c58590"
          },
          "sensitive_attributes": [],
          "identity_schema_version": 0,
          "private": "eyJzY2hlbWFfdmVyc2lvbiI6IjEifQ==",
          "dependencies": [
            "newrelic_alert_policy.test_host_down",
            "newrelic_notification_channel.slack_test_alerts"
          ]
        }
      ]
    }
  ],
  "check_results": null
}
